{
  "version": 4,
  "terraform_version": "1.13.4",
  "serial": 116,
  "lineage": "321bcb43-6e55-27d8-9c41-83dff8222f94",
  "outputs": {
    "django_server_public_ip": {
      "value": "54.243.19.152",
      "type": "string"
    }
  },
  "resources": [
    {
      "mode": "data",
      "type": "archive_file",
      "name": "lambda_zip",
      "provider": "provider[\"registry.terraform.io/hashicorp/archive\"]",
      "instances": [
        {
          "schema_version": 0,
          "attributes": {
            "exclude_symlink_directories": null,
            "excludes": null,
            "id": "f6e3ba20d6acaa1034cb6214769ab877db68ca5e",
            "output_base64sha256": "UVPUsWDVx+amfL73ejR/z+5IVA1GU48GONF9a6TBGQk=",
            "output_base64sha512": "Ywmzu7BwRjmDGPn4BWPNTkkq4QCi58t9vowDc0nkDidJBC8Rjw8nX1gl9EC+5SwoNN5cdPWjlxJqXlP/SbyZhg==",
            "output_file_mode": null,
            "output_md5": "4882fd75597f6cdba38667c586aeb3f5",
            "output_path": "./lambda.zip",
            "output_sha": "f6e3ba20d6acaa1034cb6214769ab877db68ca5e",
            "output_sha256": "5153d4b160d5c7e6a67cbef77a347fcfee48540d46538f0638d17d6ba4c11909",
            "output_sha512": "6309b3bbb07046398318f9f80563cd4e492ae100a2e7cb7dbe8c037349e40e2749042f118f0f275f5825f440bee52c2834de5c74f5a397126a5e53ff49bc9986",
            "output_size": 83547170,
            "source": [],
            "source_content": null,
            "source_content_filename": null,
            "source_dir": "./../serverless-api",
            "source_file": null,
            "type": "zip"
          },
          "sensitive_attributes": [],
          "identity_schema_version": 0
        }
      ]
    },
    {
      "mode": "data",
      "type": "aws_ami",
      "name": "ubuntu",
      "provider": "provider[\"registry.terraform.io/hashicorp/aws\"]",
      "instances": [
        {
          "schema_version": 0,
          "attributes": {
            "allow_unsafe_filter": null,
            "architecture": "x86_64",
            "arn": "arn:aws:ec2:us-east-1::image/ami-0c398cb65a93047f2",
            "block_device_mappings": [
              {
                "device_name": "/dev/sda1",
                "ebs": {
                  "delete_on_termination": "true",
                  "encrypted": "false",
                  "iops": "0",
                  "snapshot_id": "snap-0631691c299b02084",
                  "throughput": "0",
                  "volume_initialization_rate": "0",
                  "volume_size": "8",
                  "volume_type": "gp2"
                },
                "no_device": "",
                "virtual_name": ""
              },
              {
                "device_name": "/dev/sdb",
                "ebs": {},
                "no_device": "",
                "virtual_name": "ephemeral0"
              },
              {
                "device_name": "/dev/sdc",
                "ebs": {},
                "no_device": "",
                "virtual_name": "ephemeral1"
              }
            ],
            "boot_mode": "uefi-preferred",
            "creation_date": "2025-10-15T08:05:51.000Z",
            "deprecation_time": "2027-10-15T08:05:51.000Z",
            "description": "Canonical, Ubuntu, 22.04, amd64 jammy image",
            "ena_support": true,
            "executable_users": null,
            "filter": [
              {
                "name": "name",
                "values": [
                  "ubuntu/images/hvm-ssd/ubuntu-jammy-22.04-amd64-server-*"
                ]
              }
            ],
            "hypervisor": "xen",
            "id": "ami-0c398cb65a93047f2",
            "image_id": "ami-0c398cb65a93047f2",
            "image_location": "amazon/ubuntu/images/hvm-ssd/ubuntu-jammy-22.04-amd64-server-20251015",
            "image_owner_alias": "amazon",
            "image_type": "machine",
            "imds_support": "",
            "include_deprecated": false,
            "kernel_id": "",
            "last_launched_time": "",
            "most_recent": true,
            "name": "ubuntu/images/hvm-ssd/ubuntu-jammy-22.04-amd64-server-20251015",
            "name_regex": null,
            "owner_id": "099720109477",
            "owners": [
              "099720109477"
            ],
            "platform": "",
            "platform_details": "Linux/UNIX",
            "product_codes": [],
            "public": true,
            "ramdisk_id": "",
            "region": "us-east-1",
            "root_device_name": "/dev/sda1",
            "root_device_type": "ebs",
            "root_snapshot_id": "snap-0631691c299b02084",
            "sriov_net_support": "simple",
            "state": "available",
            "state_reason": {
              "code": "UNSET",
              "message": "UNSET"
            },
            "tags": {},
            "timeouts": null,
            "tpm_support": "",
            "uefi_data": null,
            "usage_operation": "RunInstances",
            "virtualization_type": "hvm"
          },
          "sensitive_attributes": [],
          "identity_schema_version": 0
        }
      ]
    },
    {
      "mode": "data",
      "type": "aws_iam_role",
      "name": "lab_role",
      "provider": "provider[\"registry.terraform.io/hashicorp/aws\"]",
      "instances": [
        {
          "schema_version": 0,
          "attributes": {
            "arn": "arn:aws:iam::851725393529:role/LabRole",
            "assume_role_policy": "{\"Version\":\"2012-10-17\",\"Statement\":[{\"Effect\":\"Allow\",\"Principal\":{\"Service\":[\"rds.amazonaws.com\",\"events.amazonaws.com\",\"databrew.amazonaws.com\",\"kinesis.amazonaws.com\",\"pipes.amazonaws.com\",\"lambda.amazonaws.com\",\"forecast.amazonaws.com\",\"backup.amazonaws.com\",\"eks-fargate-pods.amazonaws.com\",\"iot.amazonaws.com\",\"dynamodb.amazonaws.com\",\"deepracer.amazonaws.com\",\"kinesisanalytics.amazonaws.com\",\"servicecatalog.amazonaws.com\",\"cognito-idp.amazonaws.com\",\"autoscaling.amazonaws.com\",\"scheduler.amazonaws.com\",\"batch.amazonaws.com\",\"elasticmapreduce.amazonaws.com\",\"iotevents.amazonaws.com\",\"states.amazonaws.com\",\"cloudtrail.amazonaws.com\",\"ecs-tasks.amazonaws.com\",\"elasticbeanstalk.amazonaws.com\",\"firehose.amazonaws.com\",\"codecommit.amazonaws.com\",\"logs.amazonaws.com\",\"codewhisperer.amazonaws.com\",\"codedeploy.amazonaws.com\",\"secretsmanager.amazonaws.com\",\"sqs.amazonaws.com\",\"redshift.amazonaws.com\",\"athena.amazonaws.com\",\"cloud9.amazonaws.com\",\"ssm.amazonaws.com\",\"glue.amazonaws.com\",\"kms.amazonaws.com\",\"resource-groups.amazonaws.com\",\"credentials.iot.amazonaws.com\",\"sagemaker.amazonaws.com\",\"apigateway.amazonaws.com\",\"elasticloadbalancing.amazonaws.com\",\"ec2.amazonaws.com\",\"s3.amazonaws.com\",\"sns.amazonaws.com\",\"iotanalytics.amazonaws.com\",\"application-autoscaling.amazonaws.com\",\"ecs.amazonaws.com\",\"cloudformation.amazonaws.com\",\"rekognition.amazonaws.com\",\"ec2.application-autoscaling.amazonaws.com\",\"eks.amazonaws.com\",\"elasticfilesystem.amazonaws.com\"],\"AWS\":\"arn:aws:iam::851725393529:role/LabRole\"},\"Action\":\"sts:AssumeRole\"}]}",
            "create_date": "2025-09-03T17:21:55Z",
            "description": "",
            "id": "LabRole",
            "max_session_duration": 3600,
            "name": "LabRole",
            "path": "/",
            "permissions_boundary": "",
            "role_last_used": [
              {
                "last_used_date": "2025-10-28T17:56:42Z",
                "region": "us-east-1"
              }
            ],
            "tags": {
              "cloudlab": "c176352a4555309l11440352t1w851725393529"
            },
            "unique_id": "AROA4MTWKDZ47XUTYJ5SO"
          },
          "sensitive_attributes": [],
          "identity_schema_version": 0
        }
      ]
    },
    {
      "mode": "managed",
      "type": "aws_apigatewayv2_api",
      "name": "http_api",
      "provider": "provider[\"registry.terraform.io/hashicorp/aws\"]",
      "instances": [
        {
          "schema_version": 0,
          "attributes": {
            "api_endpoint": "https://vkhmlfcbdd.execute-api.us-east-1.amazonaws.com",
            "api_key_selection_expression": "$request.header.x-api-key",
            "arn": "arn:aws:apigateway:us-east-1::/apis/vkhmlfcbdd",
            "body": null,
            "cors_configuration": [],
            "credentials_arn": null,
            "description": "",
            "disable_execute_api_endpoint": false,
            "execution_arn": "arn:aws:execute-api:us-east-1:851725393529:vkhmlfcbdd",
            "fail_on_warnings": null,
            "id": "vkhmlfcbdd",
            "ip_address_type": "ipv4",
            "name": "proyecto-hospital-http-api",
            "protocol_type": "HTTP",
            "region": "us-east-1",
            "route_key": null,
            "route_selection_expression": "$request.method $request.path",
            "tags": null,
            "tags_all": {},
            "target": null,
            "version": ""
          },
          "sensitive_attributes": [],
          "identity_schema_version": 0,
          "private": "bnVsbA=="
        }
      ]
    },
    {
      "mode": "managed",
      "type": "aws_apigatewayv2_integration",
      "name": "lambda",
      "provider": "provider[\"registry.terraform.io/hashicorp/aws\"]",
      "instances": [
        {
          "schema_version": 0,
          "attributes": {
            "api_id": "vkhmlfcbdd",
            "connection_id": "",
            "connection_type": "INTERNET",
            "content_handling_strategy": "",
            "credentials_arn": "",
            "description": "",
            "id": "d1ex1x2",
            "integration_method": "POST",
            "integration_response_selection_expression": "",
            "integration_subtype": "",
            "integration_type": "AWS_PROXY",
            "integration_uri": "arn:aws:apigateway:us-east-1:lambda:path/2015-03-31/functions/arn:aws:lambda:us-east-1:851725393529:function:proyecto-hospital-api/invocations",
            "passthrough_behavior": "",
            "payload_format_version": "1.0",
            "region": "us-east-1",
            "request_parameters": null,
            "request_templates": null,
            "response_parameters": [],
            "template_selection_expression": "",
            "timeout_milliseconds": 30000,
            "tls_config": []
          },
          "sensitive_attributes": [],
          "identity_schema_version": 0,
          "private": "bnVsbA==",
          "dependencies": [
            "aws_apigatewayv2_api.http_api",
            "aws_lambda_function.api",
            "aws_s3_bucket.lambda_bucket",
            "aws_s3_object.lambda_code",
            "data.archive_file.lambda_zip",
            "data.aws_iam_role.lab_role",
            "random_string.suffix"
          ]
        }
      ]
    },
    {
      "mode": "managed",
      "type": "aws_apigatewayv2_route",
      "name": "catch_all",
      "provider": "provider[\"registry.terraform.io/hashicorp/aws\"]",
      "instances": [
        {
          "schema_version": 0,
          "attributes": {
            "api_id": "vkhmlfcbdd",
            "api_key_required": false,
            "authorization_scopes": null,
            "authorization_type": "NONE",
            "authorizer_id": "",
            "id": "4uhfqar",
            "model_selection_expression": "",
            "operation_name": "",
            "region": "us-east-1",
            "request_models": null,
            "request_parameter": [],
            "route_key": "ANY /{proxy+}",
            "route_response_selection_expression": "",
            "target": "integrations/d1ex1x2"
          },
          "sensitive_attributes": [],
          "identity_schema_version": 0,
          "private": "bnVsbA==",
          "dependencies": [
            "aws_apigatewayv2_api.http_api",
            "aws_apigatewayv2_integration.lambda",
            "aws_lambda_function.api",
            "aws_s3_bucket.lambda_bucket",
            "aws_s3_object.lambda_code",
            "data.archive_file.lambda_zip",
            "data.aws_iam_role.lab_role",
            "random_string.suffix"
          ]
        }
      ]
    },
    {
      "mode": "managed",
      "type": "aws_apigatewayv2_route",
      "name": "root",
      "provider": "provider[\"registry.terraform.io/hashicorp/aws\"]",
      "instances": [
        {
          "schema_version": 0,
          "attributes": {
            "api_id": "vkhmlfcbdd",
            "api_key_required": false,
            "authorization_scopes": null,
            "authorization_type": "NONE",
            "authorizer_id": "",
            "id": "3grwns0",
            "model_selection_expression": "",
            "operation_name": "",
            "region": "us-east-1",
            "request_models": null,
            "request_parameter": [],
            "route_key": "ANY /",
            "route_response_selection_expression": "",
            "target": "integrations/d1ex1x2"
          },
          "sensitive_attributes": [],
          "identity_schema_version": 0,
          "private": "bnVsbA==",
          "dependencies": [
            "aws_apigatewayv2_api.http_api",
            "aws_apigatewayv2_integration.lambda",
            "aws_lambda_function.api",
            "aws_s3_bucket.lambda_bucket",
            "aws_s3_object.lambda_code",
            "data.archive_file.lambda_zip",
            "data.aws_iam_role.lab_role",
            "random_string.suffix"
          ]
        }
      ]
    },
    {
      "mode": "managed",
      "type": "aws_apigatewayv2_stage",
      "name": "default_stage",
      "provider": "provider[\"registry.terraform.io/hashicorp/aws\"]",
      "instances": [
        {
          "schema_version": 0,
          "attributes": {
            "access_log_settings": [],
            "api_id": "vkhmlfcbdd",
            "arn": "arn:aws:apigateway:us-east-1::/apis/vkhmlfcbdd/stages/$default",
            "auto_deploy": true,
            "client_certificate_id": "",
            "default_route_settings": [
              {
                "data_trace_enabled": false,
                "detailed_metrics_enabled": false,
                "logging_level": "",
                "throttling_burst_limit": 0,
                "throttling_rate_limit": 0
              }
            ],
            "deployment_id": "",
            "description": "",
            "execution_arn": "arn:aws:execute-api:us-east-1:851725393529:vkhmlfcbdd/$default",
            "id": "$default",
            "invoke_url": "https://vkhmlfcbdd.execute-api.us-east-1.amazonaws.com/",
            "name": "$default",
            "region": "us-east-1",
            "route_settings": [],
            "stage_variables": null,
            "tags": null,
            "tags_all": {}
          },
          "sensitive_attributes": [],
          "identity_schema_version": 0,
          "private": "bnVsbA==",
          "dependencies": [
            "aws_apigatewayv2_api.http_api"
          ]
        }
      ]
    },
    {
      "mode": "managed",
      "type": "aws_iam_instance_profile",
      "name": "lab_instance_profile",
      "provider": "provider[\"registry.terraform.io/hashicorp/aws\"]",
      "instances": [
        {
          "schema_version": 0,
          "attributes": {
            "arn": "arn:aws:iam::851725393529:instance-profile/proyecto-hospital-lab-instance-profile",
            "create_date": "2025-11-05T16:51:30Z",
            "id": "proyecto-hospital-lab-instance-profile",
            "name": "proyecto-hospital-lab-instance-profile",
            "name_prefix": "",
            "path": "/",
            "role": "LabRole",
            "tags": null,
            "tags_all": {},
            "unique_id": "AIPA4MTWKDZ4VXOJFF5K6"
          },
          "sensitive_attributes": [],
          "identity_schema_version": 0,
          "private": "bnVsbA==",
          "dependencies": [
            "data.aws_iam_role.lab_role"
          ]
        }
      ]
    },
    {
      "mode": "managed",
      "type": "aws_instance",
      "name": "django_server",
      "provider": "provider[\"registry.terraform.io/hashicorp/aws\"]",
      "instances": [
        {
          "schema_version": 2,
          "attributes": {
            "ami": "ami-0c398cb65a93047f2",
            "arn": "arn:aws:ec2:us-east-1:851725393529:instance/i-010bfa0287dcf8911",
            "associate_public_ip_address": true,
            "availability_zone": "us-east-1a",
            "capacity_reservation_specification": [
              {
                "capacity_reservation_preference": "open",
                "capacity_reservation_target": []
              }
            ],
            "cpu_options": [
              {
                "amd_sev_snp": "",
                "core_count": 1,
                "threads_per_core": 2
              }
            ],
            "credit_specification": [
              {
                "cpu_credits": "unlimited"
              }
            ],
            "disable_api_stop": false,
            "disable_api_termination": false,
            "ebs_block_device": [],
            "ebs_optimized": false,
            "enable_primary_ipv6": null,
            "enclave_options": [
              {
                "enabled": false
              }
            ],
            "ephemeral_block_device": [],
            "force_destroy": false,
            "get_password_data": false,
            "hibernation": false,
            "host_id": "",
            "host_resource_group_arn": null,
            "iam_instance_profile": "proyecto-hospital-lab-instance-profile",
            "id": "i-010bfa0287dcf8911",
            "instance_initiated_shutdown_behavior": "stop",
            "instance_lifecycle": "",
            "instance_market_options": [],
            "instance_state": "running",
            "instance_type": "t3.micro",
            "ipv6_address_count": 0,
            "ipv6_addresses": [],
            "key_name": "my-ec2-key",
            "launch_template": [],
            "maintenance_options": [
              {
                "auto_recovery": "default"
              }
            ],
            "metadata_options": [
              {
                "http_endpoint": "enabled",
                "http_protocol_ipv6": "disabled",
                "http_put_response_hop_limit": 1,
                "http_tokens": "optional",
                "instance_metadata_tags": "disabled"
              }
            ],
            "monitoring": false,
            "network_interface": [],
            "outpost_arn": "",
            "password_data": "",
            "placement_group": "",
            "placement_group_id": "",
            "placement_partition_number": 0,
            "primary_network_interface": [
              {
                "delete_on_termination": true,
                "network_interface_id": "eni-00376cbebda50ad1f"
              }
            ],
            "primary_network_interface_id": "eni-00376cbebda50ad1f",
            "private_dns": "ip-10-0-1-240.ec2.internal",
            "private_dns_name_options": [
              {
                "enable_resource_name_dns_a_record": false,
                "enable_resource_name_dns_aaaa_record": false,
                "hostname_type": "ip-name"
              }
            ],
            "private_ip": "10.0.1.240",
            "public_dns": "ec2-54-243-19-152.compute-1.amazonaws.com",
            "public_ip": "54.243.19.152",
            "region": "us-east-1",
            "root_block_device": [
              {
                "delete_on_termination": true,
                "device_name": "/dev/sda1",
                "encrypted": false,
                "iops": 100,
                "kms_key_id": "",
                "tags": {},
                "tags_all": {},
                "throughput": 0,
                "volume_id": "vol-015481d1fa10d1595",
                "volume_size": 8,
                "volume_type": "gp2"
              }
            ],
            "secondary_private_ips": [],
            "security_groups": [],
            "source_dest_check": true,
            "spot_instance_request_id": "",
            "subnet_id": "subnet-01083cbce8a8e6061",
            "tags": {
              "Name": "proyecto-hospital-django-server"
            },
            "tags_all": {
              "Name": "proyecto-hospital-django-server"
            },
            "tenancy": "default",
            "timeouts": null,
            "user_data": "#!/bin/bash\r\napt update -y\r\napt install -y python3 python3-pip git\r\n\r\ncd /home/ubuntu\r\ngit clone https://github.com/tuusuario/PROYECTOVISUALIZACIONBOXES.git\r\ncd PROYECTOVISUALIZACIONBOXES/ProyectoHospital\r\npip3 install -r requirements_serverless.txt\r\n\r\n# DynamoDB se accede mediante credenciales de IAM (LabRole), no se necesitan variables de entorno.\r\ncd /home/ubuntu/PROYECTOVISUALIZACIONBOXES/ProyectoHospital\r\nnohup python3 manage.py runserver 0.0.0.0:8000 \u003e django.log 2\u003e\u00261 \u0026\r\n",
            "user_data_base64": null,
            "user_data_replace_on_change": false,
            "volume_tags": null,
            "vpc_security_group_ids": [
              "sg-056763fe7a2a028c8"
            ]
          },
          "sensitive_attributes": [],
          "identity_schema_version": 0,
          "identity": {
            "account_id": "851725393529",
            "id": "i-010bfa0287dcf8911",
            "region": "us-east-1"
          },
          "private": "eyJlMmJmYjczMC1lY2FhLTExZTYtOGY4OC0zNDM2M2JjN2M0YzAiOnsiY3JlYXRlIjo2MDAwMDAwMDAwMDAsImRlbGV0ZSI6MTIwMDAwMDAwMDAwMCwicmVhZCI6OTAwMDAwMDAwMDAwLCJ1cGRhdGUiOjYwMDAwMDAwMDAwMH0sInNjaGVtYV92ZXJzaW9uIjoiMiJ9",
          "dependencies": [
            "aws_iam_instance_profile.lab_instance_profile",
            "aws_security_group.ec2_sg",
            "aws_subnet.public",
            "aws_vpc.main",
            "data.aws_ami.ubuntu",
            "data.aws_iam_role.lab_role"
          ]
        }
      ]
    },
    {
      "mode": "managed",
      "type": "aws_internet_gateway",
      "name": "gw",
      "provider": "provider[\"registry.terraform.io/hashicorp/aws\"]",
      "instances": [
        {
          "schema_version": 0,
          "attributes": {
            "arn": "arn:aws:ec2:us-east-1:851725393529:internet-gateway/igw-0185d2404ab554f4b",
            "id": "igw-0185d2404ab554f4b",
            "owner_id": "851725393529",
            "region": "us-east-1",
            "tags": {
              "Name": "proyecto-hospital-igw"
            },
            "tags_all": {
              "Name": "proyecto-hospital-igw"
            },
            "timeouts": null,
            "vpc_id": "vpc-0be6d7e968ea93513"
          },
          "sensitive_attributes": [],
          "identity_schema_version": 0,
          "private": "eyJlMmJmYjczMC1lY2FhLTExZTYtOGY4OC0zNDM2M2JjN2M0YzAiOnsiY3JlYXRlIjoxMjAwMDAwMDAwMDAwLCJkZWxldGUiOjEyMDAwMDAwMDAwMDAsInVwZGF0ZSI6MTIwMDAwMDAwMDAwMH19",
          "dependencies": [
            "aws_vpc.main"
          ]
        }
      ]
    },
    {
      "mode": "managed",
      "type": "aws_key_pair",
      "name": "deployer",
      "provider": "provider[\"registry.terraform.io/hashicorp/aws\"]",
      "instances": [
        {
          "schema_version": 1,
          "attributes": {
            "arn": "arn:aws:ec2:us-east-1:851725393529:key-pair/my-ec2-key",
            "fingerprint": "4f:09:55:5c:f4:89:55:3a:f7:88:91:98:57:1b:3d:48",
            "id": "my-ec2-key",
            "key_name": "my-ec2-key",
            "key_name_prefix": "",
            "key_pair_id": "key-0c82beb721702f85d",
            "key_type": "rsa",
            "public_key": "ssh-rsa AAAAB3NzaC1yc2EAAAADAQABAAACAQDANKPPNavsi+vdqoarNQdMRyiVNcWg4Wb/44BLrnxtS4yV+lHyEM8XjmfuF+A7XzBx40SHfaeUVzU1pJfVFGPFxdo0LFa1PfVcxvtq96gMhj9+aCCLf76HCh200yJur9raW6GAZ3tbXOTLUz/H9JBplRTt1zHmdyOpeuWb1ahN5YX7hTcW8wTXKfA7QzN35aiJA6g2q4xPQiPYa+qZg7aLSQL/rQWjGYchWN71Tng5/yONFKVgzHepumcPye7IkRS5ukHbn+VVKoYOvXFHAw/lwvt44+XMJlhMqtbu228YhKbYpzh42BX2DLrDabKQxy5yDGzm+DW/QMpbGpUbT/I+M6Js9mqvrEdS1gmCCbtHRMIXV9nS5LH/rkZ13AHFwEFM0EtsdTw8GZDeeICIVar9HaGNYQTujzsj7UJjaHbtzA4+zRaEZ/UeUe2lWctBaA/khDcSEOKRH65R2EDRkUHKqj0FhIvAHowkGzrezasnYC7JwP0f8loSFDscG2ym0n4tAWNVmaACgDVFfRFqkf3fPGCUU/zffn6uvgx0YWqyflOmyuR0Vuq0I1RFw8RrVoh085a+Yo3/yymgXMc3a/N5r0Kmbj4rKZlI5yLYgBVxOwUM4HdIW3TXHsBjrW+if/DcQPoJ0PyVo/VUse4hEpEbC+20nxmzeWTYAr6gWbwZAw==",
            "region": "us-east-1",
            "tags": null,
            "tags_all": {}
          },
          "sensitive_attributes": [],
          "identity_schema_version": 0,
          "private": "eyJzY2hlbWFfdmVyc2lvbiI6IjEifQ==",
          "dependencies": [
            "tls_private_key.ssh"
          ]
        }
      ]
    },
    {
      "mode": "managed",
      "type": "aws_lambda_function",
      "name": "api",
      "provider": "provider[\"registry.terraform.io/hashicorp/aws\"]",
      "instances": [
        {
          "schema_version": 0,
          "attributes": {
            "architectures": [
              "x86_64"
            ],
            "arn": "arn:aws:lambda:us-east-1:851725393529:function:proyecto-hospital-api",
            "code_sha256": "UVPUsWDVx+amfL73ejR/z+5IVA1GU48GONF9a6TBGQk=",
            "code_signing_config_arn": "",
            "dead_letter_config": [],
            "description": "",
            "environment": [],
            "ephemeral_storage": [
              {
                "size": 512
              }
            ],
            "file_system_config": [],
            "filename": null,
            "function_name": "proyecto-hospital-api",
            "handler": "src/index.handler",
            "id": "proyecto-hospital-api",
            "image_config": [],
            "image_uri": "",
            "invoke_arn": "arn:aws:apigateway:us-east-1:lambda:path/2015-03-31/functions/arn:aws:lambda:us-east-1:851725393529:function:proyecto-hospital-api/invocations",
            "kms_key_arn": "",
            "last_modified": "2025-11-05T16:51:46.164+0000",
            "layers": null,
            "logging_config": [
              {
                "application_log_level": "",
                "log_format": "Text",
                "log_group": "/aws/lambda/proyecto-hospital-api",
                "system_log_level": ""
              }
            ],
            "memory_size": 128,
            "package_type": "Zip",
            "publish": false,
            "qualified_arn": "arn:aws:lambda:us-east-1:851725393529:function:proyecto-hospital-api:$LATEST",
            "qualified_invoke_arn": "arn:aws:apigateway:us-east-1:lambda:path/2015-03-31/functions/arn:aws:lambda:us-east-1:851725393529:function:proyecto-hospital-api:$LATEST/invocations",
            "region": "us-east-1",
            "replace_security_groups_on_destroy": null,
            "replacement_security_group_ids": null,
            "reserved_concurrent_executions": -1,
            "role": "arn:aws:iam::851725393529:role/LabRole",
            "runtime": "nodejs18.x",
            "s3_bucket": "proyecto-hospital-lambda-code-y8fkerqb",
            "s3_key": "lambda.zip",
            "s3_object_version": null,
            "signing_job_arn": "",
            "signing_profile_version_arn": "",
            "skip_destroy": false,
            "snap_start": [],
            "source_code_hash": "UVPUsWDVx+amfL73ejR/z+5IVA1GU48GONF9a6TBGQk=",
            "source_code_size": 83547170,
            "source_kms_key_arn": "",
            "tags": {
              "Name": "proyecto-hospital-lambda"
            },
            "tags_all": {
              "Name": "proyecto-hospital-lambda"
            },
            "timeout": 30,
            "timeouts": null,
            "tracing_config": [
              {
                "mode": "PassThrough"
              }
            ],
            "version": "$LATEST",
            "vpc_config": []
          },
          "sensitive_attributes": [],
          "identity_schema_version": 0,
          "identity": {
            "account_id": "851725393529",
            "function_name": "proyecto-hospital-api",
            "region": "us-east-1"
          },
          "private": "eyJlMmJmYjczMC1lY2FhLTExZTYtOGY4OC0zNDM2M2JjN2M0YzAiOnsiY3JlYXRlIjo2MDAwMDAwMDAwMDAsImRlbGV0ZSI6NjAwMDAwMDAwMDAwLCJ1cGRhdGUiOjYwMDAwMDAwMDAwMH19",
          "dependencies": [
            "aws_s3_bucket.lambda_bucket",
            "aws_s3_object.lambda_code",
            "data.archive_file.lambda_zip",
            "data.aws_iam_role.lab_role",
            "random_string.suffix"
          ]
        }
      ]
    },
    {
      "mode": "managed",
      "type": "aws_lambda_permission",
      "name": "apigw",
      "provider": "provider[\"registry.terraform.io/hashicorp/aws\"]",
      "instances": [
        {
          "schema_version": 0,
          "attributes": {
            "action": "lambda:InvokeFunction",
            "event_source_token": null,
            "function_name": "proyecto-hospital-api",
            "function_url_auth_type": null,
            "id": "AllowAPIGatewayInvoke",
            "principal": "apigateway.amazonaws.com",
            "principal_org_id": null,
            "qualifier": "",
            "region": "us-east-1",
            "source_account": null,
            "source_arn": "arn:aws:execute-api:us-east-1:851725393529:vkhmlfcbdd/*/*",
            "statement_id": "AllowAPIGatewayInvoke",
            "statement_id_prefix": ""
          },
          "sensitive_attributes": [],
          "identity_schema_version": 0,
          "identity": {
            "account_id": "851725393529",
            "function_name": "proyecto-hospital-api",
            "qualifier": null,
            "region": "us-east-1",
            "statement_id": "AllowAPIGatewayInvoke"
          },
          "private": "bnVsbA==",
          "dependencies": [
            "aws_apigatewayv2_api.http_api",
            "aws_lambda_function.api",
            "aws_s3_bucket.lambda_bucket",
            "aws_s3_object.lambda_code",
            "data.archive_file.lambda_zip",
            "data.aws_iam_role.lab_role",
            "random_string.suffix"
          ]
        }
      ]
    },
    {
      "mode": "managed",
      "type": "aws_route_table",
      "name": "private",
      "provider": "provider[\"registry.terraform.io/hashicorp/aws\"]",
      "instances": [
        {
          "schema_version": 0,
          "attributes": {
            "arn": "arn:aws:ec2:us-east-1:851725393529:route-table/rtb-037f65e97a68cbdab",
            "id": "rtb-037f65e97a68cbdab",
            "owner_id": "851725393529",
            "propagating_vgws": [],
            "region": "us-east-1",
            "route": [],
            "tags": {
              "Name": "proyecto-hospital-private-rt"
            },
            "tags_all": {
              "Name": "proyecto-hospital-private-rt"
            },
            "timeouts": null,
            "vpc_id": "vpc-0be6d7e968ea93513"
          },
          "sensitive_attributes": [],
          "identity_schema_version": 0,
          "identity": {
            "account_id": "851725393529",
            "id": "rtb-037f65e97a68cbdab",
            "region": "us-east-1"
          },
          "private": "eyJlMmJmYjczMC1lY2FhLTExZTYtOGY4OC0zNDM2M2JjN2M0YzAiOnsiY3JlYXRlIjozMDAwMDAwMDAwMDAsImRlbGV0ZSI6MzAwMDAwMDAwMDAwLCJ1cGRhdGUiOjEyMDAwMDAwMDAwMH19",
          "dependencies": [
            "aws_vpc.main"
          ]
        }
      ]
    },
    {
      "mode": "managed",
      "type": "aws_route_table",
      "name": "public",
      "provider": "provider[\"registry.terraform.io/hashicorp/aws\"]",
      "instances": [
        {
          "schema_version": 0,
          "attributes": {
            "arn": "arn:aws:ec2:us-east-1:851725393529:route-table/rtb-0f5774d6599d153d2",
            "id": "rtb-0f5774d6599d153d2",
            "owner_id": "851725393529",
            "propagating_vgws": [],
            "region": "us-east-1",
            "route": [
              {
                "carrier_gateway_id": "",
                "cidr_block": "0.0.0.0/0",
                "core_network_arn": "",
                "destination_prefix_list_id": "",
                "egress_only_gateway_id": "",
                "gateway_id": "igw-0185d2404ab554f4b",
                "ipv6_cidr_block": "",
                "local_gateway_id": "",
                "nat_gateway_id": "",
                "network_interface_id": "",
                "transit_gateway_id": "",
                "vpc_endpoint_id": "",
                "vpc_peering_connection_id": ""
              }
            ],
            "tags": {
              "Name": "proyecto-hospital-public-rt"
            },
            "tags_all": {
              "Name": "proyecto-hospital-public-rt"
            },
            "timeouts": null,
            "vpc_id": "vpc-0be6d7e968ea93513"
          },
          "sensitive_attributes": [],
          "identity_schema_version": 0,
          "identity": {
            "account_id": "851725393529",
            "id": "rtb-0f5774d6599d153d2",
            "region": "us-east-1"
          },
          "private": "eyJlMmJmYjczMC1lY2FhLTExZTYtOGY4OC0zNDM2M2JjN2M0YzAiOnsiY3JlYXRlIjozMDAwMDAwMDAwMDAsImRlbGV0ZSI6MzAwMDAwMDAwMDAwLCJ1cGRhdGUiOjEyMDAwMDAwMDAwMH19",
          "dependencies": [
            "aws_internet_gateway.gw",
            "aws_vpc.main"
          ]
        }
      ]
    },
    {
      "mode": "managed",
      "type": "aws_route_table_association",
      "name": "private",
      "provider": "provider[\"registry.terraform.io/hashicorp/aws\"]",
      "instances": [
        {
          "schema_version": 0,
          "attributes": {
            "gateway_id": "",
            "id": "rtbassoc-0c80fb9d346c08eca",
            "region": "us-east-1",
            "route_table_id": "rtb-037f65e97a68cbdab",
            "subnet_id": "subnet-07f64b3842cd758df",
            "timeouts": null
          },
          "sensitive_attributes": [],
          "identity_schema_version": 0,
          "private": "eyJlMmJmYjczMC1lY2FhLTExZTYtOGY4OC0zNDM2M2JjN2M0YzAiOnsiY3JlYXRlIjozMDAwMDAwMDAwMDAsImRlbGV0ZSI6MzAwMDAwMDAwMDAwLCJ1cGRhdGUiOjEyMDAwMDAwMDAwMH19",
          "dependencies": [
            "aws_route_table.private",
            "aws_subnet.private",
            "aws_vpc.main"
          ]
        }
      ]
    },
    {
      "mode": "managed",
      "type": "aws_route_table_association",
      "name": "public",
      "provider": "provider[\"registry.terraform.io/hashicorp/aws\"]",
      "instances": [
        {
          "schema_version": 0,
          "attributes": {
            "gateway_id": "",
            "id": "rtbassoc-022e955331684fc7e",
            "region": "us-east-1",
            "route_table_id": "rtb-0f5774d6599d153d2",
            "subnet_id": "subnet-01083cbce8a8e6061",
            "timeouts": null
          },
          "sensitive_attributes": [],
          "identity_schema_version": 0,
          "private": "eyJlMmJmYjczMC1lY2FhLTExZTYtOGY4OC0zNDM2M2JjN2M0YzAiOnsiY3JlYXRlIjozMDAwMDAwMDAwMDAsImRlbGV0ZSI6MzAwMDAwMDAwMDAwLCJ1cGRhdGUiOjEyMDAwMDAwMDAwMH19",
          "dependencies": [
            "aws_internet_gateway.gw",
            "aws_route_table.public",
            "aws_subnet.public",
            "aws_vpc.main"
          ]
        }
      ]
    },
    {
      "mode": "managed",
      "type": "aws_s3_bucket",
      "name": "lambda_bucket",
      "provider": "provider[\"registry.terraform.io/hashicorp/aws\"]",
      "instances": [
        {
          "schema_version": 0,
          "attributes": {
            "acceleration_status": "",
            "acl": null,
            "arn": "arn:aws:s3:::proyecto-hospital-lambda-code-y8fkerqb",
            "bucket": "proyecto-hospital-lambda-code-y8fkerqb",
            "bucket_domain_name": "proyecto-hospital-lambda-code-y8fkerqb.s3.amazonaws.com",
            "bucket_prefix": "",
            "bucket_region": "us-east-1",
            "bucket_regional_domain_name": "proyecto-hospital-lambda-code-y8fkerqb.s3.us-east-1.amazonaws.com",
            "cors_rule": [],
            "force_destroy": false,
            "grant": [
              {
                "id": "7f6666c005b1b870c44570b9fac99fcd86983991da91cc65fc3f71b9b09afeb4",
                "permissions": [
                  "FULL_CONTROL"
                ],
                "type": "CanonicalUser",
                "uri": ""
              }
            ],
            "hosted_zone_id": "Z3AQBSTGFYJSTF",
            "id": "proyecto-hospital-lambda-code-y8fkerqb",
            "lifecycle_rule": [],
            "logging": [],
            "object_lock_configuration": [],
            "object_lock_enabled": false,
            "policy": "",
            "region": "us-east-1",
            "replication_configuration": [],
            "request_payer": "BucketOwner",
            "server_side_encryption_configuration": [
              {
                "rule": [
                  {
                    "apply_server_side_encryption_by_default": [
                      {
                        "kms_master_key_id": "",
                        "sse_algorithm": "AES256"
                      }
                    ],
                    "bucket_key_enabled": false
                  }
                ]
              }
            ],
            "tags": null,
            "tags_all": {},
            "timeouts": null,
            "versioning": [
              {
                "enabled": false,
                "mfa_delete": false
              }
            ],
            "website": [],
            "website_domain": null,
            "website_endpoint": null
          },
          "sensitive_attributes": [],
          "identity_schema_version": 0,
          "identity": {
            "account_id": "851725393529",
            "bucket": "proyecto-hospital-lambda-code-y8fkerqb",
            "region": "us-east-1"
          },
          "private": "eyJlMmJmYjczMC1lY2FhLTExZTYtOGY4OC0zNDM2M2JjN2M0YzAiOnsiY3JlYXRlIjoxMjAwMDAwMDAwMDAwLCJkZWxldGUiOjM2MDAwMDAwMDAwMDAsInJlYWQiOjEyMDAwMDAwMDAwMDAsInVwZGF0ZSI6MTIwMDAwMDAwMDAwMH19",
          "dependencies": [
            "random_string.suffix"
          ]
        }
      ]
    },
    {
      "mode": "managed",
      "type": "aws_s3_bucket_versioning",
      "name": "lambda_bucket_versioning",
      "provider": "provider[\"registry.terraform.io/hashicorp/aws\"]",
      "instances": [
        {
          "schema_version": 0,
          "attributes": {
            "bucket": "proyecto-hospital-lambda-code-y8fkerqb",
            "expected_bucket_owner": "",
            "id": "proyecto-hospital-lambda-code-y8fkerqb",
            "mfa": null,
            "region": "us-east-1",
            "versioning_configuration": [
              {
                "mfa_delete": "",
                "status": "Enabled"
              }
            ]
          },
          "sensitive_attributes": [],
          "identity_schema_version": 0,
          "identity": {
            "account_id": "851725393529",
            "bucket": "proyecto-hospital-lambda-code-y8fkerqb",
            "expected_bucket_owner": null,
            "region": "us-east-1"
          },
          "private": "bnVsbA==",
          "dependencies": [
            "aws_s3_bucket.lambda_bucket",
            "random_string.suffix"
          ]
        }
      ]
    },
    {
      "mode": "managed",
      "type": "aws_s3_object",
      "name": "lambda_code",
      "provider": "provider[\"registry.terraform.io/hashicorp/aws\"]",
      "instances": [
        {
          "schema_version": 0,
          "attributes": {
            "acl": null,
            "arn": "arn:aws:s3:::proyecto-hospital-lambda-code-y8fkerqb/lambda.zip",
            "bucket": "proyecto-hospital-lambda-code-y8fkerqb",
            "bucket_key_enabled": false,
            "cache_control": "",
            "checksum_algorithm": null,
            "checksum_crc32": "",
            "checksum_crc32c": "",
            "checksum_crc64nvme": "",
            "checksum_sha1": "",
            "checksum_sha256": "",
            "content": null,
            "content_base64": null,
            "content_disposition": "",
            "content_encoding": "",
            "content_language": "",
            "content_type": "binary/octet-stream",
            "etag": "4d6421056cf923047ed1a44c87dd5300-16",
            "force_destroy": false,
            "id": "proyecto-hospital-lambda-code-y8fkerqb/lambda.zip",
            "key": "lambda.zip",
            "kms_key_id": null,
            "metadata": null,
            "object_lock_legal_hold_status": "",
            "object_lock_mode": "",
            "object_lock_retain_until_date": "",
            "override_provider": [],
            "region": "us-east-1",
            "server_side_encryption": "AES256",
            "source": "./lambda.zip",
            "source_hash": null,
            "storage_class": "STANDARD",
            "tags": null,
            "tags_all": {},
            "version_id": "44bE2ir256iUbPWFIXKbJADQ_FAYvtu1",
            "website_redirect": ""
          },
          "sensitive_attributes": [],
          "identity_schema_version": 0,
          "identity": {
            "account_id": "851725393529",
            "bucket": "proyecto-hospital-lambda-code-y8fkerqb",
            "key": "lambda.zip",
            "region": "us-east-1"
          },
          "private": "bnVsbA==",
          "dependencies": [
            "aws_s3_bucket.lambda_bucket",
            "data.archive_file.lambda_zip",
            "random_string.suffix"
          ]
        }
      ]
    },
    {
      "mode": "managed",
      "type": "aws_security_group",
      "name": "ec2_sg",
      "provider": "provider[\"registry.terraform.io/hashicorp/aws\"]",
      "instances": [
        {
          "schema_version": 1,
          "attributes": {
            "arn": "arn:aws:ec2:us-east-1:851725393529:security-group/sg-056763fe7a2a028c8",
            "description": "Allow HTTP, HTTPS, and SSH",
            "egress": [
              {
                "cidr_blocks": [
                  "0.0.0.0/0"
                ],
                "description": "",
                "from_port": 0,
                "ipv6_cidr_blocks": [],
                "prefix_list_ids": [],
                "protocol": "-1",
                "security_groups": [],
                "self": false,
                "to_port": 0
              }
            ],
            "id": "sg-056763fe7a2a028c8",
            "ingress": [
              {
                "cidr_blocks": [
                  "0.0.0.0/0"
                ],
                "description": "",
                "from_port": 22,
                "ipv6_cidr_blocks": [],
                "prefix_list_ids": [],
                "protocol": "tcp",
                "security_groups": [],
                "self": false,
                "to_port": 22
              },
              {
                "cidr_blocks": [
                  "0.0.0.0/0"
                ],
                "description": "",
                "from_port": 8000,
                "ipv6_cidr_blocks": [],
                "prefix_list_ids": [],
                "protocol": "tcp",
                "security_groups": [],
                "self": false,
                "to_port": 8000
              },
              {
                "cidr_blocks": [
                  "0.0.0.0/0"
                ],
                "description": "",
                "from_port": 80,
                "ipv6_cidr_blocks": [],
                "prefix_list_ids": [],
                "protocol": "tcp",
                "security_groups": [],
                "self": false,
                "to_port": 80
              }
            ],
            "name": "proyecto-hospital-ec2-sg",
            "name_prefix": "",
            "owner_id": "851725393529",
            "region": "us-east-1",
            "revoke_rules_on_delete": false,
            "tags": {
              "Name": "proyecto-hospital-ec2-sg"
            },
            "tags_all": {
              "Name": "proyecto-hospital-ec2-sg"
            },
            "timeouts": null,
            "vpc_id": "vpc-0be6d7e968ea93513"
          },
          "sensitive_attributes": [],
          "identity_schema_version": 0,
          "identity": {
            "account_id": "851725393529",
            "id": "sg-056763fe7a2a028c8",
            "region": "us-east-1"
          },
          "private": "eyJlMmJmYjczMC1lY2FhLTExZTYtOGY4OC0zNDM2M2JjN2M0YzAiOnsiY3JlYXRlIjo2MDAwMDAwMDAwMDAsImRlbGV0ZSI6OTAwMDAwMDAwMDAwfSwic2NoZW1hX3ZlcnNpb24iOiIxIn0=",
          "dependencies": [
            "aws_vpc.main"
          ]
        }
      ]
    },
    {
      "mode": "managed",
      "type": "aws_subnet",
      "name": "private",
      "provider": "provider[\"registry.terraform.io/hashicorp/aws\"]",
      "instances": [
        {
          "schema_version": 1,
          "attributes": {
            "arn": "arn:aws:ec2:us-east-1:851725393529:subnet/subnet-07f64b3842cd758df",
            "assign_ipv6_address_on_creation": false,
            "availability_zone": "us-east-1a",
            "availability_zone_id": "use1-az4",
            "cidr_block": "10.0.2.0/24",
            "customer_owned_ipv4_pool": "",
            "enable_dns64": false,
            "enable_lni_at_device_index": 0,
            "enable_resource_name_dns_a_record_on_launch": false,
            "enable_resource_name_dns_aaaa_record_on_launch": false,
            "id": "subnet-07f64b3842cd758df",
            "ipv6_cidr_block": "",
            "ipv6_cidr_block_association_id": "",
            "ipv6_native": false,
            "map_customer_owned_ip_on_launch": false,
            "map_public_ip_on_launch": false,
            "outpost_arn": "",
            "owner_id": "851725393529",
            "private_dns_hostname_type_on_launch": "ip-name",
            "region": "us-east-1",
            "tags": {
              "Name": "proyecto-hospital-private-subnet"
            },
            "tags_all": {
              "Name": "proyecto-hospital-private-subnet"
            },
            "timeouts": null,
            "vpc_id": "vpc-0be6d7e968ea93513"
          },
          "sensitive_attributes": [],
          "identity_schema_version": 0,
          "identity": {
            "account_id": "851725393529",
            "id": "subnet-07f64b3842cd758df",
            "region": "us-east-1"
          },
          "private": "eyJlMmJmYjczMC1lY2FhLTExZTYtOGY4OC0zNDM2M2JjN2M0YzAiOnsiY3JlYXRlIjo2MDAwMDAwMDAwMDAsImRlbGV0ZSI6MTIwMDAwMDAwMDAwMH0sInNjaGVtYV92ZXJzaW9uIjoiMSJ9",
          "dependencies": [
            "aws_vpc.main"
          ]
        }
      ]
    },
    {
      "mode": "managed",
      "type": "aws_subnet",
      "name": "public",
      "provider": "provider[\"registry.terraform.io/hashicorp/aws\"]",
      "instances": [
        {
          "schema_version": 1,
          "attributes": {
            "arn": "arn:aws:ec2:us-east-1:851725393529:subnet/subnet-01083cbce8a8e6061",
            "assign_ipv6_address_on_creation": false,
            "availability_zone": "us-east-1a",
            "availability_zone_id": "use1-az4",
            "cidr_block": "10.0.1.0/24",
            "customer_owned_ipv4_pool": "",
            "enable_dns64": false,
            "enable_lni_at_device_index": 0,
            "enable_resource_name_dns_a_record_on_launch": false,
            "enable_resource_name_dns_aaaa_record_on_launch": false,
            "id": "subnet-01083cbce8a8e6061",
            "ipv6_cidr_block": "",
            "ipv6_cidr_block_association_id": "",
            "ipv6_native": false,
            "map_customer_owned_ip_on_launch": false,
            "map_public_ip_on_launch": true,
            "outpost_arn": "",
            "owner_id": "851725393529",
            "private_dns_hostname_type_on_launch": "ip-name",
            "region": "us-east-1",
            "tags": {
              "Name": "proyecto-hospital-public-subnet"
            },
            "tags_all": {
              "Name": "proyecto-hospital-public-subnet"
            },
            "timeouts": null,
            "vpc_id": "vpc-0be6d7e968ea93513"
          },
          "sensitive_attributes": [],
          "identity_schema_version": 0,
          "identity": {
            "account_id": "851725393529",
            "id": "subnet-01083cbce8a8e6061",
            "region": "us-east-1"
          },
          "private": "eyJlMmJmYjczMC1lY2FhLTExZTYtOGY4OC0zNDM2M2JjN2M0YzAiOnsiY3JlYXRlIjo2MDAwMDAwMDAwMDAsImRlbGV0ZSI6MTIwMDAwMDAwMDAwMH0sInNjaGVtYV92ZXJzaW9uIjoiMSJ9",
          "dependencies": [
            "aws_vpc.main"
          ]
        }
      ]
    },
    {
      "mode": "managed",
      "type": "aws_vpc",
      "name": "main",
      "provider": "provider[\"registry.terraform.io/hashicorp/aws\"]",
      "instances": [
        {
          "schema_version": 1,
          "attributes": {
            "arn": "arn:aws:ec2:us-east-1:851725393529:vpc/vpc-0be6d7e968ea93513",
            "assign_generated_ipv6_cidr_block": false,
            "cidr_block": "10.0.0.0/16",
            "default_network_acl_id": "acl-03019c0565bf530fc",
            "default_route_table_id": "rtb-00ea9038ba5bb972b",
            "default_security_group_id": "sg-0036d72220a40681c",
            "dhcp_options_id": "dopt-08b6d917b17a84cd9",
            "enable_dns_hostnames": true,
            "enable_dns_support": true,
            "enable_network_address_usage_metrics": false,
            "id": "vpc-0be6d7e968ea93513",
            "instance_tenancy": "default",
            "ipv4_ipam_pool_id": null,
            "ipv4_netmask_length": null,
            "ipv6_association_id": "",
            "ipv6_cidr_block": "",
            "ipv6_cidr_block_network_border_group": "",
            "ipv6_ipam_pool_id": "",
            "ipv6_netmask_length": 0,
            "main_route_table_id": "rtb-00ea9038ba5bb972b",
            "owner_id": "851725393529",
            "region": "us-east-1",
            "tags": {
              "Name": "proyecto-hospital-vpc"
            },
            "tags_all": {
              "Name": "proyecto-hospital-vpc"
            }
          },
          "sensitive_attributes": [],
          "identity_schema_version": 0,
          "identity": {
            "account_id": "851725393529",
            "id": "vpc-0be6d7e968ea93513",
            "region": "us-east-1"
          },
          "private": "eyJzY2hlbWFfdmVyc2lvbiI6IjEifQ=="
        }
      ]
    },
    {
      "mode": "managed",
      "type": "aws_vpc_endpoint",
      "name": "dynamodb",
      "provider": "provider[\"registry.terraform.io/hashicorp/aws\"]",
      "instances": [
        {
          "schema_version": 0,
          "attributes": {
            "arn": "arn:aws:ec2:us-east-1:851725393529:vpc-endpoint/vpce-0ac4682a81888fd0f",
            "auto_accept": null,
            "cidr_blocks": [
              "35.71.70.0/24",
              "3.218.182.0/24",
              "3.218.180.0/23",
              "35.71.68.0/23",
              "52.94.0.0/22",
              "52.119.224.0/20"
            ],
            "dns_entry": [],
            "dns_options": [
              {
                "dns_record_ip_type": "service-defined",
                "private_dns_only_for_inbound_resolver_endpoint": false
              }
            ],
            "id": "vpce-0ac4682a81888fd0f",
            "ip_address_type": "ipv4",
            "network_interface_ids": [],
            "owner_id": "851725393529",
            "policy": "{\"Statement\":[{\"Action\":\"*\",\"Effect\":\"Allow\",\"Principal\":\"*\",\"Resource\":\"*\"}],\"Version\":\"2008-10-17\"}",
            "prefix_list_id": "pl-02cd2c6b",
            "private_dns_enabled": false,
            "region": "us-east-1",
            "requester_managed": false,
            "resource_configuration_arn": "",
            "route_table_ids": [
              "rtb-037f65e97a68cbdab",
              "rtb-0f5774d6599d153d2"
            ],
            "security_group_ids": [],
            "service_name": "com.amazonaws.us-east-1.dynamodb",
            "service_network_arn": "",
            "service_region": "us-east-1",
            "state": "available",
            "subnet_configuration": [],
            "subnet_ids": [],
            "tags": null,
            "tags_all": {},
            "timeouts": null,
            "vpc_endpoint_type": "Gateway",
            "vpc_id": "vpc-0be6d7e968ea93513"
          },
          "sensitive_attributes": [],
          "identity_schema_version": 0,
          "identity": {
            "account_id": "851725393529",
            "id": "vpce-0ac4682a81888fd0f",
            "region": "us-east-1"
          },
          "private": "eyJlMmJmYjczMC1lY2FhLTExZTYtOGY4OC0zNDM2M2JjN2M0YzAiOnsiY3JlYXRlIjo2MDAwMDAwMDAwMDAsImRlbGV0ZSI6NjAwMDAwMDAwMDAwLCJ1cGRhdGUiOjYwMDAwMDAwMDAwMH19",
          "dependencies": [
            "aws_internet_gateway.gw",
            "aws_route_table.private",
            "aws_route_table.public",
            "aws_vpc.main"
          ]
        }
      ]
    },
    {
      "mode": "managed",
      "type": "local_file",
      "name": "ssh_private_key",
      "provider": "provider[\"registry.terraform.io/hashicorp/local\"]",
      "instances": [
        {
          "schema_version": 0,
          "attributes": {
            "content": "-----BEGIN RSA PRIVATE KEY-----\nMIIJKgIBAAKCAgEAwDSjzzWr7Ivr3aqGqzUHTEcolTXFoOFm/+OAS658bUuMlfpR\n8hDPF45n7hfgO18wceNEh32nlFc1NaSX1RRjxcXaNCxWtT31XMb7aveoDIY/fmgg\ni3++hwodtNMibq/a2luhgGd7W1zky1M/x/SQaZUU7dcx5ncjqXrlm9WoTeWF+4U3\nFvME1ynwO0Mzd+WoiQOoNquMT0Ij2GvqmYO2i0kC/60FoxmHIVje9U54Of8jjRSl\nYMx3qbpnD8nuyJEUubpB25/lVSqGDr1xRwMP5cL7eOPlzCZYTKrW7ttvGISm2Kc4\neNgV9gy6w2mykMcucgxs5vg1v0DKWxqVG0/yPjOibPZqr6xHUtYJggm7R0TCF1fZ\n0uSx/65GddwBxcBBTNBLbHU8PBmQ3niAiFWq/R2hjWEE7o87I+1CY2h27cwOPs0W\nhGf1HlHtpVnLQWgP5IQ3EhDikR+uUdhA0ZFByqo9BYSLwB6MJBs63s2rJ2AuycD9\nH/JaEhQ7HBtsptJ+LQFjVZmgAoA1RX0RapH93zxglFP8335+rr4MdGFqsn5Tpsrk\ndFbqtCNURcPEa1aIdPOWvmKN/8spoFzHN2vzea9Cpm4+KymZSOci2IAVcTsFDOB3\nSFt01x7AY61von/w3ED6CdD8laP1VLHuIRKRGwvttJ8Zs3lk2AK+oFm8GQMCAwEA\nAQKCAgAPEHEgTewWI5dObc2VQJg8Vb1sCGVfaRsqBhoplFjjNg8kOBTRHJkmlv41\nToDAFoNVAcN+vQ3z1evxMt/Fjw4M06d4/FqlZOBEr8HHzfZJWQJD9YRLeq0jp1rR\nr9SciULlZ1Yemr2z2PGDsBgpI1VoOQuFYp7iGcddQqkZUCMbS9h28KdzMIPaG0rd\nUjSH+qN9baBy/HoIQj5N+ZNPCeA2RXgrMtPkxxzss6rx3f8VSJZwOcSGdDASyO3H\n8oM5DAnsTplXzc3rIWSVZiqpLqfB0cjk3jPGDuFPzPoAiYlJCiiLhXurGQCLos7G\nfxPEPiA5RxkH9z87KKhTgJ9cHyV0sKhJIXdvSVeh45khCAQf9S5FhVeVva4Yb47C\n3KVanO6UeWeFE4FP5FR89nNRSRRPt76B8sdYJ+NZ8NRj6/qetNzO3bc5dsgFNDCx\nqvbnvaa42d9Pd7oTahHYa0dVBnPnQwnxDOrtb3t4ZZRaISOBpYCu/iIWzG2wyzWB\nk5P3Pv2/HPxI2niWHXNuSsMP7/S+9JOf1CBExlrgYlGWvOpwytfNZVkmm6djlZBr\n19Xj6CoLfcY39CBC4NtXnDOfAiuioyTdVrxQyVGq1uV7WIOQTjzuet1rW8J5oL/V\nohfZDH7sZV+t+3DndkZAagQxeQKyW4TgbhscfMmlfIvageYn+QKCAQEA9AsORT17\nmREX4a7m+7d9JN37ByzXn+P7/IlXQDvJ0WVKcWdAboB2HDZMyDUj9vr3HvB8hR6i\nD8EfV130HJ7MYeF94ggboqhMnOCrKS9gGMbeCX9NNnLcAJyb606nc9sU7DuBETdd\nSNmE4boVQFDr7btFgxAqafZV/MQUot7p7UW5kmjcNPa/Djtt1wDcpdexoj6lzPad\nMLgLO7X9Q88mZCbXS1WF+IZdHAgwEUjQYkBO39uJWa5LejykNQHyhhorHOosCaD9\nMp7rCJv8xHi1nca+N0glUma3fhsm6aUPZNcrE1/5essVDoyf+oIeEsvsWKaHe047\nS6esN4HHExkVuwKCAQEAyZ9nk2tQyyxM/CDCuDvCrustgQogj3KHSZ1NFp3gG8FM\nzntiuUnlQb1JTM0WWfkSueCNnhvt5Cbeku9vzRnCfxtMZHxFby2rmDLjIZqGM1PD\n/SoVZFCZxvcScjqXRhk/s1SFOuM7ql35ziL6q1lYhySe/WeK4ChD6LNe1c0RTO/H\npoeNdzq3JT71HnvfohqFJ1+WeUOQ/nlTbrPPx5nRQ+LJgpI/ZHKVB/HhTZ8HbUtU\nqTbMJ8nZfYu//z1YvosX9W0cyidu0vJI6Jpu4kRmzCfE3Xh9QrpGPepe1WkU65rU\n0spqSm/bLsdw8k1C6G/dLV9zXUhP/P1GmQ6x3YRxWQKCAQEA3hDNXH4U4PTn6UnR\nD44pBwojKaVJVEoNev+ycFW3UJ49/jE5NRQZ5ZQXjDqmzlAR3IpylGOKjpFqJoLs\n5bouOocImExOcVV52Wqq9SAR7pnPY47+QKSFwty/GICK6WaahFelG3honyinvQsp\n2UuJU9sL5rYoEiHAnvAB4y66aFkBAtP+RQeeVKIJUhKLtTEvh3ZAQuDJqpJeTmhM\n3I473fhmAjwBW2NQiHh+3MuIK09fNl47fmqWbdWOilmKSTK4tmfzyJNAsvZe4oem\nm1VH1hkJ753rsC6dm9ezMforptQQc2HqzyzKrWGTFU2fdfUvzH9EWxSV6kLZ9+xU\nrPEvjwKCAQEAh5uWP3nrgmuOb/nc3ascGygEmAjms3SVd7a79Z1D8YcGkM4+LV99\nOcUFOwmpoeQ7axeUSKaCT3SxOOSgLrPHtFP5ApDu5oMyKZD4YU6cOoN5i5o1fx4S\n/9aH6pprynMK/CO55EyXgdPpQ3MVZBAY0fSYltmAd5m9axLRkz11CGkxwFjlli7A\npeV9Wf55AH+T1VKeU3tVV0LlEc0Q0DAtptovLIoO5xGGGSzfm6R9i04iaBl6ILzL\ncnx/Kz3opWfKOoEj3ve8u1bIIOJV+AuHlIKfD1KN9UZyHgy3shQWRQ0DXa9U5DHt\nmr37woyiltE+UtkjL7eGTSNQy3stuE7vKQKCAQEAtNQrCmWjQfQErUrY938Nx28W\nXAnMg9sJBPc6rckh4ObPcDNcSm/P8c4cfWJvpu72u8+1rPYaT7RLZAuYCrslduvI\n9rSHmBGEBhjh0u+feAtVIXOruOnY7RGHMarfdj447+jmKUzom9yhjSm1yTDGv55N\nEd/MyIfFINln/36WqYhZ6+JbUNJkivv2pXNnHFLsaOIrvfeRM90m1eHcs/pqfpmK\nPGRrGA8MyeTE4sDjo45UBP95cktYsuj5uZEMjS/3eXJgq4WOCOEgxXBO2d9j2Esh\neIkMP6wqDGAqWVIag4yzOa6Muqce2444SdgJOeYXKUAVEweAI9o9ZpQ0Ze72/A==\n-----END RSA PRIVATE KEY-----\n",
            "content_base64": null,
            "content_base64sha256": "bRf3/wGxgtBFLbVS3WauWXKiPAlQoNbazBCGwlNXVQE=",
            "content_base64sha512": "G+jxFCIQSGuqfymeP3w6k6tiu5a8Jrgj3i1xq+rRC8t8THc6FID3JsFuAz2EuvahWP54RxzEDvQwRhkhlxGgTQ==",
            "content_md5": "8384ba729e7f77138535980d740bdadf",
            "content_sha1": "84b111d8a051efb70bacbf53673a7d76303ebc79",
            "content_sha256": "6d17f7ff01b182d0452db552dd66ae5972a23c0950a0d6dacc1086c253575501",
            "content_sha512": "1be8f1142210486baa7f299e3f7c3a93ab62bb96bc26b823de2d71abead10bcb7c4c773a1480f726c16e033d84baf6a158fe78471cc40ef4304619219711a04d",
            "directory_permission": "0777",
            "file_permission": "0600",
            "filename": "C:\\Users\\joaqu/my-ec2-key.pem",
            "id": "84b111d8a051efb70bacbf53673a7d76303ebc79",
            "sensitive_content": null,
            "source": null
          },
          "sensitive_attributes": [
            [
              {
                "type": "get_attr",
                "value": "content"
              }
            ],
            [
              {
                "type": "get_attr",
                "value": "sensitive_content"
              }
            ]
          ],
          "identity_schema_version": 0,
          "dependencies": [
            "tls_private_key.ssh"
          ]
        }
      ]
    },
    {
      "mode": "managed",
      "type": "random_string",
      "name": "suffix",
      "provider": "provider[\"registry.terraform.io/hashicorp/random\"]",
      "instances": [
        {
          "schema_version": 2,
          "attributes": {
            "id": "y8fkerqb",
            "keepers": null,
            "length": 8,
            "lower": true,
            "min_lower": 0,
            "min_numeric": 0,
            "min_special": 0,
            "min_upper": 0,
            "number": true,
            "numeric": true,
            "override_special": null,
            "result": "y8fkerqb",
            "special": false,
            "upper": false
          },
          "sensitive_attributes": [],
          "identity_schema_version": 0
        }
      ]
    },
    {
      "mode": "managed",
      "type": "tls_private_key",
      "name": "ssh",
      "provider": "provider[\"registry.terraform.io/hashicorp/tls\"]",
      "instances": [
        {
          "schema_version": 1,
          "attributes": {
            "algorithm": "RSA",
            "ecdsa_curve": "P224",
            "id": "dacec7115290030f76f3689e1a698714649f2dfb",
            "private_key_openssh": "-----BEGIN OPENSSH PRIVATE KEY-----\nb3BlbnNzaC1rZXktdjEAAAAABG5vbmUAAAAEbm9uZQAAAAAAAAABAAACFwAAAAdz\nc2gtcnNhAAAAAwEAAQAAAgEAwDSjzzWr7Ivr3aqGqzUHTEcolTXFoOFm/+OAS658\nbUuMlfpR8hDPF45n7hfgO18wceNEh32nlFc1NaSX1RRjxcXaNCxWtT31XMb7aveo\nDIY/fmggi3++hwodtNMibq/a2luhgGd7W1zky1M/x/SQaZUU7dcx5ncjqXrlm9Wo\nTeWF+4U3FvME1ynwO0Mzd+WoiQOoNquMT0Ij2GvqmYO2i0kC/60FoxmHIVje9U54\nOf8jjRSlYMx3qbpnD8nuyJEUubpB25/lVSqGDr1xRwMP5cL7eOPlzCZYTKrW7ttv\nGISm2Kc4eNgV9gy6w2mykMcucgxs5vg1v0DKWxqVG0/yPjOibPZqr6xHUtYJggm7\nR0TCF1fZ0uSx/65GddwBxcBBTNBLbHU8PBmQ3niAiFWq/R2hjWEE7o87I+1CY2h2\n7cwOPs0WhGf1HlHtpVnLQWgP5IQ3EhDikR+uUdhA0ZFByqo9BYSLwB6MJBs63s2r\nJ2AuycD9H/JaEhQ7HBtsptJ+LQFjVZmgAoA1RX0RapH93zxglFP8335+rr4MdGFq\nsn5TpsrkdFbqtCNURcPEa1aIdPOWvmKN/8spoFzHN2vzea9Cpm4+KymZSOci2IAV\ncTsFDOB3SFt01x7AY61von/w3ED6CdD8laP1VLHuIRKRGwvttJ8Zs3lk2AK+oFm8\nGQMAAAc456zIX+esyF8AAAAHc3NoLXJzYQAAAgEAwDSjzzWr7Ivr3aqGqzUHTEco\nlTXFoOFm/+OAS658bUuMlfpR8hDPF45n7hfgO18wceNEh32nlFc1NaSX1RRjxcXa\nNCxWtT31XMb7aveoDIY/fmggi3++hwodtNMibq/a2luhgGd7W1zky1M/x/SQaZUU\n7dcx5ncjqXrlm9WoTeWF+4U3FvME1ynwO0Mzd+WoiQOoNquMT0Ij2GvqmYO2i0kC\n/60FoxmHIVje9U54Of8jjRSlYMx3qbpnD8nuyJEUubpB25/lVSqGDr1xRwMP5cL7\neOPlzCZYTKrW7ttvGISm2Kc4eNgV9gy6w2mykMcucgxs5vg1v0DKWxqVG0/yPjOi\nbPZqr6xHUtYJggm7R0TCF1fZ0uSx/65GddwBxcBBTNBLbHU8PBmQ3niAiFWq/R2h\njWEE7o87I+1CY2h27cwOPs0WhGf1HlHtpVnLQWgP5IQ3EhDikR+uUdhA0ZFByqo9\nBYSLwB6MJBs63s2rJ2AuycD9H/JaEhQ7HBtsptJ+LQFjVZmgAoA1RX0RapH93zxg\nlFP8335+rr4MdGFqsn5TpsrkdFbqtCNURcPEa1aIdPOWvmKN/8spoFzHN2vzea9C\npm4+KymZSOci2IAVcTsFDOB3SFt01x7AY61von/w3ED6CdD8laP1VLHuIRKRGwvt\ntJ8Zs3lk2AK+oFm8GQMAAAADAQABAAACAA8QcSBN7BYjl05tzZVAmDxVvWwIZV9p\nGyoGGimUWOM2DyQ4FNEcmSaW/jVOgMAWg1UBw369DfPV6/Ey38WPDgzTp3j8WqVk\n4ESvwcfN9klZAkP1hEt6rSOnWtGv1JyJQuVnVh6avbPY8YOwGCkjVWg5C4VinuIZ\nx11CqRlQIxtL2Hbwp3Mwg9obSt1SNIf6o31toHL8eghCPk35k08J4DZFeCsy0+TH\nHOyzqvHd/xVIlnA5xIZ0MBLI7cfygzkMCexOmVfNzeshZJVmKqkup8HRyOTeM8YO\n4U/M+gCJiUkKKIuFe6sZAIuizsZ/E8Q+IDlHGQf3PzsoqFOAn1wfJXSwqEkhd29J\nV6HjmSEIBB/1LkWFV5W9rhhvjsLcpVqc7pR5Z4UTgU/kVHz2c1FJFE+3voHyx1gn\n41nw1GPr+p603M7dtzl2yAU0MLGq9ue9prjZ3093uhNqEdhrR1UGc+dDCfEM6u1v\ne3hllFohI4GlgK7+IhbMbbDLNYGTk/c+/b8c/EjaeJYdc25Kww/v9L70k5/UIETG\nWuBiUZa86nDK181lWSabp2OVkGvX1ePoKgt9xjf0IELg21ecM58CK6KjJN1WvFDJ\nUarW5XtYg5BOPO563Wtbwnmgv9WiF9kMfuxlX637cOd2RkBqBDF5ArJbhOBuGxx8\nyaV8i9qB5if5AAABAQC01CsKZaNB9AStStj3fw3HbxZcCcyD2wkE9zqtySHg5s9w\nM1xKb8/xzhx9Ym+m7va7z7Ws9hpPtEtkC5gKuyV268j2tIeYEYQGGOHS7594C1Uh\nc6u46djtEYcxqt92Pjjv6OYpTOib3KGNKbXJMMa/nk0R38zIh8Ug2Wf/fpapiFnr\n4ltQ0mSK+/alc2ccUuxo4iu995Ez3SbV4dyz+mp+mYo8ZGsYDwzJ5MTiwOOjjlQE\n/3lyS1iy6Pm5kQyNL/d5cmCrhY4I4SDFcE7Z32PYSyF4iQw/rCoMYCpZUhqDjLM5\nroy6px7bjjhJ2Ak55hcpQBUTB4Aj2j1mlDRl7vb8AAABAQD0Cw5FPXuZERfhrub7\nt30k3fsHLNef4/v8iVdAO8nRZUpxZ0BugHYcNkzINSP2+vce8HyFHqIPwR9XXfQc\nnsxh4X3iCBuiqEyc4KspL2AYxt4Jf002ctwAnJvrTqdz2xTsO4ERN11I2YThuhVA\nUOvtu0WDECpp9lX8xBSi3untRbmSaNw09r8OO23XANyl17GiPqXM9p0wuAs7tf1D\nzyZkJtdLVYX4hl0cCDARSNBiQE7f24lZrkt6PKQ1AfKGGisc6iwJoP0ynusIm/zE\neLWdxr43SCVSZrd+GybppQ9k1ysTX/l6yxUOjJ/6gh4Sy+xYpod7TjtLp6w3gccT\nGRW7AAABAQDJn2eTa1DLLEz8IMK4O8Ku6y2BCiCPcodJnU0WneAbwUzOe2K5SeVB\nvUlMzRZZ+RK54I2eG+3kJt6S72/NGcJ/G0xkfEVvLauYMuMhmoYzU8P9KhVkUJnG\n9xJyOpdGGT+zVIU64zuqXfnOIvqrWViHJJ79Z4rgKEPos17VzRFM78emh413Orcl\nPvUee9+iGoUnX5Z5Q5D+eVNus8/HmdFD4smCkj9kcpUH8eFNnwdtS1SpNswnydl9\ni7//PVi+ixf1bRzKJ27S8kjomm7iRGbMJ8TdeH1CukY96l7VaRTrmtTSympKb9su\nx3DyTULob90tX3NdSE/8/UaZDrHdhHFZAAAAAAEC\n-----END OPENSSH PRIVATE KEY-----\n",
            "private_key_pem": "-----BEGIN RSA PRIVATE KEY-----\nMIIJKgIBAAKCAgEAwDSjzzWr7Ivr3aqGqzUHTEcolTXFoOFm/+OAS658bUuMlfpR\n8hDPF45n7hfgO18wceNEh32nlFc1NaSX1RRjxcXaNCxWtT31XMb7aveoDIY/fmgg\ni3++hwodtNMibq/a2luhgGd7W1zky1M/x/SQaZUU7dcx5ncjqXrlm9WoTeWF+4U3\nFvME1ynwO0Mzd+WoiQOoNquMT0Ij2GvqmYO2i0kC/60FoxmHIVje9U54Of8jjRSl\nYMx3qbpnD8nuyJEUubpB25/lVSqGDr1xRwMP5cL7eOPlzCZYTKrW7ttvGISm2Kc4\neNgV9gy6w2mykMcucgxs5vg1v0DKWxqVG0/yPjOibPZqr6xHUtYJggm7R0TCF1fZ\n0uSx/65GddwBxcBBTNBLbHU8PBmQ3niAiFWq/R2hjWEE7o87I+1CY2h27cwOPs0W\nhGf1HlHtpVnLQWgP5IQ3EhDikR+uUdhA0ZFByqo9BYSLwB6MJBs63s2rJ2AuycD9\nH/JaEhQ7HBtsptJ+LQFjVZmgAoA1RX0RapH93zxglFP8335+rr4MdGFqsn5Tpsrk\ndFbqtCNURcPEa1aIdPOWvmKN/8spoFzHN2vzea9Cpm4+KymZSOci2IAVcTsFDOB3\nSFt01x7AY61von/w3ED6CdD8laP1VLHuIRKRGwvttJ8Zs3lk2AK+oFm8GQMCAwEA\nAQKCAgAPEHEgTewWI5dObc2VQJg8Vb1sCGVfaRsqBhoplFjjNg8kOBTRHJkmlv41\nToDAFoNVAcN+vQ3z1evxMt/Fjw4M06d4/FqlZOBEr8HHzfZJWQJD9YRLeq0jp1rR\nr9SciULlZ1Yemr2z2PGDsBgpI1VoOQuFYp7iGcddQqkZUCMbS9h28KdzMIPaG0rd\nUjSH+qN9baBy/HoIQj5N+ZNPCeA2RXgrMtPkxxzss6rx3f8VSJZwOcSGdDASyO3H\n8oM5DAnsTplXzc3rIWSVZiqpLqfB0cjk3jPGDuFPzPoAiYlJCiiLhXurGQCLos7G\nfxPEPiA5RxkH9z87KKhTgJ9cHyV0sKhJIXdvSVeh45khCAQf9S5FhVeVva4Yb47C\n3KVanO6UeWeFE4FP5FR89nNRSRRPt76B8sdYJ+NZ8NRj6/qetNzO3bc5dsgFNDCx\nqvbnvaa42d9Pd7oTahHYa0dVBnPnQwnxDOrtb3t4ZZRaISOBpYCu/iIWzG2wyzWB\nk5P3Pv2/HPxI2niWHXNuSsMP7/S+9JOf1CBExlrgYlGWvOpwytfNZVkmm6djlZBr\n19Xj6CoLfcY39CBC4NtXnDOfAiuioyTdVrxQyVGq1uV7WIOQTjzuet1rW8J5oL/V\nohfZDH7sZV+t+3DndkZAagQxeQKyW4TgbhscfMmlfIvageYn+QKCAQEA9AsORT17\nmREX4a7m+7d9JN37ByzXn+P7/IlXQDvJ0WVKcWdAboB2HDZMyDUj9vr3HvB8hR6i\nD8EfV130HJ7MYeF94ggboqhMnOCrKS9gGMbeCX9NNnLcAJyb606nc9sU7DuBETdd\nSNmE4boVQFDr7btFgxAqafZV/MQUot7p7UW5kmjcNPa/Djtt1wDcpdexoj6lzPad\nMLgLO7X9Q88mZCbXS1WF+IZdHAgwEUjQYkBO39uJWa5LejykNQHyhhorHOosCaD9\nMp7rCJv8xHi1nca+N0glUma3fhsm6aUPZNcrE1/5essVDoyf+oIeEsvsWKaHe047\nS6esN4HHExkVuwKCAQEAyZ9nk2tQyyxM/CDCuDvCrustgQogj3KHSZ1NFp3gG8FM\nzntiuUnlQb1JTM0WWfkSueCNnhvt5Cbeku9vzRnCfxtMZHxFby2rmDLjIZqGM1PD\n/SoVZFCZxvcScjqXRhk/s1SFOuM7ql35ziL6q1lYhySe/WeK4ChD6LNe1c0RTO/H\npoeNdzq3JT71HnvfohqFJ1+WeUOQ/nlTbrPPx5nRQ+LJgpI/ZHKVB/HhTZ8HbUtU\nqTbMJ8nZfYu//z1YvosX9W0cyidu0vJI6Jpu4kRmzCfE3Xh9QrpGPepe1WkU65rU\n0spqSm/bLsdw8k1C6G/dLV9zXUhP/P1GmQ6x3YRxWQKCAQEA3hDNXH4U4PTn6UnR\nD44pBwojKaVJVEoNev+ycFW3UJ49/jE5NRQZ5ZQXjDqmzlAR3IpylGOKjpFqJoLs\n5bouOocImExOcVV52Wqq9SAR7pnPY47+QKSFwty/GICK6WaahFelG3honyinvQsp\n2UuJU9sL5rYoEiHAnvAB4y66aFkBAtP+RQeeVKIJUhKLtTEvh3ZAQuDJqpJeTmhM\n3I473fhmAjwBW2NQiHh+3MuIK09fNl47fmqWbdWOilmKSTK4tmfzyJNAsvZe4oem\nm1VH1hkJ753rsC6dm9ezMforptQQc2HqzyzKrWGTFU2fdfUvzH9EWxSV6kLZ9+xU\nrPEvjwKCAQEAh5uWP3nrgmuOb/nc3ascGygEmAjms3SVd7a79Z1D8YcGkM4+LV99\nOcUFOwmpoeQ7axeUSKaCT3SxOOSgLrPHtFP5ApDu5oMyKZD4YU6cOoN5i5o1fx4S\n/9aH6pprynMK/CO55EyXgdPpQ3MVZBAY0fSYltmAd5m9axLRkz11CGkxwFjlli7A\npeV9Wf55AH+T1VKeU3tVV0LlEc0Q0DAtptovLIoO5xGGGSzfm6R9i04iaBl6ILzL\ncnx/Kz3opWfKOoEj3ve8u1bIIOJV+AuHlIKfD1KN9UZyHgy3shQWRQ0DXa9U5DHt\nmr37woyiltE+UtkjL7eGTSNQy3stuE7vKQKCAQEAtNQrCmWjQfQErUrY938Nx28W\nXAnMg9sJBPc6rckh4ObPcDNcSm/P8c4cfWJvpu72u8+1rPYaT7RLZAuYCrslduvI\n9rSHmBGEBhjh0u+feAtVIXOruOnY7RGHMarfdj447+jmKUzom9yhjSm1yTDGv55N\nEd/MyIfFINln/36WqYhZ6+JbUNJkivv2pXNnHFLsaOIrvfeRM90m1eHcs/pqfpmK\nPGRrGA8MyeTE4sDjo45UBP95cktYsuj5uZEMjS/3eXJgq4WOCOEgxXBO2d9j2Esh\neIkMP6wqDGAqWVIag4yzOa6Muqce2444SdgJOeYXKUAVEweAI9o9ZpQ0Ze72/A==\n-----END RSA PRIVATE KEY-----\n",
            "private_key_pem_pkcs8": "-----BEGIN PRIVATE KEY-----\nMIIJRAIBADANBgkqhkiG9w0BAQEFAASCCS4wggkqAgEAAoICAQDANKPPNavsi+vd\nqoarNQdMRyiVNcWg4Wb/44BLrnxtS4yV+lHyEM8XjmfuF+A7XzBx40SHfaeUVzU1\npJfVFGPFxdo0LFa1PfVcxvtq96gMhj9+aCCLf76HCh200yJur9raW6GAZ3tbXOTL\nUz/H9JBplRTt1zHmdyOpeuWb1ahN5YX7hTcW8wTXKfA7QzN35aiJA6g2q4xPQiPY\na+qZg7aLSQL/rQWjGYchWN71Tng5/yONFKVgzHepumcPye7IkRS5ukHbn+VVKoYO\nvXFHAw/lwvt44+XMJlhMqtbu228YhKbYpzh42BX2DLrDabKQxy5yDGzm+DW/QMpb\nGpUbT/I+M6Js9mqvrEdS1gmCCbtHRMIXV9nS5LH/rkZ13AHFwEFM0EtsdTw8GZDe\neICIVar9HaGNYQTujzsj7UJjaHbtzA4+zRaEZ/UeUe2lWctBaA/khDcSEOKRH65R\n2EDRkUHKqj0FhIvAHowkGzrezasnYC7JwP0f8loSFDscG2ym0n4tAWNVmaACgDVF\nfRFqkf3fPGCUU/zffn6uvgx0YWqyflOmyuR0Vuq0I1RFw8RrVoh085a+Yo3/yymg\nXMc3a/N5r0Kmbj4rKZlI5yLYgBVxOwUM4HdIW3TXHsBjrW+if/DcQPoJ0PyVo/VU\nse4hEpEbC+20nxmzeWTYAr6gWbwZAwIDAQABAoICAA8QcSBN7BYjl05tzZVAmDxV\nvWwIZV9pGyoGGimUWOM2DyQ4FNEcmSaW/jVOgMAWg1UBw369DfPV6/Ey38WPDgzT\np3j8WqVk4ESvwcfN9klZAkP1hEt6rSOnWtGv1JyJQuVnVh6avbPY8YOwGCkjVWg5\nC4VinuIZx11CqRlQIxtL2Hbwp3Mwg9obSt1SNIf6o31toHL8eghCPk35k08J4DZF\neCsy0+THHOyzqvHd/xVIlnA5xIZ0MBLI7cfygzkMCexOmVfNzeshZJVmKqkup8HR\nyOTeM8YO4U/M+gCJiUkKKIuFe6sZAIuizsZ/E8Q+IDlHGQf3PzsoqFOAn1wfJXSw\nqEkhd29JV6HjmSEIBB/1LkWFV5W9rhhvjsLcpVqc7pR5Z4UTgU/kVHz2c1FJFE+3\nvoHyx1gn41nw1GPr+p603M7dtzl2yAU0MLGq9ue9prjZ3093uhNqEdhrR1UGc+dD\nCfEM6u1ve3hllFohI4GlgK7+IhbMbbDLNYGTk/c+/b8c/EjaeJYdc25Kww/v9L70\nk5/UIETGWuBiUZa86nDK181lWSabp2OVkGvX1ePoKgt9xjf0IELg21ecM58CK6Kj\nJN1WvFDJUarW5XtYg5BOPO563Wtbwnmgv9WiF9kMfuxlX637cOd2RkBqBDF5ArJb\nhOBuGxx8yaV8i9qB5if5AoIBAQD0Cw5FPXuZERfhrub7t30k3fsHLNef4/v8iVdA\nO8nRZUpxZ0BugHYcNkzINSP2+vce8HyFHqIPwR9XXfQcnsxh4X3iCBuiqEyc4Ksp\nL2AYxt4Jf002ctwAnJvrTqdz2xTsO4ERN11I2YThuhVAUOvtu0WDECpp9lX8xBSi\n3untRbmSaNw09r8OO23XANyl17GiPqXM9p0wuAs7tf1DzyZkJtdLVYX4hl0cCDAR\nSNBiQE7f24lZrkt6PKQ1AfKGGisc6iwJoP0ynusIm/zEeLWdxr43SCVSZrd+Gybp\npQ9k1ysTX/l6yxUOjJ/6gh4Sy+xYpod7TjtLp6w3gccTGRW7AoIBAQDJn2eTa1DL\nLEz8IMK4O8Ku6y2BCiCPcodJnU0WneAbwUzOe2K5SeVBvUlMzRZZ+RK54I2eG+3k\nJt6S72/NGcJ/G0xkfEVvLauYMuMhmoYzU8P9KhVkUJnG9xJyOpdGGT+zVIU64zuq\nXfnOIvqrWViHJJ79Z4rgKEPos17VzRFM78emh413OrclPvUee9+iGoUnX5Z5Q5D+\neVNus8/HmdFD4smCkj9kcpUH8eFNnwdtS1SpNswnydl9i7//PVi+ixf1bRzKJ27S\n8kjomm7iRGbMJ8TdeH1CukY96l7VaRTrmtTSympKb9sux3DyTULob90tX3NdSE/8\n/UaZDrHdhHFZAoIBAQDeEM1cfhTg9OfpSdEPjikHCiMppUlUSg16/7JwVbdQnj3+\nMTk1FBnllBeMOqbOUBHcinKUY4qOkWomguzlui46hwiYTE5xVXnZaqr1IBHumc9j\njv5ApIXC3L8YgIrpZpqEV6UbeGifKKe9CynZS4lT2wvmtigSIcCe8AHjLrpoWQEC\n0/5FB55UoglSEou1MS+HdkBC4Mmqkl5OaEzcjjvd+GYCPAFbY1CIeH7cy4grT182\nXjt+apZt1Y6KWYpJMri2Z/PIk0Cy9l7ih6abVUfWGQnvneuwLp2b17Mx+ium1BBz\nYerPLMqtYZMVTZ919S/Mf0RbFJXqQtn37FSs8S+PAoIBAQCHm5Y/eeuCa45v+dzd\nqxwbKASYCOazdJV3trv1nUPxhwaQzj4tX305xQU7Camh5DtrF5RIpoJPdLE45KAu\ns8e0U/kCkO7mgzIpkPhhTpw6g3mLmjV/HhL/1ofqmmvKcwr8I7nkTJeB0+lDcxVk\nEBjR9JiW2YB3mb1rEtGTPXUIaTHAWOWWLsCl5X1Z/nkAf5PVUp5Te1VXQuURzRDQ\nMC2m2i8sig7nEYYZLN+bpH2LTiJoGXogvMtyfH8rPeilZ8o6gSPe97y7Vsgg4lX4\nC4eUgp8PUo31RnIeDLeyFBZFDQNdr1TkMe2avfvCjKKW0T5S2SMvt4ZNI1DLey24\nTu8pAoIBAQC01CsKZaNB9AStStj3fw3HbxZcCcyD2wkE9zqtySHg5s9wM1xKb8/x\nzhx9Ym+m7va7z7Ws9hpPtEtkC5gKuyV268j2tIeYEYQGGOHS7594C1Uhc6u46djt\nEYcxqt92Pjjv6OYpTOib3KGNKbXJMMa/nk0R38zIh8Ug2Wf/fpapiFnr4ltQ0mSK\n+/alc2ccUuxo4iu995Ez3SbV4dyz+mp+mYo8ZGsYDwzJ5MTiwOOjjlQE/3lyS1iy\n6Pm5kQyNL/d5cmCrhY4I4SDFcE7Z32PYSyF4iQw/rCoMYCpZUhqDjLM5roy6px7b\njjhJ2Ak55hcpQBUTB4Aj2j1mlDRl7vb8\n-----END PRIVATE KEY-----\n",
            "public_key_fingerprint_md5": "a7:6c:2f:e9:c5:0c:4d:89:a7:7f:8d:1f:1e:aa:e4:e9",
            "public_key_fingerprint_sha256": "SHA256:pC9ebL4i1iiXpWqhIR2uCdmpgUhF4bzB+ZbChePAKpg",
            "public_key_openssh": "ssh-rsa AAAAB3NzaC1yc2EAAAADAQABAAACAQDANKPPNavsi+vdqoarNQdMRyiVNcWg4Wb/44BLrnxtS4yV+lHyEM8XjmfuF+A7XzBx40SHfaeUVzU1pJfVFGPFxdo0LFa1PfVcxvtq96gMhj9+aCCLf76HCh200yJur9raW6GAZ3tbXOTLUz/H9JBplRTt1zHmdyOpeuWb1ahN5YX7hTcW8wTXKfA7QzN35aiJA6g2q4xPQiPYa+qZg7aLSQL/rQWjGYchWN71Tng5/yONFKVgzHepumcPye7IkRS5ukHbn+VVKoYOvXFHAw/lwvt44+XMJlhMqtbu228YhKbYpzh42BX2DLrDabKQxy5yDGzm+DW/QMpbGpUbT/I+M6Js9mqvrEdS1gmCCbtHRMIXV9nS5LH/rkZ13AHFwEFM0EtsdTw8GZDeeICIVar9HaGNYQTujzsj7UJjaHbtzA4+zRaEZ/UeUe2lWctBaA/khDcSEOKRH65R2EDRkUHKqj0FhIvAHowkGzrezasnYC7JwP0f8loSFDscG2ym0n4tAWNVmaACgDVFfRFqkf3fPGCUU/zffn6uvgx0YWqyflOmyuR0Vuq0I1RFw8RrVoh085a+Yo3/yymgXMc3a/N5r0Kmbj4rKZlI5yLYgBVxOwUM4HdIW3TXHsBjrW+if/DcQPoJ0PyVo/VUse4hEpEbC+20nxmzeWTYAr6gWbwZAw==\n",
            "public_key_pem": "-----BEGIN PUBLIC KEY-----\nMIICIjANBgkqhkiG9w0BAQEFAAOCAg8AMIICCgKCAgEAwDSjzzWr7Ivr3aqGqzUH\nTEcolTXFoOFm/+OAS658bUuMlfpR8hDPF45n7hfgO18wceNEh32nlFc1NaSX1RRj\nxcXaNCxWtT31XMb7aveoDIY/fmggi3++hwodtNMibq/a2luhgGd7W1zky1M/x/SQ\naZUU7dcx5ncjqXrlm9WoTeWF+4U3FvME1ynwO0Mzd+WoiQOoNquMT0Ij2GvqmYO2\ni0kC/60FoxmHIVje9U54Of8jjRSlYMx3qbpnD8nuyJEUubpB25/lVSqGDr1xRwMP\n5cL7eOPlzCZYTKrW7ttvGISm2Kc4eNgV9gy6w2mykMcucgxs5vg1v0DKWxqVG0/y\nPjOibPZqr6xHUtYJggm7R0TCF1fZ0uSx/65GddwBxcBBTNBLbHU8PBmQ3niAiFWq\n/R2hjWEE7o87I+1CY2h27cwOPs0WhGf1HlHtpVnLQWgP5IQ3EhDikR+uUdhA0ZFB\nyqo9BYSLwB6MJBs63s2rJ2AuycD9H/JaEhQ7HBtsptJ+LQFjVZmgAoA1RX0RapH9\n3zxglFP8335+rr4MdGFqsn5TpsrkdFbqtCNURcPEa1aIdPOWvmKN/8spoFzHN2vz\nea9Cpm4+KymZSOci2IAVcTsFDOB3SFt01x7AY61von/w3ED6CdD8laP1VLHuIRKR\nGwvttJ8Zs3lk2AK+oFm8GQMCAwEAAQ==\n-----END PUBLIC KEY-----\n",
            "rsa_bits": 4096
          },
          "sensitive_attributes": [
            [
              {
                "type": "get_attr",
                "value": "private_key_openssh"
              }
            ],
            [
              {
                "type": "get_attr",
                "value": "private_key_pem"
              }
            ],
            [
              {
                "type": "get_attr",
                "value": "private_key_pem_pkcs8"
              }
            ]
          ],
          "identity_schema_version": 0
        }
      ]
    }
  ],
  "check_results": null
}
