{
  "version": 4,
  "terraform_version": "1.13.4",
  "serial": 94,
  "lineage": "760f23a5-d643-eebb-5ad6-f31d770df6ac",
  "outputs": {
    "aws_account_id": {
      "value": "446242970357",
      "type": "string"
    },
    "aws_caller_arn": {
      "value": "arn:aws:sts::446242970357:assumed-role/voclabs/user4142184=MILAN_JURE_KURTE_CASTA__EDA",
      "type": "string"
    },
    "aws_region": {
      "value": "us-east-1",
      "type": "string"
    },
    "cognito_client_id": {
      "value": "46d0qi0hb666g6b79prq7gjc8m",
      "type": "string",
      "sensitive": true
    },
    "cognito_user_pool_arn": {
      "value": "arn:aws:cognito-idp:us-east-1:446242970357:userpool/us-east-1_9kV8gDkDE",
      "type": "string"
    },
    "cognito_user_pool_endpoint": {
      "value": "cognito-idp.us-east-1.amazonaws.com/us-east-1_9kV8gDkDE",
      "type": "string"
    },
    "cognito_user_pool_id": {
      "value": "us-east-1_9kV8gDkDE",
      "type": "string"
    },
    "django_server_public_ip": {
      "value": "3.88.182.164",
      "type": "string"
    },
    "dynamodb_table_name": {
      "value": "HospitalData",
      "type": "string"
    },
    "lambda_exec_role_arn": {
      "value": "arn:aws:iam::446242970357:role/LabRole",
      "type": "string"
    },
    "sns_agenda_events_arn": {
      "value": "arn:aws:sns:us-east-1:446242970357:hospital-agenda-events-dev",
      "type": "string"
    },
    "sns_box_events_arn": {
      "value": "arn:aws:sns:us-east-1:446242970357:hospital-box-events-dev",
      "type": "string"
    },
    "sns_notifications_arn": {
      "value": "arn:aws:sns:us-east-1:446242970357:hospital-notifications-dev",
      "type": "string"
    },
    "sns_user_events_arn": {
      "value": "arn:aws:sns:us-east-1:446242970357:hospital-user-events-dev",
      "type": "string"
    }
  },
  "resources": [
    {
      "mode": "data",
      "type": "archive_file",
      "name": "lambda_zip",
      "provider": "provider[\"registry.terraform.io/hashicorp/archive\"]",
      "instances": [
        {
          "schema_version": 0,
          "attributes": {
            "exclude_symlink_directories": null,
            "excludes": null,
            "id": "ff5224ec942e990ce7e9f241e104b70e45b3621e",
            "output_base64sha256": "zRc9ylJJmXSXVdJDXa67qUgl3luQY8VN65qCyahnBoo=",
            "output_base64sha512": "zW4PkkdYFnlVh06y7dPCusLBB/qJal/91I5cAnBlcCAAQzEf/0jkx8MReuBYVcWiz0a+LSAnZ+rhmTZ0ze6uEQ==",
            "output_file_mode": null,
            "output_md5": "142dd7beaf674806169c9609b093a52c",
            "output_path": "./lambda.zip",
            "output_sha": "ff5224ec942e990ce7e9f241e104b70e45b3621e",
            "output_sha256": "cd173dca524999749755d2435daebba94825de5b9063c54deb9a82c9a867068a",
            "output_sha512": "cd6e0f924758167955874eb2edd3c2bac2c107fa896a5ffdd48e5c02706570200043311fff48e4c7c3117ae05855c5a2cf46be2d202767eae1993674cdeeae11",
            "output_size": 83524649,
            "source": [],
            "source_content": null,
            "source_content_filename": null,
            "source_dir": "./../serverless-api",
            "source_file": null,
            "type": "zip"
          },
          "sensitive_attributes": [],
          "identity_schema_version": 0
        }
      ]
    },
    {
      "mode": "data",
      "type": "aws_ami",
      "name": "ubuntu",
      "provider": "provider[\"registry.terraform.io/hashicorp/aws\"]",
      "instances": [
        {
          "schema_version": 0,
          "attributes": {
            "allow_unsafe_filter": null,
            "architecture": "x86_64",
            "arn": "arn:aws:ec2:us-east-1::image/ami-0c398cb65a93047f2",
            "block_device_mappings": [
              {
                "device_name": "/dev/sda1",
                "ebs": {
                  "delete_on_termination": "true",
                  "encrypted": "false",
                  "iops": "0",
                  "snapshot_id": "snap-0631691c299b02084",
                  "throughput": "0",
                  "volume_initialization_rate": "0",
                  "volume_size": "8",
                  "volume_type": "gp2"
                },
                "no_device": "",
                "virtual_name": ""
              },
              {
                "device_name": "/dev/sdb",
                "ebs": {},
                "no_device": "",
                "virtual_name": "ephemeral0"
              },
              {
                "device_name": "/dev/sdc",
                "ebs": {},
                "no_device": "",
                "virtual_name": "ephemeral1"
              }
            ],
            "boot_mode": "uefi-preferred",
            "creation_date": "2025-10-15T08:05:51.000Z",
            "deprecation_time": "2027-10-15T08:05:51.000Z",
            "description": "Canonical, Ubuntu, 22.04, amd64 jammy image",
            "ena_support": true,
            "executable_users": null,
            "filter": [
              {
                "name": "name",
                "values": [
                  "ubuntu/images/hvm-ssd/ubuntu-jammy-22.04-amd64-server-*"
                ]
              }
            ],
            "hypervisor": "xen",
            "id": "ami-0c398cb65a93047f2",
            "image_id": "ami-0c398cb65a93047f2",
            "image_location": "amazon/ubuntu/images/hvm-ssd/ubuntu-jammy-22.04-amd64-server-20251015",
            "image_owner_alias": "amazon",
            "image_type": "machine",
            "imds_support": "",
            "include_deprecated": false,
            "kernel_id": "",
            "last_launched_time": "",
            "most_recent": true,
            "name": "ubuntu/images/hvm-ssd/ubuntu-jammy-22.04-amd64-server-20251015",
            "name_regex": null,
            "owner_id": "099720109477",
            "owners": [
              "099720109477"
            ],
            "platform": "",
            "platform_details": "Linux/UNIX",
            "product_codes": [],
            "public": true,
            "ramdisk_id": "",
            "region": "us-east-1",
            "root_device_name": "/dev/sda1",
            "root_device_type": "ebs",
            "root_snapshot_id": "snap-0631691c299b02084",
            "sriov_net_support": "simple",
            "state": "available",
            "state_reason": {
              "code": "UNSET",
              "message": "UNSET"
            },
            "tags": {},
            "timeouts": null,
            "tpm_support": "",
            "uefi_data": null,
            "usage_operation": "RunInstances",
            "virtualization_type": "hvm"
          },
          "sensitive_attributes": [],
          "identity_schema_version": 0
        }
      ]
    },
    {
      "mode": "data",
      "type": "aws_caller_identity",
      "name": "current",
      "provider": "provider[\"registry.terraform.io/hashicorp/aws\"]",
      "instances": [
        {
          "schema_version": 0,
          "attributes": {
            "account_id": "446242970357",
            "arn": "arn:aws:sts::446242970357:assumed-role/voclabs/user4142184=MILAN_JURE_KURTE_CASTA__EDA",
            "id": "446242970357",
            "user_id": "AROAWPZRHLL2WNPF65QC7:user4142184=MILAN_JURE_KURTE_CASTA__EDA"
          },
          "sensitive_attributes": [],
          "identity_schema_version": 0
        }
      ]
    },
    {
      "mode": "data",
      "type": "aws_iam_role",
      "name": "lab",
      "provider": "provider[\"registry.terraform.io/hashicorp/aws\"]",
      "instances": [
        {
          "schema_version": 0,
          "attributes": {
            "arn": "arn:aws:iam::446242970357:role/LabRole",
            "assume_role_policy": "{\"Version\":\"2012-10-17\",\"Statement\":[{\"Effect\":\"Allow\",\"Principal\":{\"AWS\":\"arn:aws:iam::446242970357:role/LabRole\",\"Service\":[\"logs.amazonaws.com\",\"glue.amazonaws.com\",\"ec2.amazonaws.com\",\"cloudtrail.amazonaws.com\",\"credentials.iot.amazonaws.com\",\"eks.amazonaws.com\",\"sqs.amazonaws.com\",\"codedeploy.amazonaws.com\",\"iotevents.amazonaws.com\",\"codecommit.amazonaws.com\",\"elasticbeanstalk.amazonaws.com\",\"athena.amazonaws.com\",\"lambda.amazonaws.com\",\"iot.amazonaws.com\",\"codewhisperer.amazonaws.com\",\"rds.amazonaws.com\",\"resource-groups.amazonaws.com\",\"autoscaling.amazonaws.com\",\"backup.amazonaws.com\",\"servicecatalog.amazonaws.com\",\"ecs-tasks.amazonaws.com\",\"cloud9.amazonaws.com\",\"scheduler.amazonaws.com\",\"pipes.amazonaws.com\",\"batch.amazonaws.com\",\"cognito-idp.amazonaws.com\",\"eks-fargate-pods.amazonaws.com\",\"forecast.amazonaws.com\",\"states.amazonaws.com\",\"kinesisanalytics.amazonaws.com\",\"deepracer.amazonaws.com\",\"elasticmapreduce.amazonaws.com\",\"ec2.application-autoscaling.amazonaws.com\",\"apigateway.amazonaws.com\",\"events.amazonaws.com\",\"firehose.amazonaws.com\",\"ssm.amazonaws.com\",\"redshift.amazonaws.com\",\"rekognition.amazonaws.com\",\"elasticfilesystem.amazonaws.com\",\"cloudformation.amazonaws.com\",\"dynamodb.amazonaws.com\",\"elasticloadbalancing.amazonaws.com\",\"ecs.amazonaws.com\",\"application-autoscaling.amazonaws.com\",\"sagemaker.amazonaws.com\",\"databrew.amazonaws.com\",\"sns.amazonaws.com\",\"kms.amazonaws.com\",\"s3.amazonaws.com\",\"iotanalytics.amazonaws.com\",\"kinesis.amazonaws.com\",\"secretsmanager.amazonaws.com\"]},\"Action\":\"sts:AssumeRole\"}]}",
            "create_date": "2025-11-07T21:40:39Z",
            "description": "",
            "id": "LabRole",
            "max_session_duration": 3600,
            "name": "LabRole",
            "path": "/",
            "permissions_boundary": "",
            "role_last_used": [
              {
                "last_used_date": "",
                "region": ""
              }
            ],
            "tags": {
              "cloudlab": "c186066a4819957l12547231t1w446242970357"
            },
            "unique_id": "AROAWPZRHLL2WDUOWMNF3"
          },
          "sensitive_attributes": [],
          "identity_schema_version": 0
        }
      ]
    },
    {
      "mode": "data",
      "type": "aws_iam_role",
      "name": "lab_role",
      "provider": "provider[\"registry.terraform.io/hashicorp/aws\"]",
      "instances": [
        {
          "schema_version": 0,
          "attributes": {
            "arn": "arn:aws:iam::446242970357:role/LabRole",
            "assume_role_policy": "{\"Version\":\"2012-10-17\",\"Statement\":[{\"Effect\":\"Allow\",\"Principal\":{\"Service\":[\"iot.amazonaws.com\",\"elasticloadbalancing.amazonaws.com\",\"ec2.amazonaws.com\",\"cloudtrail.amazonaws.com\",\"glue.amazonaws.com\",\"cloud9.amazonaws.com\",\"credentials.iot.amazonaws.com\",\"sns.amazonaws.com\",\"iotanalytics.amazonaws.com\",\"ecs-tasks.amazonaws.com\",\"databrew.amazonaws.com\",\"dynamodb.amazonaws.com\",\"kinesisanalytics.amazonaws.com\",\"elasticbeanstalk.amazonaws.com\",\"iotevents.amazonaws.com\",\"codecommit.amazonaws.com\",\"firehose.amazonaws.com\",\"events.amazonaws.com\",\"logs.amazonaws.com\",\"sagemaker.amazonaws.com\",\"scheduler.amazonaws.com\",\"autoscaling.amazonaws.com\",\"batch.amazonaws.com\",\"resource-groups.amazonaws.com\",\"s3.amazonaws.com\",\"ec2.application-autoscaling.amazonaws.com\",\"deepracer.amazonaws.com\",\"elasticmapreduce.amazonaws.com\",\"states.amazonaws.com\",\"cloudformation.amazonaws.com\",\"ssm.amazonaws.com\",\"cognito-idp.amazonaws.com\",\"eks-fargate-pods.amazonaws.com\",\"kinesis.amazonaws.com\",\"pipes.amazonaws.com\",\"backup.amazonaws.com\",\"kms.amazonaws.com\",\"secretsmanager.amazonaws.com\",\"codedeploy.amazonaws.com\",\"codewhisperer.amazonaws.com\",\"sqs.amazonaws.com\",\"servicecatalog.amazonaws.com\",\"rds.amazonaws.com\",\"redshift.amazonaws.com\",\"athena.amazonaws.com\",\"forecast.amazonaws.com\",\"ecs.amazonaws.com\",\"lambda.amazonaws.com\",\"application-autoscaling.amazonaws.com\",\"rekognition.amazonaws.com\",\"eks.amazonaws.com\",\"elasticfilesystem.amazonaws.com\",\"apigateway.amazonaws.com\"],\"AWS\":\"arn:aws:iam::446242970357:role/LabRole\"},\"Action\":\"sts:AssumeRole\"}]}",
            "create_date": "2025-11-07T21:40:39Z",
            "description": "",
            "id": "LabRole",
            "max_session_duration": 3600,
            "name": "LabRole",
            "path": "/",
            "permissions_boundary": "",
            "role_last_used": [
              {
                "last_used_date": "",
                "region": ""
              }
            ],
            "tags": {
              "cloudlab": "c186066a4819957l12547231t1w446242970357"
            },
            "unique_id": "AROAWPZRHLL2WDUOWMNF3"
          },
          "sensitive_attributes": [],
          "identity_schema_version": 0
        }
      ]
    },
    {
      "mode": "data",
      "type": "aws_region",
      "name": "current",
      "provider": "provider[\"registry.terraform.io/hashicorp/aws\"]",
      "instances": [
        {
          "schema_version": 0,
          "attributes": {
            "description": "US East (N. Virginia)",
            "endpoint": "ec2.us-east-1.amazonaws.com",
            "id": "us-east-1",
            "name": "us-east-1",
            "region": "us-east-1"
          },
          "sensitive_attributes": [],
          "identity_schema_version": 0
        }
      ]
    },
    {
      "mode": "managed",
      "type": "aws_apigatewayv2_api",
      "name": "http_api",
      "provider": "provider[\"registry.terraform.io/hashicorp/aws\"]",
      "instances": [
        {
          "schema_version": 0,
          "attributes": {
            "api_endpoint": "https://mxifudia3e.execute-api.us-east-1.amazonaws.com",
            "api_key_selection_expression": "$request.header.x-api-key",
            "arn": "arn:aws:apigateway:us-east-1::/apis/mxifudia3e",
            "body": null,
            "cors_configuration": [],
            "credentials_arn": null,
            "description": "",
            "disable_execute_api_endpoint": false,
            "execution_arn": "arn:aws:execute-api:us-east-1:446242970357:mxifudia3e",
            "fail_on_warnings": null,
            "id": "mxifudia3e",
            "ip_address_type": "ipv4",
            "name": "hospital-boxes-http-api",
            "protocol_type": "HTTP",
            "region": "us-east-1",
            "route_key": null,
            "route_selection_expression": "$request.method $request.path",
            "tags": null,
            "tags_all": {},
            "target": null,
            "version": ""
          },
          "sensitive_attributes": [],
          "identity_schema_version": 0,
          "private": "bnVsbA=="
        }
      ]
    },
    {
      "mode": "managed",
      "type": "aws_apigatewayv2_integration",
      "name": "createagenda_integration",
      "provider": "provider[\"registry.terraform.io/hashicorp/aws\"]",
      "instances": [
        {
          "schema_version": 0,
          "attributes": {
            "api_id": "mxifudia3e",
            "connection_id": "",
            "connection_type": "INTERNET",
            "content_handling_strategy": "",
            "credentials_arn": "",
            "description": "",
            "id": "xkozb0a",
            "integration_method": "POST",
            "integration_response_selection_expression": "",
            "integration_subtype": "",
            "integration_type": "AWS_PROXY",
            "integration_uri": "arn:aws:apigateway:us-east-1:lambda:path/2015-03-31/functions/arn:aws:lambda:us-east-1:446242970357:function:hospital-boxes-dev-create-agenda/invocations",
            "passthrough_behavior": "",
            "payload_format_version": "1.0",
            "region": "us-east-1",
            "request_parameters": null,
            "request_templates": null,
            "response_parameters": [],
            "template_selection_expression": "",
            "timeout_milliseconds": 30000,
            "tls_config": []
          },
          "sensitive_attributes": [],
          "identity_schema_version": 0,
          "private": "bnVsbA==",
          "dependencies": [
            "aws_apigatewayv2_api.http_api",
            "aws_dynamodb_table.main",
            "aws_lambda_function.create_agenda",
            "aws_s3_bucket.lambda_bucket",
            "aws_s3_object.lambda_code",
            "data.archive_file.lambda_zip",
            "data.aws_iam_role.lab_role",
            "random_string.suffix"
          ]
        }
      ]
    },
    {
      "mode": "managed",
      "type": "aws_apigatewayv2_integration",
      "name": "getagendas_integration",
      "provider": "provider[\"registry.terraform.io/hashicorp/aws\"]",
      "instances": [
        {
          "schema_version": 0,
          "attributes": {
            "api_id": "mxifudia3e",
            "connection_id": "",
            "connection_type": "INTERNET",
            "content_handling_strategy": "",
            "credentials_arn": "",
            "description": "",
            "id": "uso1jl5",
            "integration_method": "POST",
            "integration_response_selection_expression": "",
            "integration_subtype": "",
            "integration_type": "AWS_PROXY",
            "integration_uri": "arn:aws:apigateway:us-east-1:lambda:path/2015-03-31/functions/arn:aws:lambda:us-east-1:446242970357:function:hospital-boxes-dev-get-agendas/invocations",
            "passthrough_behavior": "",
            "payload_format_version": "1.0",
            "region": "us-east-1",
            "request_parameters": null,
            "request_templates": null,
            "response_parameters": [],
            "template_selection_expression": "",
            "timeout_milliseconds": 30000,
            "tls_config": []
          },
          "sensitive_attributes": [],
          "identity_schema_version": 0,
          "private": "bnVsbA==",
          "dependencies": [
            "aws_apigatewayv2_api.http_api",
            "aws_dynamodb_table.main",
            "aws_lambda_function.get_agendas",
            "aws_s3_bucket.lambda_bucket",
            "aws_s3_object.lambda_code",
            "data.archive_file.lambda_zip",
            "data.aws_iam_role.lab_role",
            "random_string.suffix"
          ]
        }
      ]
    },
    {
      "mode": "managed",
      "type": "aws_apigatewayv2_integration",
      "name": "getboxes_integration",
      "provider": "provider[\"registry.terraform.io/hashicorp/aws\"]",
      "instances": [
        {
          "schema_version": 0,
          "attributes": {
            "api_id": "mxifudia3e",
            "connection_id": "",
            "connection_type": "INTERNET",
            "content_handling_strategy": "",
            "credentials_arn": "",
            "description": "",
            "id": "fr1ofpi",
            "integration_method": "POST",
            "integration_response_selection_expression": "",
            "integration_subtype": "",
            "integration_type": "AWS_PROXY",
            "integration_uri": "arn:aws:apigateway:us-east-1:lambda:path/2015-03-31/functions/arn:aws:lambda:us-east-1:446242970357:function:hospital-boxes-dev-get-boxes/invocations",
            "passthrough_behavior": "",
            "payload_format_version": "1.0",
            "region": "us-east-1",
            "request_parameters": null,
            "request_templates": null,
            "response_parameters": [],
            "template_selection_expression": "",
            "timeout_milliseconds": 30000,
            "tls_config": []
          },
          "sensitive_attributes": [],
          "identity_schema_version": 0,
          "private": "bnVsbA==",
          "dependencies": [
            "aws_apigatewayv2_api.http_api",
            "aws_dynamodb_table.main",
            "aws_lambda_function.get_boxes",
            "aws_s3_bucket.lambda_bucket",
            "aws_s3_object.lambda_code",
            "data.archive_file.lambda_zip",
            "data.aws_iam_role.lab_role",
            "random_string.suffix"
          ]
        }
      ]
    },
    {
      "mode": "managed",
      "type": "aws_apigatewayv2_integration",
      "name": "getclientconfig_integration",
      "provider": "provider[\"registry.terraform.io/hashicorp/aws\"]",
      "instances": [
        {
          "schema_version": 0,
          "attributes": {
            "api_id": "mxifudia3e",
            "connection_id": "",
            "connection_type": "INTERNET",
            "content_handling_strategy": "",
            "credentials_arn": "",
            "description": "",
            "id": "xyygcyf",
            "integration_method": "POST",
            "integration_response_selection_expression": "",
            "integration_subtype": "",
            "integration_type": "AWS_PROXY",
            "integration_uri": "arn:aws:apigateway:us-east-1:lambda:path/2015-03-31/functions/arn:aws:lambda:us-east-1:446242970357:function:hospital-boxes-dev-get-client-config/invocations",
            "passthrough_behavior": "",
            "payload_format_version": "1.0",
            "region": "us-east-1",
            "request_parameters": null,
            "request_templates": null,
            "response_parameters": [],
            "template_selection_expression": "",
            "timeout_milliseconds": 30000,
            "tls_config": []
          },
          "sensitive_attributes": [],
          "identity_schema_version": 0,
          "private": "bnVsbA==",
          "dependencies": [
            "aws_apigatewayv2_api.http_api",
            "aws_dynamodb_table.main",
            "aws_lambda_function.get_client_config",
            "aws_s3_bucket.lambda_bucket",
            "aws_s3_object.lambda_code",
            "data.archive_file.lambda_zip",
            "data.aws_iam_role.lab_role",
            "random_string.suffix"
          ]
        }
      ]
    },
    {
      "mode": "managed",
      "type": "aws_apigatewayv2_integration",
      "name": "getpasillos_integration",
      "provider": "provider[\"registry.terraform.io/hashicorp/aws\"]",
      "instances": [
        {
          "schema_version": 0,
          "attributes": {
            "api_id": "mxifudia3e",
            "connection_id": "",
            "connection_type": "INTERNET",
            "content_handling_strategy": "",
            "credentials_arn": "",
            "description": "",
            "id": "j5qjy2f",
            "integration_method": "POST",
            "integration_response_selection_expression": "",
            "integration_subtype": "",
            "integration_type": "AWS_PROXY",
            "integration_uri": "arn:aws:apigateway:us-east-1:lambda:path/2015-03-31/functions/arn:aws:lambda:us-east-1:446242970357:function:hospital-boxes-dev-get-pasillos/invocations",
            "passthrough_behavior": "",
            "payload_format_version": "1.0",
            "region": "us-east-1",
            "request_parameters": null,
            "request_templates": null,
            "response_parameters": [],
            "template_selection_expression": "",
            "timeout_milliseconds": 30000,
            "tls_config": []
          },
          "sensitive_attributes": [],
          "identity_schema_version": 0,
          "private": "bnVsbA==",
          "dependencies": [
            "aws_apigatewayv2_api.http_api",
            "aws_dynamodb_table.main",
            "aws_lambda_function.get_pasillos",
            "aws_s3_bucket.lambda_bucket",
            "aws_s3_object.lambda_code",
            "data.archive_file.lambda_zip",
            "data.aws_iam_role.lab_role",
            "random_string.suffix"
          ]
        }
      ]
    },
    {
      "mode": "managed",
      "type": "aws_apigatewayv2_integration",
      "name": "lambda",
      "provider": "provider[\"registry.terraform.io/hashicorp/aws\"]",
      "instances": [
        {
          "schema_version": 0,
          "attributes": {
            "api_id": "mxifudia3e",
            "connection_id": "",
            "connection_type": "INTERNET",
            "content_handling_strategy": "",
            "credentials_arn": "",
            "description": "",
            "id": "1jr2lno",
            "integration_method": "POST",
            "integration_response_selection_expression": "",
            "integration_subtype": "",
            "integration_type": "AWS_PROXY",
            "integration_uri": "arn:aws:apigateway:us-east-1:lambda:path/2015-03-31/functions/arn:aws:lambda:us-east-1:446242970357:function:hospital-boxes-api/invocations",
            "passthrough_behavior": "",
            "payload_format_version": "1.0",
            "region": "us-east-1",
            "request_parameters": null,
            "request_templates": null,
            "response_parameters": [],
            "template_selection_expression": "",
            "timeout_milliseconds": 30000,
            "tls_config": []
          },
          "sensitive_attributes": [],
          "identity_schema_version": 0,
          "private": "bnVsbA==",
          "dependencies": [
            "aws_apigatewayv2_api.http_api",
            "aws_lambda_function.api",
            "aws_s3_bucket.lambda_bucket",
            "aws_s3_object.lambda_code",
            "data.archive_file.lambda_zip",
            "data.aws_iam_role.lab_role",
            "random_string.suffix"
          ]
        }
      ]
    },
    {
      "mode": "managed",
      "type": "aws_apigatewayv2_integration",
      "name": "listclients_integration",
      "provider": "provider[\"registry.terraform.io/hashicorp/aws\"]",
      "instances": [
        {
          "schema_version": 0,
          "attributes": {
            "api_id": "mxifudia3e",
            "connection_id": "",
            "connection_type": "INTERNET",
            "content_handling_strategy": "",
            "credentials_arn": "",
            "description": "",
            "id": "1j3yxd3",
            "integration_method": "POST",
            "integration_response_selection_expression": "",
            "integration_subtype": "",
            "integration_type": "AWS_PROXY",
            "integration_uri": "arn:aws:apigateway:us-east-1:lambda:path/2015-03-31/functions/arn:aws:lambda:us-east-1:446242970357:function:hospital-boxes-dev-list-clients/invocations",
            "passthrough_behavior": "",
            "payload_format_version": "1.0",
            "region": "us-east-1",
            "request_parameters": null,
            "request_templates": null,
            "response_parameters": [],
            "template_selection_expression": "",
            "timeout_milliseconds": 30000,
            "tls_config": []
          },
          "sensitive_attributes": [],
          "identity_schema_version": 0,
          "private": "bnVsbA==",
          "dependencies": [
            "aws_apigatewayv2_api.http_api",
            "aws_dynamodb_table.main",
            "aws_lambda_function.list_clients",
            "aws_s3_bucket.lambda_bucket",
            "aws_s3_object.lambda_code",
            "data.archive_file.lambda_zip",
            "data.aws_iam_role.lab_role",
            "random_string.suffix"
          ]
        }
      ]
    },
    {
      "mode": "managed",
      "type": "aws_apigatewayv2_integration",
      "name": "login_integration",
      "provider": "provider[\"registry.terraform.io/hashicorp/aws\"]",
      "instances": [
        {
          "schema_version": 0,
          "attributes": {
            "api_id": "mxifudia3e",
            "connection_id": "",
            "connection_type": "INTERNET",
            "content_handling_strategy": "",
            "credentials_arn": "",
            "description": "",
            "id": "xxvtp7u",
            "integration_method": "POST",
            "integration_response_selection_expression": "",
            "integration_subtype": "",
            "integration_type": "AWS_PROXY",
            "integration_uri": "arn:aws:apigateway:us-east-1:lambda:path/2015-03-31/functions/arn:aws:lambda:us-east-1:446242970357:function:hospital-boxes-dev-login/invocations",
            "passthrough_behavior": "",
            "payload_format_version": "1.0",
            "region": "us-east-1",
            "request_parameters": null,
            "request_templates": null,
            "response_parameters": [],
            "template_selection_expression": "",
            "timeout_milliseconds": 30000,
            "tls_config": []
          },
          "sensitive_attributes": [],
          "identity_schema_version": 0,
          "private": "bnVsbA==",
          "dependencies": [
            "aws_apigatewayv2_api.http_api",
            "aws_cognito_user_pool.main",
            "aws_cognito_user_pool_client.main",
            "aws_dynamodb_table.main",
            "aws_lambda_function.login",
            "aws_s3_bucket.lambda_bucket",
            "aws_s3_object.lambda_code",
            "data.archive_file.lambda_zip",
            "data.aws_iam_role.lab_role",
            "random_string.suffix"
          ]
        }
      ]
    },
    {
      "mode": "managed",
      "type": "aws_apigatewayv2_integration",
      "name": "me_integration",
      "provider": "provider[\"registry.terraform.io/hashicorp/aws\"]",
      "instances": [
        {
          "schema_version": 0,
          "attributes": {
            "api_id": "mxifudia3e",
            "connection_id": "",
            "connection_type": "INTERNET",
            "content_handling_strategy": "",
            "credentials_arn": "",
            "description": "",
            "id": "8jhal0o",
            "integration_method": "POST",
            "integration_response_selection_expression": "",
            "integration_subtype": "",
            "integration_type": "AWS_PROXY",
            "integration_uri": "arn:aws:apigateway:us-east-1:lambda:path/2015-03-31/functions/arn:aws:lambda:us-east-1:446242970357:function:hospital-boxes-dev-me/invocations",
            "passthrough_behavior": "",
            "payload_format_version": "1.0",
            "region": "us-east-1",
            "request_parameters": null,
            "request_templates": null,
            "response_parameters": [],
            "template_selection_expression": "",
            "timeout_milliseconds": 30000,
            "tls_config": []
          },
          "sensitive_attributes": [],
          "identity_schema_version": 0,
          "private": "bnVsbA==",
          "dependencies": [
            "aws_apigatewayv2_api.http_api",
            "aws_lambda_function.me",
            "aws_s3_bucket.lambda_bucket",
            "aws_s3_object.lambda_code",
            "data.archive_file.lambda_zip",
            "data.aws_iam_role.lab_role",
            "random_string.suffix"
          ]
        }
      ]
    },
    {
      "mode": "managed",
      "type": "aws_apigatewayv2_integration",
      "name": "refresh_integration",
      "provider": "provider[\"registry.terraform.io/hashicorp/aws\"]",
      "instances": [
        {
          "schema_version": 0,
          "attributes": {
            "api_id": "mxifudia3e",
            "connection_id": "",
            "connection_type": "INTERNET",
            "content_handling_strategy": "",
            "credentials_arn": "",
            "description": "",
            "id": "7jjh28d",
            "integration_method": "POST",
            "integration_response_selection_expression": "",
            "integration_subtype": "",
            "integration_type": "AWS_PROXY",
            "integration_uri": "arn:aws:apigateway:us-east-1:lambda:path/2015-03-31/functions/arn:aws:lambda:us-east-1:446242970357:function:hospital-boxes-dev-refresh/invocations",
            "passthrough_behavior": "",
            "payload_format_version": "1.0",
            "region": "us-east-1",
            "request_parameters": null,
            "request_templates": null,
            "response_parameters": [],
            "template_selection_expression": "",
            "timeout_milliseconds": 30000,
            "tls_config": []
          },
          "sensitive_attributes": [],
          "identity_schema_version": 0,
          "private": "bnVsbA==",
          "dependencies": [
            "aws_apigatewayv2_api.http_api",
            "aws_cognito_user_pool.main",
            "aws_cognito_user_pool_client.main",
            "aws_lambda_function.refresh",
            "aws_s3_bucket.lambda_bucket",
            "aws_s3_object.lambda_code",
            "data.archive_file.lambda_zip",
            "data.aws_iam_role.lab_role",
            "random_string.suffix"
          ]
        }
      ]
    },
    {
      "mode": "managed",
      "type": "aws_apigatewayv2_integration",
      "name": "updateclientconfig_integration",
      "provider": "provider[\"registry.terraform.io/hashicorp/aws\"]",
      "instances": [
        {
          "schema_version": 0,
          "attributes": {
            "api_id": "mxifudia3e",
            "connection_id": "",
            "connection_type": "INTERNET",
            "content_handling_strategy": "",
            "credentials_arn": "",
            "description": "",
            "id": "hj8k0n0",
            "integration_method": "POST",
            "integration_response_selection_expression": "",
            "integration_subtype": "",
            "integration_type": "AWS_PROXY",
            "integration_uri": "arn:aws:apigateway:us-east-1:lambda:path/2015-03-31/functions/arn:aws:lambda:us-east-1:446242970357:function:hospital-boxes-dev-update-client-config/invocations",
            "passthrough_behavior": "",
            "payload_format_version": "1.0",
            "region": "us-east-1",
            "request_parameters": null,
            "request_templates": null,
            "response_parameters": [],
            "template_selection_expression": "",
            "timeout_milliseconds": 30000,
            "tls_config": []
          },
          "sensitive_attributes": [],
          "identity_schema_version": 0,
          "private": "bnVsbA==",
          "dependencies": [
            "aws_apigatewayv2_api.http_api",
            "aws_dynamodb_table.main",
            "aws_lambda_function.update_client_config",
            "aws_s3_bucket.lambda_bucket",
            "aws_s3_object.lambda_code",
            "data.archive_file.lambda_zip",
            "data.aws_iam_role.lab_role",
            "random_string.suffix"
          ]
        }
      ]
    },
    {
      "mode": "managed",
      "type": "aws_apigatewayv2_route",
      "name": "catch_all",
      "provider": "provider[\"registry.terraform.io/hashicorp/aws\"]",
      "instances": [
        {
          "schema_version": 0,
          "attributes": {
            "api_id": "mxifudia3e",
            "api_key_required": false,
            "authorization_scopes": null,
            "authorization_type": "NONE",
            "authorizer_id": "",
            "id": "r7zwynf",
            "model_selection_expression": "",
            "operation_name": "",
            "region": "us-east-1",
            "request_models": null,
            "request_parameter": [],
            "route_key": "ANY /{proxy+}",
            "route_response_selection_expression": "",
            "target": "integrations/1jr2lno"
          },
          "sensitive_attributes": [],
          "identity_schema_version": 0,
          "private": "bnVsbA==",
          "dependencies": [
            "aws_apigatewayv2_api.http_api",
            "aws_apigatewayv2_integration.lambda",
            "aws_lambda_function.api",
            "aws_s3_bucket.lambda_bucket",
            "aws_s3_object.lambda_code",
            "data.archive_file.lambda_zip",
            "data.aws_iam_role.lab_role",
            "random_string.suffix"
          ]
        }
      ]
    },
    {
      "mode": "managed",
      "type": "aws_apigatewayv2_route",
      "name": "createagenda_route",
      "provider": "provider[\"registry.terraform.io/hashicorp/aws\"]",
      "instances": [
        {
          "schema_version": 0,
          "attributes": {
            "api_id": "mxifudia3e",
            "api_key_required": false,
            "authorization_scopes": null,
            "authorization_type": "NONE",
            "authorizer_id": "",
            "id": "9dppni2",
            "model_selection_expression": "",
            "operation_name": "",
            "region": "us-east-1",
            "request_models": null,
            "request_parameter": [],
            "route_key": "POST /api/agendas",
            "route_response_selection_expression": "",
            "target": "integrations/xkozb0a"
          },
          "sensitive_attributes": [],
          "identity_schema_version": 0,
          "private": "bnVsbA==",
          "dependencies": [
            "aws_apigatewayv2_api.http_api",
            "aws_apigatewayv2_integration.createagenda_integration",
            "aws_dynamodb_table.main",
            "aws_lambda_function.create_agenda",
            "aws_s3_bucket.lambda_bucket",
            "aws_s3_object.lambda_code",
            "data.archive_file.lambda_zip",
            "data.aws_iam_role.lab_role",
            "random_string.suffix"
          ]
        }
      ]
    },
    {
      "mode": "managed",
      "type": "aws_apigatewayv2_route",
      "name": "getagendas_route",
      "provider": "provider[\"registry.terraform.io/hashicorp/aws\"]",
      "instances": [
        {
          "schema_version": 0,
          "attributes": {
            "api_id": "mxifudia3e",
            "api_key_required": false,
            "authorization_scopes": null,
            "authorization_type": "NONE",
            "authorizer_id": "",
            "id": "zhizfln",
            "model_selection_expression": "",
            "operation_name": "",
            "region": "us-east-1",
            "request_models": null,
            "request_parameter": [],
            "route_key": "GET /api/agendas",
            "route_response_selection_expression": "",
            "target": "integrations/uso1jl5"
          },
          "sensitive_attributes": [],
          "identity_schema_version": 0,
          "private": "bnVsbA==",
          "dependencies": [
            "aws_apigatewayv2_api.http_api",
            "aws_apigatewayv2_integration.getagendas_integration",
            "aws_dynamodb_table.main",
            "aws_lambda_function.get_agendas",
            "aws_s3_bucket.lambda_bucket",
            "aws_s3_object.lambda_code",
            "data.archive_file.lambda_zip",
            "data.aws_iam_role.lab_role",
            "random_string.suffix"
          ]
        }
      ]
    },
    {
      "mode": "managed",
      "type": "aws_apigatewayv2_route",
      "name": "getboxes_route",
      "provider": "provider[\"registry.terraform.io/hashicorp/aws\"]",
      "instances": [
        {
          "schema_version": 0,
          "attributes": {
            "api_id": "mxifudia3e",
            "api_key_required": false,
            "authorization_scopes": null,
            "authorization_type": "NONE",
            "authorizer_id": "",
            "id": "dmiqq7d",
            "model_selection_expression": "",
            "operation_name": "",
            "region": "us-east-1",
            "request_models": null,
            "request_parameter": [],
            "route_key": "GET /api/boxes",
            "route_response_selection_expression": "",
            "target": "integrations/fr1ofpi"
          },
          "sensitive_attributes": [],
          "identity_schema_version": 0,
          "private": "bnVsbA==",
          "dependencies": [
            "aws_apigatewayv2_api.http_api",
            "aws_apigatewayv2_integration.getboxes_integration",
            "aws_dynamodb_table.main",
            "aws_lambda_function.get_boxes",
            "aws_s3_bucket.lambda_bucket",
            "aws_s3_object.lambda_code",
            "data.archive_file.lambda_zip",
            "data.aws_iam_role.lab_role",
            "random_string.suffix"
          ]
        }
      ]
    },
    {
      "mode": "managed",
      "type": "aws_apigatewayv2_route",
      "name": "getclientconfig_route",
      "provider": "provider[\"registry.terraform.io/hashicorp/aws\"]",
      "instances": [
        {
          "schema_version": 0,
          "attributes": {
            "api_id": "mxifudia3e",
            "api_key_required": false,
            "authorization_scopes": null,
            "authorization_type": "NONE",
            "authorizer_id": "",
            "id": "7ncd5ws",
            "model_selection_expression": "",
            "operation_name": "",
            "region": "us-east-1",
            "request_models": null,
            "request_parameter": [],
            "route_key": "GET /api/config/{clientId}",
            "route_response_selection_expression": "",
            "target": "integrations/xyygcyf"
          },
          "sensitive_attributes": [],
          "identity_schema_version": 0,
          "private": "bnVsbA==",
          "dependencies": [
            "aws_apigatewayv2_api.http_api",
            "aws_apigatewayv2_integration.getclientconfig_integration",
            "aws_dynamodb_table.main",
            "aws_lambda_function.get_client_config",
            "aws_s3_bucket.lambda_bucket",
            "aws_s3_object.lambda_code",
            "data.archive_file.lambda_zip",
            "data.aws_iam_role.lab_role",
            "random_string.suffix"
          ]
        }
      ]
    },
    {
      "mode": "managed",
      "type": "aws_apigatewayv2_route",
      "name": "getpasillos_route",
      "provider": "provider[\"registry.terraform.io/hashicorp/aws\"]",
      "instances": [
        {
          "schema_version": 0,
          "attributes": {
            "api_id": "mxifudia3e",
            "api_key_required": false,
            "authorization_scopes": null,
            "authorization_type": "NONE",
            "authorizer_id": "",
            "id": "vxj4jl2",
            "model_selection_expression": "",
            "operation_name": "",
            "region": "us-east-1",
            "request_models": null,
            "request_parameter": [],
            "route_key": "GET /api/pasillos",
            "route_response_selection_expression": "",
            "target": "integrations/j5qjy2f"
          },
          "sensitive_attributes": [],
          "identity_schema_version": 0,
          "private": "bnVsbA==",
          "dependencies": [
            "aws_apigatewayv2_api.http_api",
            "aws_apigatewayv2_integration.getpasillos_integration",
            "aws_dynamodb_table.main",
            "aws_lambda_function.get_pasillos",
            "aws_s3_bucket.lambda_bucket",
            "aws_s3_object.lambda_code",
            "data.archive_file.lambda_zip",
            "data.aws_iam_role.lab_role",
            "random_string.suffix"
          ]
        }
      ]
    },
    {
      "mode": "managed",
      "type": "aws_apigatewayv2_route",
      "name": "listclients_route",
      "provider": "provider[\"registry.terraform.io/hashicorp/aws\"]",
      "instances": [
        {
          "schema_version": 0,
          "attributes": {
            "api_id": "mxifudia3e",
            "api_key_required": false,
            "authorization_scopes": null,
            "authorization_type": "NONE",
            "authorizer_id": "",
            "id": "eed7k6i",
            "model_selection_expression": "",
            "operation_name": "",
            "region": "us-east-1",
            "request_models": null,
            "request_parameter": [],
            "route_key": "GET /api/config",
            "route_response_selection_expression": "",
            "target": "integrations/1j3yxd3"
          },
          "sensitive_attributes": [],
          "identity_schema_version": 0,
          "private": "bnVsbA==",
          "dependencies": [
            "aws_apigatewayv2_api.http_api",
            "aws_apigatewayv2_integration.listclients_integration",
            "aws_dynamodb_table.main",
            "aws_lambda_function.list_clients",
            "aws_s3_bucket.lambda_bucket",
            "aws_s3_object.lambda_code",
            "data.archive_file.lambda_zip",
            "data.aws_iam_role.lab_role",
            "random_string.suffix"
          ]
        }
      ]
    },
    {
      "mode": "managed",
      "type": "aws_apigatewayv2_route",
      "name": "login_route",
      "provider": "provider[\"registry.terraform.io/hashicorp/aws\"]",
      "instances": [
        {
          "schema_version": 0,
          "attributes": {
            "api_id": "mxifudia3e",
            "api_key_required": false,
            "authorization_scopes": null,
            "authorization_type": "NONE",
            "authorizer_id": "",
            "id": "ds9cwn8",
            "model_selection_expression": "",
            "operation_name": "",
            "region": "us-east-1",
            "request_models": null,
            "request_parameter": [],
            "route_key": "POST /auth/login",
            "route_response_selection_expression": "",
            "target": "integrations/xxvtp7u"
          },
          "sensitive_attributes": [],
          "identity_schema_version": 0,
          "private": "bnVsbA==",
          "dependencies": [
            "aws_apigatewayv2_api.http_api",
            "aws_apigatewayv2_integration.login_integration",
            "aws_cognito_user_pool.main",
            "aws_cognito_user_pool_client.main",
            "aws_dynamodb_table.main",
            "aws_lambda_function.login",
            "aws_s3_bucket.lambda_bucket",
            "aws_s3_object.lambda_code",
            "data.archive_file.lambda_zip",
            "data.aws_iam_role.lab_role",
            "random_string.suffix"
          ]
        }
      ]
    },
    {
      "mode": "managed",
      "type": "aws_apigatewayv2_route",
      "name": "me_route",
      "provider": "provider[\"registry.terraform.io/hashicorp/aws\"]",
      "instances": [
        {
          "schema_version": 0,
          "attributes": {
            "api_id": "mxifudia3e",
            "api_key_required": false,
            "authorization_scopes": null,
            "authorization_type": "NONE",
            "authorizer_id": "",
            "id": "hlas4l2",
            "model_selection_expression": "",
            "operation_name": "",
            "region": "us-east-1",
            "request_models": null,
            "request_parameter": [],
            "route_key": "GET /me",
            "route_response_selection_expression": "",
            "target": "integrations/8jhal0o"
          },
          "sensitive_attributes": [],
          "identity_schema_version": 0,
          "private": "bnVsbA==",
          "dependencies": [
            "aws_apigatewayv2_api.http_api",
            "aws_apigatewayv2_integration.me_integration",
            "aws_lambda_function.me",
            "aws_s3_bucket.lambda_bucket",
            "aws_s3_object.lambda_code",
            "data.archive_file.lambda_zip",
            "data.aws_iam_role.lab_role",
            "random_string.suffix"
          ]
        }
      ]
    },
    {
      "mode": "managed",
      "type": "aws_apigatewayv2_route",
      "name": "refresh_route",
      "provider": "provider[\"registry.terraform.io/hashicorp/aws\"]",
      "instances": [
        {
          "schema_version": 0,
          "attributes": {
            "api_id": "mxifudia3e",
            "api_key_required": false,
            "authorization_scopes": null,
            "authorization_type": "NONE",
            "authorizer_id": "",
            "id": "x2m50ei",
            "model_selection_expression": "",
            "operation_name": "",
            "region": "us-east-1",
            "request_models": null,
            "request_parameter": [],
            "route_key": "POST /auth/refresh",
            "route_response_selection_expression": "",
            "target": "integrations/7jjh28d"
          },
          "sensitive_attributes": [],
          "identity_schema_version": 0,
          "private": "bnVsbA==",
          "dependencies": [
            "aws_apigatewayv2_api.http_api",
            "aws_apigatewayv2_integration.refresh_integration",
            "aws_cognito_user_pool.main",
            "aws_cognito_user_pool_client.main",
            "aws_lambda_function.refresh",
            "aws_s3_bucket.lambda_bucket",
            "aws_s3_object.lambda_code",
            "data.archive_file.lambda_zip",
            "data.aws_iam_role.lab_role",
            "random_string.suffix"
          ]
        }
      ]
    },
    {
      "mode": "managed",
      "type": "aws_apigatewayv2_route",
      "name": "root",
      "provider": "provider[\"registry.terraform.io/hashicorp/aws\"]",
      "instances": [
        {
          "schema_version": 0,
          "attributes": {
            "api_id": "mxifudia3e",
            "api_key_required": false,
            "authorization_scopes": null,
            "authorization_type": "NONE",
            "authorizer_id": "",
            "id": "xtgx9gh",
            "model_selection_expression": "",
            "operation_name": "",
            "region": "us-east-1",
            "request_models": null,
            "request_parameter": [],
            "route_key": "ANY /",
            "route_response_selection_expression": "",
            "target": "integrations/1jr2lno"
          },
          "sensitive_attributes": [],
          "identity_schema_version": 0,
          "private": "bnVsbA==",
          "dependencies": [
            "aws_apigatewayv2_api.http_api",
            "aws_apigatewayv2_integration.lambda",
            "aws_lambda_function.api",
            "aws_s3_bucket.lambda_bucket",
            "aws_s3_object.lambda_code",
            "data.archive_file.lambda_zip",
            "data.aws_iam_role.lab_role",
            "random_string.suffix"
          ]
        }
      ]
    },
    {
      "mode": "managed",
      "type": "aws_apigatewayv2_route",
      "name": "updateclientconfig_route",
      "provider": "provider[\"registry.terraform.io/hashicorp/aws\"]",
      "instances": [
        {
          "schema_version": 0,
          "attributes": {
            "api_id": "mxifudia3e",
            "api_key_required": false,
            "authorization_scopes": null,
            "authorization_type": "NONE",
            "authorizer_id": "",
            "id": "t26d23a",
            "model_selection_expression": "",
            "operation_name": "",
            "region": "us-east-1",
            "request_models": null,
            "request_parameter": [],
            "route_key": "PUT /api/config/{clientId}",
            "route_response_selection_expression": "",
            "target": "integrations/hj8k0n0"
          },
          "sensitive_attributes": [],
          "identity_schema_version": 0,
          "private": "bnVsbA==",
          "dependencies": [
            "aws_apigatewayv2_api.http_api",
            "aws_apigatewayv2_integration.updateclientconfig_integration",
            "aws_dynamodb_table.main",
            "aws_lambda_function.update_client_config",
            "aws_s3_bucket.lambda_bucket",
            "aws_s3_object.lambda_code",
            "data.archive_file.lambda_zip",
            "data.aws_iam_role.lab_role",
            "random_string.suffix"
          ]
        }
      ]
    },
    {
      "mode": "managed",
      "type": "aws_apigatewayv2_stage",
      "name": "default_stage",
      "provider": "provider[\"registry.terraform.io/hashicorp/aws\"]",
      "instances": [
        {
          "schema_version": 0,
          "attributes": {
            "access_log_settings": [],
            "api_id": "mxifudia3e",
            "arn": "arn:aws:apigateway:us-east-1::/apis/mxifudia3e/stages/$default",
            "auto_deploy": true,
            "client_certificate_id": "",
            "default_route_settings": [
              {
                "data_trace_enabled": false,
                "detailed_metrics_enabled": false,
                "logging_level": "",
                "throttling_burst_limit": 0,
                "throttling_rate_limit": 0
              }
            ],
            "deployment_id": "",
            "description": "",
            "execution_arn": "arn:aws:execute-api:us-east-1:446242970357:mxifudia3e/$default",
            "id": "$default",
            "invoke_url": "https://mxifudia3e.execute-api.us-east-1.amazonaws.com/",
            "name": "$default",
            "region": "us-east-1",
            "route_settings": [],
            "stage_variables": null,
            "tags": null,
            "tags_all": {}
          },
          "sensitive_attributes": [],
          "identity_schema_version": 0,
          "private": "bnVsbA==",
          "dependencies": [
            "aws_apigatewayv2_api.http_api"
          ]
        }
      ]
    },
    {
      "mode": "managed",
      "type": "aws_cognito_user_group",
      "name": "admin",
      "provider": "provider[\"registry.terraform.io/hashicorp/aws\"]",
      "instances": [
        {
          "schema_version": 0,
          "attributes": {
            "description": "Administrators with full system access and management capabilities",
            "id": "us-east-1_9kV8gDkDE/Admin",
            "name": "Admin",
            "precedence": 1,
            "region": "us-east-1",
            "role_arn": "",
            "user_pool_id": "us-east-1_9kV8gDkDE"
          },
          "sensitive_attributes": [],
          "identity_schema_version": 0,
          "private": "bnVsbA==",
          "dependencies": [
            "aws_cognito_user_pool.main"
          ]
        }
      ]
    },
    {
      "mode": "managed",
      "type": "aws_cognito_user_group",
      "name": "personal",
      "provider": "provider[\"registry.terraform.io/hashicorp/aws\"]",
      "instances": [
        {
          "schema_version": 0,
          "attributes": {
            "description": "Medical and nursing staff with access to assigned corridor only",
            "id": "us-east-1_9kV8gDkDE/Personal",
            "name": "Personal",
            "precedence": 2,
            "region": "us-east-1",
            "role_arn": "",
            "user_pool_id": "us-east-1_9kV8gDkDE"
          },
          "sensitive_attributes": [],
          "identity_schema_version": 0,
          "private": "bnVsbA==",
          "dependencies": [
            "aws_cognito_user_pool.main"
          ]
        }
      ]
    },
    {
      "mode": "managed",
      "type": "aws_cognito_user_group",
      "name": "personal_administrativo",
      "provider": "provider[\"registry.terraform.io/hashicorp/aws\"]",
      "instances": [
        {
          "schema_version": 0,
          "attributes": {
            "description": "Administrative staff with booking and reporting access to all corridors",
            "id": "us-east-1_9kV8gDkDE/PersonalAdministrativo",
            "name": "PersonalAdministrativo",
            "precedence": 3,
            "region": "us-east-1",
            "role_arn": "",
            "user_pool_id": "us-east-1_9kV8gDkDE"
          },
          "sensitive_attributes": [],
          "identity_schema_version": 0,
          "private": "bnVsbA==",
          "dependencies": [
            "aws_cognito_user_pool.main"
          ]
        }
      ]
    },
    {
      "mode": "managed",
      "type": "aws_cognito_user_pool",
      "name": "main",
      "provider": "provider[\"registry.terraform.io/hashicorp/aws\"]",
      "instances": [
        {
          "schema_version": 0,
          "attributes": {
            "account_recovery_setting": [
              {
                "recovery_mechanism": [
                  {
                    "name": "verified_email",
                    "priority": 1
                  },
                  {
                    "name": "verified_phone_number",
                    "priority": 2
                  }
                ]
              }
            ],
            "admin_create_user_config": [
              {
                "allow_admin_create_user_only": false,
                "invite_message_template": []
              }
            ],
            "alias_attributes": null,
            "arn": "arn:aws:cognito-idp:us-east-1:446242970357:userpool/us-east-1_9kV8gDkDE",
            "auto_verified_attributes": [
              "email"
            ],
            "creation_date": "2025-11-08T02:16:20Z",
            "custom_domain": "",
            "deletion_protection": "INACTIVE",
            "device_configuration": [],
            "domain": "",
            "email_configuration": [
              {
                "configuration_set": "",
                "email_sending_account": "COGNITO_DEFAULT",
                "from_email_address": "",
                "reply_to_email_address": "",
                "source_arn": ""
              }
            ],
            "email_mfa_configuration": [],
            "email_verification_message": "",
            "email_verification_subject": "",
            "endpoint": "cognito-idp.us-east-1.amazonaws.com/us-east-1_9kV8gDkDE",
            "estimated_number_of_users": 0,
            "id": "us-east-1_9kV8gDkDE",
            "lambda_config": [],
            "last_modified_date": "2025-11-08T02:16:20Z",
            "mfa_configuration": "OFF",
            "name": "hospital-users-dev",
            "password_policy": [
              {
                "minimum_length": 8,
                "password_history_size": 0,
                "require_lowercase": true,
                "require_numbers": true,
                "require_symbols": false,
                "require_uppercase": true,
                "temporary_password_validity_days": 7
              }
            ],
            "region": "us-east-1",
            "schema": [
              {
                "attribute_data_type": "String",
                "developer_only_attribute": null,
                "mutable": true,
                "name": "email",
                "number_attribute_constraints": [],
                "required": true,
                "string_attribute_constraints": []
              },
              {
                "attribute_data_type": "String",
                "developer_only_attribute": null,
                "mutable": true,
                "name": "family_name",
                "number_attribute_constraints": [],
                "required": true,
                "string_attribute_constraints": []
              },
              {
                "attribute_data_type": "String",
                "developer_only_attribute": null,
                "mutable": true,
                "name": "given_name",
                "number_attribute_constraints": [],
                "required": true,
                "string_attribute_constraints": []
              },
              {
                "attribute_data_type": "String",
                "developer_only_attribute": null,
                "mutable": true,
                "name": "hospital_id",
                "number_attribute_constraints": [],
                "required": false,
                "string_attribute_constraints": []
              },
              {
                "attribute_data_type": "String",
                "developer_only_attribute": null,
                "mutable": true,
                "name": "pasillo_asignado",
                "number_attribute_constraints": [],
                "required": false,
                "string_attribute_constraints": []
              },
              {
                "attribute_data_type": "String",
                "developer_only_attribute": null,
                "mutable": true,
                "name": "role",
                "number_attribute_constraints": [],
                "required": false,
                "string_attribute_constraints": []
              }
            ],
            "sign_in_policy": [
              {
                "allowed_first_auth_factors": [
                  "PASSWORD"
                ]
              }
            ],
            "sms_authentication_message": "",
            "sms_configuration": [],
            "sms_verification_message": "",
            "software_token_mfa_configuration": [],
            "tags": {
              "Course": "Arquitectura de Sistemas",
              "Environment": "dev",
              "ManagedBy": "Terraform",
              "Name": "hospital-boxes-dev-user-pool",
              "Project": "Hospital Boxes Visualization",
              "Team": "DevOps",
              "University": "UDD"
            },
            "tags_all": {
              "Course": "Arquitectura de Sistemas",
              "Environment": "dev",
              "ManagedBy": "Terraform",
              "Name": "hospital-boxes-dev-user-pool",
              "Project": "Hospital Boxes Visualization",
              "Team": "DevOps",
              "University": "UDD"
            },
            "user_attribute_update_settings": [],
            "user_pool_add_ons": [],
            "user_pool_tier": "ESSENTIALS",
            "username_attributes": [
              "email"
            ],
            "username_configuration": [],
            "verification_message_template": [
              {
                "default_email_option": "CONFIRM_WITH_CODE",
                "email_message": "",
                "email_message_by_link": "",
                "email_subject": "",
                "email_subject_by_link": "",
                "sms_message": ""
              }
            ],
            "web_authn_configuration": []
          },
          "sensitive_attributes": [],
          "identity_schema_version": 0,
          "private": "bnVsbA=="
        }
      ]
    },
    {
      "mode": "managed",
      "type": "aws_cognito_user_pool_client",
      "name": "main",
      "provider": "provider[\"registry.terraform.io/hashicorp/aws\"]",
      "instances": [
        {
          "schema_version": 0,
          "attributes": {
            "access_token_validity": 60,
            "allowed_oauth_flows": [],
            "allowed_oauth_flows_user_pool_client": false,
            "allowed_oauth_scopes": [],
            "analytics_configuration": [],
            "auth_session_validity": 3,
            "callback_urls": [],
            "client_secret": "",
            "default_redirect_uri": "",
            "enable_propagate_additional_user_context_data": false,
            "enable_token_revocation": true,
            "explicit_auth_flows": [
              "ALLOW_ADMIN_USER_PASSWORD_AUTH",
              "ALLOW_REFRESH_TOKEN_AUTH",
              "ALLOW_USER_PASSWORD_AUTH",
              "ALLOW_USER_SRP_AUTH"
            ],
            "generate_secret": false,
            "id": "46d0qi0hb666g6b79prq7gjc8m",
            "id_token_validity": 60,
            "logout_urls": [],
            "name": "hospital-web-client-dev",
            "prevent_user_existence_errors": "ENABLED",
            "read_attributes": [],
            "refresh_token_rotation": [],
            "refresh_token_validity": 30,
            "region": "us-east-1",
            "supported_identity_providers": [],
            "token_validity_units": [
              {
                "access_token": "minutes",
                "id_token": "minutes",
                "refresh_token": "days"
              }
            ],
            "user_pool_id": "us-east-1_9kV8gDkDE",
            "write_attributes": []
          },
          "sensitive_attributes": [
            [
              {
                "type": "get_attr",
                "value": "client_secret"
              }
            ]
          ],
          "identity_schema_version": 0,
          "dependencies": [
            "aws_cognito_user_pool.main"
          ]
        }
      ]
    },
    {
      "mode": "managed",
      "type": "aws_dynamodb_table",
      "name": "main",
      "provider": "provider[\"registry.terraform.io/hashicorp/aws\"]",
      "instances": [
        {
          "schema_version": 1,
          "attributes": {
            "arn": "arn:aws:dynamodb:us-east-1:446242970357:table/HospitalData",
            "attribute": [
              {
                "name": "GSI1PK",
                "type": "S"
              },
              {
                "name": "GSI1SK",
                "type": "S"
              },
              {
                "name": "PK",
                "type": "S"
              },
              {
                "name": "SK",
                "type": "S"
              }
            ],
            "billing_mode": "PAY_PER_REQUEST",
            "deletion_protection_enabled": false,
            "global_secondary_index": [
              {
                "hash_key": "GSI1PK",
                "name": "GSI1",
                "non_key_attributes": [],
                "on_demand_throughput": [],
                "projection_type": "ALL",
                "range_key": "GSI1SK",
                "read_capacity": 0,
                "warm_throughput": [],
                "write_capacity": 0
              }
            ],
            "hash_key": "PK",
            "id": "HospitalData",
            "import_table": [],
            "local_secondary_index": [],
            "name": "HospitalData",
            "on_demand_throughput": [],
            "point_in_time_recovery": [
              {
                "enabled": true,
                "recovery_period_in_days": 35
              }
            ],
            "range_key": "SK",
            "read_capacity": 0,
            "region": "us-east-1",
            "replica": [],
            "restore_date_time": null,
            "restore_source_name": null,
            "restore_source_table_arn": null,
            "restore_to_latest_time": null,
            "server_side_encryption": [],
            "stream_arn": "arn:aws:dynamodb:us-east-1:446242970357:table/HospitalData/stream/2025-11-08T02:16:20.980",
            "stream_enabled": true,
            "stream_label": "2025-11-08T02:16:20.980",
            "stream_view_type": "NEW_AND_OLD_IMAGES",
            "table_class": "STANDARD",
            "tags": {
              "Course": "Arquitectura de Sistemas",
              "Environment": "dev",
              "ManagedBy": "Terraform",
              "Name": "hospital-boxes-dev-dynamodb",
              "Project": "Hospital Boxes Visualization",
              "Team": "DevOps",
              "University": "UDD"
            },
            "tags_all": {
              "Course": "Arquitectura de Sistemas",
              "Environment": "dev",
              "ManagedBy": "Terraform",
              "Name": "hospital-boxes-dev-dynamodb",
              "Project": "Hospital Boxes Visualization",
              "Team": "DevOps",
              "University": "UDD"
            },
            "timeouts": null,
            "ttl": [
              {
                "attribute_name": "",
                "enabled": false
              }
            ],
            "warm_throughput": [],
            "write_capacity": 0
          },
          "sensitive_attributes": [],
          "identity_schema_version": 0,
          "private": "eyJlMmJmYjczMC1lY2FhLTExZTYtOGY4OC0zNDM2M2JjN2M0YzAiOnsiY3JlYXRlIjoxODAwMDAwMDAwMDAwLCJkZWxldGUiOjYwMDAwMDAwMDAwMCwidXBkYXRlIjozNjAwMDAwMDAwMDAwfSwic2NoZW1hX3ZlcnNpb24iOiIxIn0="
        }
      ]
    },
    {
      "mode": "managed",
      "type": "aws_eip",
      "name": "nat",
      "provider": "provider[\"registry.terraform.io/hashicorp/aws\"]",
      "instances": [
        {
          "schema_version": 0,
          "attributes": {
            "address": null,
            "allocation_id": "eipalloc-01029392551bf098c",
            "arn": "arn:aws:ec2:us-east-1:446242970357:elastic-ip/eipalloc-01029392551bf098c",
            "associate_with_private_ip": null,
            "association_id": "",
            "carrier_ip": "",
            "customer_owned_ip": "",
            "customer_owned_ipv4_pool": "",
            "domain": "vpc",
            "id": "eipalloc-01029392551bf098c",
            "instance": "",
            "ipam_pool_id": null,
            "network_border_group": "us-east-1",
            "network_interface": "",
            "private_dns": null,
            "private_ip": "",
            "ptr_record": "",
            "public_dns": "ec2-52-70-213-16.compute-1.amazonaws.com",
            "public_ip": "52.70.213.16",
            "public_ipv4_pool": "amazon",
            "region": "us-east-1",
            "tags": {
              "Name": "hospital-boxes-nat-eip"
            },
            "tags_all": {
              "Name": "hospital-boxes-nat-eip"
            },
            "timeouts": null
          },
          "sensitive_attributes": [],
          "identity_schema_version": 0,
          "private": "eyJlMmJmYjczMC1lY2FhLTExZTYtOGY4OC0zNDM2M2JjN2M0YzAiOnsiZGVsZXRlIjoxODAwMDAwMDAwMDAsInJlYWQiOjkwMDAwMDAwMDAwMCwidXBkYXRlIjozMDAwMDAwMDAwMDB9fQ=="
        }
      ]
    },
    {
      "mode": "managed",
      "type": "aws_iam_instance_profile",
      "name": "lab_instance_profile",
      "provider": "provider[\"registry.terraform.io/hashicorp/aws\"]",
      "instances": [
        {
          "schema_version": 0,
          "attributes": {
            "arn": "arn:aws:iam::446242970357:instance-profile/hospital-boxes-lab-instance-profile",
            "create_date": "2025-11-08T02:16:20Z",
            "id": "hospital-boxes-lab-instance-profile",
            "name": "hospital-boxes-lab-instance-profile",
            "name_prefix": "",
            "path": "/",
            "role": "LabRole",
            "tags": null,
            "tags_all": {},
            "unique_id": "AIPAWPZRHLL2Y6JUIECSS"
          },
          "sensitive_attributes": [],
          "identity_schema_version": 0,
          "private": "bnVsbA==",
          "dependencies": [
            "data.aws_iam_role.lab_role"
          ]
        }
      ]
    },
    {
      "mode": "managed",
      "type": "aws_instance",
      "name": "django_server",
      "provider": "provider[\"registry.terraform.io/hashicorp/aws\"]",
      "instances": [
        {
          "schema_version": 2,
          "attributes": {
            "ami": "ami-0c398cb65a93047f2",
            "arn": "arn:aws:ec2:us-east-1:446242970357:instance/i-0dd21847ac7dbc3e2",
            "associate_public_ip_address": true,
            "availability_zone": "us-east-1a",
            "capacity_reservation_specification": [
              {
                "capacity_reservation_preference": "open",
                "capacity_reservation_target": []
              }
            ],
            "cpu_options": [
              {
                "amd_sev_snp": "",
                "core_count": 1,
                "threads_per_core": 1
              }
            ],
            "credit_specification": [
              {
                "cpu_credits": "standard"
              }
            ],
            "disable_api_stop": false,
            "disable_api_termination": false,
            "ebs_block_device": [],
            "ebs_optimized": false,
            "enable_primary_ipv6": null,
            "enclave_options": [
              {
                "enabled": false
              }
            ],
            "ephemeral_block_device": [],
            "force_destroy": false,
            "get_password_data": false,
            "hibernation": false,
            "host_id": "",
            "host_resource_group_arn": null,
            "iam_instance_profile": "hospital-boxes-lab-instance-profile",
            "id": "i-0dd21847ac7dbc3e2",
            "instance_initiated_shutdown_behavior": "stop",
            "instance_lifecycle": "",
            "instance_market_options": [],
            "instance_state": "running",
            "instance_type": "t2.micro",
            "ipv6_address_count": 0,
            "ipv6_addresses": [],
            "key_name": "my-ec2-key",
            "launch_template": [],
            "maintenance_options": [
              {
                "auto_recovery": "default"
              }
            ],
            "metadata_options": [
              {
                "http_endpoint": "enabled",
                "http_protocol_ipv6": "disabled",
                "http_put_response_hop_limit": 1,
                "http_tokens": "optional",
                "instance_metadata_tags": "disabled"
              }
            ],
            "monitoring": false,
            "network_interface": [],
            "outpost_arn": "",
            "password_data": "",
            "placement_group": "",
            "placement_group_id": "",
            "placement_partition_number": 0,
            "primary_network_interface": [
              {
                "delete_on_termination": true,
                "network_interface_id": "eni-09c03a3145b02ad1e"
              }
            ],
            "primary_network_interface_id": "eni-09c03a3145b02ad1e",
            "private_dns": "ip-10-0-1-185.ec2.internal",
            "private_dns_name_options": [
              {
                "enable_resource_name_dns_a_record": false,
                "enable_resource_name_dns_aaaa_record": false,
                "hostname_type": "ip-name"
              }
            ],
            "private_ip": "10.0.1.185",
            "public_dns": "ec2-3-88-182-164.compute-1.amazonaws.com",
            "public_ip": "3.88.182.164",
            "region": "us-east-1",
            "root_block_device": [
              {
                "delete_on_termination": true,
                "device_name": "/dev/sda1",
                "encrypted": false,
                "iops": 100,
                "kms_key_id": "",
                "tags": {},
                "tags_all": {},
                "throughput": 0,
                "volume_id": "vol-0a143d9143474bc39",
                "volume_size": 8,
                "volume_type": "gp2"
              }
            ],
            "secondary_private_ips": [],
            "security_groups": [],
            "source_dest_check": true,
            "spot_instance_request_id": "",
            "subnet_id": "subnet-02626d64f9dd6cb40",
            "tags": {
              "Name": "hospital-boxes-django-server"
            },
            "tags_all": {
              "Name": "hospital-boxes-django-server"
            },
            "tenancy": "default",
            "timeouts": null,
            "user_data": "#!/bin/bash\n# ============================================\n# EC2 User Data Script - Django Bootstrap\n# ============================================\n# Este script se ejecuta automáticamente al iniciar la instancia EC2\n# Instala y configura el servidor Django\n\nset -e  # Exit on error\nset -x  # Debug mode\n\n# ============================================\n# VARIABLES (inyectadas por Terraform)\n# ============================================\nGITHUB_REPO=\"https://github.com/m1lvn/ProyectoVisualizacionBoxes.git\"\nDJANGO_PORT=\"8000\"\nPROJECT_NAME=\"hospital-boxes\"\nENVIRONMENT=\"dev\"\n\n# ============================================\n# SYSTEM UPDATE\n# ============================================\necho \"=== Updating system packages ===\"\napt-get update -y\napt-get upgrade -y\n\n# ============================================\n# INSTALL DEPENDENCIES\n# ============================================\necho \"=== Installing dependencies ===\"\napt-get install -y \\\n    python3 \\\n    python3-pip \\\n    python3-venv \\\n    git \\\n    nginx \\\n    supervisor \\\n    curl \\\n    wget\n\n# ============================================\n# CLONE REPOSITORY\n# ============================================\necho \"=== Cloning repository from $GITHUB_REPO ===\"\ncd /home/ubuntu\nif [ -d \"ProyectoVisualizacionBoxes\" ]; then\n    echo \"Repository already exists, pulling latest changes\"\n    cd ProyectoVisualizacionBoxes\n    git pull\nelse\n    git clone $GITHUB_REPO\n    cd ProyectoVisualizacionBoxes\nfi\n\n# ============================================\n# PYTHON VIRTUAL ENVIRONMENT\n# ============================================\necho \"=== Setting up Python virtual environment ===\"\ncd /home/ubuntu/ProyectoVisualizacionBoxes/ProyectoHospital\npython3 -m venv venv\nsource venv/bin/activate\n\n# ============================================\n# INSTALL PYTHON DEPENDENCIES\n# ============================================\necho \"=== Installing Python packages ===\"\npip install --upgrade pip\npip install -r requirements_serverless.txt\npip install gunicorn  # Production WSGI server\n\n# ============================================\n# DJANGO CONFIGURATION\n# ============================================\necho \"=== Configuring Django ===\"\n\n# Create settings_local.py for production\ncat \u003e /home/ubuntu/ProyectoVisualizacionBoxes/ProyectoHospital/ProyectoHospital/settings_local.py \u003c\u003c 'SETTINGS_EOF'\n# Production settings\nDEBUG = False\nALLOWED_HOSTS = ['*']  # Update with actual domain in production\n\n# DynamoDB configuration (using IAM role)\nDATABASES = {}  # DynamoDB no necesita configuración adicional\n\n# Static files\nSTATIC_ROOT = '/home/ubuntu/ProyectoVisualizacionBoxes/ProyectoHospital/staticfiles'\nSTATIC_URL = '/static/'\nSETTINGS_EOF\n\n# Collect static files\npython manage.py collectstatic --noinput\n\n# Run migrations\npython manage.py migrate --noinput\n\n# ============================================\n# GUNICORN CONFIGURATION\n# ============================================\necho \"=== Configuring Gunicorn ===\"\ncat \u003e /home/ubuntu/gunicorn_config.py \u003c\u003c 'GUNICORN_EOF'\nimport multiprocessing\n\nbind = \"0.0.0.0:8000\"\nworkers = multiprocessing.cpu_count() * 2 + 1\nworker_class = \"sync\"\nworker_connections = 1000\nmax_requests = 1000\nmax_requests_jitter = 50\ntimeout = 30\nkeepalive = 2\nerrorlog = \"/var/log/gunicorn/error.log\"\naccesslog = \"/var/log/gunicorn/access.log\"\nloglevel = \"info\"\nGUNICORN_EOF\n\n# Create log directory\nmkdir -p /var/log/gunicorn\nchown ubuntu:ubuntu /var/log/gunicorn\n\n# ============================================\n# SUPERVISOR CONFIGURATION\n# ============================================\necho \"=== Configuring Supervisor ===\"\ncat \u003e /etc/supervisor/conf.d/$PROJECT_NAME.conf \u003c\u003c SUPERVISOR_EOF\n[program:$PROJECT_NAME-django]\ncommand=/home/ubuntu/ProyectoVisualizacionBoxes/ProyectoHospital/venv/bin/gunicorn \\\\\n    --config /home/ubuntu/gunicorn_config.py \\\\\n    ProyectoHospital.wsgi:application\ndirectory=/home/ubuntu/ProyectoVisualizacionBoxes/ProyectoHospital\nuser=ubuntu\nautostart=true\nautorestart=true\nredirect_stderr=true\nstdout_logfile=/var/log/$PROJECT_NAME-django.log\nenvironment=PATH=\"/home/ubuntu/ProyectoVisualizacionBoxes/ProyectoHospital/venv/bin\"\nSUPERVISOR_EOF\n\n# Reload supervisor\nsupervisorctl reread\nsupervisorctl update\nsupervisorctl start $PROJECT_NAME-django\n\n# ============================================\n# NGINX CONFIGURATION\n# ============================================\necho \"=== Configuring Nginx ===\"\ncat \u003e /etc/nginx/sites-available/$PROJECT_NAME \u003c\u003c NGINX_EOF\nserver {\n    listen 80;\n    server_name _;\n\n    location / {\n        proxy_pass http://127.0.0.1:8000;\n        proxy_set_header Host \\$host;\n        proxy_set_header X-Real-IP \\$remote_addr;\n        proxy_set_header X-Forwarded-For \\$proxy_add_x_forwarded_for;\n        proxy_set_header X-Forwarded-Proto \\$scheme;\n    }\n\n    location /static/ {\n        alias /home/ubuntu/ProyectoVisualizacionBoxes/ProyectoHospital/staticfiles/;\n    }\n\n    location /health {\n        access_log off;\n        return 200 \"healthy\\n\";\n        add_header Content-Type text/plain;\n    }\n}\nNGINX_EOF\n\n# Enable site\nln -sf /etc/nginx/sites-available/$PROJECT_NAME /etc/nginx/sites-enabled/\nrm -f /etc/nginx/sites-enabled/default\n\n# Test and reload nginx\nnginx -t\nsystemctl restart nginx\nsystemctl enable nginx\n\n# ============================================\n# FILE PERMISSIONS\n# ============================================\necho \"=== Setting permissions ===\"\nchown -R ubuntu:ubuntu /home/ubuntu/ProyectoVisualizacionBoxes\n\n# ============================================\n# HEALTH CHECK\n# ============================================\necho \"=== Running health check ===\"\nsleep 5\ncurl -f http://localhost/health || echo \"Health check failed, but continuing...\"\n\n# ============================================\n# COMPLETION\n# ============================================\necho \"=== Bootstrap completed successfully ===\"\necho \"Django is running on port 8000\"\necho \"Nginx is proxying on port 80\"\necho \"Logs: /var/log/$PROJECT_NAME-django.log\"\necho \"Gunicorn logs: /var/log/gunicorn/\"\n",
            "user_data_base64": null,
            "user_data_replace_on_change": false,
            "volume_tags": null,
            "vpc_security_group_ids": [
              "sg-0cb9ecde6bd2d91a8"
            ]
          },
          "sensitive_attributes": [],
          "identity_schema_version": 0,
          "identity": {
            "account_id": "446242970357",
            "id": "i-0dd21847ac7dbc3e2",
            "region": "us-east-1"
          },
          "private": "eyJlMmJmYjczMC1lY2FhLTExZTYtOGY4OC0zNDM2M2JjN2M0YzAiOnsiY3JlYXRlIjo2MDAwMDAwMDAwMDAsImRlbGV0ZSI6MTIwMDAwMDAwMDAwMCwicmVhZCI6OTAwMDAwMDAwMDAwLCJ1cGRhdGUiOjYwMDAwMDAwMDAwMH0sInNjaGVtYV92ZXJzaW9uIjoiMiJ9",
          "dependencies": [
            "aws_iam_instance_profile.lab_instance_profile",
            "aws_security_group.ec2_sg",
            "aws_subnet.public",
            "aws_vpc.main",
            "data.aws_ami.ubuntu",
            "data.aws_iam_role.lab_role"
          ]
        }
      ]
    },
    {
      "mode": "managed",
      "type": "aws_internet_gateway",
      "name": "gw",
      "provider": "provider[\"registry.terraform.io/hashicorp/aws\"]",
      "instances": [
        {
          "schema_version": 0,
          "attributes": {
            "arn": "arn:aws:ec2:us-east-1:446242970357:internet-gateway/igw-078cfa18a80e1ec1b",
            "id": "igw-078cfa18a80e1ec1b",
            "owner_id": "446242970357",
            "region": "us-east-1",
            "tags": {
              "Name": "hospital-boxes-igw"
            },
            "tags_all": {
              "Name": "hospital-boxes-igw"
            },
            "timeouts": null,
            "vpc_id": "vpc-000e5f85e40d2480a"
          },
          "sensitive_attributes": [],
          "identity_schema_version": 0,
          "private": "eyJlMmJmYjczMC1lY2FhLTExZTYtOGY4OC0zNDM2M2JjN2M0YzAiOnsiY3JlYXRlIjoxMjAwMDAwMDAwMDAwLCJkZWxldGUiOjEyMDAwMDAwMDAwMDAsInVwZGF0ZSI6MTIwMDAwMDAwMDAwMH19",
          "dependencies": [
            "aws_vpc.main"
          ]
        }
      ]
    },
    {
      "mode": "managed",
      "type": "aws_key_pair",
      "name": "deployer",
      "provider": "provider[\"registry.terraform.io/hashicorp/aws\"]",
      "instances": [
        {
          "schema_version": 1,
          "attributes": {
            "arn": "arn:aws:ec2:us-east-1:446242970357:key-pair/my-ec2-key",
            "fingerprint": "d4:8a:f7:d7:c9:04:b2:87:b1:16:94:a4:0d:74:48:84",
            "id": "my-ec2-key",
            "key_name": "my-ec2-key",
            "key_name_prefix": "",
            "key_pair_id": "key-041d739e60d796163",
            "key_type": "rsa",
            "public_key": "ssh-rsa AAAAB3NzaC1yc2EAAAADAQABAAACAQCwg9ZKk4+naEVB5csAb9jgfieW959CAHnpTk56sipH59C4blo6Qt/2jLe9kfxEc+zw3vt8UIIw/ouRaZPp8U2CpCqwQticfDZgdzmAf0szjpxf5zldci9Ocx6Tkqi8OWyOzKKvXBnw/uqUaMqKWK4Fj4JbCe4t4QFT5KVZjkg45D9ZYdDyW+7GGG8u2A48DlQQe2z4m5Lhx1Nj5+477hkgczhzcA2mcUaEWGc2APT4bMoQKqWN/ItD1eoxlV8jq8qwE6oRrATtyWK5exaczai5xXC0j3ERQ7wtvaGvjm+0n6p43D+NtKFCfdW7p4Il6RgChdBA9ftf6ZAEi4WHZbibJQQ6ySO2Gz8VoWe3ufCdGWGCsbIl3SbzBg4fywwPRD/9typs0LOl69eD8ynhNhPnEOiz435e8jq4uY56JGWWHRF24cu+FPj59wLuyPQMuS4fJzF3MlXA2FUGFEyVvozJWejypG6My9xNH7BBTcxDNKj5lDChiD5UKO85VzI3uZfQIZNgLw72/ECRVPb8hxvto1c1HD92dFbK54/VwAxz+fCSPhGA+8HFCHJKsUOuFldAwNLcMqYS0q2vyDErJOaqg0W+n8Im1yD2e4feXvb+ew3pd6E1JLQ7Wz9+yK5Jr44aVAaWJew1GSdE19N0AZ4lqtcfMfhOEC/ny0Y0HBkB7w==",
            "region": "us-east-1",
            "tags": null,
            "tags_all": {}
          },
          "sensitive_attributes": [],
          "identity_schema_version": 0,
          "private": "eyJzY2hlbWFfdmVyc2lvbiI6IjEifQ==",
          "dependencies": [
            "tls_private_key.ssh"
          ]
        }
      ]
    },
    {
      "mode": "managed",
      "type": "aws_lambda_function",
      "name": "agenda_events_handler",
      "provider": "provider[\"registry.terraform.io/hashicorp/aws\"]",
      "instances": [
        {
          "schema_version": 0,
          "attributes": {
            "architectures": [
              "x86_64"
            ],
            "arn": "arn:aws:lambda:us-east-1:446242970357:function:hospital-boxes-dev-agenda-events-handler",
            "code_sha256": "zRc9ylJJmXSXVdJDXa67qUgl3luQY8VN65qCyahnBoo=",
            "code_signing_config_arn": "",
            "dead_letter_config": [],
            "description": "",
            "environment": [
              {
                "variables": {
                  "BOX_EVENTS_TOPIC_ARN": "arn:aws:sns:us-east-1:446242970357:hospital-box-events-dev",
                  "DYNAMODB_TABLE": "HospitalData",
                  "NOTIFICATIONS_TOPIC_ARN": "arn:aws:sns:us-east-1:446242970357:hospital-notifications-dev"
                }
              }
            ],
            "ephemeral_storage": [
              {
                "size": 512
              }
            ],
            "file_system_config": [],
            "filename": null,
            "function_name": "hospital-boxes-dev-agenda-events-handler",
            "handler": "src/handlers/agenda-events-handler.handleAgendaEvents",
            "id": "hospital-boxes-dev-agenda-events-handler",
            "image_config": [],
            "image_uri": "",
            "invoke_arn": "arn:aws:apigateway:us-east-1:lambda:path/2015-03-31/functions/arn:aws:lambda:us-east-1:446242970357:function:hospital-boxes-dev-agenda-events-handler/invocations",
            "kms_key_arn": "",
            "last_modified": "2025-11-08T02:17:02.807+0000",
            "layers": null,
            "logging_config": [
              {
                "application_log_level": "",
                "log_format": "Text",
                "log_group": "/aws/lambda/hospital-boxes-dev-agenda-events-handler",
                "system_log_level": ""
              }
            ],
            "memory_size": 256,
            "package_type": "Zip",
            "publish": false,
            "qualified_arn": "arn:aws:lambda:us-east-1:446242970357:function:hospital-boxes-dev-agenda-events-handler:$LATEST",
            "qualified_invoke_arn": "arn:aws:apigateway:us-east-1:lambda:path/2015-03-31/functions/arn:aws:lambda:us-east-1:446242970357:function:hospital-boxes-dev-agenda-events-handler:$LATEST/invocations",
            "region": "us-east-1",
            "replace_security_groups_on_destroy": null,
            "replacement_security_group_ids": null,
            "reserved_concurrent_executions": -1,
            "role": "arn:aws:iam::446242970357:role/LabRole",
            "runtime": "nodejs18.x",
            "s3_bucket": "hospital-boxes-lambda-code-htbyqwm2",
            "s3_key": "lambda.zip",
            "s3_object_version": null,
            "signing_job_arn": "",
            "signing_profile_version_arn": "",
            "skip_destroy": false,
            "snap_start": [],
            "source_code_hash": "zRc9ylJJmXSXVdJDXa67qUgl3luQY8VN65qCyahnBoo=",
            "source_code_size": 83524649,
            "source_kms_key_arn": "",
            "tags": {
              "Course": "Arquitectura de Sistemas",
              "Environment": "dev",
              "ManagedBy": "Terraform",
              "Name": "hospital-boxes-agenda-events-handler",
              "Project": "Hospital Boxes Visualization",
              "Team": "DevOps",
              "University": "UDD"
            },
            "tags_all": {
              "Course": "Arquitectura de Sistemas",
              "Environment": "dev",
              "ManagedBy": "Terraform",
              "Name": "hospital-boxes-agenda-events-handler",
              "Project": "Hospital Boxes Visualization",
              "Team": "DevOps",
              "University": "UDD"
            },
            "timeout": 30,
            "timeouts": null,
            "tracing_config": [
              {
                "mode": "PassThrough"
              }
            ],
            "version": "$LATEST",
            "vpc_config": []
          },
          "sensitive_attributes": [],
          "identity_schema_version": 0,
          "identity": {
            "account_id": "446242970357",
            "function_name": "hospital-boxes-dev-agenda-events-handler",
            "region": "us-east-1"
          },
          "private": "eyJlMmJmYjczMC1lY2FhLTExZTYtOGY4OC0zNDM2M2JjN2M0YzAiOnsiY3JlYXRlIjo2MDAwMDAwMDAwMDAsImRlbGV0ZSI6NjAwMDAwMDAwMDAwLCJ1cGRhdGUiOjYwMDAwMDAwMDAwMH19",
          "dependencies": [
            "aws_dynamodb_table.main",
            "aws_s3_bucket.lambda_bucket",
            "aws_s3_object.lambda_code",
            "aws_sns_topic.box_events",
            "aws_sns_topic.notifications",
            "data.archive_file.lambda_zip",
            "data.aws_iam_role.lab_role",
            "random_string.suffix"
          ]
        }
      ]
    },
    {
      "mode": "managed",
      "type": "aws_lambda_function",
      "name": "api",
      "provider": "provider[\"registry.terraform.io/hashicorp/aws\"]",
      "instances": [
        {
          "schema_version": 0,
          "attributes": {
            "architectures": [
              "x86_64"
            ],
            "arn": "arn:aws:lambda:us-east-1:446242970357:function:hospital-boxes-api",
            "code_sha256": "zRc9ylJJmXSXVdJDXa67qUgl3luQY8VN65qCyahnBoo=",
            "code_signing_config_arn": "",
            "dead_letter_config": [],
            "description": "",
            "environment": [],
            "ephemeral_storage": [
              {
                "size": 512
              }
            ],
            "file_system_config": [],
            "filename": null,
            "function_name": "hospital-boxes-api",
            "handler": "src/index.handler",
            "id": "hospital-boxes-api",
            "image_config": [],
            "image_uri": "",
            "invoke_arn": "arn:aws:apigateway:us-east-1:lambda:path/2015-03-31/functions/arn:aws:lambda:us-east-1:446242970357:function:hospital-boxes-api/invocations",
            "kms_key_arn": "",
            "last_modified": "2025-11-08T02:16:36.525+0000",
            "layers": null,
            "logging_config": [
              {
                "application_log_level": "",
                "log_format": "Text",
                "log_group": "/aws/lambda/hospital-boxes-api",
                "system_log_level": ""
              }
            ],
            "memory_size": 256,
            "package_type": "Zip",
            "publish": false,
            "qualified_arn": "arn:aws:lambda:us-east-1:446242970357:function:hospital-boxes-api:$LATEST",
            "qualified_invoke_arn": "arn:aws:apigateway:us-east-1:lambda:path/2015-03-31/functions/arn:aws:lambda:us-east-1:446242970357:function:hospital-boxes-api:$LATEST/invocations",
            "region": "us-east-1",
            "replace_security_groups_on_destroy": null,
            "replacement_security_group_ids": null,
            "reserved_concurrent_executions": -1,
            "role": "arn:aws:iam::446242970357:role/LabRole",
            "runtime": "nodejs18.x",
            "s3_bucket": "hospital-boxes-lambda-code-htbyqwm2",
            "s3_key": "lambda.zip",
            "s3_object_version": null,
            "signing_job_arn": "",
            "signing_profile_version_arn": "",
            "skip_destroy": false,
            "snap_start": [],
            "source_code_hash": "zRc9ylJJmXSXVdJDXa67qUgl3luQY8VN65qCyahnBoo=",
            "source_code_size": 83524649,
            "source_kms_key_arn": "",
            "tags": {
              "Name": "hospital-boxes-lambda"
            },
            "tags_all": {
              "Name": "hospital-boxes-lambda"
            },
            "timeout": 30,
            "timeouts": null,
            "tracing_config": [
              {
                "mode": "PassThrough"
              }
            ],
            "version": "$LATEST",
            "vpc_config": []
          },
          "sensitive_attributes": [],
          "identity_schema_version": 0,
          "identity": {
            "account_id": "446242970357",
            "function_name": "hospital-boxes-api",
            "region": "us-east-1"
          },
          "private": "eyJlMmJmYjczMC1lY2FhLTExZTYtOGY4OC0zNDM2M2JjN2M0YzAiOnsiY3JlYXRlIjo2MDAwMDAwMDAwMDAsImRlbGV0ZSI6NjAwMDAwMDAwMDAwLCJ1cGRhdGUiOjYwMDAwMDAwMDAwMH19",
          "dependencies": [
            "aws_s3_bucket.lambda_bucket",
            "aws_s3_object.lambda_code",
            "data.archive_file.lambda_zip",
            "data.aws_iam_role.lab_role",
            "random_string.suffix"
          ]
        }
      ]
    },
    {
      "mode": "managed",
      "type": "aws_lambda_function",
      "name": "create_agenda",
      "provider": "provider[\"registry.terraform.io/hashicorp/aws\"]",
      "instances": [
        {
          "schema_version": 0,
          "attributes": {
            "architectures": [
              "x86_64"
            ],
            "arn": "arn:aws:lambda:us-east-1:446242970357:function:hospital-boxes-dev-create-agenda",
            "code_sha256": "zRc9ylJJmXSXVdJDXa67qUgl3luQY8VN65qCyahnBoo=",
            "code_signing_config_arn": "",
            "dead_letter_config": [],
            "description": "",
            "environment": [
              {
                "variables": {
                  "DYNAMODB_TABLE": "HospitalData",
                  "HOSPITAL_DATA_TABLE": "HospitalData"
                }
              }
            ],
            "ephemeral_storage": [
              {
                "size": 512
              }
            ],
            "file_system_config": [],
            "filename": null,
            "function_name": "hospital-boxes-dev-create-agenda",
            "handler": "src/handlers/agendas.createAgenda",
            "id": "hospital-boxes-dev-create-agenda",
            "image_config": [],
            "image_uri": "",
            "invoke_arn": "arn:aws:apigateway:us-east-1:lambda:path/2015-03-31/functions/arn:aws:lambda:us-east-1:446242970357:function:hospital-boxes-dev-create-agenda/invocations",
            "kms_key_arn": "",
            "last_modified": "2025-11-08T02:16:50.500+0000",
            "layers": null,
            "logging_config": [
              {
                "application_log_level": "",
                "log_format": "Text",
                "log_group": "/aws/lambda/hospital-boxes-dev-create-agenda",
                "system_log_level": ""
              }
            ],
            "memory_size": 512,
            "package_type": "Zip",
            "publish": false,
            "qualified_arn": "arn:aws:lambda:us-east-1:446242970357:function:hospital-boxes-dev-create-agenda:$LATEST",
            "qualified_invoke_arn": "arn:aws:apigateway:us-east-1:lambda:path/2015-03-31/functions/arn:aws:lambda:us-east-1:446242970357:function:hospital-boxes-dev-create-agenda:$LATEST/invocations",
            "region": "us-east-1",
            "replace_security_groups_on_destroy": null,
            "replacement_security_group_ids": null,
            "reserved_concurrent_executions": -1,
            "role": "arn:aws:iam::446242970357:role/LabRole",
            "runtime": "nodejs18.x",
            "s3_bucket": "hospital-boxes-lambda-code-htbyqwm2",
            "s3_key": "lambda.zip",
            "s3_object_version": null,
            "signing_job_arn": "",
            "signing_profile_version_arn": "",
            "skip_destroy": false,
            "snap_start": [],
            "source_code_hash": "zRc9ylJJmXSXVdJDXa67qUgl3luQY8VN65qCyahnBoo=",
            "source_code_size": 83524649,
            "source_kms_key_arn": "",
            "tags": null,
            "tags_all": {},
            "timeout": 30,
            "timeouts": null,
            "tracing_config": [
              {
                "mode": "PassThrough"
              }
            ],
            "version": "$LATEST",
            "vpc_config": []
          },
          "sensitive_attributes": [],
          "identity_schema_version": 0,
          "identity": {
            "account_id": "446242970357",
            "function_name": "hospital-boxes-dev-create-agenda",
            "region": "us-east-1"
          },
          "private": "eyJlMmJmYjczMC1lY2FhLTExZTYtOGY4OC0zNDM2M2JjN2M0YzAiOnsiY3JlYXRlIjo2MDAwMDAwMDAwMDAsImRlbGV0ZSI6NjAwMDAwMDAwMDAwLCJ1cGRhdGUiOjYwMDAwMDAwMDAwMH19",
          "dependencies": [
            "aws_dynamodb_table.main",
            "aws_s3_bucket.lambda_bucket",
            "aws_s3_object.lambda_code",
            "data.archive_file.lambda_zip",
            "data.aws_iam_role.lab_role",
            "random_string.suffix"
          ]
        }
      ]
    },
    {
      "mode": "managed",
      "type": "aws_lambda_function",
      "name": "get_agendas",
      "provider": "provider[\"registry.terraform.io/hashicorp/aws\"]",
      "instances": [
        {
          "schema_version": 0,
          "attributes": {
            "architectures": [
              "x86_64"
            ],
            "arn": "arn:aws:lambda:us-east-1:446242970357:function:hospital-boxes-dev-get-agendas",
            "code_sha256": "zRc9ylJJmXSXVdJDXa67qUgl3luQY8VN65qCyahnBoo=",
            "code_signing_config_arn": "",
            "dead_letter_config": [],
            "description": "",
            "environment": [
              {
                "variables": {
                  "DYNAMODB_TABLE": "HospitalData",
                  "HOSPITAL_DATA_TABLE": "HospitalData"
                }
              }
            ],
            "ephemeral_storage": [
              {
                "size": 512
              }
            ],
            "file_system_config": [],
            "filename": null,
            "function_name": "hospital-boxes-dev-get-agendas",
            "handler": "src/handlers/agendas.getAgendas",
            "id": "hospital-boxes-dev-get-agendas",
            "image_config": [],
            "image_uri": "",
            "invoke_arn": "arn:aws:apigateway:us-east-1:lambda:path/2015-03-31/functions/arn:aws:lambda:us-east-1:446242970357:function:hospital-boxes-dev-get-agendas/invocations",
            "kms_key_arn": "",
            "last_modified": "2025-11-08T02:16:50.748+0000",
            "layers": null,
            "logging_config": [
              {
                "application_log_level": "",
                "log_format": "Text",
                "log_group": "/aws/lambda/hospital-boxes-dev-get-agendas",
                "system_log_level": ""
              }
            ],
            "memory_size": 512,
            "package_type": "Zip",
            "publish": false,
            "qualified_arn": "arn:aws:lambda:us-east-1:446242970357:function:hospital-boxes-dev-get-agendas:$LATEST",
            "qualified_invoke_arn": "arn:aws:apigateway:us-east-1:lambda:path/2015-03-31/functions/arn:aws:lambda:us-east-1:446242970357:function:hospital-boxes-dev-get-agendas:$LATEST/invocations",
            "region": "us-east-1",
            "replace_security_groups_on_destroy": null,
            "replacement_security_group_ids": null,
            "reserved_concurrent_executions": -1,
            "role": "arn:aws:iam::446242970357:role/LabRole",
            "runtime": "nodejs18.x",
            "s3_bucket": "hospital-boxes-lambda-code-htbyqwm2",
            "s3_key": "lambda.zip",
            "s3_object_version": null,
            "signing_job_arn": "",
            "signing_profile_version_arn": "",
            "skip_destroy": false,
            "snap_start": [],
            "source_code_hash": "zRc9ylJJmXSXVdJDXa67qUgl3luQY8VN65qCyahnBoo=",
            "source_code_size": 83524649,
            "source_kms_key_arn": "",
            "tags": null,
            "tags_all": {},
            "timeout": 20,
            "timeouts": null,
            "tracing_config": [
              {
                "mode": "PassThrough"
              }
            ],
            "version": "$LATEST",
            "vpc_config": []
          },
          "sensitive_attributes": [],
          "identity_schema_version": 0,
          "identity": {
            "account_id": "446242970357",
            "function_name": "hospital-boxes-dev-get-agendas",
            "region": "us-east-1"
          },
          "private": "eyJlMmJmYjczMC1lY2FhLTExZTYtOGY4OC0zNDM2M2JjN2M0YzAiOnsiY3JlYXRlIjo2MDAwMDAwMDAwMDAsImRlbGV0ZSI6NjAwMDAwMDAwMDAwLCJ1cGRhdGUiOjYwMDAwMDAwMDAwMH19",
          "dependencies": [
            "aws_dynamodb_table.main",
            "aws_s3_bucket.lambda_bucket",
            "aws_s3_object.lambda_code",
            "data.archive_file.lambda_zip",
            "data.aws_iam_role.lab_role",
            "random_string.suffix"
          ]
        }
      ]
    },
    {
      "mode": "managed",
      "type": "aws_lambda_function",
      "name": "get_boxes",
      "provider": "provider[\"registry.terraform.io/hashicorp/aws\"]",
      "instances": [
        {
          "schema_version": 0,
          "attributes": {
            "architectures": [
              "x86_64"
            ],
            "arn": "arn:aws:lambda:us-east-1:446242970357:function:hospital-boxes-dev-get-boxes",
            "code_sha256": "zRc9ylJJmXSXVdJDXa67qUgl3luQY8VN65qCyahnBoo=",
            "code_signing_config_arn": "",
            "dead_letter_config": [],
            "description": "",
            "environment": [
              {
                "variables": {
                  "DYNAMODB_TABLE": "HospitalData",
                  "HOSPITAL_DATA_TABLE": "HospitalData"
                }
              }
            ],
            "ephemeral_storage": [
              {
                "size": 512
              }
            ],
            "file_system_config": [],
            "filename": null,
            "function_name": "hospital-boxes-dev-get-boxes",
            "handler": "src/handlers/boxes.getBoxes",
            "id": "hospital-boxes-dev-get-boxes",
            "image_config": [],
            "image_uri": "",
            "invoke_arn": "arn:aws:apigateway:us-east-1:lambda:path/2015-03-31/functions/arn:aws:lambda:us-east-1:446242970357:function:hospital-boxes-dev-get-boxes/invocations",
            "kms_key_arn": "",
            "last_modified": "2025-11-08T02:16:50.219+0000",
            "layers": null,
            "logging_config": [
              {
                "application_log_level": "",
                "log_format": "Text",
                "log_group": "/aws/lambda/hospital-boxes-dev-get-boxes",
                "system_log_level": ""
              }
            ],
            "memory_size": 512,
            "package_type": "Zip",
            "publish": false,
            "qualified_arn": "arn:aws:lambda:us-east-1:446242970357:function:hospital-boxes-dev-get-boxes:$LATEST",
            "qualified_invoke_arn": "arn:aws:apigateway:us-east-1:lambda:path/2015-03-31/functions/arn:aws:lambda:us-east-1:446242970357:function:hospital-boxes-dev-get-boxes:$LATEST/invocations",
            "region": "us-east-1",
            "replace_security_groups_on_destroy": null,
            "replacement_security_group_ids": null,
            "reserved_concurrent_executions": -1,
            "role": "arn:aws:iam::446242970357:role/LabRole",
            "runtime": "nodejs18.x",
            "s3_bucket": "hospital-boxes-lambda-code-htbyqwm2",
            "s3_key": "lambda.zip",
            "s3_object_version": null,
            "signing_job_arn": "",
            "signing_profile_version_arn": "",
            "skip_destroy": false,
            "snap_start": [],
            "source_code_hash": "zRc9ylJJmXSXVdJDXa67qUgl3luQY8VN65qCyahnBoo=",
            "source_code_size": 83524649,
            "source_kms_key_arn": "",
            "tags": null,
            "tags_all": {},
            "timeout": 20,
            "timeouts": null,
            "tracing_config": [
              {
                "mode": "PassThrough"
              }
            ],
            "version": "$LATEST",
            "vpc_config": []
          },
          "sensitive_attributes": [],
          "identity_schema_version": 0,
          "identity": {
            "account_id": "446242970357",
            "function_name": "hospital-boxes-dev-get-boxes",
            "region": "us-east-1"
          },
          "private": "eyJlMmJmYjczMC1lY2FhLTExZTYtOGY4OC0zNDM2M2JjN2M0YzAiOnsiY3JlYXRlIjo2MDAwMDAwMDAwMDAsImRlbGV0ZSI6NjAwMDAwMDAwMDAwLCJ1cGRhdGUiOjYwMDAwMDAwMDAwMH19",
          "dependencies": [
            "aws_dynamodb_table.main",
            "aws_s3_bucket.lambda_bucket",
            "aws_s3_object.lambda_code",
            "data.archive_file.lambda_zip",
            "data.aws_iam_role.lab_role",
            "random_string.suffix"
          ]
        }
      ]
    },
    {
      "mode": "managed",
      "type": "aws_lambda_function",
      "name": "get_client_config",
      "provider": "provider[\"registry.terraform.io/hashicorp/aws\"]",
      "instances": [
        {
          "schema_version": 0,
          "attributes": {
            "architectures": [
              "x86_64"
            ],
            "arn": "arn:aws:lambda:us-east-1:446242970357:function:hospital-boxes-dev-get-client-config",
            "code_sha256": "zRc9ylJJmXSXVdJDXa67qUgl3luQY8VN65qCyahnBoo=",
            "code_signing_config_arn": "",
            "dead_letter_config": [],
            "description": "",
            "environment": [
              {
                "variables": {
                  "HOSPITAL_DATA_TABLE": "HospitalData"
                }
              }
            ],
            "ephemeral_storage": [
              {
                "size": 512
              }
            ],
            "file_system_config": [],
            "filename": null,
            "function_name": "hospital-boxes-dev-get-client-config",
            "handler": "src/handlers/personalization.getClientConfig",
            "id": "hospital-boxes-dev-get-client-config",
            "image_config": [],
            "image_uri": "",
            "invoke_arn": "arn:aws:apigateway:us-east-1:lambda:path/2015-03-31/functions/arn:aws:lambda:us-east-1:446242970357:function:hospital-boxes-dev-get-client-config/invocations",
            "kms_key_arn": "",
            "last_modified": "2025-11-08T02:16:50.563+0000",
            "layers": null,
            "logging_config": [
              {
                "application_log_level": "",
                "log_format": "Text",
                "log_group": "/aws/lambda/hospital-boxes-dev-get-client-config",
                "system_log_level": ""
              }
            ],
            "memory_size": 256,
            "package_type": "Zip",
            "publish": false,
            "qualified_arn": "arn:aws:lambda:us-east-1:446242970357:function:hospital-boxes-dev-get-client-config:$LATEST",
            "qualified_invoke_arn": "arn:aws:apigateway:us-east-1:lambda:path/2015-03-31/functions/arn:aws:lambda:us-east-1:446242970357:function:hospital-boxes-dev-get-client-config:$LATEST/invocations",
            "region": "us-east-1",
            "replace_security_groups_on_destroy": null,
            "replacement_security_group_ids": null,
            "reserved_concurrent_executions": -1,
            "role": "arn:aws:iam::446242970357:role/LabRole",
            "runtime": "nodejs18.x",
            "s3_bucket": "hospital-boxes-lambda-code-htbyqwm2",
            "s3_key": "lambda.zip",
            "s3_object_version": null,
            "signing_job_arn": "",
            "signing_profile_version_arn": "",
            "skip_destroy": false,
            "snap_start": [],
            "source_code_hash": "zRc9ylJJmXSXVdJDXa67qUgl3luQY8VN65qCyahnBoo=",
            "source_code_size": 83524649,
            "source_kms_key_arn": "",
            "tags": null,
            "tags_all": {},
            "timeout": 10,
            "timeouts": null,
            "tracing_config": [
              {
                "mode": "PassThrough"
              }
            ],
            "version": "$LATEST",
            "vpc_config": []
          },
          "sensitive_attributes": [],
          "identity_schema_version": 0,
          "identity": {
            "account_id": "446242970357",
            "function_name": "hospital-boxes-dev-get-client-config",
            "region": "us-east-1"
          },
          "private": "eyJlMmJmYjczMC1lY2FhLTExZTYtOGY4OC0zNDM2M2JjN2M0YzAiOnsiY3JlYXRlIjo2MDAwMDAwMDAwMDAsImRlbGV0ZSI6NjAwMDAwMDAwMDAwLCJ1cGRhdGUiOjYwMDAwMDAwMDAwMH19",
          "dependencies": [
            "aws_dynamodb_table.main",
            "aws_s3_bucket.lambda_bucket",
            "aws_s3_object.lambda_code",
            "data.archive_file.lambda_zip",
            "data.aws_iam_role.lab_role",
            "random_string.suffix"
          ]
        }
      ]
    },
    {
      "mode": "managed",
      "type": "aws_lambda_function",
      "name": "get_pasillos",
      "provider": "provider[\"registry.terraform.io/hashicorp/aws\"]",
      "instances": [
        {
          "schema_version": 0,
          "attributes": {
            "architectures": [
              "x86_64"
            ],
            "arn": "arn:aws:lambda:us-east-1:446242970357:function:hospital-boxes-dev-get-pasillos",
            "code_sha256": "zRc9ylJJmXSXVdJDXa67qUgl3luQY8VN65qCyahnBoo=",
            "code_signing_config_arn": "",
            "dead_letter_config": [],
            "description": "",
            "environment": [
              {
                "variables": {
                  "DYNAMODB_TABLE": "HospitalData",
                  "HOSPITAL_DATA_TABLE": "HospitalData"
                }
              }
            ],
            "ephemeral_storage": [
              {
                "size": 512
              }
            ],
            "file_system_config": [],
            "filename": null,
            "function_name": "hospital-boxes-dev-get-pasillos",
            "handler": "src/handlers/pasillos.getPasillos",
            "id": "hospital-boxes-dev-get-pasillos",
            "image_config": [],
            "image_uri": "",
            "invoke_arn": "arn:aws:apigateway:us-east-1:lambda:path/2015-03-31/functions/arn:aws:lambda:us-east-1:446242970357:function:hospital-boxes-dev-get-pasillos/invocations",
            "kms_key_arn": "",
            "last_modified": "2025-11-08T02:16:50.921+0000",
            "layers": null,
            "logging_config": [
              {
                "application_log_level": "",
                "log_format": "Text",
                "log_group": "/aws/lambda/hospital-boxes-dev-get-pasillos",
                "system_log_level": ""
              }
            ],
            "memory_size": 256,
            "package_type": "Zip",
            "publish": false,
            "qualified_arn": "arn:aws:lambda:us-east-1:446242970357:function:hospital-boxes-dev-get-pasillos:$LATEST",
            "qualified_invoke_arn": "arn:aws:apigateway:us-east-1:lambda:path/2015-03-31/functions/arn:aws:lambda:us-east-1:446242970357:function:hospital-boxes-dev-get-pasillos:$LATEST/invocations",
            "region": "us-east-1",
            "replace_security_groups_on_destroy": null,
            "replacement_security_group_ids": null,
            "reserved_concurrent_executions": -1,
            "role": "arn:aws:iam::446242970357:role/LabRole",
            "runtime": "nodejs18.x",
            "s3_bucket": "hospital-boxes-lambda-code-htbyqwm2",
            "s3_key": "lambda.zip",
            "s3_object_version": null,
            "signing_job_arn": "",
            "signing_profile_version_arn": "",
            "skip_destroy": false,
            "snap_start": [],
            "source_code_hash": "zRc9ylJJmXSXVdJDXa67qUgl3luQY8VN65qCyahnBoo=",
            "source_code_size": 83524649,
            "source_kms_key_arn": "",
            "tags": null,
            "tags_all": {},
            "timeout": 10,
            "timeouts": null,
            "tracing_config": [
              {
                "mode": "PassThrough"
              }
            ],
            "version": "$LATEST",
            "vpc_config": []
          },
          "sensitive_attributes": [],
          "identity_schema_version": 0,
          "identity": {
            "account_id": "446242970357",
            "function_name": "hospital-boxes-dev-get-pasillos",
            "region": "us-east-1"
          },
          "private": "eyJlMmJmYjczMC1lY2FhLTExZTYtOGY4OC0zNDM2M2JjN2M0YzAiOnsiY3JlYXRlIjo2MDAwMDAwMDAwMDAsImRlbGV0ZSI6NjAwMDAwMDAwMDAwLCJ1cGRhdGUiOjYwMDAwMDAwMDAwMH19",
          "dependencies": [
            "aws_dynamodb_table.main",
            "aws_s3_bucket.lambda_bucket",
            "aws_s3_object.lambda_code",
            "data.archive_file.lambda_zip",
            "data.aws_iam_role.lab_role",
            "random_string.suffix"
          ]
        }
      ]
    },
    {
      "mode": "managed",
      "type": "aws_lambda_function",
      "name": "list_clients",
      "provider": "provider[\"registry.terraform.io/hashicorp/aws\"]",
      "instances": [
        {
          "schema_version": 0,
          "attributes": {
            "architectures": [
              "x86_64"
            ],
            "arn": "arn:aws:lambda:us-east-1:446242970357:function:hospital-boxes-dev-list-clients",
            "code_sha256": "zRc9ylJJmXSXVdJDXa67qUgl3luQY8VN65qCyahnBoo=",
            "code_signing_config_arn": "",
            "dead_letter_config": [],
            "description": "",
            "environment": [
              {
                "variables": {
                  "HOSPITAL_DATA_TABLE": "HospitalData"
                }
              }
            ],
            "ephemeral_storage": [
              {
                "size": 512
              }
            ],
            "file_system_config": [],
            "filename": null,
            "function_name": "hospital-boxes-dev-list-clients",
            "handler": "src/handlers/personalization.listClients",
            "id": "hospital-boxes-dev-list-clients",
            "image_config": [],
            "image_uri": "",
            "invoke_arn": "arn:aws:apigateway:us-east-1:lambda:path/2015-03-31/functions/arn:aws:lambda:us-east-1:446242970357:function:hospital-boxes-dev-list-clients/invocations",
            "kms_key_arn": "",
            "last_modified": "2025-11-08T02:16:50.167+0000",
            "layers": null,
            "logging_config": [
              {
                "application_log_level": "",
                "log_format": "Text",
                "log_group": "/aws/lambda/hospital-boxes-dev-list-clients",
                "system_log_level": ""
              }
            ],
            "memory_size": 256,
            "package_type": "Zip",
            "publish": false,
            "qualified_arn": "arn:aws:lambda:us-east-1:446242970357:function:hospital-boxes-dev-list-clients:$LATEST",
            "qualified_invoke_arn": "arn:aws:apigateway:us-east-1:lambda:path/2015-03-31/functions/arn:aws:lambda:us-east-1:446242970357:function:hospital-boxes-dev-list-clients:$LATEST/invocations",
            "region": "us-east-1",
            "replace_security_groups_on_destroy": null,
            "replacement_security_group_ids": null,
            "reserved_concurrent_executions": -1,
            "role": "arn:aws:iam::446242970357:role/LabRole",
            "runtime": "nodejs18.x",
            "s3_bucket": "hospital-boxes-lambda-code-htbyqwm2",
            "s3_key": "lambda.zip",
            "s3_object_version": null,
            "signing_job_arn": "",
            "signing_profile_version_arn": "",
            "skip_destroy": false,
            "snap_start": [],
            "source_code_hash": "zRc9ylJJmXSXVdJDXa67qUgl3luQY8VN65qCyahnBoo=",
            "source_code_size": 83524649,
            "source_kms_key_arn": "",
            "tags": null,
            "tags_all": {},
            "timeout": 10,
            "timeouts": null,
            "tracing_config": [
              {
                "mode": "PassThrough"
              }
            ],
            "version": "$LATEST",
            "vpc_config": []
          },
          "sensitive_attributes": [],
          "identity_schema_version": 0,
          "identity": {
            "account_id": "446242970357",
            "function_name": "hospital-boxes-dev-list-clients",
            "region": "us-east-1"
          },
          "private": "eyJlMmJmYjczMC1lY2FhLTExZTYtOGY4OC0zNDM2M2JjN2M0YzAiOnsiY3JlYXRlIjo2MDAwMDAwMDAwMDAsImRlbGV0ZSI6NjAwMDAwMDAwMDAwLCJ1cGRhdGUiOjYwMDAwMDAwMDAwMH19",
          "dependencies": [
            "aws_dynamodb_table.main",
            "aws_s3_bucket.lambda_bucket",
            "aws_s3_object.lambda_code",
            "data.archive_file.lambda_zip",
            "data.aws_iam_role.lab_role",
            "random_string.suffix"
          ]
        }
      ]
    },
    {
      "mode": "managed",
      "type": "aws_lambda_function",
      "name": "login",
      "provider": "provider[\"registry.terraform.io/hashicorp/aws\"]",
      "instances": [
        {
          "schema_version": 0,
          "attributes": {
            "architectures": [
              "x86_64"
            ],
            "arn": "arn:aws:lambda:us-east-1:446242970357:function:hospital-boxes-dev-login",
            "code_sha256": "zRc9ylJJmXSXVdJDXa67qUgl3luQY8VN65qCyahnBoo=",
            "code_signing_config_arn": "",
            "dead_letter_config": [],
            "description": "",
            "environment": [
              {
                "variables": {
                  "DYNAMODB_TABLE": "HospitalData",
                  "HOSPITAL_DATA_TABLE": "HospitalData",
                  "USER_POOL_CLIENT_ID": "46d0qi0hb666g6b79prq7gjc8m"
                }
              }
            ],
            "ephemeral_storage": [
              {
                "size": 512
              }
            ],
            "file_system_config": [],
            "filename": null,
            "function_name": "hospital-boxes-dev-login",
            "handler": "src/handlers/auth.login",
            "id": "hospital-boxes-dev-login",
            "image_config": [],
            "image_uri": "",
            "invoke_arn": "arn:aws:apigateway:us-east-1:lambda:path/2015-03-31/functions/arn:aws:lambda:us-east-1:446242970357:function:hospital-boxes-dev-login/invocations",
            "kms_key_arn": "",
            "last_modified": "2025-11-08T02:16:50.317+0000",
            "layers": null,
            "logging_config": [
              {
                "application_log_level": "",
                "log_format": "Text",
                "log_group": "/aws/lambda/hospital-boxes-dev-login",
                "system_log_level": ""
              }
            ],
            "memory_size": 256,
            "package_type": "Zip",
            "publish": false,
            "qualified_arn": "arn:aws:lambda:us-east-1:446242970357:function:hospital-boxes-dev-login:$LATEST",
            "qualified_invoke_arn": "arn:aws:apigateway:us-east-1:lambda:path/2015-03-31/functions/arn:aws:lambda:us-east-1:446242970357:function:hospital-boxes-dev-login:$LATEST/invocations",
            "region": "us-east-1",
            "replace_security_groups_on_destroy": null,
            "replacement_security_group_ids": null,
            "reserved_concurrent_executions": -1,
            "role": "arn:aws:iam::446242970357:role/LabRole",
            "runtime": "nodejs18.x",
            "s3_bucket": "hospital-boxes-lambda-code-htbyqwm2",
            "s3_key": "lambda.zip",
            "s3_object_version": null,
            "signing_job_arn": "",
            "signing_profile_version_arn": "",
            "skip_destroy": false,
            "snap_start": [],
            "source_code_hash": "zRc9ylJJmXSXVdJDXa67qUgl3luQY8VN65qCyahnBoo=",
            "source_code_size": 83524649,
            "source_kms_key_arn": "",
            "tags": null,
            "tags_all": {},
            "timeout": 10,
            "timeouts": null,
            "tracing_config": [
              {
                "mode": "PassThrough"
              }
            ],
            "version": "$LATEST",
            "vpc_config": []
          },
          "sensitive_attributes": [],
          "identity_schema_version": 0,
          "identity": {
            "account_id": "446242970357",
            "function_name": "hospital-boxes-dev-login",
            "region": "us-east-1"
          },
          "private": "eyJlMmJmYjczMC1lY2FhLTExZTYtOGY4OC0zNDM2M2JjN2M0YzAiOnsiY3JlYXRlIjo2MDAwMDAwMDAwMDAsImRlbGV0ZSI6NjAwMDAwMDAwMDAwLCJ1cGRhdGUiOjYwMDAwMDAwMDAwMH19",
          "dependencies": [
            "aws_cognito_user_pool.main",
            "aws_cognito_user_pool_client.main",
            "aws_dynamodb_table.main",
            "aws_s3_bucket.lambda_bucket",
            "aws_s3_object.lambda_code",
            "data.archive_file.lambda_zip",
            "data.aws_iam_role.lab_role",
            "random_string.suffix"
          ]
        }
      ]
    },
    {
      "mode": "managed",
      "type": "aws_lambda_function",
      "name": "me",
      "provider": "provider[\"registry.terraform.io/hashicorp/aws\"]",
      "instances": [
        {
          "schema_version": 0,
          "attributes": {
            "architectures": [
              "x86_64"
            ],
            "arn": "arn:aws:lambda:us-east-1:446242970357:function:hospital-boxes-dev-me",
            "code_sha256": "zRc9ylJJmXSXVdJDXa67qUgl3luQY8VN65qCyahnBoo=",
            "code_signing_config_arn": "",
            "dead_letter_config": [],
            "description": "",
            "environment": [],
            "ephemeral_storage": [
              {
                "size": 512
              }
            ],
            "file_system_config": [],
            "filename": null,
            "function_name": "hospital-boxes-dev-me",
            "handler": "src/handlers/auth.me",
            "id": "hospital-boxes-dev-me",
            "image_config": [],
            "image_uri": "",
            "invoke_arn": "arn:aws:apigateway:us-east-1:lambda:path/2015-03-31/functions/arn:aws:lambda:us-east-1:446242970357:function:hospital-boxes-dev-me/invocations",
            "kms_key_arn": "",
            "last_modified": "2025-11-08T02:16:36.522+0000",
            "layers": null,
            "logging_config": [
              {
                "application_log_level": "",
                "log_format": "Text",
                "log_group": "/aws/lambda/hospital-boxes-dev-me",
                "system_log_level": ""
              }
            ],
            "memory_size": 128,
            "package_type": "Zip",
            "publish": false,
            "qualified_arn": "arn:aws:lambda:us-east-1:446242970357:function:hospital-boxes-dev-me:$LATEST",
            "qualified_invoke_arn": "arn:aws:apigateway:us-east-1:lambda:path/2015-03-31/functions/arn:aws:lambda:us-east-1:446242970357:function:hospital-boxes-dev-me:$LATEST/invocations",
            "region": "us-east-1",
            "replace_security_groups_on_destroy": null,
            "replacement_security_group_ids": null,
            "reserved_concurrent_executions": -1,
            "role": "arn:aws:iam::446242970357:role/LabRole",
            "runtime": "nodejs18.x",
            "s3_bucket": "hospital-boxes-lambda-code-htbyqwm2",
            "s3_key": "lambda.zip",
            "s3_object_version": null,
            "signing_job_arn": "",
            "signing_profile_version_arn": "",
            "skip_destroy": false,
            "snap_start": [],
            "source_code_hash": "zRc9ylJJmXSXVdJDXa67qUgl3luQY8VN65qCyahnBoo=",
            "source_code_size": 83524649,
            "source_kms_key_arn": "",
            "tags": null,
            "tags_all": {},
            "timeout": 5,
            "timeouts": null,
            "tracing_config": [
              {
                "mode": "PassThrough"
              }
            ],
            "version": "$LATEST",
            "vpc_config": []
          },
          "sensitive_attributes": [],
          "identity_schema_version": 0,
          "identity": {
            "account_id": "446242970357",
            "function_name": "hospital-boxes-dev-me",
            "region": "us-east-1"
          },
          "private": "eyJlMmJmYjczMC1lY2FhLTExZTYtOGY4OC0zNDM2M2JjN2M0YzAiOnsiY3JlYXRlIjo2MDAwMDAwMDAwMDAsImRlbGV0ZSI6NjAwMDAwMDAwMDAwLCJ1cGRhdGUiOjYwMDAwMDAwMDAwMH19",
          "dependencies": [
            "aws_s3_bucket.lambda_bucket",
            "aws_s3_object.lambda_code",
            "data.archive_file.lambda_zip",
            "data.aws_iam_role.lab_role",
            "random_string.suffix"
          ]
        }
      ]
    },
    {
      "mode": "managed",
      "type": "aws_lambda_function",
      "name": "notification_handler",
      "provider": "provider[\"registry.terraform.io/hashicorp/aws\"]",
      "instances": [
        {
          "schema_version": 0,
          "attributes": {
            "architectures": [
              "x86_64"
            ],
            "arn": "arn:aws:lambda:us-east-1:446242970357:function:hospital-boxes-dev-notification-handler",
            "code_sha256": "zRc9ylJJmXSXVdJDXa67qUgl3luQY8VN65qCyahnBoo=",
            "code_signing_config_arn": "",
            "dead_letter_config": [],
            "description": "",
            "environment": [
              {
                "variables": {
                  "DYNAMODB_TABLE": "HospitalData"
                }
              }
            ],
            "ephemeral_storage": [
              {
                "size": 512
              }
            ],
            "file_system_config": [],
            "filename": null,
            "function_name": "hospital-boxes-dev-notification-handler",
            "handler": "src/handlers/notification-handler.handleNotifications",
            "id": "hospital-boxes-dev-notification-handler",
            "image_config": [],
            "image_uri": "",
            "invoke_arn": "arn:aws:apigateway:us-east-1:lambda:path/2015-03-31/functions/arn:aws:lambda:us-east-1:446242970357:function:hospital-boxes-dev-notification-handler/invocations",
            "kms_key_arn": "",
            "last_modified": "2025-11-08T02:17:03.368+0000",
            "layers": null,
            "logging_config": [
              {
                "application_log_level": "",
                "log_format": "Text",
                "log_group": "/aws/lambda/hospital-boxes-dev-notification-handler",
                "system_log_level": ""
              }
            ],
            "memory_size": 256,
            "package_type": "Zip",
            "publish": false,
            "qualified_arn": "arn:aws:lambda:us-east-1:446242970357:function:hospital-boxes-dev-notification-handler:$LATEST",
            "qualified_invoke_arn": "arn:aws:apigateway:us-east-1:lambda:path/2015-03-31/functions/arn:aws:lambda:us-east-1:446242970357:function:hospital-boxes-dev-notification-handler:$LATEST/invocations",
            "region": "us-east-1",
            "replace_security_groups_on_destroy": null,
            "replacement_security_group_ids": null,
            "reserved_concurrent_executions": -1,
            "role": "arn:aws:iam::446242970357:role/LabRole",
            "runtime": "nodejs18.x",
            "s3_bucket": "hospital-boxes-lambda-code-htbyqwm2",
            "s3_key": "lambda.zip",
            "s3_object_version": null,
            "signing_job_arn": "",
            "signing_profile_version_arn": "",
            "skip_destroy": false,
            "snap_start": [],
            "source_code_hash": "zRc9ylJJmXSXVdJDXa67qUgl3luQY8VN65qCyahnBoo=",
            "source_code_size": 83524649,
            "source_kms_key_arn": "",
            "tags": {
              "Course": "Arquitectura de Sistemas",
              "Environment": "dev",
              "ManagedBy": "Terraform",
              "Name": "hospital-boxes-notification-handler",
              "Project": "Hospital Boxes Visualization",
              "Team": "DevOps",
              "University": "UDD"
            },
            "tags_all": {
              "Course": "Arquitectura de Sistemas",
              "Environment": "dev",
              "ManagedBy": "Terraform",
              "Name": "hospital-boxes-notification-handler",
              "Project": "Hospital Boxes Visualization",
              "Team": "DevOps",
              "University": "UDD"
            },
            "timeout": 30,
            "timeouts": null,
            "tracing_config": [
              {
                "mode": "PassThrough"
              }
            ],
            "version": "$LATEST",
            "vpc_config": []
          },
          "sensitive_attributes": [],
          "identity_schema_version": 0,
          "identity": {
            "account_id": "446242970357",
            "function_name": "hospital-boxes-dev-notification-handler",
            "region": "us-east-1"
          },
          "private": "eyJlMmJmYjczMC1lY2FhLTExZTYtOGY4OC0zNDM2M2JjN2M0YzAiOnsiY3JlYXRlIjo2MDAwMDAwMDAwMDAsImRlbGV0ZSI6NjAwMDAwMDAwMDAwLCJ1cGRhdGUiOjYwMDAwMDAwMDAwMH19",
          "dependencies": [
            "aws_dynamodb_table.main",
            "aws_s3_bucket.lambda_bucket",
            "aws_s3_object.lambda_code",
            "data.archive_file.lambda_zip",
            "data.aws_iam_role.lab_role",
            "random_string.suffix"
          ]
        }
      ]
    },
    {
      "mode": "managed",
      "type": "aws_lambda_function",
      "name": "refresh",
      "provider": "provider[\"registry.terraform.io/hashicorp/aws\"]",
      "instances": [
        {
          "schema_version": 0,
          "attributes": {
            "architectures": [
              "x86_64"
            ],
            "arn": "arn:aws:lambda:us-east-1:446242970357:function:hospital-boxes-dev-refresh",
            "code_sha256": "zRc9ylJJmXSXVdJDXa67qUgl3luQY8VN65qCyahnBoo=",
            "code_signing_config_arn": "",
            "dead_letter_config": [],
            "description": "",
            "environment": [
              {
                "variables": {
                  "USER_POOL_CLIENT_ID": "46d0qi0hb666g6b79prq7gjc8m"
                }
              }
            ],
            "ephemeral_storage": [
              {
                "size": 512
              }
            ],
            "file_system_config": [],
            "filename": null,
            "function_name": "hospital-boxes-dev-refresh",
            "handler": "src/handlers/auth.refresh",
            "id": "hospital-boxes-dev-refresh",
            "image_config": [],
            "image_uri": "",
            "invoke_arn": "arn:aws:apigateway:us-east-1:lambda:path/2015-03-31/functions/arn:aws:lambda:us-east-1:446242970357:function:hospital-boxes-dev-refresh/invocations",
            "kms_key_arn": "",
            "last_modified": "2025-11-08T02:16:36.513+0000",
            "layers": null,
            "logging_config": [
              {
                "application_log_level": "",
                "log_format": "Text",
                "log_group": "/aws/lambda/hospital-boxes-dev-refresh",
                "system_log_level": ""
              }
            ],
            "memory_size": 256,
            "package_type": "Zip",
            "publish": false,
            "qualified_arn": "arn:aws:lambda:us-east-1:446242970357:function:hospital-boxes-dev-refresh:$LATEST",
            "qualified_invoke_arn": "arn:aws:apigateway:us-east-1:lambda:path/2015-03-31/functions/arn:aws:lambda:us-east-1:446242970357:function:hospital-boxes-dev-refresh:$LATEST/invocations",
            "region": "us-east-1",
            "replace_security_groups_on_destroy": null,
            "replacement_security_group_ids": null,
            "reserved_concurrent_executions": -1,
            "role": "arn:aws:iam::446242970357:role/LabRole",
            "runtime": "nodejs18.x",
            "s3_bucket": "hospital-boxes-lambda-code-htbyqwm2",
            "s3_key": "lambda.zip",
            "s3_object_version": null,
            "signing_job_arn": "",
            "signing_profile_version_arn": "",
            "skip_destroy": false,
            "snap_start": [],
            "source_code_hash": "zRc9ylJJmXSXVdJDXa67qUgl3luQY8VN65qCyahnBoo=",
            "source_code_size": 83524649,
            "source_kms_key_arn": "",
            "tags": null,
            "tags_all": {},
            "timeout": 10,
            "timeouts": null,
            "tracing_config": [
              {
                "mode": "PassThrough"
              }
            ],
            "version": "$LATEST",
            "vpc_config": []
          },
          "sensitive_attributes": [],
          "identity_schema_version": 0,
          "identity": {
            "account_id": "446242970357",
            "function_name": "hospital-boxes-dev-refresh",
            "region": "us-east-1"
          },
          "private": "eyJlMmJmYjczMC1lY2FhLTExZTYtOGY4OC0zNDM2M2JjN2M0YzAiOnsiY3JlYXRlIjo2MDAwMDAwMDAwMDAsImRlbGV0ZSI6NjAwMDAwMDAwMDAwLCJ1cGRhdGUiOjYwMDAwMDAwMDAwMH19",
          "dependencies": [
            "aws_cognito_user_pool.main",
            "aws_cognito_user_pool_client.main",
            "aws_s3_bucket.lambda_bucket",
            "aws_s3_object.lambda_code",
            "data.archive_file.lambda_zip",
            "data.aws_iam_role.lab_role",
            "random_string.suffix"
          ]
        }
      ]
    },
    {
      "mode": "managed",
      "type": "aws_lambda_function",
      "name": "setup_test_users",
      "provider": "provider[\"registry.terraform.io/hashicorp/aws\"]",
      "instances": [
        {
          "schema_version": 0,
          "attributes": {
            "architectures": [
              "x86_64"
            ],
            "arn": "arn:aws:lambda:us-east-1:446242970357:function:hospital-boxes-dev-setup-test-users",
            "code_sha256": "zRc9ylJJmXSXVdJDXa67qUgl3luQY8VN65qCyahnBoo=",
            "code_signing_config_arn": "",
            "dead_letter_config": [],
            "description": "",
            "environment": [
              {
                "variables": {
                  "COGNITO_USER_POOL_ID": "us-east-1_9kV8gDkDE"
                }
              }
            ],
            "ephemeral_storage": [
              {
                "size": 512
              }
            ],
            "file_system_config": [],
            "filename": null,
            "function_name": "hospital-boxes-dev-setup-test-users",
            "handler": "src/handlers/setup-test-users.handler",
            "id": "hospital-boxes-dev-setup-test-users",
            "image_config": [],
            "image_uri": "",
            "invoke_arn": "arn:aws:apigateway:us-east-1:lambda:path/2015-03-31/functions/arn:aws:lambda:us-east-1:446242970357:function:hospital-boxes-dev-setup-test-users/invocations",
            "kms_key_arn": "",
            "last_modified": "2025-11-08T02:16:36.543+0000",
            "layers": null,
            "logging_config": [
              {
                "application_log_level": "",
                "log_format": "Text",
                "log_group": "/aws/lambda/hospital-boxes-dev-setup-test-users",
                "system_log_level": ""
              }
            ],
            "memory_size": 256,
            "package_type": "Zip",
            "publish": false,
            "qualified_arn": "arn:aws:lambda:us-east-1:446242970357:function:hospital-boxes-dev-setup-test-users:$LATEST",
            "qualified_invoke_arn": "arn:aws:apigateway:us-east-1:lambda:path/2015-03-31/functions/arn:aws:lambda:us-east-1:446242970357:function:hospital-boxes-dev-setup-test-users:$LATEST/invocations",
            "region": "us-east-1",
            "replace_security_groups_on_destroy": null,
            "replacement_security_group_ids": null,
            "reserved_concurrent_executions": -1,
            "role": "arn:aws:iam::446242970357:role/LabRole",
            "runtime": "nodejs18.x",
            "s3_bucket": "hospital-boxes-lambda-code-htbyqwm2",
            "s3_key": "lambda.zip",
            "s3_object_version": null,
            "signing_job_arn": "",
            "signing_profile_version_arn": "",
            "skip_destroy": false,
            "snap_start": [],
            "source_code_hash": "zRc9ylJJmXSXVdJDXa67qUgl3luQY8VN65qCyahnBoo=",
            "source_code_size": 83524649,
            "source_kms_key_arn": "",
            "tags": {
              "Course": "Arquitectura de Sistemas",
              "Environment": "dev",
              "ManagedBy": "Terraform",
              "Name": "hospital-boxes-setup-test-users",
              "Project": "Hospital Boxes Visualization",
              "Team": "DevOps",
              "University": "UDD"
            },
            "tags_all": {
              "Course": "Arquitectura de Sistemas",
              "Environment": "dev",
              "ManagedBy": "Terraform",
              "Name": "hospital-boxes-setup-test-users",
              "Project": "Hospital Boxes Visualization",
              "Team": "DevOps",
              "University": "UDD"
            },
            "timeout": 300,
            "timeouts": null,
            "tracing_config": [
              {
                "mode": "PassThrough"
              }
            ],
            "version": "$LATEST",
            "vpc_config": []
          },
          "sensitive_attributes": [],
          "identity_schema_version": 0,
          "identity": {
            "account_id": "446242970357",
            "function_name": "hospital-boxes-dev-setup-test-users",
            "region": "us-east-1"
          },
          "private": "eyJlMmJmYjczMC1lY2FhLTExZTYtOGY4OC0zNDM2M2JjN2M0YzAiOnsiY3JlYXRlIjo2MDAwMDAwMDAwMDAsImRlbGV0ZSI6NjAwMDAwMDAwMDAwLCJ1cGRhdGUiOjYwMDAwMDAwMDAwMH19",
          "dependencies": [
            "aws_cognito_user_pool.main",
            "aws_s3_bucket.lambda_bucket",
            "aws_s3_object.lambda_code",
            "data.archive_file.lambda_zip",
            "data.aws_iam_role.lab_role",
            "random_string.suffix"
          ]
        }
      ]
    },
    {
      "mode": "managed",
      "type": "aws_lambda_function",
      "name": "update_client_config",
      "provider": "provider[\"registry.terraform.io/hashicorp/aws\"]",
      "instances": [
        {
          "schema_version": 0,
          "attributes": {
            "architectures": [
              "x86_64"
            ],
            "arn": "arn:aws:lambda:us-east-1:446242970357:function:hospital-boxes-dev-update-client-config",
            "code_sha256": "zRc9ylJJmXSXVdJDXa67qUgl3luQY8VN65qCyahnBoo=",
            "code_signing_config_arn": "",
            "dead_letter_config": [],
            "description": "",
            "environment": [
              {
                "variables": {
                  "HOSPITAL_DATA_TABLE": "HospitalData"
                }
              }
            ],
            "ephemeral_storage": [
              {
                "size": 512
              }
            ],
            "file_system_config": [],
            "filename": null,
            "function_name": "hospital-boxes-dev-update-client-config",
            "handler": "src/handlers/personalization.updateClientConfig",
            "id": "hospital-boxes-dev-update-client-config",
            "image_config": [],
            "image_uri": "",
            "invoke_arn": "arn:aws:apigateway:us-east-1:lambda:path/2015-03-31/functions/arn:aws:lambda:us-east-1:446242970357:function:hospital-boxes-dev-update-client-config/invocations",
            "kms_key_arn": "",
            "last_modified": "2025-11-08T02:16:50.520+0000",
            "layers": null,
            "logging_config": [
              {
                "application_log_level": "",
                "log_format": "Text",
                "log_group": "/aws/lambda/hospital-boxes-dev-update-client-config",
                "system_log_level": ""
              }
            ],
            "memory_size": 256,
            "package_type": "Zip",
            "publish": false,
            "qualified_arn": "arn:aws:lambda:us-east-1:446242970357:function:hospital-boxes-dev-update-client-config:$LATEST",
            "qualified_invoke_arn": "arn:aws:apigateway:us-east-1:lambda:path/2015-03-31/functions/arn:aws:lambda:us-east-1:446242970357:function:hospital-boxes-dev-update-client-config:$LATEST/invocations",
            "region": "us-east-1",
            "replace_security_groups_on_destroy": null,
            "replacement_security_group_ids": null,
            "reserved_concurrent_executions": -1,
            "role": "arn:aws:iam::446242970357:role/LabRole",
            "runtime": "nodejs18.x",
            "s3_bucket": "hospital-boxes-lambda-code-htbyqwm2",
            "s3_key": "lambda.zip",
            "s3_object_version": null,
            "signing_job_arn": "",
            "signing_profile_version_arn": "",
            "skip_destroy": false,
            "snap_start": [],
            "source_code_hash": "zRc9ylJJmXSXVdJDXa67qUgl3luQY8VN65qCyahnBoo=",
            "source_code_size": 83524649,
            "source_kms_key_arn": "",
            "tags": null,
            "tags_all": {},
            "timeout": 20,
            "timeouts": null,
            "tracing_config": [
              {
                "mode": "PassThrough"
              }
            ],
            "version": "$LATEST",
            "vpc_config": []
          },
          "sensitive_attributes": [],
          "identity_schema_version": 0,
          "identity": {
            "account_id": "446242970357",
            "function_name": "hospital-boxes-dev-update-client-config",
            "region": "us-east-1"
          },
          "private": "eyJlMmJmYjczMC1lY2FhLTExZTYtOGY4OC0zNDM2M2JjN2M0YzAiOnsiY3JlYXRlIjo2MDAwMDAwMDAwMDAsImRlbGV0ZSI6NjAwMDAwMDAwMDAwLCJ1cGRhdGUiOjYwMDAwMDAwMDAwMH19",
          "dependencies": [
            "aws_dynamodb_table.main",
            "aws_s3_bucket.lambda_bucket",
            "aws_s3_object.lambda_code",
            "data.archive_file.lambda_zip",
            "data.aws_iam_role.lab_role",
            "random_string.suffix"
          ]
        }
      ]
    },
    {
      "mode": "managed",
      "type": "aws_lambda_function",
      "name": "user_events_handler",
      "provider": "provider[\"registry.terraform.io/hashicorp/aws\"]",
      "instances": [
        {
          "schema_version": 0,
          "attributes": {
            "architectures": [
              "x86_64"
            ],
            "arn": "arn:aws:lambda:us-east-1:446242970357:function:hospital-boxes-dev-user-events-handler",
            "code_sha256": "zRc9ylJJmXSXVdJDXa67qUgl3luQY8VN65qCyahnBoo=",
            "code_signing_config_arn": "",
            "dead_letter_config": [],
            "description": "",
            "environment": [
              {
                "variables": {
                  "AGENDA_EVENTS_TOPIC_ARN": "arn:aws:sns:us-east-1:446242970357:hospital-agenda-events-dev",
                  "BOX_EVENTS_TOPIC_ARN": "arn:aws:sns:us-east-1:446242970357:hospital-box-events-dev",
                  "DYNAMODB_TABLE": "HospitalData",
                  "NOTIFICATIONS_TOPIC_ARN": "arn:aws:sns:us-east-1:446242970357:hospital-notifications-dev",
                  "USER_EVENTS_TOPIC_ARN": "arn:aws:sns:us-east-1:446242970357:hospital-user-events-dev"
                }
              }
            ],
            "ephemeral_storage": [
              {
                "size": 512
              }
            ],
            "file_system_config": [],
            "filename": null,
            "function_name": "hospital-boxes-dev-user-events-handler",
            "handler": "src/handlers/user-events-handler.handleUserEvents",
            "id": "hospital-boxes-dev-user-events-handler",
            "image_config": [],
            "image_uri": "",
            "invoke_arn": "arn:aws:apigateway:us-east-1:lambda:path/2015-03-31/functions/arn:aws:lambda:us-east-1:446242970357:function:hospital-boxes-dev-user-events-handler/invocations",
            "kms_key_arn": "",
            "last_modified": "2025-11-08T02:17:00.884+0000",
            "layers": null,
            "logging_config": [
              {
                "application_log_level": "",
                "log_format": "Text",
                "log_group": "/aws/lambda/hospital-boxes-dev-user-events-handler",
                "system_log_level": ""
              }
            ],
            "memory_size": 256,
            "package_type": "Zip",
            "publish": false,
            "qualified_arn": "arn:aws:lambda:us-east-1:446242970357:function:hospital-boxes-dev-user-events-handler:$LATEST",
            "qualified_invoke_arn": "arn:aws:apigateway:us-east-1:lambda:path/2015-03-31/functions/arn:aws:lambda:us-east-1:446242970357:function:hospital-boxes-dev-user-events-handler:$LATEST/invocations",
            "region": "us-east-1",
            "replace_security_groups_on_destroy": null,
            "replacement_security_group_ids": null,
            "reserved_concurrent_executions": -1,
            "role": "arn:aws:iam::446242970357:role/LabRole",
            "runtime": "nodejs18.x",
            "s3_bucket": "hospital-boxes-lambda-code-htbyqwm2",
            "s3_key": "lambda.zip",
            "s3_object_version": null,
            "signing_job_arn": "",
            "signing_profile_version_arn": "",
            "skip_destroy": false,
            "snap_start": [],
            "source_code_hash": "zRc9ylJJmXSXVdJDXa67qUgl3luQY8VN65qCyahnBoo=",
            "source_code_size": 83524649,
            "source_kms_key_arn": "",
            "tags": {
              "Course": "Arquitectura de Sistemas",
              "Environment": "dev",
              "ManagedBy": "Terraform",
              "Name": "hospital-boxes-user-events-handler",
              "Project": "Hospital Boxes Visualization",
              "Team": "DevOps",
              "University": "UDD"
            },
            "tags_all": {
              "Course": "Arquitectura de Sistemas",
              "Environment": "dev",
              "ManagedBy": "Terraform",
              "Name": "hospital-boxes-user-events-handler",
              "Project": "Hospital Boxes Visualization",
              "Team": "DevOps",
              "University": "UDD"
            },
            "timeout": 30,
            "timeouts": null,
            "tracing_config": [
              {
                "mode": "PassThrough"
              }
            ],
            "version": "$LATEST",
            "vpc_config": []
          },
          "sensitive_attributes": [],
          "identity_schema_version": 0,
          "identity": {
            "account_id": "446242970357",
            "function_name": "hospital-boxes-dev-user-events-handler",
            "region": "us-east-1"
          },
          "private": "eyJlMmJmYjczMC1lY2FhLTExZTYtOGY4OC0zNDM2M2JjN2M0YzAiOnsiY3JlYXRlIjo2MDAwMDAwMDAwMDAsImRlbGV0ZSI6NjAwMDAwMDAwMDAwLCJ1cGRhdGUiOjYwMDAwMDAwMDAwMH19",
          "dependencies": [
            "aws_dynamodb_table.main",
            "aws_s3_bucket.lambda_bucket",
            "aws_s3_object.lambda_code",
            "aws_sns_topic.agenda_events",
            "aws_sns_topic.box_events",
            "aws_sns_topic.notifications",
            "aws_sns_topic.user_events",
            "data.archive_file.lambda_zip",
            "data.aws_iam_role.lab_role",
            "random_string.suffix"
          ]
        }
      ]
    },
    {
      "mode": "managed",
      "type": "aws_lambda_permission",
      "name": "allow_apigw_createagenda",
      "provider": "provider[\"registry.terraform.io/hashicorp/aws\"]",
      "instances": [
        {
          "schema_version": 0,
          "attributes": {
            "action": "lambda:InvokeFunction",
            "event_source_token": null,
            "function_name": "hospital-boxes-dev-create-agenda",
            "function_url_auth_type": null,
            "id": "AllowAPIGatewayInvokeCreateAgenda",
            "principal": "apigateway.amazonaws.com",
            "principal_org_id": null,
            "qualifier": "",
            "region": "us-east-1",
            "source_account": null,
            "source_arn": "arn:aws:execute-api:us-east-1:446242970357:mxifudia3e/*/*",
            "statement_id": "AllowAPIGatewayInvokeCreateAgenda",
            "statement_id_prefix": ""
          },
          "sensitive_attributes": [],
          "identity_schema_version": 0,
          "identity": {
            "account_id": "446242970357",
            "function_name": "hospital-boxes-dev-create-agenda",
            "qualifier": null,
            "region": "us-east-1",
            "statement_id": "AllowAPIGatewayInvokeCreateAgenda"
          },
          "private": "bnVsbA==",
          "dependencies": [
            "aws_apigatewayv2_api.http_api",
            "aws_dynamodb_table.main",
            "aws_lambda_function.create_agenda",
            "aws_s3_bucket.lambda_bucket",
            "aws_s3_object.lambda_code",
            "data.archive_file.lambda_zip",
            "data.aws_iam_role.lab_role",
            "random_string.suffix"
          ]
        }
      ]
    },
    {
      "mode": "managed",
      "type": "aws_lambda_permission",
      "name": "allow_apigw_getagendas",
      "provider": "provider[\"registry.terraform.io/hashicorp/aws\"]",
      "instances": [
        {
          "schema_version": 0,
          "attributes": {
            "action": "lambda:InvokeFunction",
            "event_source_token": null,
            "function_name": "hospital-boxes-dev-get-agendas",
            "function_url_auth_type": null,
            "id": "AllowAPIGatewayInvokeGetAgendas",
            "principal": "apigateway.amazonaws.com",
            "principal_org_id": null,
            "qualifier": "",
            "region": "us-east-1",
            "source_account": null,
            "source_arn": "arn:aws:execute-api:us-east-1:446242970357:mxifudia3e/*/*",
            "statement_id": "AllowAPIGatewayInvokeGetAgendas",
            "statement_id_prefix": ""
          },
          "sensitive_attributes": [],
          "identity_schema_version": 0,
          "identity": {
            "account_id": "446242970357",
            "function_name": "hospital-boxes-dev-get-agendas",
            "qualifier": null,
            "region": "us-east-1",
            "statement_id": "AllowAPIGatewayInvokeGetAgendas"
          },
          "private": "bnVsbA==",
          "dependencies": [
            "aws_apigatewayv2_api.http_api",
            "aws_dynamodb_table.main",
            "aws_lambda_function.get_agendas",
            "aws_s3_bucket.lambda_bucket",
            "aws_s3_object.lambda_code",
            "data.archive_file.lambda_zip",
            "data.aws_iam_role.lab_role",
            "random_string.suffix"
          ]
        }
      ]
    },
    {
      "mode": "managed",
      "type": "aws_lambda_permission",
      "name": "allow_apigw_getboxes",
      "provider": "provider[\"registry.terraform.io/hashicorp/aws\"]",
      "instances": [
        {
          "schema_version": 0,
          "attributes": {
            "action": "lambda:InvokeFunction",
            "event_source_token": null,
            "function_name": "hospital-boxes-dev-get-boxes",
            "function_url_auth_type": null,
            "id": "AllowAPIGatewayInvokeGetBoxes",
            "principal": "apigateway.amazonaws.com",
            "principal_org_id": null,
            "qualifier": "",
            "region": "us-east-1",
            "source_account": null,
            "source_arn": "arn:aws:execute-api:us-east-1:446242970357:mxifudia3e/*/*",
            "statement_id": "AllowAPIGatewayInvokeGetBoxes",
            "statement_id_prefix": ""
          },
          "sensitive_attributes": [],
          "identity_schema_version": 0,
          "identity": {
            "account_id": "446242970357",
            "function_name": "hospital-boxes-dev-get-boxes",
            "qualifier": null,
            "region": "us-east-1",
            "statement_id": "AllowAPIGatewayInvokeGetBoxes"
          },
          "private": "bnVsbA==",
          "dependencies": [
            "aws_apigatewayv2_api.http_api",
            "aws_dynamodb_table.main",
            "aws_lambda_function.get_boxes",
            "aws_s3_bucket.lambda_bucket",
            "aws_s3_object.lambda_code",
            "data.archive_file.lambda_zip",
            "data.aws_iam_role.lab_role",
            "random_string.suffix"
          ]
        }
      ]
    },
    {
      "mode": "managed",
      "type": "aws_lambda_permission",
      "name": "allow_apigw_getclientconfig",
      "provider": "provider[\"registry.terraform.io/hashicorp/aws\"]",
      "instances": [
        {
          "schema_version": 0,
          "attributes": {
            "action": "lambda:InvokeFunction",
            "event_source_token": null,
            "function_name": "hospital-boxes-dev-get-client-config",
            "function_url_auth_type": null,
            "id": "AllowAPIGatewayInvokeGetClientConfig",
            "principal": "apigateway.amazonaws.com",
            "principal_org_id": null,
            "qualifier": "",
            "region": "us-east-1",
            "source_account": null,
            "source_arn": "arn:aws:execute-api:us-east-1:446242970357:mxifudia3e/*/*",
            "statement_id": "AllowAPIGatewayInvokeGetClientConfig",
            "statement_id_prefix": ""
          },
          "sensitive_attributes": [],
          "identity_schema_version": 0,
          "identity": {
            "account_id": "446242970357",
            "function_name": "hospital-boxes-dev-get-client-config",
            "qualifier": null,
            "region": "us-east-1",
            "statement_id": "AllowAPIGatewayInvokeGetClientConfig"
          },
          "private": "bnVsbA==",
          "dependencies": [
            "aws_apigatewayv2_api.http_api",
            "aws_dynamodb_table.main",
            "aws_lambda_function.get_client_config",
            "aws_s3_bucket.lambda_bucket",
            "aws_s3_object.lambda_code",
            "data.archive_file.lambda_zip",
            "data.aws_iam_role.lab_role",
            "random_string.suffix"
          ]
        }
      ]
    },
    {
      "mode": "managed",
      "type": "aws_lambda_permission",
      "name": "allow_apigw_getpasillos",
      "provider": "provider[\"registry.terraform.io/hashicorp/aws\"]",
      "instances": [
        {
          "schema_version": 0,
          "attributes": {
            "action": "lambda:InvokeFunction",
            "event_source_token": null,
            "function_name": "hospital-boxes-dev-get-pasillos",
            "function_url_auth_type": null,
            "id": "AllowAPIGatewayInvokeGetPasillos",
            "principal": "apigateway.amazonaws.com",
            "principal_org_id": null,
            "qualifier": "",
            "region": "us-east-1",
            "source_account": null,
            "source_arn": "arn:aws:execute-api:us-east-1:446242970357:mxifudia3e/*/*",
            "statement_id": "AllowAPIGatewayInvokeGetPasillos",
            "statement_id_prefix": ""
          },
          "sensitive_attributes": [],
          "identity_schema_version": 0,
          "identity": {
            "account_id": "446242970357",
            "function_name": "hospital-boxes-dev-get-pasillos",
            "qualifier": null,
            "region": "us-east-1",
            "statement_id": "AllowAPIGatewayInvokeGetPasillos"
          },
          "private": "bnVsbA==",
          "dependencies": [
            "aws_apigatewayv2_api.http_api",
            "aws_dynamodb_table.main",
            "aws_lambda_function.get_pasillos",
            "aws_s3_bucket.lambda_bucket",
            "aws_s3_object.lambda_code",
            "data.archive_file.lambda_zip",
            "data.aws_iam_role.lab_role",
            "random_string.suffix"
          ]
        }
      ]
    },
    {
      "mode": "managed",
      "type": "aws_lambda_permission",
      "name": "allow_apigw_listclients",
      "provider": "provider[\"registry.terraform.io/hashicorp/aws\"]",
      "instances": [
        {
          "schema_version": 0,
          "attributes": {
            "action": "lambda:InvokeFunction",
            "event_source_token": null,
            "function_name": "hospital-boxes-dev-list-clients",
            "function_url_auth_type": null,
            "id": "AllowAPIGatewayInvokeListClients",
            "principal": "apigateway.amazonaws.com",
            "principal_org_id": null,
            "qualifier": "",
            "region": "us-east-1",
            "source_account": null,
            "source_arn": "arn:aws:execute-api:us-east-1:446242970357:mxifudia3e/*/*",
            "statement_id": "AllowAPIGatewayInvokeListClients",
            "statement_id_prefix": ""
          },
          "sensitive_attributes": [],
          "identity_schema_version": 0,
          "identity": {
            "account_id": "446242970357",
            "function_name": "hospital-boxes-dev-list-clients",
            "qualifier": null,
            "region": "us-east-1",
            "statement_id": "AllowAPIGatewayInvokeListClients"
          },
          "private": "bnVsbA==",
          "dependencies": [
            "aws_apigatewayv2_api.http_api",
            "aws_dynamodb_table.main",
            "aws_lambda_function.list_clients",
            "aws_s3_bucket.lambda_bucket",
            "aws_s3_object.lambda_code",
            "data.archive_file.lambda_zip",
            "data.aws_iam_role.lab_role",
            "random_string.suffix"
          ]
        }
      ]
    },
    {
      "mode": "managed",
      "type": "aws_lambda_permission",
      "name": "allow_apigw_login",
      "provider": "provider[\"registry.terraform.io/hashicorp/aws\"]",
      "instances": [
        {
          "schema_version": 0,
          "attributes": {
            "action": "lambda:InvokeFunction",
            "event_source_token": null,
            "function_name": "hospital-boxes-dev-login",
            "function_url_auth_type": null,
            "id": "AllowAPIGatewayInvokeLogin",
            "principal": "apigateway.amazonaws.com",
            "principal_org_id": null,
            "qualifier": "",
            "region": "us-east-1",
            "source_account": null,
            "source_arn": "arn:aws:execute-api:us-east-1:446242970357:mxifudia3e/*/*",
            "statement_id": "AllowAPIGatewayInvokeLogin",
            "statement_id_prefix": ""
          },
          "sensitive_attributes": [],
          "identity_schema_version": 0,
          "identity": {
            "account_id": "446242970357",
            "function_name": "hospital-boxes-dev-login",
            "qualifier": null,
            "region": "us-east-1",
            "statement_id": "AllowAPIGatewayInvokeLogin"
          },
          "private": "bnVsbA==",
          "dependencies": [
            "aws_apigatewayv2_api.http_api",
            "aws_cognito_user_pool.main",
            "aws_cognito_user_pool_client.main",
            "aws_dynamodb_table.main",
            "aws_lambda_function.login",
            "aws_s3_bucket.lambda_bucket",
            "aws_s3_object.lambda_code",
            "data.archive_file.lambda_zip",
            "data.aws_iam_role.lab_role",
            "random_string.suffix"
          ]
        }
      ]
    },
    {
      "mode": "managed",
      "type": "aws_lambda_permission",
      "name": "allow_apigw_me",
      "provider": "provider[\"registry.terraform.io/hashicorp/aws\"]",
      "instances": [
        {
          "schema_version": 0,
          "attributes": {
            "action": "lambda:InvokeFunction",
            "event_source_token": null,
            "function_name": "hospital-boxes-dev-me",
            "function_url_auth_type": null,
            "id": "AllowAPIGatewayInvokeMe",
            "principal": "apigateway.amazonaws.com",
            "principal_org_id": null,
            "qualifier": "",
            "region": "us-east-1",
            "source_account": null,
            "source_arn": "arn:aws:execute-api:us-east-1:446242970357:mxifudia3e/*/*",
            "statement_id": "AllowAPIGatewayInvokeMe",
            "statement_id_prefix": ""
          },
          "sensitive_attributes": [],
          "identity_schema_version": 0,
          "identity": {
            "account_id": "446242970357",
            "function_name": "hospital-boxes-dev-me",
            "qualifier": null,
            "region": "us-east-1",
            "statement_id": "AllowAPIGatewayInvokeMe"
          },
          "private": "bnVsbA==",
          "dependencies": [
            "aws_apigatewayv2_api.http_api",
            "aws_lambda_function.me",
            "aws_s3_bucket.lambda_bucket",
            "aws_s3_object.lambda_code",
            "data.archive_file.lambda_zip",
            "data.aws_iam_role.lab_role",
            "random_string.suffix"
          ]
        }
      ]
    },
    {
      "mode": "managed",
      "type": "aws_lambda_permission",
      "name": "allow_apigw_refresh",
      "provider": "provider[\"registry.terraform.io/hashicorp/aws\"]",
      "instances": [
        {
          "schema_version": 0,
          "attributes": {
            "action": "lambda:InvokeFunction",
            "event_source_token": null,
            "function_name": "hospital-boxes-dev-refresh",
            "function_url_auth_type": null,
            "id": "AllowAPIGatewayInvokeRefresh",
            "principal": "apigateway.amazonaws.com",
            "principal_org_id": null,
            "qualifier": "",
            "region": "us-east-1",
            "source_account": null,
            "source_arn": "arn:aws:execute-api:us-east-1:446242970357:mxifudia3e/*/*",
            "statement_id": "AllowAPIGatewayInvokeRefresh",
            "statement_id_prefix": ""
          },
          "sensitive_attributes": [],
          "identity_schema_version": 0,
          "identity": {
            "account_id": "446242970357",
            "function_name": "hospital-boxes-dev-refresh",
            "qualifier": null,
            "region": "us-east-1",
            "statement_id": "AllowAPIGatewayInvokeRefresh"
          },
          "private": "bnVsbA==",
          "dependencies": [
            "aws_apigatewayv2_api.http_api",
            "aws_cognito_user_pool.main",
            "aws_cognito_user_pool_client.main",
            "aws_lambda_function.refresh",
            "aws_s3_bucket.lambda_bucket",
            "aws_s3_object.lambda_code",
            "data.archive_file.lambda_zip",
            "data.aws_iam_role.lab_role",
            "random_string.suffix"
          ]
        }
      ]
    },
    {
      "mode": "managed",
      "type": "aws_lambda_permission",
      "name": "allow_apigw_updateclientconfig",
      "provider": "provider[\"registry.terraform.io/hashicorp/aws\"]",
      "instances": [
        {
          "schema_version": 0,
          "attributes": {
            "action": "lambda:InvokeFunction",
            "event_source_token": null,
            "function_name": "hospital-boxes-dev-update-client-config",
            "function_url_auth_type": null,
            "id": "AllowAPIGatewayInvokeUpdateClientConfig",
            "principal": "apigateway.amazonaws.com",
            "principal_org_id": null,
            "qualifier": "",
            "region": "us-east-1",
            "source_account": null,
            "source_arn": "arn:aws:execute-api:us-east-1:446242970357:mxifudia3e/*/*",
            "statement_id": "AllowAPIGatewayInvokeUpdateClientConfig",
            "statement_id_prefix": ""
          },
          "sensitive_attributes": [],
          "identity_schema_version": 0,
          "identity": {
            "account_id": "446242970357",
            "function_name": "hospital-boxes-dev-update-client-config",
            "qualifier": null,
            "region": "us-east-1",
            "statement_id": "AllowAPIGatewayInvokeUpdateClientConfig"
          },
          "private": "bnVsbA==",
          "dependencies": [
            "aws_apigatewayv2_api.http_api",
            "aws_dynamodb_table.main",
            "aws_lambda_function.update_client_config",
            "aws_s3_bucket.lambda_bucket",
            "aws_s3_object.lambda_code",
            "data.archive_file.lambda_zip",
            "data.aws_iam_role.lab_role",
            "random_string.suffix"
          ]
        }
      ]
    },
    {
      "mode": "managed",
      "type": "aws_lambda_permission",
      "name": "allow_sns_invoke_agenda_events",
      "provider": "provider[\"registry.terraform.io/hashicorp/aws\"]",
      "instances": [
        {
          "schema_version": 0,
          "attributes": {
            "action": "lambda:InvokeFunction",
            "event_source_token": null,
            "function_name": "hospital-boxes-dev-agenda-events-handler",
            "function_url_auth_type": null,
            "id": "AllowSNSInvokeAgendaEvents",
            "principal": "sns.amazonaws.com",
            "principal_org_id": null,
            "qualifier": "",
            "region": "us-east-1",
            "source_account": null,
            "source_arn": "arn:aws:sns:us-east-1:446242970357:hospital-agenda-events-dev",
            "statement_id": "AllowSNSInvokeAgendaEvents",
            "statement_id_prefix": ""
          },
          "sensitive_attributes": [],
          "identity_schema_version": 0,
          "identity": {
            "account_id": "446242970357",
            "function_name": "hospital-boxes-dev-agenda-events-handler",
            "qualifier": null,
            "region": "us-east-1",
            "statement_id": "AllowSNSInvokeAgendaEvents"
          },
          "private": "bnVsbA==",
          "dependencies": [
            "aws_dynamodb_table.main",
            "aws_lambda_function.agenda_events_handler",
            "aws_s3_bucket.lambda_bucket",
            "aws_s3_object.lambda_code",
            "aws_sns_topic.agenda_events",
            "aws_sns_topic.box_events",
            "aws_sns_topic.notifications",
            "data.archive_file.lambda_zip",
            "data.aws_iam_role.lab_role",
            "random_string.suffix"
          ]
        }
      ]
    },
    {
      "mode": "managed",
      "type": "aws_lambda_permission",
      "name": "allow_sns_invoke_notifications",
      "provider": "provider[\"registry.terraform.io/hashicorp/aws\"]",
      "instances": [
        {
          "schema_version": 0,
          "attributes": {
            "action": "lambda:InvokeFunction",
            "event_source_token": null,
            "function_name": "hospital-boxes-dev-notification-handler",
            "function_url_auth_type": null,
            "id": "AllowSNSInvokeNotifications",
            "principal": "sns.amazonaws.com",
            "principal_org_id": null,
            "qualifier": "",
            "region": "us-east-1",
            "source_account": null,
            "source_arn": "arn:aws:sns:us-east-1:446242970357:hospital-notifications-dev",
            "statement_id": "AllowSNSInvokeNotifications",
            "statement_id_prefix": ""
          },
          "sensitive_attributes": [],
          "identity_schema_version": 0,
          "identity": {
            "account_id": "446242970357",
            "function_name": "hospital-boxes-dev-notification-handler",
            "qualifier": null,
            "region": "us-east-1",
            "statement_id": "AllowSNSInvokeNotifications"
          },
          "private": "bnVsbA==",
          "dependencies": [
            "aws_dynamodb_table.main",
            "aws_lambda_function.notification_handler",
            "aws_s3_bucket.lambda_bucket",
            "aws_s3_object.lambda_code",
            "aws_sns_topic.notifications",
            "data.archive_file.lambda_zip",
            "data.aws_iam_role.lab_role",
            "random_string.suffix"
          ]
        }
      ]
    },
    {
      "mode": "managed",
      "type": "aws_lambda_permission",
      "name": "allow_sns_invoke_user_events",
      "provider": "provider[\"registry.terraform.io/hashicorp/aws\"]",
      "instances": [
        {
          "schema_version": 0,
          "attributes": {
            "action": "lambda:InvokeFunction",
            "event_source_token": null,
            "function_name": "hospital-boxes-dev-user-events-handler",
            "function_url_auth_type": null,
            "id": "AllowSNSInvokeUserEvents",
            "principal": "sns.amazonaws.com",
            "principal_org_id": null,
            "qualifier": "",
            "region": "us-east-1",
            "source_account": null,
            "source_arn": "arn:aws:sns:us-east-1:446242970357:hospital-user-events-dev",
            "statement_id": "AllowSNSInvokeUserEvents",
            "statement_id_prefix": ""
          },
          "sensitive_attributes": [],
          "identity_schema_version": 0,
          "identity": {
            "account_id": "446242970357",
            "function_name": "hospital-boxes-dev-user-events-handler",
            "qualifier": null,
            "region": "us-east-1",
            "statement_id": "AllowSNSInvokeUserEvents"
          },
          "private": "bnVsbA==",
          "dependencies": [
            "aws_dynamodb_table.main",
            "aws_lambda_function.user_events_handler",
            "aws_s3_bucket.lambda_bucket",
            "aws_s3_object.lambda_code",
            "aws_sns_topic.agenda_events",
            "aws_sns_topic.box_events",
            "aws_sns_topic.notifications",
            "aws_sns_topic.user_events",
            "data.archive_file.lambda_zip",
            "data.aws_iam_role.lab_role",
            "random_string.suffix"
          ]
        }
      ]
    },
    {
      "mode": "managed",
      "type": "aws_lambda_permission",
      "name": "apigw",
      "provider": "provider[\"registry.terraform.io/hashicorp/aws\"]",
      "instances": [
        {
          "schema_version": 0,
          "attributes": {
            "action": "lambda:InvokeFunction",
            "event_source_token": null,
            "function_name": "hospital-boxes-api",
            "function_url_auth_type": null,
            "id": "AllowAPIGatewayInvoke",
            "principal": "apigateway.amazonaws.com",
            "principal_org_id": null,
            "qualifier": "",
            "region": "us-east-1",
            "source_account": null,
            "source_arn": "arn:aws:execute-api:us-east-1:446242970357:mxifudia3e/*/*",
            "statement_id": "AllowAPIGatewayInvoke",
            "statement_id_prefix": ""
          },
          "sensitive_attributes": [],
          "identity_schema_version": 0,
          "identity": {
            "account_id": "446242970357",
            "function_name": "hospital-boxes-api",
            "qualifier": null,
            "region": "us-east-1",
            "statement_id": "AllowAPIGatewayInvoke"
          },
          "private": "bnVsbA==",
          "dependencies": [
            "aws_apigatewayv2_api.http_api",
            "aws_lambda_function.api",
            "aws_s3_bucket.lambda_bucket",
            "aws_s3_object.lambda_code",
            "data.archive_file.lambda_zip",
            "data.aws_iam_role.lab_role",
            "random_string.suffix"
          ]
        }
      ]
    },
    {
      "mode": "managed",
      "type": "aws_nat_gateway",
      "name": "nat",
      "provider": "provider[\"registry.terraform.io/hashicorp/aws\"]",
      "instances": [
        {
          "schema_version": 0,
          "attributes": {
            "allocation_id": "eipalloc-01029392551bf098c",
            "association_id": "eipassoc-099fc50b7a9b8532b",
            "connectivity_type": "public",
            "id": "nat-081700e124fd73f92",
            "network_interface_id": "eni-039b891a88a706661",
            "private_ip": "10.0.1.96",
            "public_ip": "52.70.213.16",
            "region": "us-east-1",
            "secondary_allocation_ids": [],
            "secondary_private_ip_address_count": 0,
            "secondary_private_ip_addresses": [],
            "subnet_id": "subnet-02626d64f9dd6cb40",
            "tags": {
              "Name": "hospital-boxes-nat"
            },
            "tags_all": {
              "Name": "hospital-boxes-nat"
            },
            "timeouts": null
          },
          "sensitive_attributes": [],
          "identity_schema_version": 0,
          "private": "eyJlMmJmYjczMC1lY2FhLTExZTYtOGY4OC0zNDM2M2JjN2M0YzAiOnsiY3JlYXRlIjo2MDAwMDAwMDAwMDAsImRlbGV0ZSI6MTgwMDAwMDAwMDAwMCwidXBkYXRlIjo2MDAwMDAwMDAwMDB9fQ==",
          "dependencies": [
            "aws_eip.nat",
            "aws_subnet.public",
            "aws_vpc.main"
          ]
        }
      ]
    },
    {
      "mode": "managed",
      "type": "aws_route",
      "name": "custom_nat",
      "provider": "provider[\"registry.terraform.io/hashicorp/aws\"]",
      "instances": [
        {
          "schema_version": 0,
          "attributes": {
            "carrier_gateway_id": "",
            "core_network_arn": "",
            "destination_cidr_block": "0.0.0.0/0",
            "destination_ipv6_cidr_block": "",
            "destination_prefix_list_id": "",
            "egress_only_gateway_id": "",
            "gateway_id": "",
            "id": "r-rtb-02c0d67518e5600231080289494",
            "instance_id": "",
            "instance_owner_id": "",
            "local_gateway_id": "",
            "nat_gateway_id": "nat-081700e124fd73f92",
            "network_interface_id": "",
            "origin": "CreateRoute",
            "region": "us-east-1",
            "route_table_id": "rtb-02c0d67518e560023",
            "state": "active",
            "timeouts": null,
            "transit_gateway_id": "",
            "vpc_endpoint_id": "",
            "vpc_peering_connection_id": ""
          },
          "sensitive_attributes": [],
          "identity_schema_version": 0,
          "identity": {
            "account_id": "446242970357",
            "destination_cidr_block": "0.0.0.0/0",
            "destination_ipv6_cidr_block": null,
            "destination_prefix_list_id": null,
            "region": "us-east-1",
            "route_table_id": "rtb-02c0d67518e560023"
          },
          "private": "eyJlMmJmYjczMC1lY2FhLTExZTYtOGY4OC0zNDM2M2JjN2M0YzAiOnsiY3JlYXRlIjozMDAwMDAwMDAwMDAsImRlbGV0ZSI6MzAwMDAwMDAwMDAwLCJ1cGRhdGUiOjEyMDAwMDAwMDAwMH19",
          "dependencies": [
            "aws_eip.nat",
            "aws_nat_gateway.nat",
            "aws_route_table.custom",
            "aws_subnet.public",
            "aws_vpc.main"
          ]
        }
      ]
    },
    {
      "mode": "managed",
      "type": "aws_route",
      "name": "private_nat",
      "provider": "provider[\"registry.terraform.io/hashicorp/aws\"]",
      "instances": [
        {
          "schema_version": 0,
          "attributes": {
            "carrier_gateway_id": "",
            "core_network_arn": "",
            "destination_cidr_block": "0.0.0.0/0",
            "destination_ipv6_cidr_block": "",
            "destination_prefix_list_id": "",
            "egress_only_gateway_id": "",
            "gateway_id": "",
            "id": "r-rtb-02384a6affa28b3201080289494",
            "instance_id": "",
            "instance_owner_id": "",
            "local_gateway_id": "",
            "nat_gateway_id": "nat-081700e124fd73f92",
            "network_interface_id": "",
            "origin": "CreateRoute",
            "region": "us-east-1",
            "route_table_id": "rtb-02384a6affa28b320",
            "state": "active",
            "timeouts": null,
            "transit_gateway_id": "",
            "vpc_endpoint_id": "",
            "vpc_peering_connection_id": ""
          },
          "sensitive_attributes": [],
          "identity_schema_version": 0,
          "identity": {
            "account_id": "446242970357",
            "destination_cidr_block": "0.0.0.0/0",
            "destination_ipv6_cidr_block": null,
            "destination_prefix_list_id": null,
            "region": "us-east-1",
            "route_table_id": "rtb-02384a6affa28b320"
          },
          "private": "eyJlMmJmYjczMC1lY2FhLTExZTYtOGY4OC0zNDM2M2JjN2M0YzAiOnsiY3JlYXRlIjozMDAwMDAwMDAwMDAsImRlbGV0ZSI6MzAwMDAwMDAwMDAwLCJ1cGRhdGUiOjEyMDAwMDAwMDAwMH19",
          "dependencies": [
            "aws_eip.nat",
            "aws_nat_gateway.nat",
            "aws_route_table.private",
            "aws_subnet.public",
            "aws_vpc.main"
          ]
        }
      ]
    },
    {
      "mode": "managed",
      "type": "aws_route_table",
      "name": "custom",
      "provider": "provider[\"registry.terraform.io/hashicorp/aws\"]",
      "instances": [
        {
          "schema_version": 0,
          "attributes": {
            "arn": "arn:aws:ec2:us-east-1:446242970357:route-table/rtb-02c0d67518e560023",
            "id": "rtb-02c0d67518e560023",
            "owner_id": "446242970357",
            "propagating_vgws": [],
            "region": "us-east-1",
            "route": [],
            "tags": {
              "Name": "hospital-boxes-custom-rt"
            },
            "tags_all": {
              "Name": "hospital-boxes-custom-rt"
            },
            "timeouts": null,
            "vpc_id": "vpc-000e5f85e40d2480a"
          },
          "sensitive_attributes": [],
          "identity_schema_version": 0,
          "identity": {
            "account_id": "446242970357",
            "id": "rtb-02c0d67518e560023",
            "region": "us-east-1"
          },
          "private": "eyJlMmJmYjczMC1lY2FhLTExZTYtOGY4OC0zNDM2M2JjN2M0YzAiOnsiY3JlYXRlIjozMDAwMDAwMDAwMDAsImRlbGV0ZSI6MzAwMDAwMDAwMDAwLCJ1cGRhdGUiOjEyMDAwMDAwMDAwMH19",
          "dependencies": [
            "aws_vpc.main"
          ]
        }
      ]
    },
    {
      "mode": "managed",
      "type": "aws_route_table",
      "name": "private",
      "provider": "provider[\"registry.terraform.io/hashicorp/aws\"]",
      "instances": [
        {
          "schema_version": 0,
          "attributes": {
            "arn": "arn:aws:ec2:us-east-1:446242970357:route-table/rtb-02384a6affa28b320",
            "id": "rtb-02384a6affa28b320",
            "owner_id": "446242970357",
            "propagating_vgws": [],
            "region": "us-east-1",
            "route": [],
            "tags": {
              "Name": "hospital-boxes-private-rt"
            },
            "tags_all": {
              "Name": "hospital-boxes-private-rt"
            },
            "timeouts": null,
            "vpc_id": "vpc-000e5f85e40d2480a"
          },
          "sensitive_attributes": [],
          "identity_schema_version": 0,
          "identity": {
            "account_id": "446242970357",
            "id": "rtb-02384a6affa28b320",
            "region": "us-east-1"
          },
          "private": "eyJlMmJmYjczMC1lY2FhLTExZTYtOGY4OC0zNDM2M2JjN2M0YzAiOnsiY3JlYXRlIjozMDAwMDAwMDAwMDAsImRlbGV0ZSI6MzAwMDAwMDAwMDAwLCJ1cGRhdGUiOjEyMDAwMDAwMDAwMH19",
          "dependencies": [
            "aws_vpc.main"
          ]
        }
      ]
    },
    {
      "mode": "managed",
      "type": "aws_route_table",
      "name": "public",
      "provider": "provider[\"registry.terraform.io/hashicorp/aws\"]",
      "instances": [
        {
          "schema_version": 0,
          "attributes": {
            "arn": "arn:aws:ec2:us-east-1:446242970357:route-table/rtb-0c3b3b69d70660bf9",
            "id": "rtb-0c3b3b69d70660bf9",
            "owner_id": "446242970357",
            "propagating_vgws": [],
            "region": "us-east-1",
            "route": [
              {
                "carrier_gateway_id": "",
                "cidr_block": "0.0.0.0/0",
                "core_network_arn": "",
                "destination_prefix_list_id": "",
                "egress_only_gateway_id": "",
                "gateway_id": "igw-078cfa18a80e1ec1b",
                "ipv6_cidr_block": "",
                "local_gateway_id": "",
                "nat_gateway_id": "",
                "network_interface_id": "",
                "transit_gateway_id": "",
                "vpc_endpoint_id": "",
                "vpc_peering_connection_id": ""
              }
            ],
            "tags": {
              "Name": "hospital-boxes-public-rt"
            },
            "tags_all": {
              "Name": "hospital-boxes-public-rt"
            },
            "timeouts": null,
            "vpc_id": "vpc-000e5f85e40d2480a"
          },
          "sensitive_attributes": [],
          "identity_schema_version": 0,
          "identity": {
            "account_id": "446242970357",
            "id": "rtb-0c3b3b69d70660bf9",
            "region": "us-east-1"
          },
          "private": "eyJlMmJmYjczMC1lY2FhLTExZTYtOGY4OC0zNDM2M2JjN2M0YzAiOnsiY3JlYXRlIjozMDAwMDAwMDAwMDAsImRlbGV0ZSI6MzAwMDAwMDAwMDAwLCJ1cGRhdGUiOjEyMDAwMDAwMDAwMH19",
          "dependencies": [
            "aws_internet_gateway.gw",
            "aws_vpc.main"
          ]
        }
      ]
    },
    {
      "mode": "managed",
      "type": "aws_route_table_association",
      "name": "custom",
      "provider": "provider[\"registry.terraform.io/hashicorp/aws\"]",
      "instances": [
        {
          "schema_version": 0,
          "attributes": {
            "gateway_id": "",
            "id": "rtbassoc-0dd25d025610a9566",
            "region": "us-east-1",
            "route_table_id": "rtb-02c0d67518e560023",
            "subnet_id": "subnet-0ba0c78a221559457",
            "timeouts": null
          },
          "sensitive_attributes": [],
          "identity_schema_version": 0,
          "private": "eyJlMmJmYjczMC1lY2FhLTExZTYtOGY4OC0zNDM2M2JjN2M0YzAiOnsiY3JlYXRlIjozMDAwMDAwMDAwMDAsImRlbGV0ZSI6MzAwMDAwMDAwMDAwLCJ1cGRhdGUiOjEyMDAwMDAwMDAwMH19",
          "dependencies": [
            "aws_route_table.custom",
            "aws_subnet.custom",
            "aws_vpc.main"
          ]
        }
      ]
    },
    {
      "mode": "managed",
      "type": "aws_route_table_association",
      "name": "private",
      "provider": "provider[\"registry.terraform.io/hashicorp/aws\"]",
      "instances": [
        {
          "schema_version": 0,
          "attributes": {
            "gateway_id": "",
            "id": "rtbassoc-0280ba85a30f42c88",
            "region": "us-east-1",
            "route_table_id": "rtb-02384a6affa28b320",
            "subnet_id": "subnet-0cee0e739552ab2a8",
            "timeouts": null
          },
          "sensitive_attributes": [],
          "identity_schema_version": 0,
          "private": "eyJlMmJmYjczMC1lY2FhLTExZTYtOGY4OC0zNDM2M2JjN2M0YzAiOnsiY3JlYXRlIjozMDAwMDAwMDAwMDAsImRlbGV0ZSI6MzAwMDAwMDAwMDAwLCJ1cGRhdGUiOjEyMDAwMDAwMDAwMH19",
          "dependencies": [
            "aws_route_table.private",
            "aws_subnet.private",
            "aws_vpc.main"
          ]
        }
      ]
    },
    {
      "mode": "managed",
      "type": "aws_route_table_association",
      "name": "public",
      "provider": "provider[\"registry.terraform.io/hashicorp/aws\"]",
      "instances": [
        {
          "schema_version": 0,
          "attributes": {
            "gateway_id": "",
            "id": "rtbassoc-03d423d94a0b4d13e",
            "region": "us-east-1",
            "route_table_id": "rtb-0c3b3b69d70660bf9",
            "subnet_id": "subnet-02626d64f9dd6cb40",
            "timeouts": null
          },
          "sensitive_attributes": [],
          "identity_schema_version": 0,
          "private": "eyJlMmJmYjczMC1lY2FhLTExZTYtOGY4OC0zNDM2M2JjN2M0YzAiOnsiY3JlYXRlIjozMDAwMDAwMDAwMDAsImRlbGV0ZSI6MzAwMDAwMDAwMDAwLCJ1cGRhdGUiOjEyMDAwMDAwMDAwMH19",
          "dependencies": [
            "aws_internet_gateway.gw",
            "aws_route_table.public",
            "aws_subnet.public",
            "aws_vpc.main"
          ]
        }
      ]
    },
    {
      "mode": "managed",
      "type": "aws_s3_bucket",
      "name": "lambda_bucket",
      "provider": "provider[\"registry.terraform.io/hashicorp/aws\"]",
      "instances": [
        {
          "schema_version": 0,
          "attributes": {
            "acceleration_status": "",
            "acl": null,
            "arn": "arn:aws:s3:::hospital-boxes-lambda-code-htbyqwm2",
            "bucket": "hospital-boxes-lambda-code-htbyqwm2",
            "bucket_domain_name": "hospital-boxes-lambda-code-htbyqwm2.s3.amazonaws.com",
            "bucket_prefix": "",
            "bucket_region": "us-east-1",
            "bucket_regional_domain_name": "hospital-boxes-lambda-code-htbyqwm2.s3.us-east-1.amazonaws.com",
            "cors_rule": [],
            "force_destroy": false,
            "grant": [
              {
                "id": "480aea8c19f2db0f9e11c30df77c3b0305a1f870fcefb8ae017dbbc4e47e1b1d",
                "permissions": [
                  "FULL_CONTROL"
                ],
                "type": "CanonicalUser",
                "uri": ""
              }
            ],
            "hosted_zone_id": "Z3AQBSTGFYJSTF",
            "id": "hospital-boxes-lambda-code-htbyqwm2",
            "lifecycle_rule": [],
            "logging": [],
            "object_lock_configuration": [],
            "object_lock_enabled": false,
            "policy": "",
            "region": "us-east-1",
            "replication_configuration": [],
            "request_payer": "BucketOwner",
            "server_side_encryption_configuration": [
              {
                "rule": [
                  {
                    "apply_server_side_encryption_by_default": [
                      {
                        "kms_master_key_id": "",
                        "sse_algorithm": "AES256"
                      }
                    ],
                    "bucket_key_enabled": false
                  }
                ]
              }
            ],
            "tags": null,
            "tags_all": {},
            "timeouts": null,
            "versioning": [
              {
                "enabled": false,
                "mfa_delete": false
              }
            ],
            "website": [],
            "website_domain": null,
            "website_endpoint": null
          },
          "sensitive_attributes": [],
          "identity_schema_version": 0,
          "identity": {
            "account_id": "446242970357",
            "bucket": "hospital-boxes-lambda-code-htbyqwm2",
            "region": "us-east-1"
          },
          "private": "eyJlMmJmYjczMC1lY2FhLTExZTYtOGY4OC0zNDM2M2JjN2M0YzAiOnsiY3JlYXRlIjoxMjAwMDAwMDAwMDAwLCJkZWxldGUiOjM2MDAwMDAwMDAwMDAsInJlYWQiOjEyMDAwMDAwMDAwMDAsInVwZGF0ZSI6MTIwMDAwMDAwMDAwMH19",
          "dependencies": [
            "random_string.suffix"
          ]
        }
      ]
    },
    {
      "mode": "managed",
      "type": "aws_s3_bucket_versioning",
      "name": "lambda_bucket_versioning",
      "provider": "provider[\"registry.terraform.io/hashicorp/aws\"]",
      "instances": [
        {
          "schema_version": 0,
          "attributes": {
            "bucket": "hospital-boxes-lambda-code-htbyqwm2",
            "expected_bucket_owner": "",
            "id": "hospital-boxes-lambda-code-htbyqwm2",
            "mfa": null,
            "region": "us-east-1",
            "versioning_configuration": [
              {
                "mfa_delete": "",
                "status": "Enabled"
              }
            ]
          },
          "sensitive_attributes": [],
          "identity_schema_version": 0,
          "identity": {
            "account_id": "446242970357",
            "bucket": "hospital-boxes-lambda-code-htbyqwm2",
            "expected_bucket_owner": null,
            "region": "us-east-1"
          },
          "private": "bnVsbA==",
          "dependencies": [
            "aws_s3_bucket.lambda_bucket",
            "random_string.suffix"
          ]
        }
      ]
    },
    {
      "mode": "managed",
      "type": "aws_s3_object",
      "name": "lambda_code",
      "provider": "provider[\"registry.terraform.io/hashicorp/aws\"]",
      "instances": [
        {
          "schema_version": 0,
          "attributes": {
            "acl": null,
            "arn": "arn:aws:s3:::hospital-boxes-lambda-code-htbyqwm2/lambda.zip",
            "bucket": "hospital-boxes-lambda-code-htbyqwm2",
            "bucket_key_enabled": false,
            "cache_control": "",
            "checksum_algorithm": null,
            "checksum_crc32": "",
            "checksum_crc32c": "",
            "checksum_crc64nvme": "",
            "checksum_sha1": "",
            "checksum_sha256": "",
            "content": null,
            "content_base64": null,
            "content_disposition": "",
            "content_encoding": "",
            "content_language": "",
            "content_type": "binary/octet-stream",
            "etag": "a36a1bbf750c3d125e9d09f7ebc50336-16",
            "force_destroy": false,
            "id": "hospital-boxes-lambda-code-htbyqwm2/lambda.zip",
            "key": "lambda.zip",
            "kms_key_id": null,
            "metadata": null,
            "object_lock_legal_hold_status": "",
            "object_lock_mode": "",
            "object_lock_retain_until_date": "",
            "override_provider": [],
            "region": "us-east-1",
            "server_side_encryption": "AES256",
            "source": "./lambda.zip",
            "source_hash": null,
            "storage_class": "STANDARD",
            "tags": null,
            "tags_all": {},
            "version_id": "yRWlRSXsjd5gNwIFvtNYnnzAEnJwuXDD",
            "website_redirect": ""
          },
          "sensitive_attributes": [],
          "identity_schema_version": 0,
          "identity": {
            "account_id": "446242970357",
            "bucket": "hospital-boxes-lambda-code-htbyqwm2",
            "key": "lambda.zip",
            "region": "us-east-1"
          },
          "private": "bnVsbA==",
          "dependencies": [
            "aws_s3_bucket.lambda_bucket",
            "data.archive_file.lambda_zip",
            "random_string.suffix"
          ]
        }
      ]
    },
    {
      "mode": "managed",
      "type": "aws_security_group",
      "name": "ec2_sg",
      "provider": "provider[\"registry.terraform.io/hashicorp/aws\"]",
      "instances": [
        {
          "schema_version": 1,
          "attributes": {
            "arn": "arn:aws:ec2:us-east-1:446242970357:security-group/sg-0cb9ecde6bd2d91a8",
            "description": "Allow HTTP, HTTPS, and SSH",
            "egress": [
              {
                "cidr_blocks": [
                  "0.0.0.0/0"
                ],
                "description": "",
                "from_port": 0,
                "ipv6_cidr_blocks": [],
                "prefix_list_ids": [],
                "protocol": "-1",
                "security_groups": [],
                "self": false,
                "to_port": 0
              }
            ],
            "id": "sg-0cb9ecde6bd2d91a8",
            "ingress": [
              {
                "cidr_blocks": [
                  "0.0.0.0/0"
                ],
                "description": "Django application access",
                "from_port": 8000,
                "ipv6_cidr_blocks": [],
                "prefix_list_ids": [],
                "protocol": "tcp",
                "security_groups": [],
                "self": false,
                "to_port": 8000
              },
              {
                "cidr_blocks": [
                  "0.0.0.0/0"
                ],
                "description": "HTTP access",
                "from_port": 80,
                "ipv6_cidr_blocks": [],
                "prefix_list_ids": [],
                "protocol": "tcp",
                "security_groups": [],
                "self": false,
                "to_port": 80
              },
              {
                "cidr_blocks": [
                  "0.0.0.0/0"
                ],
                "description": "SSH access",
                "from_port": 22,
                "ipv6_cidr_blocks": [],
                "prefix_list_ids": [],
                "protocol": "tcp",
                "security_groups": [],
                "self": false,
                "to_port": 22
              }
            ],
            "name": "hospital-boxes-ec2-sg",
            "name_prefix": "",
            "owner_id": "446242970357",
            "region": "us-east-1",
            "revoke_rules_on_delete": false,
            "tags": {
              "Name": "hospital-boxes-ec2-sg"
            },
            "tags_all": {
              "Name": "hospital-boxes-ec2-sg"
            },
            "timeouts": null,
            "vpc_id": "vpc-000e5f85e40d2480a"
          },
          "sensitive_attributes": [],
          "identity_schema_version": 0,
          "identity": {
            "account_id": "446242970357",
            "id": "sg-0cb9ecde6bd2d91a8",
            "region": "us-east-1"
          },
          "private": "eyJlMmJmYjczMC1lY2FhLTExZTYtOGY4OC0zNDM2M2JjN2M0YzAiOnsiY3JlYXRlIjo2MDAwMDAwMDAwMDAsImRlbGV0ZSI6OTAwMDAwMDAwMDAwfSwic2NoZW1hX3ZlcnNpb24iOiIxIn0=",
          "dependencies": [
            "aws_vpc.main"
          ]
        }
      ]
    },
    {
      "mode": "managed",
      "type": "aws_sns_topic",
      "name": "agenda_events",
      "provider": "provider[\"registry.terraform.io/hashicorp/aws\"]",
      "instances": [
        {
          "schema_version": 0,
          "attributes": {
            "application_failure_feedback_role_arn": "",
            "application_success_feedback_role_arn": "",
            "application_success_feedback_sample_rate": 0,
            "archive_policy": "",
            "arn": "arn:aws:sns:us-east-1:446242970357:hospital-agenda-events-dev",
            "beginning_archive_time": "",
            "content_based_deduplication": false,
            "delivery_policy": "",
            "display_name": "",
            "fifo_throughput_scope": "",
            "fifo_topic": false,
            "firehose_failure_feedback_role_arn": "",
            "firehose_success_feedback_role_arn": "",
            "firehose_success_feedback_sample_rate": 0,
            "http_failure_feedback_role_arn": "",
            "http_success_feedback_role_arn": "",
            "http_success_feedback_sample_rate": 0,
            "id": "arn:aws:sns:us-east-1:446242970357:hospital-agenda-events-dev",
            "kms_master_key_id": "",
            "lambda_failure_feedback_role_arn": "",
            "lambda_success_feedback_role_arn": "",
            "lambda_success_feedback_sample_rate": 0,
            "name": "hospital-agenda-events-dev",
            "name_prefix": "",
            "owner": "446242970357",
            "policy": "{\"Id\":\"__default_policy_ID\",\"Statement\":[{\"Action\":[\"SNS:GetTopicAttributes\",\"SNS:SetTopicAttributes\",\"SNS:AddPermission\",\"SNS:RemovePermission\",\"SNS:DeleteTopic\",\"SNS:Subscribe\",\"SNS:ListSubscriptionsByTopic\",\"SNS:Publish\"],\"Condition\":{\"StringEquals\":{\"AWS:SourceOwner\":\"446242970357\"}},\"Effect\":\"Allow\",\"Principal\":{\"AWS\":\"*\"},\"Resource\":\"arn:aws:sns:us-east-1:446242970357:hospital-agenda-events-dev\",\"Sid\":\"__default_statement_ID\"}],\"Version\":\"2008-10-17\"}",
            "region": "us-east-1",
            "signature_version": 0,
            "sqs_failure_feedback_role_arn": "",
            "sqs_success_feedback_role_arn": "",
            "sqs_success_feedback_sample_rate": 0,
            "tags": {
              "Course": "Arquitectura de Sistemas",
              "Environment": "dev",
              "ManagedBy": "Terraform",
              "Name": "hospital-boxes-dev-sns-agenda-events",
              "Project": "Hospital Boxes Visualization",
              "Team": "DevOps",
              "University": "UDD"
            },
            "tags_all": {
              "Course": "Arquitectura de Sistemas",
              "Environment": "dev",
              "ManagedBy": "Terraform",
              "Name": "hospital-boxes-dev-sns-agenda-events",
              "Project": "Hospital Boxes Visualization",
              "Team": "DevOps",
              "University": "UDD"
            },
            "tracing_config": ""
          },
          "sensitive_attributes": [],
          "identity_schema_version": 0,
          "identity": {
            "arn": "arn:aws:sns:us-east-1:446242970357:hospital-agenda-events-dev"
          },
          "private": "bnVsbA=="
        }
      ]
    },
    {
      "mode": "managed",
      "type": "aws_sns_topic",
      "name": "box_events",
      "provider": "provider[\"registry.terraform.io/hashicorp/aws\"]",
      "instances": [
        {
          "schema_version": 0,
          "attributes": {
            "application_failure_feedback_role_arn": "",
            "application_success_feedback_role_arn": "",
            "application_success_feedback_sample_rate": 0,
            "archive_policy": "",
            "arn": "arn:aws:sns:us-east-1:446242970357:hospital-box-events-dev",
            "beginning_archive_time": "",
            "content_based_deduplication": false,
            "delivery_policy": "",
            "display_name": "",
            "fifo_throughput_scope": "",
            "fifo_topic": false,
            "firehose_failure_feedback_role_arn": "",
            "firehose_success_feedback_role_arn": "",
            "firehose_success_feedback_sample_rate": 0,
            "http_failure_feedback_role_arn": "",
            "http_success_feedback_role_arn": "",
            "http_success_feedback_sample_rate": 0,
            "id": "arn:aws:sns:us-east-1:446242970357:hospital-box-events-dev",
            "kms_master_key_id": "",
            "lambda_failure_feedback_role_arn": "",
            "lambda_success_feedback_role_arn": "",
            "lambda_success_feedback_sample_rate": 0,
            "name": "hospital-box-events-dev",
            "name_prefix": "",
            "owner": "446242970357",
            "policy": "{\"Id\":\"__default_policy_ID\",\"Statement\":[{\"Action\":[\"SNS:GetTopicAttributes\",\"SNS:SetTopicAttributes\",\"SNS:AddPermission\",\"SNS:RemovePermission\",\"SNS:DeleteTopic\",\"SNS:Subscribe\",\"SNS:ListSubscriptionsByTopic\",\"SNS:Publish\"],\"Condition\":{\"StringEquals\":{\"AWS:SourceOwner\":\"446242970357\"}},\"Effect\":\"Allow\",\"Principal\":{\"AWS\":\"*\"},\"Resource\":\"arn:aws:sns:us-east-1:446242970357:hospital-box-events-dev\",\"Sid\":\"__default_statement_ID\"}],\"Version\":\"2008-10-17\"}",
            "region": "us-east-1",
            "signature_version": 0,
            "sqs_failure_feedback_role_arn": "",
            "sqs_success_feedback_role_arn": "",
            "sqs_success_feedback_sample_rate": 0,
            "tags": {
              "Course": "Arquitectura de Sistemas",
              "Environment": "dev",
              "ManagedBy": "Terraform",
              "Name": "hospital-boxes-dev-sns-box-events",
              "Project": "Hospital Boxes Visualization",
              "Team": "DevOps",
              "University": "UDD"
            },
            "tags_all": {
              "Course": "Arquitectura de Sistemas",
              "Environment": "dev",
              "ManagedBy": "Terraform",
              "Name": "hospital-boxes-dev-sns-box-events",
              "Project": "Hospital Boxes Visualization",
              "Team": "DevOps",
              "University": "UDD"
            },
            "tracing_config": ""
          },
          "sensitive_attributes": [],
          "identity_schema_version": 0,
          "identity": {
            "arn": "arn:aws:sns:us-east-1:446242970357:hospital-box-events-dev"
          },
          "private": "bnVsbA=="
        }
      ]
    },
    {
      "mode": "managed",
      "type": "aws_sns_topic",
      "name": "notifications",
      "provider": "provider[\"registry.terraform.io/hashicorp/aws\"]",
      "instances": [
        {
          "schema_version": 0,
          "attributes": {
            "application_failure_feedback_role_arn": "",
            "application_success_feedback_role_arn": "",
            "application_success_feedback_sample_rate": 0,
            "archive_policy": "",
            "arn": "arn:aws:sns:us-east-1:446242970357:hospital-notifications-dev",
            "beginning_archive_time": "",
            "content_based_deduplication": false,
            "delivery_policy": "",
            "display_name": "",
            "fifo_throughput_scope": "",
            "fifo_topic": false,
            "firehose_failure_feedback_role_arn": "",
            "firehose_success_feedback_role_arn": "",
            "firehose_success_feedback_sample_rate": 0,
            "http_failure_feedback_role_arn": "",
            "http_success_feedback_role_arn": "",
            "http_success_feedback_sample_rate": 0,
            "id": "arn:aws:sns:us-east-1:446242970357:hospital-notifications-dev",
            "kms_master_key_id": "",
            "lambda_failure_feedback_role_arn": "",
            "lambda_success_feedback_role_arn": "",
            "lambda_success_feedback_sample_rate": 0,
            "name": "hospital-notifications-dev",
            "name_prefix": "",
            "owner": "446242970357",
            "policy": "{\"Id\":\"__default_policy_ID\",\"Statement\":[{\"Action\":[\"SNS:GetTopicAttributes\",\"SNS:SetTopicAttributes\",\"SNS:AddPermission\",\"SNS:RemovePermission\",\"SNS:DeleteTopic\",\"SNS:Subscribe\",\"SNS:ListSubscriptionsByTopic\",\"SNS:Publish\"],\"Condition\":{\"StringEquals\":{\"AWS:SourceOwner\":\"446242970357\"}},\"Effect\":\"Allow\",\"Principal\":{\"AWS\":\"*\"},\"Resource\":\"arn:aws:sns:us-east-1:446242970357:hospital-notifications-dev\",\"Sid\":\"__default_statement_ID\"}],\"Version\":\"2008-10-17\"}",
            "region": "us-east-1",
            "signature_version": 0,
            "sqs_failure_feedback_role_arn": "",
            "sqs_success_feedback_role_arn": "",
            "sqs_success_feedback_sample_rate": 0,
            "tags": {
              "Course": "Arquitectura de Sistemas",
              "Environment": "dev",
              "ManagedBy": "Terraform",
              "Name": "hospital-boxes-dev-sns-notifications",
              "Project": "Hospital Boxes Visualization",
              "Team": "DevOps",
              "University": "UDD"
            },
            "tags_all": {
              "Course": "Arquitectura de Sistemas",
              "Environment": "dev",
              "ManagedBy": "Terraform",
              "Name": "hospital-boxes-dev-sns-notifications",
              "Project": "Hospital Boxes Visualization",
              "Team": "DevOps",
              "University": "UDD"
            },
            "tracing_config": ""
          },
          "sensitive_attributes": [],
          "identity_schema_version": 0,
          "identity": {
            "arn": "arn:aws:sns:us-east-1:446242970357:hospital-notifications-dev"
          },
          "private": "bnVsbA=="
        }
      ]
    },
    {
      "mode": "managed",
      "type": "aws_sns_topic",
      "name": "user_events",
      "provider": "provider[\"registry.terraform.io/hashicorp/aws\"]",
      "instances": [
        {
          "schema_version": 0,
          "attributes": {
            "application_failure_feedback_role_arn": "",
            "application_success_feedback_role_arn": "",
            "application_success_feedback_sample_rate": 0,
            "archive_policy": "",
            "arn": "arn:aws:sns:us-east-1:446242970357:hospital-user-events-dev",
            "beginning_archive_time": "",
            "content_based_deduplication": false,
            "delivery_policy": "",
            "display_name": "",
            "fifo_throughput_scope": "",
            "fifo_topic": false,
            "firehose_failure_feedback_role_arn": "",
            "firehose_success_feedback_role_arn": "",
            "firehose_success_feedback_sample_rate": 0,
            "http_failure_feedback_role_arn": "",
            "http_success_feedback_role_arn": "",
            "http_success_feedback_sample_rate": 0,
            "id": "arn:aws:sns:us-east-1:446242970357:hospital-user-events-dev",
            "kms_master_key_id": "",
            "lambda_failure_feedback_role_arn": "",
            "lambda_success_feedback_role_arn": "",
            "lambda_success_feedback_sample_rate": 0,
            "name": "hospital-user-events-dev",
            "name_prefix": "",
            "owner": "446242970357",
            "policy": "{\"Id\":\"__default_policy_ID\",\"Statement\":[{\"Action\":[\"SNS:GetTopicAttributes\",\"SNS:SetTopicAttributes\",\"SNS:AddPermission\",\"SNS:RemovePermission\",\"SNS:DeleteTopic\",\"SNS:Subscribe\",\"SNS:ListSubscriptionsByTopic\",\"SNS:Publish\"],\"Condition\":{\"StringEquals\":{\"AWS:SourceOwner\":\"446242970357\"}},\"Effect\":\"Allow\",\"Principal\":{\"AWS\":\"*\"},\"Resource\":\"arn:aws:sns:us-east-1:446242970357:hospital-user-events-dev\",\"Sid\":\"__default_statement_ID\"}],\"Version\":\"2008-10-17\"}",
            "region": "us-east-1",
            "signature_version": 0,
            "sqs_failure_feedback_role_arn": "",
            "sqs_success_feedback_role_arn": "",
            "sqs_success_feedback_sample_rate": 0,
            "tags": {
              "Course": "Arquitectura de Sistemas",
              "Environment": "dev",
              "ManagedBy": "Terraform",
              "Name": "hospital-boxes-dev-sns-user-events",
              "Project": "Hospital Boxes Visualization",
              "Team": "DevOps",
              "University": "UDD"
            },
            "tags_all": {
              "Course": "Arquitectura de Sistemas",
              "Environment": "dev",
              "ManagedBy": "Terraform",
              "Name": "hospital-boxes-dev-sns-user-events",
              "Project": "Hospital Boxes Visualization",
              "Team": "DevOps",
              "University": "UDD"
            },
            "tracing_config": ""
          },
          "sensitive_attributes": [],
          "identity_schema_version": 0,
          "identity": {
            "arn": "arn:aws:sns:us-east-1:446242970357:hospital-user-events-dev"
          },
          "private": "bnVsbA=="
        }
      ]
    },
    {
      "mode": "managed",
      "type": "aws_sns_topic_subscription",
      "name": "agenda_events_to_lambda",
      "provider": "provider[\"registry.terraform.io/hashicorp/aws\"]",
      "instances": [
        {
          "schema_version": 0,
          "attributes": {
            "arn": "arn:aws:sns:us-east-1:446242970357:hospital-agenda-events-dev:42baf0b5-fe94-421c-a8af-04ab25cb743b",
            "confirmation_timeout_in_minutes": 1,
            "confirmation_was_authenticated": true,
            "delivery_policy": "",
            "endpoint": "arn:aws:lambda:us-east-1:446242970357:function:hospital-boxes-dev-agenda-events-handler",
            "endpoint_auto_confirms": false,
            "filter_policy": "",
            "filter_policy_scope": "",
            "id": "arn:aws:sns:us-east-1:446242970357:hospital-agenda-events-dev:42baf0b5-fe94-421c-a8af-04ab25cb743b",
            "owner_id": "446242970357",
            "pending_confirmation": false,
            "protocol": "lambda",
            "raw_message_delivery": false,
            "redrive_policy": "",
            "region": "us-east-1",
            "replay_policy": "",
            "subscription_role_arn": "",
            "topic_arn": "arn:aws:sns:us-east-1:446242970357:hospital-agenda-events-dev"
          },
          "sensitive_attributes": [],
          "identity_schema_version": 0,
          "identity": {
            "arn": "arn:aws:sns:us-east-1:446242970357:hospital-agenda-events-dev:42baf0b5-fe94-421c-a8af-04ab25cb743b"
          },
          "private": "bnVsbA==",
          "dependencies": [
            "aws_dynamodb_table.main",
            "aws_lambda_function.agenda_events_handler",
            "aws_s3_bucket.lambda_bucket",
            "aws_s3_object.lambda_code",
            "aws_sns_topic.agenda_events",
            "aws_sns_topic.box_events",
            "aws_sns_topic.notifications",
            "data.archive_file.lambda_zip",
            "data.aws_iam_role.lab_role",
            "random_string.suffix"
          ]
        }
      ]
    },
    {
      "mode": "managed",
      "type": "aws_sns_topic_subscription",
      "name": "notifications_to_lambda",
      "provider": "provider[\"registry.terraform.io/hashicorp/aws\"]",
      "instances": [
        {
          "schema_version": 0,
          "attributes": {
            "arn": "arn:aws:sns:us-east-1:446242970357:hospital-notifications-dev:fd3591b5-bebf-4004-b9f5-2ce61897d0a9",
            "confirmation_timeout_in_minutes": 1,
            "confirmation_was_authenticated": true,
            "delivery_policy": "",
            "endpoint": "arn:aws:lambda:us-east-1:446242970357:function:hospital-boxes-dev-notification-handler",
            "endpoint_auto_confirms": false,
            "filter_policy": "",
            "filter_policy_scope": "",
            "id": "arn:aws:sns:us-east-1:446242970357:hospital-notifications-dev:fd3591b5-bebf-4004-b9f5-2ce61897d0a9",
            "owner_id": "446242970357",
            "pending_confirmation": false,
            "protocol": "lambda",
            "raw_message_delivery": false,
            "redrive_policy": "",
            "region": "us-east-1",
            "replay_policy": "",
            "subscription_role_arn": "",
            "topic_arn": "arn:aws:sns:us-east-1:446242970357:hospital-notifications-dev"
          },
          "sensitive_attributes": [],
          "identity_schema_version": 0,
          "identity": {
            "arn": "arn:aws:sns:us-east-1:446242970357:hospital-notifications-dev:fd3591b5-bebf-4004-b9f5-2ce61897d0a9"
          },
          "private": "bnVsbA==",
          "dependencies": [
            "aws_dynamodb_table.main",
            "aws_lambda_function.notification_handler",
            "aws_s3_bucket.lambda_bucket",
            "aws_s3_object.lambda_code",
            "aws_sns_topic.notifications",
            "data.archive_file.lambda_zip",
            "data.aws_iam_role.lab_role",
            "random_string.suffix"
          ]
        }
      ]
    },
    {
      "mode": "managed",
      "type": "aws_sns_topic_subscription",
      "name": "user_events_to_lambda",
      "provider": "provider[\"registry.terraform.io/hashicorp/aws\"]",
      "instances": [
        {
          "schema_version": 0,
          "attributes": {
            "arn": "arn:aws:sns:us-east-1:446242970357:hospital-user-events-dev:c682aa51-a888-479f-9194-1ed0ca68a4c1",
            "confirmation_timeout_in_minutes": 1,
            "confirmation_was_authenticated": true,
            "delivery_policy": "",
            "endpoint": "arn:aws:lambda:us-east-1:446242970357:function:hospital-boxes-dev-user-events-handler",
            "endpoint_auto_confirms": false,
            "filter_policy": "",
            "filter_policy_scope": "",
            "id": "arn:aws:sns:us-east-1:446242970357:hospital-user-events-dev:c682aa51-a888-479f-9194-1ed0ca68a4c1",
            "owner_id": "446242970357",
            "pending_confirmation": false,
            "protocol": "lambda",
            "raw_message_delivery": false,
            "redrive_policy": "",
            "region": "us-east-1",
            "replay_policy": "",
            "subscription_role_arn": "",
            "topic_arn": "arn:aws:sns:us-east-1:446242970357:hospital-user-events-dev"
          },
          "sensitive_attributes": [],
          "identity_schema_version": 0,
          "identity": {
            "arn": "arn:aws:sns:us-east-1:446242970357:hospital-user-events-dev:c682aa51-a888-479f-9194-1ed0ca68a4c1"
          },
          "private": "bnVsbA==",
          "dependencies": [
            "aws_dynamodb_table.main",
            "aws_lambda_function.user_events_handler",
            "aws_s3_bucket.lambda_bucket",
            "aws_s3_object.lambda_code",
            "aws_sns_topic.agenda_events",
            "aws_sns_topic.box_events",
            "aws_sns_topic.notifications",
            "aws_sns_topic.user_events",
            "data.archive_file.lambda_zip",
            "data.aws_iam_role.lab_role",
            "random_string.suffix"
          ]
        }
      ]
    },
    {
      "mode": "managed",
      "type": "aws_subnet",
      "name": "custom",
      "provider": "provider[\"registry.terraform.io/hashicorp/aws\"]",
      "instances": [
        {
          "schema_version": 1,
          "attributes": {
            "arn": "arn:aws:ec2:us-east-1:446242970357:subnet/subnet-0ba0c78a221559457",
            "assign_ipv6_address_on_creation": false,
            "availability_zone": "us-east-1a",
            "availability_zone_id": "use1-az4",
            "cidr_block": "10.0.3.0/24",
            "customer_owned_ipv4_pool": "",
            "enable_dns64": false,
            "enable_lni_at_device_index": 0,
            "enable_resource_name_dns_a_record_on_launch": false,
            "enable_resource_name_dns_aaaa_record_on_launch": false,
            "id": "subnet-0ba0c78a221559457",
            "ipv6_cidr_block": "",
            "ipv6_cidr_block_association_id": "",
            "ipv6_native": false,
            "map_customer_owned_ip_on_launch": false,
            "map_public_ip_on_launch": false,
            "outpost_arn": "",
            "owner_id": "446242970357",
            "private_dns_hostname_type_on_launch": "ip-name",
            "region": "us-east-1",
            "tags": {
              "Course": "Arquitectura de Sistemas",
              "Environment": "dev",
              "ManagedBy": "Terraform",
              "Name": "hospital-boxes-dev-custom-subnet",
              "Project": "Hospital Boxes Visualization",
              "Team": "DevOps",
              "University": "UDD"
            },
            "tags_all": {
              "Course": "Arquitectura de Sistemas",
              "Environment": "dev",
              "ManagedBy": "Terraform",
              "Name": "hospital-boxes-dev-custom-subnet",
              "Project": "Hospital Boxes Visualization",
              "Team": "DevOps",
              "University": "UDD"
            },
            "timeouts": null,
            "vpc_id": "vpc-000e5f85e40d2480a"
          },
          "sensitive_attributes": [],
          "identity_schema_version": 0,
          "identity": {
            "account_id": "446242970357",
            "id": "subnet-0ba0c78a221559457",
            "region": "us-east-1"
          },
          "private": "eyJlMmJmYjczMC1lY2FhLTExZTYtOGY4OC0zNDM2M2JjN2M0YzAiOnsiY3JlYXRlIjo2MDAwMDAwMDAwMDAsImRlbGV0ZSI6MTIwMDAwMDAwMDAwMH0sInNjaGVtYV92ZXJzaW9uIjoiMSJ9",
          "dependencies": [
            "aws_vpc.main"
          ]
        }
      ]
    },
    {
      "mode": "managed",
      "type": "aws_subnet",
      "name": "private",
      "provider": "provider[\"registry.terraform.io/hashicorp/aws\"]",
      "instances": [
        {
          "schema_version": 1,
          "attributes": {
            "arn": "arn:aws:ec2:us-east-1:446242970357:subnet/subnet-0cee0e739552ab2a8",
            "assign_ipv6_address_on_creation": false,
            "availability_zone": "us-east-1a",
            "availability_zone_id": "use1-az4",
            "cidr_block": "10.0.2.0/24",
            "customer_owned_ipv4_pool": "",
            "enable_dns64": false,
            "enable_lni_at_device_index": 0,
            "enable_resource_name_dns_a_record_on_launch": false,
            "enable_resource_name_dns_aaaa_record_on_launch": false,
            "id": "subnet-0cee0e739552ab2a8",
            "ipv6_cidr_block": "",
            "ipv6_cidr_block_association_id": "",
            "ipv6_native": false,
            "map_customer_owned_ip_on_launch": false,
            "map_public_ip_on_launch": false,
            "outpost_arn": "",
            "owner_id": "446242970357",
            "private_dns_hostname_type_on_launch": "ip-name",
            "region": "us-east-1",
            "tags": {
              "Course": "Arquitectura de Sistemas",
              "Environment": "dev",
              "ManagedBy": "Terraform",
              "Name": "hospital-boxes-dev-private-subnet",
              "Project": "Hospital Boxes Visualization",
              "Team": "DevOps",
              "University": "UDD"
            },
            "tags_all": {
              "Course": "Arquitectura de Sistemas",
              "Environment": "dev",
              "ManagedBy": "Terraform",
              "Name": "hospital-boxes-dev-private-subnet",
              "Project": "Hospital Boxes Visualization",
              "Team": "DevOps",
              "University": "UDD"
            },
            "timeouts": null,
            "vpc_id": "vpc-000e5f85e40d2480a"
          },
          "sensitive_attributes": [],
          "identity_schema_version": 0,
          "identity": {
            "account_id": "446242970357",
            "id": "subnet-0cee0e739552ab2a8",
            "region": "us-east-1"
          },
          "private": "eyJlMmJmYjczMC1lY2FhLTExZTYtOGY4OC0zNDM2M2JjN2M0YzAiOnsiY3JlYXRlIjo2MDAwMDAwMDAwMDAsImRlbGV0ZSI6MTIwMDAwMDAwMDAwMH0sInNjaGVtYV92ZXJzaW9uIjoiMSJ9",
          "dependencies": [
            "aws_vpc.main"
          ]
        }
      ]
    },
    {
      "mode": "managed",
      "type": "aws_subnet",
      "name": "public",
      "provider": "provider[\"registry.terraform.io/hashicorp/aws\"]",
      "instances": [
        {
          "schema_version": 1,
          "attributes": {
            "arn": "arn:aws:ec2:us-east-1:446242970357:subnet/subnet-02626d64f9dd6cb40",
            "assign_ipv6_address_on_creation": false,
            "availability_zone": "us-east-1a",
            "availability_zone_id": "use1-az4",
            "cidr_block": "10.0.1.0/24",
            "customer_owned_ipv4_pool": "",
            "enable_dns64": false,
            "enable_lni_at_device_index": 0,
            "enable_resource_name_dns_a_record_on_launch": false,
            "enable_resource_name_dns_aaaa_record_on_launch": false,
            "id": "subnet-02626d64f9dd6cb40",
            "ipv6_cidr_block": "",
            "ipv6_cidr_block_association_id": "",
            "ipv6_native": false,
            "map_customer_owned_ip_on_launch": false,
            "map_public_ip_on_launch": true,
            "outpost_arn": "",
            "owner_id": "446242970357",
            "private_dns_hostname_type_on_launch": "ip-name",
            "region": "us-east-1",
            "tags": {
              "Course": "Arquitectura de Sistemas",
              "Environment": "dev",
              "ManagedBy": "Terraform",
              "Name": "hospital-boxes-dev-public-subnet",
              "Project": "Hospital Boxes Visualization",
              "Team": "DevOps",
              "University": "UDD"
            },
            "tags_all": {
              "Course": "Arquitectura de Sistemas",
              "Environment": "dev",
              "ManagedBy": "Terraform",
              "Name": "hospital-boxes-dev-public-subnet",
              "Project": "Hospital Boxes Visualization",
              "Team": "DevOps",
              "University": "UDD"
            },
            "timeouts": null,
            "vpc_id": "vpc-000e5f85e40d2480a"
          },
          "sensitive_attributes": [],
          "identity_schema_version": 0,
          "identity": {
            "account_id": "446242970357",
            "id": "subnet-02626d64f9dd6cb40",
            "region": "us-east-1"
          },
          "private": "eyJlMmJmYjczMC1lY2FhLTExZTYtOGY4OC0zNDM2M2JjN2M0YzAiOnsiY3JlYXRlIjo2MDAwMDAwMDAwMDAsImRlbGV0ZSI6MTIwMDAwMDAwMDAwMH0sInNjaGVtYV92ZXJzaW9uIjoiMSJ9",
          "dependencies": [
            "aws_vpc.main"
          ]
        }
      ]
    },
    {
      "mode": "managed",
      "type": "aws_vpc",
      "name": "main",
      "provider": "provider[\"registry.terraform.io/hashicorp/aws\"]",
      "instances": [
        {
          "schema_version": 1,
          "attributes": {
            "arn": "arn:aws:ec2:us-east-1:446242970357:vpc/vpc-000e5f85e40d2480a",
            "assign_generated_ipv6_cidr_block": false,
            "cidr_block": "10.0.0.0/16",
            "default_network_acl_id": "acl-084e8248fb10498f2",
            "default_route_table_id": "rtb-0ed863db604b0d123",
            "default_security_group_id": "sg-0aa45517dafa22115",
            "dhcp_options_id": "dopt-08cb859d85d5a027c",
            "enable_dns_hostnames": true,
            "enable_dns_support": true,
            "enable_network_address_usage_metrics": false,
            "id": "vpc-000e5f85e40d2480a",
            "instance_tenancy": "default",
            "ipv4_ipam_pool_id": null,
            "ipv4_netmask_length": null,
            "ipv6_association_id": "",
            "ipv6_cidr_block": "",
            "ipv6_cidr_block_network_border_group": "",
            "ipv6_ipam_pool_id": "",
            "ipv6_netmask_length": 0,
            "main_route_table_id": "rtb-0ed863db604b0d123",
            "owner_id": "446242970357",
            "region": "us-east-1",
            "tags": {
              "Course": "Arquitectura de Sistemas",
              "Environment": "dev",
              "ManagedBy": "Terraform",
              "Name": "hospital-boxes-dev-vpc",
              "Project": "Hospital Boxes Visualization",
              "Team": "DevOps",
              "University": "UDD"
            },
            "tags_all": {
              "Course": "Arquitectura de Sistemas",
              "Environment": "dev",
              "ManagedBy": "Terraform",
              "Name": "hospital-boxes-dev-vpc",
              "Project": "Hospital Boxes Visualization",
              "Team": "DevOps",
              "University": "UDD"
            }
          },
          "sensitive_attributes": [],
          "identity_schema_version": 0,
          "identity": {
            "account_id": "446242970357",
            "id": "vpc-000e5f85e40d2480a",
            "region": "us-east-1"
          },
          "private": "eyJzY2hlbWFfdmVyc2lvbiI6IjEifQ=="
        }
      ]
    },
    {
      "mode": "managed",
      "type": "aws_vpc_endpoint",
      "name": "dynamodb",
      "provider": "provider[\"registry.terraform.io/hashicorp/aws\"]",
      "instances": [
        {
          "schema_version": 0,
          "attributes": {
            "arn": "arn:aws:ec2:us-east-1:446242970357:vpc-endpoint/vpce-0918ca26dfee4e4f9",
            "auto_accept": null,
            "cidr_blocks": [
              "35.71.70.0/24",
              "3.218.182.0/24",
              "3.218.180.0/23",
              "35.71.68.0/23",
              "52.94.0.0/22",
              "52.119.224.0/20"
            ],
            "dns_entry": [],
            "dns_options": [
              {
                "dns_record_ip_type": "service-defined",
                "private_dns_only_for_inbound_resolver_endpoint": false
              }
            ],
            "id": "vpce-0918ca26dfee4e4f9",
            "ip_address_type": "ipv4",
            "network_interface_ids": [],
            "owner_id": "446242970357",
            "policy": "{\"Statement\":[{\"Action\":\"*\",\"Effect\":\"Allow\",\"Principal\":\"*\",\"Resource\":\"*\"}],\"Version\":\"2008-10-17\"}",
            "prefix_list_id": "pl-02cd2c6b",
            "private_dns_enabled": false,
            "region": "us-east-1",
            "requester_managed": false,
            "resource_configuration_arn": "",
            "route_table_ids": [
              "rtb-02384a6affa28b320",
              "rtb-02c0d67518e560023",
              "rtb-0c3b3b69d70660bf9"
            ],
            "security_group_ids": [],
            "service_name": "com.amazonaws.us-east-1.dynamodb",
            "service_network_arn": "",
            "service_region": "us-east-1",
            "state": "available",
            "subnet_configuration": [],
            "subnet_ids": [],
            "tags": null,
            "tags_all": {},
            "timeouts": null,
            "vpc_endpoint_type": "Gateway",
            "vpc_id": "vpc-000e5f85e40d2480a"
          },
          "sensitive_attributes": [],
          "identity_schema_version": 0,
          "identity": {
            "account_id": "446242970357",
            "id": "vpce-0918ca26dfee4e4f9",
            "region": "us-east-1"
          },
          "private": "eyJlMmJmYjczMC1lY2FhLTExZTYtOGY4OC0zNDM2M2JjN2M0YzAiOnsiY3JlYXRlIjo2MDAwMDAwMDAwMDAsImRlbGV0ZSI6NjAwMDAwMDAwMDAwLCJ1cGRhdGUiOjYwMDAwMDAwMDAwMH19",
          "dependencies": [
            "aws_internet_gateway.gw",
            "aws_route_table.custom",
            "aws_route_table.private",
            "aws_route_table.public",
            "aws_vpc.main"
          ]
        }
      ]
    },
    {
      "mode": "managed",
      "type": "local_file",
      "name": "ssh_private_key",
      "provider": "provider[\"registry.terraform.io/hashicorp/local\"]",
      "instances": [
        {
          "schema_version": 0,
          "attributes": {
            "content": "-----BEGIN RSA PRIVATE KEY-----\nMIIJKQIBAAKCAgEAsIPWSpOPp2hFQeXLAG/Y4H4nlvefQgB56U5OerIqR+fQuG5a\nOkLf9oy3vZH8RHPs8N77fFCCMP6LkWmT6fFNgqQqsELYnHw2YHc5gH9LM46cX+c5\nXXIvTnMek5KovDlsjsyir1wZ8P7qlGjKiliuBY+CWwnuLeEBU+SlWY5IOOQ/WWHQ\n8lvuxhhvLtgOPA5UEHts+JuS4cdTY+fuO+4ZIHM4c3ANpnFGhFhnNgD0+GzKECql\njfyLQ9XqMZVfI6vKsBOqEawE7cliuXsWnM2oucVwtI9xEUO8Lb2hr45vtJ+qeNw/\njbShQn3Vu6eCJekYAoXQQPX7X+mQBIuFh2W4myUEOskjths/FaFnt7nwnRlhgrGy\nJd0m8wYOH8sMD0Q//bcqbNCzpevXg/Mp4TYT5xDos+N+XvI6uLmOeiRllh0RduHL\nvhT4+fcC7sj0DLkuHycxdzJVwNhVBhRMlb6MyVno8qRujMvcTR+wQU3MQzSo+ZQw\noYg+VCjvOVcyN7mX0CGTYC8O9vxAkVT2/Icb7aNXNRw/dnRWyueP1cAMc/nwkj4R\ngPvBxQhySrFDrhZXQMDS3DKmEtKtr8gxKyTmqoNFvp/CJtcg9nuH3l72/nsN6Xeh\nNSS0O1s/fsiuSa+OGlQGliXsNRknRNfTdAGeJarXHzH4ThAv58tGNBwZAe8CAwEA\nAQKCAgAFi+mnPO0d/41y5/ucWedgtoDGok/4zPcHuRQyOs2lUMgi43omVoT0bwY0\nXhVP5AH6rPxjXaGZqdtM3cUYwXeutpCOKquPzz9jgfDmnsQILLUGi8d7rjjaUuJl\nFLivTBv4fhRRRP2eWwRCrEBLtJmonGfQ4IZWyWPh9Pn/zxQUkDzasX4qqhozU1U7\nDZhKPtEEFjzIWxXJzm+ftgwAX2z0CMAqBcgIBjXcYW1s1FQznNzZ690j5wmhP2Q1\nMVJkq+NElnmY8I9/Fqg+18/6wWOfOBsLMW6wx4YZkdngywMA6VDRV2plKNs1saqO\nU6cn9c5xVdnDZiIDU4guUbaybc8tKM4R3xpZ2BLzZuXWtlwla1T8dQpnCyUfoT0c\n3JUzHHwWHrQgZrrIasJcZ0Vj0hN4gO2+obUuP+2slYU4y4lvgNCcWQT7HYjjvlqY\ndiyxrmGcUWC1RGIoULyzguGArQR9Uc17wD56EXm0sBjXuPEuj0z0B+H57ybKWVBB\n3GyvgKVBv2EBgRXWm0Y50pY9hEA3wqRX8NF3gC2C0ilLJQXcgXRszBHbfAJ2x2dY\npNVzvA9mWrzDYd/KzPPw92uRGU6VwWLXalv409h1vDqLrDnpHNbKztHaSQ3bdON+\nc9WiDwOeaZ7Nvatb8WxA9mbQRV2tDNwkj4xixrzvvSIyjce0UQKCAQEA381O2nVd\n9+VedmYmC+R2P8TW2MURnU/IKjWle+kZy3DSAPm03xCzLJeMyvfqXt0NW3s3GjSP\n894OIlHL40CdCIXHMNCDrd7BUDYc0cOW+DlhpoStRZrIExUZxTZOAqgD6fl+WInS\nsHoMCY9AODXcBvntUBvwpemaVL1ZfDr8iv7/FFdwmRHFdXEXqbG1wsiF2YjMk21w\n6BnVlg8PBCOGa0vwzDyMwqGA4uIulSvmsnw9dieTXcsFpjaB2aC5y0Iw+wNif2NF\nKj4nrybWk6EFSL/5r0H81BsOq2xjG8r9GwLpcy/hSGGs4YtqvOPnx3kfrwvQKaug\nDjOp3uGr7MlQ6wKCAQEAyejvbtxODrLe93g2FCARsvEllkVUiJVvL3TuyTQRsETx\nhK73EiRWwDsDokuaQM1HYprf47+pZXez49ZfwrtYGz6NGH4SD8B5jbrRX2KIw5z4\nzQpwnagShCZIru4O5m3jEfBBcfzOALnqV1OpwtlYSK2433hUQXbEQhgewV9UtSyI\nikgCOKvEE5gPvKqejZQhEnl44dGRUZpRGfZ2OSycwak9hOUBFdPsZhtVWpGItuuz\ntwNdjcTXC/gkew2vUJDIw5svTsYUKzFXny1paFozCGG0aOaqZ0nMynmaOcOnfwlQ\njFIvtbUYUm+MiS/bmUqYxVzooz2OYCqs4ko3d7YyDQKCAQEAn8FwrmTlhRWITsAw\nHIEjH/Yk32wdXMwcuHS/AiqtLRoF7ohRYoILRKOR7zj1Zm4pIMpd1Sj8MTqroDf/\ncOMotXK5c9EEjlLab6WRAPO7isl7OWCwR2VruKNxV+Oh4CeLU7OzSwRnD26vtQs6\n7mUUAS7bBjpLmEOe1Sqs/A8nQxkvgJfCWqHi8CigmZOvibGWSmhqkDqpRCVc39c0\nAuJRC7qT01bNrAmZdVu7oORLs9EYFoW9nlBUYge6vV0MA1nmmOgboY99SeBAd7kj\npxJkMUBIvaA/GDGQUTH3tVk7P9LeTkk5aW+/9uiMcvXE+BEwWsX1/Cj1Ae5DLkSt\nc0NprQKCAQEAr6VHxTU5YmgQt0+IG/HZ88T8YcFmTHtTAgHDSJ1XVfRj9n0OymV6\nYjf0bVc/lWf+1bTNWB7/ihmcEHQJUioP94Nu0wO5SqKyG62NPmFFgIYpmpWeakgv\n824qhKLrq2Gky5IqHLNDsjYJunY5lBvnRTJ7RUw0X86l5Kl+99GqqwFWtpT1+b7T\nEAiUiBgVXiyiqKOrmSbqOAb6zo8tQYehxocn0Vg2nXqCiED2+5bnS9m3uVngJNg8\nC1mOws2g2YFaZW+2s9x05y5Bf2PN8s2k34G/pBIl4zy8PteSZvXh3A2KWMeWYYhs\n5CnOI/nSG4RdajPs3TVLijUVuLW/kxCYcQKCAQBCeIr6t5qeQUYQPWuHbPf4o4Am\n0JX7Nuwvq4jiqpcT4zxlPA9+SrrXKlXiyfbqQZ61DoXrM2AktODniRDhsdHTyM6+\nAOxTMpC227aWb9FNASCCSyXqtp2igDCYKIE5UB8fCSnEMTv14JY/8/EbGrv8fYc/\n/k/smp35iWovDRSRZ9Pv90isMNDTXevM8jJFNaa+HnvhnOWF8CC8M7UfNngQYaNO\nLCm3rwykX1ZZ/+Ug/Ds3+mFeKvYRWnMJWPyIrDOZ1hbNnIWv2POUiA7pkXOhKG8Z\nIgVuVkhwDWqlrGSLom5jV6lEhvXn+/oPBAFe2AYjHR4gEiD+wIVKf4wUaDPj\n-----END RSA PRIVATE KEY-----\n",
            "content_base64": null,
            "content_base64sha256": "R1G/qKZ3nRIFHsCQEfJPgLQYedTmMy/P1DWlttsv0Js=",
            "content_base64sha512": "sff36cpdpPZcRviYjfQM9WPNVklnHQrOeJplEfSMTnobB94ZGAv8tdf4JWs8n7U4J/OwVqspVuHwHndonTXRpg==",
            "content_md5": "e7e2a3796d68cf47199d7d94f87dff78",
            "content_sha1": "03fd58b72f23fd3ff66ebc34b621cf899458fd98",
            "content_sha256": "4751bfa8a6779d12051ec09011f24f80b41879d4e6332fcfd435a5b6db2fd09b",
            "content_sha512": "b1f7f7e9ca5da4f65c46f8988df40cf563cd5649671d0ace789a6511f48c4e7a1b07de19180bfcb5d7f8256b3c9fb53827f3b056ab2956e1f01e77689d35d1a6",
            "directory_permission": "0777",
            "file_permission": "0600",
            "filename": "C:\\Users\\milan/my-ec2-key.pem",
            "id": "03fd58b72f23fd3ff66ebc34b621cf899458fd98",
            "sensitive_content": null,
            "source": null
          },
          "sensitive_attributes": [
            [
              {
                "type": "get_attr",
                "value": "content"
              }
            ],
            [
              {
                "type": "get_attr",
                "value": "sensitive_content"
              }
            ]
          ],
          "identity_schema_version": 0,
          "dependencies": [
            "tls_private_key.ssh"
          ]
        }
      ]
    },
    {
      "mode": "managed",
      "type": "random_string",
      "name": "suffix",
      "provider": "provider[\"registry.terraform.io/hashicorp/random\"]",
      "instances": [
        {
          "schema_version": 2,
          "attributes": {
            "id": "htbyqwm2",
            "keepers": null,
            "length": 8,
            "lower": true,
            "min_lower": 0,
            "min_numeric": 0,
            "min_special": 0,
            "min_upper": 0,
            "number": true,
            "numeric": true,
            "override_special": null,
            "result": "htbyqwm2",
            "special": false,
            "upper": false
          },
          "sensitive_attributes": [],
          "identity_schema_version": 0
        }
      ]
    },
    {
      "mode": "managed",
      "type": "tls_private_key",
      "name": "ssh",
      "provider": "provider[\"registry.terraform.io/hashicorp/tls\"]",
      "instances": [
        {
          "schema_version": 1,
          "attributes": {
            "algorithm": "RSA",
            "ecdsa_curve": "P224",
            "id": "b3873969a3f2e1ee0bfa876e22e0f63cfe9da174",
            "private_key_openssh": "-----BEGIN OPENSSH PRIVATE KEY-----\nb3BlbnNzaC1rZXktdjEAAAAABG5vbmUAAAAEbm9uZQAAAAAAAAABAAACFwAAAAdz\nc2gtcnNhAAAAAwEAAQAAAgEAsIPWSpOPp2hFQeXLAG/Y4H4nlvefQgB56U5OerIq\nR+fQuG5aOkLf9oy3vZH8RHPs8N77fFCCMP6LkWmT6fFNgqQqsELYnHw2YHc5gH9L\nM46cX+c5XXIvTnMek5KovDlsjsyir1wZ8P7qlGjKiliuBY+CWwnuLeEBU+SlWY5I\nOOQ/WWHQ8lvuxhhvLtgOPA5UEHts+JuS4cdTY+fuO+4ZIHM4c3ANpnFGhFhnNgD0\n+GzKECqljfyLQ9XqMZVfI6vKsBOqEawE7cliuXsWnM2oucVwtI9xEUO8Lb2hr45v\ntJ+qeNw/jbShQn3Vu6eCJekYAoXQQPX7X+mQBIuFh2W4myUEOskjths/FaFnt7nw\nnRlhgrGyJd0m8wYOH8sMD0Q//bcqbNCzpevXg/Mp4TYT5xDos+N+XvI6uLmOeiRl\nlh0RduHLvhT4+fcC7sj0DLkuHycxdzJVwNhVBhRMlb6MyVno8qRujMvcTR+wQU3M\nQzSo+ZQwoYg+VCjvOVcyN7mX0CGTYC8O9vxAkVT2/Icb7aNXNRw/dnRWyueP1cAM\nc/nwkj4RgPvBxQhySrFDrhZXQMDS3DKmEtKtr8gxKyTmqoNFvp/CJtcg9nuH3l72\n/nsN6XehNSS0O1s/fsiuSa+OGlQGliXsNRknRNfTdAGeJarXHzH4ThAv58tGNBwZ\nAe8AAAc4zBZHv8wWR78AAAAHc3NoLXJzYQAAAgEAsIPWSpOPp2hFQeXLAG/Y4H4n\nlvefQgB56U5OerIqR+fQuG5aOkLf9oy3vZH8RHPs8N77fFCCMP6LkWmT6fFNgqQq\nsELYnHw2YHc5gH9LM46cX+c5XXIvTnMek5KovDlsjsyir1wZ8P7qlGjKiliuBY+C\nWwnuLeEBU+SlWY5IOOQ/WWHQ8lvuxhhvLtgOPA5UEHts+JuS4cdTY+fuO+4ZIHM4\nc3ANpnFGhFhnNgD0+GzKECqljfyLQ9XqMZVfI6vKsBOqEawE7cliuXsWnM2oucVw\ntI9xEUO8Lb2hr45vtJ+qeNw/jbShQn3Vu6eCJekYAoXQQPX7X+mQBIuFh2W4myUE\nOskjths/FaFnt7nwnRlhgrGyJd0m8wYOH8sMD0Q//bcqbNCzpevXg/Mp4TYT5xDo\ns+N+XvI6uLmOeiRllh0RduHLvhT4+fcC7sj0DLkuHycxdzJVwNhVBhRMlb6MyVno\n8qRujMvcTR+wQU3MQzSo+ZQwoYg+VCjvOVcyN7mX0CGTYC8O9vxAkVT2/Icb7aNX\nNRw/dnRWyueP1cAMc/nwkj4RgPvBxQhySrFDrhZXQMDS3DKmEtKtr8gxKyTmqoNF\nvp/CJtcg9nuH3l72/nsN6XehNSS0O1s/fsiuSa+OGlQGliXsNRknRNfTdAGeJarX\nHzH4ThAv58tGNBwZAe8AAAADAQABAAACAAWL6ac87R3/jXLn+5xZ52C2gMaiT/jM\n9we5FDI6zaVQyCLjeiZWhPRvBjReFU/kAfqs/GNdoZmp20zdxRjBd662kI4qq4/P\nP2OB8OaexAgstQaLx3uuONpS4mUUuK9MG/h+FFFE/Z5bBEKsQEu0maicZ9DghlbJ\nY+H0+f/PFBSQPNqxfiqqGjNTVTsNmEo+0QQWPMhbFcnOb5+2DABfbPQIwCoFyAgG\nNdxhbWzUVDOc3Nnr3SPnCaE/ZDUxUmSr40SWeZjwj38WqD7Xz/rBY584GwsxbrDH\nhhmR2eDLAwDpUNFXamUo2zWxqo5Tpyf1znFV2cNmIgNTiC5RtrJtzy0ozhHfGlnY\nEvNm5da2XCVrVPx1CmcLJR+hPRzclTMcfBYetCBmushqwlxnRWPSE3iA7b6htS4/\n7ayVhTjLiW+A0JxZBPsdiOO+Wph2LLGuYZxRYLVEYihQvLOC4YCtBH1RzXvAPnoR\nebSwGNe48S6PTPQH4fnvJspZUEHcbK+ApUG/YQGBFdabRjnSlj2EQDfCpFfw0XeA\nLYLSKUslBdyBdGzMEdt8AnbHZ1ik1XO8D2ZavMNh38rM8/D3a5EZTpXBYtdqW/jT\n2HW8OousOekc1srO0dpJDdt0435z1aIPA55pns29q1vxbED2ZtBFXa0M3CSPjGLG\nvO+9IjKNx7RRAAABAEJ4ivq3mp5BRhA9a4ds9/ijgCbQlfs27C+riOKqlxPjPGU8\nD35KutcqVeLJ9upBnrUOheszYCS04OeJEOGx0dPIzr4A7FMykLbbtpZv0U0BIIJL\nJeq2naKAMJgogTlQHx8JKcQxO/Xglj/z8Rsau/x9hz/+T+yanfmJai8NFJFn0+/3\nSKww0NNd68zyMkU1pr4ee+Gc5YXwILwztR82eBBho04sKbevDKRfVln/5SD8Ozf6\nYV4q9hFacwlY/IisM5nWFs2cha/Y85SIDumRc6EobxkiBW5WSHANaqWsZIuibmNX\nqUSG9ef7+g8EAV7YBiMdHiASIP7AhUp/jBRoM+MAAAEBAN/NTtp1XfflXnZmJgvk\ndj/E1tjFEZ1PyCo1pXvpGctw0gD5tN8QsyyXjMr36l7dDVt7Nxo0j/PeDiJRy+NA\nnQiFxzDQg63ewVA2HNHDlvg5YaaErUWayBMVGcU2TgKoA+n5fliJ0rB6DAmPQDg1\n3Ab57VAb8KXpmlS9WXw6/Ir+/xRXcJkRxXVxF6mxtcLIhdmIzJNtcOgZ1ZYPDwQj\nhmtL8Mw8jMKhgOLiLpUr5rJ8PXYnk13LBaY2gdmguctCMPsDYn9jRSo+J68m1pOh\nBUi/+a9B/NQbDqtsYxvK/RsC6XMv4UhhrOGLarzj58d5H68L0CmroA4zqd7hq+zJ\nUOsAAAEBAMno727cTg6y3vd4NhQgEbLxJZZFVIiVby907sk0EbBE8YSu9xIkVsA7\nA6JLmkDNR2Ka3+O/qWV3s+PWX8K7WBs+jRh+Eg/AeY260V9iiMOc+M0KcJ2oEoQm\nSK7uDuZt4xHwQXH8zgC56ldTqcLZWEituN94VEF2xEIYHsFfVLUsiIpIAjirxBOY\nD7yqno2UIRJ5eOHRkVGaURn2djksnMGpPYTlARXT7GYbVVqRiLbrs7cDXY3E1wv4\nJHsNr1CQyMObL07GFCsxV58taWhaMwhhtGjmqmdJzMp5mjnDp38JUIxSL7W1GFJv\njIkv25lKmMVc6KM9jmAqrOJKN3e2Mg0AAAAAAQID\n-----END OPENSSH PRIVATE KEY-----\n",
            "private_key_pem": "-----BEGIN RSA PRIVATE KEY-----\nMIIJKQIBAAKCAgEAsIPWSpOPp2hFQeXLAG/Y4H4nlvefQgB56U5OerIqR+fQuG5a\nOkLf9oy3vZH8RHPs8N77fFCCMP6LkWmT6fFNgqQqsELYnHw2YHc5gH9LM46cX+c5\nXXIvTnMek5KovDlsjsyir1wZ8P7qlGjKiliuBY+CWwnuLeEBU+SlWY5IOOQ/WWHQ\n8lvuxhhvLtgOPA5UEHts+JuS4cdTY+fuO+4ZIHM4c3ANpnFGhFhnNgD0+GzKECql\njfyLQ9XqMZVfI6vKsBOqEawE7cliuXsWnM2oucVwtI9xEUO8Lb2hr45vtJ+qeNw/\njbShQn3Vu6eCJekYAoXQQPX7X+mQBIuFh2W4myUEOskjths/FaFnt7nwnRlhgrGy\nJd0m8wYOH8sMD0Q//bcqbNCzpevXg/Mp4TYT5xDos+N+XvI6uLmOeiRllh0RduHL\nvhT4+fcC7sj0DLkuHycxdzJVwNhVBhRMlb6MyVno8qRujMvcTR+wQU3MQzSo+ZQw\noYg+VCjvOVcyN7mX0CGTYC8O9vxAkVT2/Icb7aNXNRw/dnRWyueP1cAMc/nwkj4R\ngPvBxQhySrFDrhZXQMDS3DKmEtKtr8gxKyTmqoNFvp/CJtcg9nuH3l72/nsN6Xeh\nNSS0O1s/fsiuSa+OGlQGliXsNRknRNfTdAGeJarXHzH4ThAv58tGNBwZAe8CAwEA\nAQKCAgAFi+mnPO0d/41y5/ucWedgtoDGok/4zPcHuRQyOs2lUMgi43omVoT0bwY0\nXhVP5AH6rPxjXaGZqdtM3cUYwXeutpCOKquPzz9jgfDmnsQILLUGi8d7rjjaUuJl\nFLivTBv4fhRRRP2eWwRCrEBLtJmonGfQ4IZWyWPh9Pn/zxQUkDzasX4qqhozU1U7\nDZhKPtEEFjzIWxXJzm+ftgwAX2z0CMAqBcgIBjXcYW1s1FQznNzZ690j5wmhP2Q1\nMVJkq+NElnmY8I9/Fqg+18/6wWOfOBsLMW6wx4YZkdngywMA6VDRV2plKNs1saqO\nU6cn9c5xVdnDZiIDU4guUbaybc8tKM4R3xpZ2BLzZuXWtlwla1T8dQpnCyUfoT0c\n3JUzHHwWHrQgZrrIasJcZ0Vj0hN4gO2+obUuP+2slYU4y4lvgNCcWQT7HYjjvlqY\ndiyxrmGcUWC1RGIoULyzguGArQR9Uc17wD56EXm0sBjXuPEuj0z0B+H57ybKWVBB\n3GyvgKVBv2EBgRXWm0Y50pY9hEA3wqRX8NF3gC2C0ilLJQXcgXRszBHbfAJ2x2dY\npNVzvA9mWrzDYd/KzPPw92uRGU6VwWLXalv409h1vDqLrDnpHNbKztHaSQ3bdON+\nc9WiDwOeaZ7Nvatb8WxA9mbQRV2tDNwkj4xixrzvvSIyjce0UQKCAQEA381O2nVd\n9+VedmYmC+R2P8TW2MURnU/IKjWle+kZy3DSAPm03xCzLJeMyvfqXt0NW3s3GjSP\n894OIlHL40CdCIXHMNCDrd7BUDYc0cOW+DlhpoStRZrIExUZxTZOAqgD6fl+WInS\nsHoMCY9AODXcBvntUBvwpemaVL1ZfDr8iv7/FFdwmRHFdXEXqbG1wsiF2YjMk21w\n6BnVlg8PBCOGa0vwzDyMwqGA4uIulSvmsnw9dieTXcsFpjaB2aC5y0Iw+wNif2NF\nKj4nrybWk6EFSL/5r0H81BsOq2xjG8r9GwLpcy/hSGGs4YtqvOPnx3kfrwvQKaug\nDjOp3uGr7MlQ6wKCAQEAyejvbtxODrLe93g2FCARsvEllkVUiJVvL3TuyTQRsETx\nhK73EiRWwDsDokuaQM1HYprf47+pZXez49ZfwrtYGz6NGH4SD8B5jbrRX2KIw5z4\nzQpwnagShCZIru4O5m3jEfBBcfzOALnqV1OpwtlYSK2433hUQXbEQhgewV9UtSyI\nikgCOKvEE5gPvKqejZQhEnl44dGRUZpRGfZ2OSycwak9hOUBFdPsZhtVWpGItuuz\ntwNdjcTXC/gkew2vUJDIw5svTsYUKzFXny1paFozCGG0aOaqZ0nMynmaOcOnfwlQ\njFIvtbUYUm+MiS/bmUqYxVzooz2OYCqs4ko3d7YyDQKCAQEAn8FwrmTlhRWITsAw\nHIEjH/Yk32wdXMwcuHS/AiqtLRoF7ohRYoILRKOR7zj1Zm4pIMpd1Sj8MTqroDf/\ncOMotXK5c9EEjlLab6WRAPO7isl7OWCwR2VruKNxV+Oh4CeLU7OzSwRnD26vtQs6\n7mUUAS7bBjpLmEOe1Sqs/A8nQxkvgJfCWqHi8CigmZOvibGWSmhqkDqpRCVc39c0\nAuJRC7qT01bNrAmZdVu7oORLs9EYFoW9nlBUYge6vV0MA1nmmOgboY99SeBAd7kj\npxJkMUBIvaA/GDGQUTH3tVk7P9LeTkk5aW+/9uiMcvXE+BEwWsX1/Cj1Ae5DLkSt\nc0NprQKCAQEAr6VHxTU5YmgQt0+IG/HZ88T8YcFmTHtTAgHDSJ1XVfRj9n0OymV6\nYjf0bVc/lWf+1bTNWB7/ihmcEHQJUioP94Nu0wO5SqKyG62NPmFFgIYpmpWeakgv\n824qhKLrq2Gky5IqHLNDsjYJunY5lBvnRTJ7RUw0X86l5Kl+99GqqwFWtpT1+b7T\nEAiUiBgVXiyiqKOrmSbqOAb6zo8tQYehxocn0Vg2nXqCiED2+5bnS9m3uVngJNg8\nC1mOws2g2YFaZW+2s9x05y5Bf2PN8s2k34G/pBIl4zy8PteSZvXh3A2KWMeWYYhs\n5CnOI/nSG4RdajPs3TVLijUVuLW/kxCYcQKCAQBCeIr6t5qeQUYQPWuHbPf4o4Am\n0JX7Nuwvq4jiqpcT4zxlPA9+SrrXKlXiyfbqQZ61DoXrM2AktODniRDhsdHTyM6+\nAOxTMpC227aWb9FNASCCSyXqtp2igDCYKIE5UB8fCSnEMTv14JY/8/EbGrv8fYc/\n/k/smp35iWovDRSRZ9Pv90isMNDTXevM8jJFNaa+HnvhnOWF8CC8M7UfNngQYaNO\nLCm3rwykX1ZZ/+Ug/Ds3+mFeKvYRWnMJWPyIrDOZ1hbNnIWv2POUiA7pkXOhKG8Z\nIgVuVkhwDWqlrGSLom5jV6lEhvXn+/oPBAFe2AYjHR4gEiD+wIVKf4wUaDPj\n-----END RSA PRIVATE KEY-----\n",
            "private_key_pem_pkcs8": "-----BEGIN PRIVATE KEY-----\nMIIJQwIBADANBgkqhkiG9w0BAQEFAASCCS0wggkpAgEAAoICAQCwg9ZKk4+naEVB\n5csAb9jgfieW959CAHnpTk56sipH59C4blo6Qt/2jLe9kfxEc+zw3vt8UIIw/ouR\naZPp8U2CpCqwQticfDZgdzmAf0szjpxf5zldci9Ocx6Tkqi8OWyOzKKvXBnw/uqU\naMqKWK4Fj4JbCe4t4QFT5KVZjkg45D9ZYdDyW+7GGG8u2A48DlQQe2z4m5Lhx1Nj\n5+477hkgczhzcA2mcUaEWGc2APT4bMoQKqWN/ItD1eoxlV8jq8qwE6oRrATtyWK5\nexaczai5xXC0j3ERQ7wtvaGvjm+0n6p43D+NtKFCfdW7p4Il6RgChdBA9ftf6ZAE\ni4WHZbibJQQ6ySO2Gz8VoWe3ufCdGWGCsbIl3SbzBg4fywwPRD/9typs0LOl69eD\n8ynhNhPnEOiz435e8jq4uY56JGWWHRF24cu+FPj59wLuyPQMuS4fJzF3MlXA2FUG\nFEyVvozJWejypG6My9xNH7BBTcxDNKj5lDChiD5UKO85VzI3uZfQIZNgLw72/ECR\nVPb8hxvto1c1HD92dFbK54/VwAxz+fCSPhGA+8HFCHJKsUOuFldAwNLcMqYS0q2v\nyDErJOaqg0W+n8Im1yD2e4feXvb+ew3pd6E1JLQ7Wz9+yK5Jr44aVAaWJew1GSdE\n19N0AZ4lqtcfMfhOEC/ny0Y0HBkB7wIDAQABAoICAAWL6ac87R3/jXLn+5xZ52C2\ngMaiT/jM9we5FDI6zaVQyCLjeiZWhPRvBjReFU/kAfqs/GNdoZmp20zdxRjBd662\nkI4qq4/PP2OB8OaexAgstQaLx3uuONpS4mUUuK9MG/h+FFFE/Z5bBEKsQEu0maic\nZ9DghlbJY+H0+f/PFBSQPNqxfiqqGjNTVTsNmEo+0QQWPMhbFcnOb5+2DABfbPQI\nwCoFyAgGNdxhbWzUVDOc3Nnr3SPnCaE/ZDUxUmSr40SWeZjwj38WqD7Xz/rBY584\nGwsxbrDHhhmR2eDLAwDpUNFXamUo2zWxqo5Tpyf1znFV2cNmIgNTiC5RtrJtzy0o\nzhHfGlnYEvNm5da2XCVrVPx1CmcLJR+hPRzclTMcfBYetCBmushqwlxnRWPSE3iA\n7b6htS4/7ayVhTjLiW+A0JxZBPsdiOO+Wph2LLGuYZxRYLVEYihQvLOC4YCtBH1R\nzXvAPnoRebSwGNe48S6PTPQH4fnvJspZUEHcbK+ApUG/YQGBFdabRjnSlj2EQDfC\npFfw0XeALYLSKUslBdyBdGzMEdt8AnbHZ1ik1XO8D2ZavMNh38rM8/D3a5EZTpXB\nYtdqW/jT2HW8OousOekc1srO0dpJDdt0435z1aIPA55pns29q1vxbED2ZtBFXa0M\n3CSPjGLGvO+9IjKNx7RRAoIBAQDfzU7adV335V52ZiYL5HY/xNbYxRGdT8gqNaV7\n6RnLcNIA+bTfELMsl4zK9+pe3Q1bezcaNI/z3g4iUcvjQJ0Ihccw0IOt3sFQNhzR\nw5b4OWGmhK1FmsgTFRnFNk4CqAPp+X5YidKwegwJj0A4NdwG+e1QG/Cl6ZpUvVl8\nOvyK/v8UV3CZEcV1cRepsbXCyIXZiMyTbXDoGdWWDw8EI4ZrS/DMPIzCoYDi4i6V\nK+ayfD12J5NdywWmNoHZoLnLQjD7A2J/Y0UqPievJtaToQVIv/mvQfzUGw6rbGMb\nyv0bAulzL+FIYazhi2q84+fHeR+vC9Apq6AOM6ne4avsyVDrAoIBAQDJ6O9u3E4O\nst73eDYUIBGy8SWWRVSIlW8vdO7JNBGwRPGErvcSJFbAOwOiS5pAzUdimt/jv6ll\nd7Pj1l/Cu1gbPo0YfhIPwHmNutFfYojDnPjNCnCdqBKEJkiu7g7mbeMR8EFx/M4A\nuepXU6nC2VhIrbjfeFRBdsRCGB7BX1S1LIiKSAI4q8QTmA+8qp6NlCESeXjh0ZFR\nmlEZ9nY5LJzBqT2E5QEV0+xmG1VakYi267O3A12NxNcL+CR7Da9QkMjDmy9OxhQr\nMVefLWloWjMIYbRo5qpnSczKeZo5w6d/CVCMUi+1tRhSb4yJL9uZSpjFXOijPY5g\nKqziSjd3tjINAoIBAQCfwXCuZOWFFYhOwDAcgSMf9iTfbB1czBy4dL8CKq0tGgXu\niFFiggtEo5HvOPVmbikgyl3VKPwxOqugN/9w4yi1crlz0QSOUtpvpZEA87uKyXs5\nYLBHZWu4o3FX46HgJ4tTs7NLBGcPbq+1CzruZRQBLtsGOkuYQ57VKqz8DydDGS+A\nl8JaoeLwKKCZk6+JsZZKaGqQOqlEJVzf1zQC4lELupPTVs2sCZl1W7ug5Euz0RgW\nhb2eUFRiB7q9XQwDWeaY6Buhj31J4EB3uSOnEmQxQEi9oD8YMZBRMfe1WTs/0t5O\nSTlpb7/26Ixy9cT4ETBaxfX8KPUB7kMuRK1zQ2mtAoIBAQCvpUfFNTliaBC3T4gb\n8dnzxPxhwWZMe1MCAcNInVdV9GP2fQ7KZXpiN/RtVz+VZ/7VtM1YHv+KGZwQdAlS\nKg/3g27TA7lKorIbrY0+YUWAhimalZ5qSC/zbiqEouurYaTLkiocs0OyNgm6djmU\nG+dFMntFTDRfzqXkqX730aqrAVa2lPX5vtMQCJSIGBVeLKKoo6uZJuo4BvrOjy1B\nh6HGhyfRWDadeoKIQPb7ludL2be5WeAk2DwLWY7CzaDZgVplb7az3HTnLkF/Y83y\nzaTfgb+kEiXjPLw+15Jm9eHcDYpYx5ZhiGzkKc4j+dIbhF1qM+zdNUuKNRW4tb+T\nEJhxAoIBAEJ4ivq3mp5BRhA9a4ds9/ijgCbQlfs27C+riOKqlxPjPGU8D35Kutcq\nVeLJ9upBnrUOheszYCS04OeJEOGx0dPIzr4A7FMykLbbtpZv0U0BIIJLJeq2naKA\nMJgogTlQHx8JKcQxO/Xglj/z8Rsau/x9hz/+T+yanfmJai8NFJFn0+/3SKww0NNd\n68zyMkU1pr4ee+Gc5YXwILwztR82eBBho04sKbevDKRfVln/5SD8Ozf6YV4q9hFa\ncwlY/IisM5nWFs2cha/Y85SIDumRc6EobxkiBW5WSHANaqWsZIuibmNXqUSG9ef7\n+g8EAV7YBiMdHiASIP7AhUp/jBRoM+M=\n-----END PRIVATE KEY-----\n",
            "public_key_fingerprint_md5": "4a:75:27:c8:a3:22:4c:07:60:2a:43:ad:5b:3b:9a:05",
            "public_key_fingerprint_sha256": "SHA256:JTo6vkvZt+M3l4KnHozKbxLu0dvNTsP/878MpEnYQ/w",
            "public_key_openssh": "ssh-rsa AAAAB3NzaC1yc2EAAAADAQABAAACAQCwg9ZKk4+naEVB5csAb9jgfieW959CAHnpTk56sipH59C4blo6Qt/2jLe9kfxEc+zw3vt8UIIw/ouRaZPp8U2CpCqwQticfDZgdzmAf0szjpxf5zldci9Ocx6Tkqi8OWyOzKKvXBnw/uqUaMqKWK4Fj4JbCe4t4QFT5KVZjkg45D9ZYdDyW+7GGG8u2A48DlQQe2z4m5Lhx1Nj5+477hkgczhzcA2mcUaEWGc2APT4bMoQKqWN/ItD1eoxlV8jq8qwE6oRrATtyWK5exaczai5xXC0j3ERQ7wtvaGvjm+0n6p43D+NtKFCfdW7p4Il6RgChdBA9ftf6ZAEi4WHZbibJQQ6ySO2Gz8VoWe3ufCdGWGCsbIl3SbzBg4fywwPRD/9typs0LOl69eD8ynhNhPnEOiz435e8jq4uY56JGWWHRF24cu+FPj59wLuyPQMuS4fJzF3MlXA2FUGFEyVvozJWejypG6My9xNH7BBTcxDNKj5lDChiD5UKO85VzI3uZfQIZNgLw72/ECRVPb8hxvto1c1HD92dFbK54/VwAxz+fCSPhGA+8HFCHJKsUOuFldAwNLcMqYS0q2vyDErJOaqg0W+n8Im1yD2e4feXvb+ew3pd6E1JLQ7Wz9+yK5Jr44aVAaWJew1GSdE19N0AZ4lqtcfMfhOEC/ny0Y0HBkB7w==\n",
            "public_key_pem": "-----BEGIN PUBLIC KEY-----\nMIICIjANBgkqhkiG9w0BAQEFAAOCAg8AMIICCgKCAgEAsIPWSpOPp2hFQeXLAG/Y\n4H4nlvefQgB56U5OerIqR+fQuG5aOkLf9oy3vZH8RHPs8N77fFCCMP6LkWmT6fFN\ngqQqsELYnHw2YHc5gH9LM46cX+c5XXIvTnMek5KovDlsjsyir1wZ8P7qlGjKiliu\nBY+CWwnuLeEBU+SlWY5IOOQ/WWHQ8lvuxhhvLtgOPA5UEHts+JuS4cdTY+fuO+4Z\nIHM4c3ANpnFGhFhnNgD0+GzKECqljfyLQ9XqMZVfI6vKsBOqEawE7cliuXsWnM2o\nucVwtI9xEUO8Lb2hr45vtJ+qeNw/jbShQn3Vu6eCJekYAoXQQPX7X+mQBIuFh2W4\nmyUEOskjths/FaFnt7nwnRlhgrGyJd0m8wYOH8sMD0Q//bcqbNCzpevXg/Mp4TYT\n5xDos+N+XvI6uLmOeiRllh0RduHLvhT4+fcC7sj0DLkuHycxdzJVwNhVBhRMlb6M\nyVno8qRujMvcTR+wQU3MQzSo+ZQwoYg+VCjvOVcyN7mX0CGTYC8O9vxAkVT2/Icb\n7aNXNRw/dnRWyueP1cAMc/nwkj4RgPvBxQhySrFDrhZXQMDS3DKmEtKtr8gxKyTm\nqoNFvp/CJtcg9nuH3l72/nsN6XehNSS0O1s/fsiuSa+OGlQGliXsNRknRNfTdAGe\nJarXHzH4ThAv58tGNBwZAe8CAwEAAQ==\n-----END PUBLIC KEY-----\n",
            "rsa_bits": 4096
          },
          "sensitive_attributes": [
            [
              {
                "type": "get_attr",
                "value": "private_key_openssh"
              }
            ],
            [
              {
                "type": "get_attr",
                "value": "private_key_pem"
              }
            ],
            [
              {
                "type": "get_attr",
                "value": "private_key_pem_pkcs8"
              }
            ]
          ],
          "identity_schema_version": 0
        }
      ]
    }
  ],
  "check_results": null
}
