{
  "version": 4,
  "terraform_version": "1.13.4",
  "serial": 38,
  "lineage": "321bcb43-6e55-27d8-9c41-83dff8222f94",
  "outputs": {
    "django_server_public_ip": {
      "value": "13.218.37.199",
      "type": "string"
    },
    "rds_endpoint": {
      "value": "terraform-20251025233858215100000001.czkus6ekgc47.us-east-1.rds.amazonaws.com:3306",
      "type": "string"
    }
  },
  "resources": [
    {
      "mode": "data",
      "type": "aws_ami",
      "name": "ubuntu",
      "provider": "provider[\"registry.terraform.io/hashicorp/aws\"]",
      "instances": [
        {
          "schema_version": 0,
          "attributes": {
            "allow_unsafe_filter": null,
            "architecture": "x86_64",
            "arn": "arn:aws:ec2:us-east-1::image/ami-0c398cb65a93047f2",
            "block_device_mappings": [
              {
                "device_name": "/dev/sda1",
                "ebs": {
                  "delete_on_termination": "true",
                  "encrypted": "false",
                  "iops": "0",
                  "snapshot_id": "snap-0631691c299b02084",
                  "throughput": "0",
                  "volume_initialization_rate": "0",
                  "volume_size": "8",
                  "volume_type": "gp2"
                },
                "no_device": "",
                "virtual_name": ""
              },
              {
                "device_name": "/dev/sdb",
                "ebs": {},
                "no_device": "",
                "virtual_name": "ephemeral0"
              },
              {
                "device_name": "/dev/sdc",
                "ebs": {},
                "no_device": "",
                "virtual_name": "ephemeral1"
              }
            ],
            "boot_mode": "uefi-preferred",
            "creation_date": "2025-10-15T08:05:51.000Z",
            "deprecation_time": "2027-10-15T08:05:51.000Z",
            "description": "Canonical, Ubuntu, 22.04, amd64 jammy image",
            "ena_support": true,
            "executable_users": null,
            "filter": [
              {
                "name": "name",
                "values": [
                  "ubuntu/images/hvm-ssd/ubuntu-jammy-22.04-amd64-server-*"
                ]
              }
            ],
            "hypervisor": "xen",
            "id": "ami-0c398cb65a93047f2",
            "image_id": "ami-0c398cb65a93047f2",
            "image_location": "amazon/ubuntu/images/hvm-ssd/ubuntu-jammy-22.04-amd64-server-20251015",
            "image_owner_alias": "amazon",
            "image_type": "machine",
            "imds_support": "",
            "include_deprecated": false,
            "kernel_id": "",
            "last_launched_time": "",
            "most_recent": true,
            "name": "ubuntu/images/hvm-ssd/ubuntu-jammy-22.04-amd64-server-20251015",
            "name_regex": null,
            "owner_id": "099720109477",
            "owners": [
              "099720109477"
            ],
            "platform": "",
            "platform_details": "Linux/UNIX",
            "product_codes": [],
            "public": true,
            "ramdisk_id": "",
            "region": "us-east-1",
            "root_device_name": "/dev/sda1",
            "root_device_type": "ebs",
            "root_snapshot_id": "snap-0631691c299b02084",
            "sriov_net_support": "simple",
            "state": "available",
            "state_reason": {
              "code": "UNSET",
              "message": "UNSET"
            },
            "tags": {},
            "timeouts": null,
            "tpm_support": "",
            "uefi_data": null,
            "usage_operation": "RunInstances",
            "virtualization_type": "hvm"
          },
          "sensitive_attributes": [],
          "identity_schema_version": 0
        }
      ]
    },
    {
      "mode": "managed",
      "type": "aws_db_instance",
      "name": "mysql",
      "provider": "provider[\"registry.terraform.io/hashicorp/aws\"]",
      "instances": [
        {
          "schema_version": 2,
          "attributes": {
            "address": "terraform-20251025233858215100000001.czkus6ekgc47.us-east-1.rds.amazonaws.com",
            "allocated_storage": 20,
            "allow_major_version_upgrade": null,
            "apply_immediately": false,
            "arn": "arn:aws:rds:us-east-1:851725393529:db:terraform-20251025233858215100000001",
            "auto_minor_version_upgrade": true,
            "availability_zone": "us-east-1b",
            "backup_retention_period": 0,
            "backup_target": "region",
            "backup_window": "03:45-04:15",
            "blue_green_update": [],
            "ca_cert_identifier": "rds-ca-rsa2048-g1",
            "character_set_name": "",
            "copy_tags_to_snapshot": false,
            "custom_iam_instance_profile": "",
            "customer_owned_ip_enabled": false,
            "database_insights_mode": "standard",
            "db_name": "proyectohospital",
            "db_subnet_group_name": "proyecto-hospital-rds-subnet-group",
            "dedicated_log_volume": false,
            "delete_automated_backups": true,
            "deletion_protection": false,
            "domain": "",
            "domain_auth_secret_arn": "",
            "domain_dns_ips": [],
            "domain_fqdn": "",
            "domain_iam_role_name": "",
            "domain_ou": "",
            "enabled_cloudwatch_logs_exports": [],
            "endpoint": "terraform-20251025233858215100000001.czkus6ekgc47.us-east-1.rds.amazonaws.com:3306",
            "engine": "mysql",
            "engine_lifecycle_support": "open-source-rds-extended-support",
            "engine_version": "8.0",
            "engine_version_actual": "8.0.42",
            "final_snapshot_identifier": null,
            "hosted_zone_id": "Z2R2ITUGPM61AM",
            "iam_database_authentication_enabled": false,
            "id": "db-FWYUDCTCECRJ6HNOC4OVBDU57I",
            "identifier": "terraform-20251025233858215100000001",
            "identifier_prefix": "terraform-",
            "instance_class": "db.t3.micro",
            "iops": 0,
            "kms_key_id": "",
            "latest_restorable_time": "",
            "license_model": "general-public-license",
            "listener_endpoint": [],
            "maintenance_window": "sun:06:30-sun:07:00",
            "manage_master_user_password": null,
            "master_user_secret": [],
            "master_user_secret_kms_key_id": null,
            "max_allocated_storage": 0,
            "monitoring_interval": 0,
            "monitoring_role_arn": "",
            "multi_az": false,
            "nchar_character_set_name": "",
            "network_type": "IPV4",
            "option_group_name": "default:mysql-8-0",
            "parameter_group_name": "default.mysql8.0",
            "password": "TuContrasenaSegura123!",
            "password_wo": null,
            "password_wo_version": null,
            "performance_insights_enabled": false,
            "performance_insights_kms_key_id": "",
            "performance_insights_retention_period": 0,
            "port": 3306,
            "publicly_accessible": false,
            "region": "us-east-1",
            "replica_mode": "",
            "replicas": [],
            "replicate_source_db": "",
            "resource_id": "db-FWYUDCTCECRJ6HNOC4OVBDU57I",
            "restore_to_point_in_time": [],
            "s3_import": [],
            "skip_final_snapshot": true,
            "snapshot_identifier": null,
            "status": "available",
            "storage_encrypted": false,
            "storage_throughput": 0,
            "storage_type": "gp2",
            "tags": {
              "Name": "proyecto-hospital-rds"
            },
            "tags_all": {
              "Name": "proyecto-hospital-rds"
            },
            "timeouts": null,
            "timezone": "",
            "upgrade_storage_config": null,
            "username": "admin",
            "vpc_security_group_ids": [
              "sg-02f691c7eec6a3233"
            ]
          },
          "sensitive_attributes": [
            [
              {
                "type": "get_attr",
                "value": "password"
              }
            ],
            [
              {
                "type": "get_attr",
                "value": "password_wo"
              }
            ]
          ],
          "identity_schema_version": 0,
          "private": "eyJlMmJmYjczMC1lY2FhLTExZTYtOGY4OC0zNDM2M2JjN2M0YzAiOnsiY3JlYXRlIjozMDAwMDAwMDAwMDAwLCJkZWxldGUiOjM2MDAwMDAwMDAwMDAsInVwZGF0ZSI6NDgwMDAwMDAwMDAwMH0sInNjaGVtYV92ZXJzaW9uIjoiMiJ9",
          "dependencies": [
            "aws_db_subnet_group.rds_subnets",
            "aws_security_group.ec2_sg",
            "aws_security_group.rds_sg",
            "aws_subnet.private_a",
            "aws_subnet.private_b",
            "aws_vpc.main"
          ]
        }
      ]
    },
    {
      "mode": "managed",
      "type": "aws_db_subnet_group",
      "name": "rds_subnets",
      "provider": "provider[\"registry.terraform.io/hashicorp/aws\"]",
      "instances": [
        {
          "schema_version": 0,
          "attributes": {
            "arn": "arn:aws:rds:us-east-1:851725393529:subgrp:proyecto-hospital-rds-subnet-group",
            "description": "Managed by Terraform",
            "id": "proyecto-hospital-rds-subnet-group",
            "name": "proyecto-hospital-rds-subnet-group",
            "name_prefix": "",
            "region": "us-east-1",
            "subnet_ids": [
              "subnet-03f5b3f2b55d4cf12",
              "subnet-05776f1f4ffb338aa"
            ],
            "supported_network_types": [
              "IPV4"
            ],
            "tags": {
              "Name": "proyecto-hospital-rds-subnet-group"
            },
            "tags_all": {
              "Name": "proyecto-hospital-rds-subnet-group"
            },
            "vpc_id": "vpc-0a6f80f75d7edde72"
          },
          "sensitive_attributes": [],
          "identity_schema_version": 0,
          "private": "bnVsbA==",
          "dependencies": [
            "aws_subnet.private_a",
            "aws_subnet.private_b",
            "aws_vpc.main"
          ]
        }
      ]
    },
    {
      "mode": "managed",
      "type": "aws_eip",
      "name": "nat",
      "provider": "provider[\"registry.terraform.io/hashicorp/aws\"]",
      "instances": [
        {
          "schema_version": 0,
          "attributes": {
            "address": null,
            "allocation_id": "eipalloc-01d859f7d0c68c435",
            "arn": "arn:aws:ec2:us-east-1:851725393529:elastic-ip/eipalloc-01d859f7d0c68c435",
            "associate_with_private_ip": null,
            "association_id": "eipassoc-004ad953711c4d5fa",
            "carrier_ip": "",
            "customer_owned_ip": "",
            "customer_owned_ipv4_pool": "",
            "domain": "vpc",
            "id": "eipalloc-01d859f7d0c68c435",
            "instance": "",
            "ipam_pool_id": null,
            "network_border_group": "us-east-1",
            "network_interface": "eni-002058d131c94bb04",
            "private_dns": "ip-10-0-1-154.ec2.internal",
            "private_ip": "10.0.1.154",
            "ptr_record": "",
            "public_dns": "ec2-44-193-47-51.compute-1.amazonaws.com",
            "public_ip": "44.193.47.51",
            "public_ipv4_pool": "amazon",
            "region": "us-east-1",
            "tags": {
              "Name": "proyecto-hospital-nat-eip"
            },
            "tags_all": {
              "Name": "proyecto-hospital-nat-eip"
            },
            "timeouts": null
          },
          "sensitive_attributes": [],
          "identity_schema_version": 0,
          "private": "eyJlMmJmYjczMC1lY2FhLTExZTYtOGY4OC0zNDM2M2JjN2M0YzAiOnsiZGVsZXRlIjoxODAwMDAwMDAwMDAsInJlYWQiOjkwMDAwMDAwMDAwMCwidXBkYXRlIjozMDAwMDAwMDAwMDB9fQ=="
        }
      ]
    },
    {
      "mode": "managed",
      "type": "aws_instance",
      "name": "django_server",
      "provider": "provider[\"registry.terraform.io/hashicorp/aws\"]",
      "instances": [
        {
          "schema_version": 2,
          "attributes": {
            "ami": "ami-0c398cb65a93047f2",
            "arn": "arn:aws:ec2:us-east-1:851725393529:instance/i-0f6b095c38ff53a05",
            "associate_public_ip_address": true,
            "availability_zone": "us-east-1a",
            "capacity_reservation_specification": [
              {
                "capacity_reservation_preference": "open",
                "capacity_reservation_target": []
              }
            ],
            "cpu_options": [
              {
                "amd_sev_snp": "",
                "core_count": 1,
                "threads_per_core": 2
              }
            ],
            "credit_specification": [
              {
                "cpu_credits": "unlimited"
              }
            ],
            "disable_api_stop": false,
            "disable_api_termination": false,
            "ebs_block_device": [],
            "ebs_optimized": false,
            "enable_primary_ipv6": null,
            "enclave_options": [
              {
                "enabled": false
              }
            ],
            "ephemeral_block_device": [],
            "force_destroy": false,
            "get_password_data": false,
            "hibernation": false,
            "host_id": "",
            "host_resource_group_arn": null,
            "iam_instance_profile": "",
            "id": "i-0f6b095c38ff53a05",
            "instance_initiated_shutdown_behavior": "stop",
            "instance_lifecycle": "",
            "instance_market_options": [],
            "instance_state": "running",
            "instance_type": "t3.micro",
            "ipv6_address_count": 0,
            "ipv6_addresses": [],
            "key_name": "my-ec2-key",
            "launch_template": [],
            "maintenance_options": [
              {
                "auto_recovery": "default"
              }
            ],
            "metadata_options": [
              {
                "http_endpoint": "enabled",
                "http_protocol_ipv6": "disabled",
                "http_put_response_hop_limit": 1,
                "http_tokens": "optional",
                "instance_metadata_tags": "disabled"
              }
            ],
            "monitoring": false,
            "network_interface": [],
            "outpost_arn": "",
            "password_data": "",
            "placement_group": "",
            "placement_group_id": "",
            "placement_partition_number": 0,
            "primary_network_interface": [
              {
                "delete_on_termination": true,
                "network_interface_id": "eni-0cf3385d9eee27580"
              }
            ],
            "primary_network_interface_id": "eni-0cf3385d9eee27580",
            "private_dns": "ip-10-0-1-183.ec2.internal",
            "private_dns_name_options": [
              {
                "enable_resource_name_dns_a_record": false,
                "enable_resource_name_dns_aaaa_record": false,
                "hostname_type": "ip-name"
              }
            ],
            "private_ip": "10.0.1.183",
            "public_dns": "ec2-13-218-37-199.compute-1.amazonaws.com",
            "public_ip": "13.218.37.199",
            "region": "us-east-1",
            "root_block_device": [
              {
                "delete_on_termination": true,
                "device_name": "/dev/sda1",
                "encrypted": false,
                "iops": 100,
                "kms_key_id": "",
                "tags": {},
                "tags_all": {},
                "throughput": 0,
                "volume_id": "vol-0cabb63fc284d72f3",
                "volume_size": 8,
                "volume_type": "gp2"
              }
            ],
            "secondary_private_ips": [],
            "security_groups": [],
            "source_dest_check": true,
            "spot_instance_request_id": "",
            "subnet_id": "subnet-0019ea83db0406478",
            "tags": {},
            "tags_all": {},
            "tenancy": "default",
            "timeouts": null,
            "user_data": "#!/bin/bash\r\n# Recreando instancia con clave SSH correcta - v2\r\napt update -y\r\napt install -y python3 python3-pip git\r\n\r\ncd /home/ubuntu\r\ngit clone https://github.com/tuusuario/PROYECTOVISUALIZACIONBOXES.git\r\ncd PROYECTOVISUALIZACIONBOXES/ProyectoHospital\r\npip3 install -r requirements_serverless.txt\r\n\r\nexport DB_HOST=\"terraform-20251025233858215100000001.czkus6ekgc47.us-east-1.rds.amazonaws.com\"\r\nexport DB_NAME=\"proyectohospital\"\r\nexport DB_USER=\"admin\"\r\nexport DB_PASSWORD=\"TuContrasenaSegura123!\"\r\n\r\ncd /home/ubuntu/PROYECTOVISUALIZACIONBOXES/ProyectoHospital\r\nnohup python3 manage.py runserver 0.0.0.0:8000 \u003e django.log 2\u003e\u00261 \u0026\r\n",
            "user_data_base64": null,
            "user_data_replace_on_change": false,
            "volume_tags": null,
            "vpc_security_group_ids": [
              "sg-07e718f76e1d1becd"
            ]
          },
          "sensitive_attributes": [
            [
              {
                "type": "get_attr",
                "value": "user_data"
              }
            ]
          ],
          "identity_schema_version": 0,
          "identity": {
            "account_id": "851725393529",
            "id": "i-0f6b095c38ff53a05",
            "region": "us-east-1"
          },
          "private": "eyJlMmJmYjczMC1lY2FhLTExZTYtOGY4OC0zNDM2M2JjN2M0YzAiOnsiY3JlYXRlIjo2MDAwMDAwMDAwMDAsImRlbGV0ZSI6MTIwMDAwMDAwMDAwMCwicmVhZCI6OTAwMDAwMDAwMDAwLCJ1cGRhdGUiOjYwMDAwMDAwMDAwMH0sInNjaGVtYV92ZXJzaW9uIjoiMiJ9",
          "dependencies": [
            "aws_db_instance.mysql",
            "aws_db_subnet_group.rds_subnets",
            "aws_security_group.ec2_sg",
            "aws_security_group.rds_sg",
            "aws_subnet.private_a",
            "aws_subnet.private_b",
            "aws_subnet.public",
            "aws_vpc.main",
            "data.aws_ami.ubuntu"
          ]
        }
      ]
    },
    {
      "mode": "managed",
      "type": "aws_internet_gateway",
      "name": "gw",
      "provider": "provider[\"registry.terraform.io/hashicorp/aws\"]",
      "instances": [
        {
          "schema_version": 0,
          "attributes": {
            "arn": "arn:aws:ec2:us-east-1:851725393529:internet-gateway/igw-0ffb87f51e8a24d73",
            "id": "igw-0ffb87f51e8a24d73",
            "owner_id": "851725393529",
            "region": "us-east-1",
            "tags": {
              "Name": "proyecto-hospital-igw"
            },
            "tags_all": {
              "Name": "proyecto-hospital-igw"
            },
            "timeouts": null,
            "vpc_id": "vpc-0a6f80f75d7edde72"
          },
          "sensitive_attributes": [],
          "identity_schema_version": 0,
          "private": "eyJlMmJmYjczMC1lY2FhLTExZTYtOGY4OC0zNDM2M2JjN2M0YzAiOnsiY3JlYXRlIjoxMjAwMDAwMDAwMDAwLCJkZWxldGUiOjEyMDAwMDAwMDAwMDAsInVwZGF0ZSI6MTIwMDAwMDAwMDAwMH19",
          "dependencies": [
            "aws_vpc.main"
          ]
        }
      ]
    },
    {
      "mode": "managed",
      "type": "aws_key_pair",
      "name": "deployer",
      "provider": "provider[\"registry.terraform.io/hashicorp/aws\"]",
      "instances": [
        {
          "schema_version": 1,
          "attributes": {
            "arn": "arn:aws:ec2:us-east-1:851725393529:key-pair/my-ec2-key",
            "fingerprint": "1b:b1:35:9c:fb:e3:e3:45:98:97:fc:d9:9b:f9:e4:16",
            "id": "my-ec2-key",
            "key_name": "my-ec2-key",
            "key_name_prefix": "",
            "key_pair_id": "key-0c35fc47c1d1d5d5f",
            "key_type": "rsa",
            "public_key": "ssh-rsa AAAAB3NzaC1yc2EAAAADAQABAAACAQDy5x4E0MvqtEKcToR+3hgP4N+Kf43SgVjs4ouJz2CtGfE3xPrmsoJGb25iHsBhQVOBwme2T24UipeiiS3sUMg/9H1E7z401c/J/VafxrNKqGMTTQQsLII29EQJvFZWuj3xgN1EiIH2Vby9LNxH32gW5mJ51WmeFucy6j+ODkhSiQS79xGG1yr50gOgxoOFxZGRDGUVlVhLd2HY+RdtfKJyit82c4zc7wCP3mTIcKYOg+8lQKiqW7TinE2LThST9bES+BpaQXEXB8cvLUAA8pBuykG469cDSzNBVpykFV5k0GEKylSZQ9Z0WLxi6+VNjpgb9joDHkIbtHZm9LLBnB9S7gqZQAcrdvwn0/KEbBeB6A10Fh64ZT/SnLOAFyDtplFsvb5WqBfcD7u3ho0TutnPcpnTAWLaqHjv134U19Kk7rx0TG4oSE0TpYpM1r35g3KdStemVhJkwRet9YKtaRu/wG7rZ5J4Jwwc4AX3X1bFR9tUUF9HItxj0F+2rtbeVAsG4d4Whr8lY9ewnBj7JjNVJOmoYoerh3xQr5UFpIZ4+8Lqf7somwhJBZ60Ju2u4LCUwFig8JVeiMcPbnSINBKxcSjZw4g9S6PN1VhHewaTWVAwQQajUbtKtoHSF2k6U/xnZv45Mwuirbt7RE6UkpUVmQuRT1Cpu6ozxzm21Xc3Vw==",
            "region": "us-east-1",
            "tags": null,
            "tags_all": {}
          },
          "sensitive_attributes": [],
          "identity_schema_version": 0,
          "private": "eyJzY2hlbWFfdmVyc2lvbiI6IjEifQ==",
          "dependencies": [
            "tls_private_key.ssh"
          ]
        }
      ]
    },
    {
      "mode": "managed",
      "type": "aws_nat_gateway",
      "name": "nat",
      "provider": "provider[\"registry.terraform.io/hashicorp/aws\"]",
      "instances": [
        {
          "schema_version": 0,
          "attributes": {
            "allocation_id": "eipalloc-01d859f7d0c68c435",
            "association_id": "eipassoc-004ad953711c4d5fa",
            "connectivity_type": "public",
            "id": "nat-09a3d8541bdbe5d0b",
            "network_interface_id": "eni-002058d131c94bb04",
            "private_ip": "10.0.1.154",
            "public_ip": "44.193.47.51",
            "region": "us-east-1",
            "secondary_allocation_ids": [],
            "secondary_private_ip_address_count": 0,
            "secondary_private_ip_addresses": [],
            "subnet_id": "subnet-0019ea83db0406478",
            "tags": {
              "Name": "proyecto-hospital-natgw"
            },
            "tags_all": {
              "Name": "proyecto-hospital-natgw"
            },
            "timeouts": null
          },
          "sensitive_attributes": [],
          "identity_schema_version": 0,
          "private": "eyJlMmJmYjczMC1lY2FhLTExZTYtOGY4OC0zNDM2M2JjN2M0YzAiOnsiY3JlYXRlIjo2MDAwMDAwMDAwMDAsImRlbGV0ZSI6MTgwMDAwMDAwMDAwMCwidXBkYXRlIjo2MDAwMDAwMDAwMDB9fQ==",
          "dependencies": [
            "aws_eip.nat",
            "aws_subnet.public",
            "aws_vpc.main"
          ]
        }
      ]
    },
    {
      "mode": "managed",
      "type": "aws_route_table",
      "name": "private",
      "provider": "provider[\"registry.terraform.io/hashicorp/aws\"]",
      "instances": [
        {
          "schema_version": 0,
          "attributes": {
            "arn": "arn:aws:ec2:us-east-1:851725393529:route-table/rtb-083f5c1a965d94110",
            "id": "rtb-083f5c1a965d94110",
            "owner_id": "851725393529",
            "propagating_vgws": [],
            "region": "us-east-1",
            "route": [
              {
                "carrier_gateway_id": "",
                "cidr_block": "0.0.0.0/0",
                "core_network_arn": "",
                "destination_prefix_list_id": "",
                "egress_only_gateway_id": "",
                "gateway_id": "",
                "ipv6_cidr_block": "",
                "local_gateway_id": "",
                "nat_gateway_id": "nat-09a3d8541bdbe5d0b",
                "network_interface_id": "",
                "transit_gateway_id": "",
                "vpc_endpoint_id": "",
                "vpc_peering_connection_id": ""
              }
            ],
            "tags": {
              "Name": "proyecto-hospital-private-rt"
            },
            "tags_all": {
              "Name": "proyecto-hospital-private-rt"
            },
            "timeouts": null,
            "vpc_id": "vpc-0a6f80f75d7edde72"
          },
          "sensitive_attributes": [],
          "identity_schema_version": 0,
          "identity": {
            "account_id": "851725393529",
            "id": "rtb-083f5c1a965d94110",
            "region": "us-east-1"
          },
          "private": "eyJlMmJmYjczMC1lY2FhLTExZTYtOGY4OC0zNDM2M2JjN2M0YzAiOnsiY3JlYXRlIjozMDAwMDAwMDAwMDAsImRlbGV0ZSI6MzAwMDAwMDAwMDAwLCJ1cGRhdGUiOjEyMDAwMDAwMDAwMH19",
          "dependencies": [
            "aws_eip.nat",
            "aws_nat_gateway.nat",
            "aws_subnet.public",
            "aws_vpc.main"
          ]
        }
      ]
    },
    {
      "mode": "managed",
      "type": "aws_route_table",
      "name": "public",
      "provider": "provider[\"registry.terraform.io/hashicorp/aws\"]",
      "instances": [
        {
          "schema_version": 0,
          "attributes": {
            "arn": "arn:aws:ec2:us-east-1:851725393529:route-table/rtb-0c29b1d21683664e9",
            "id": "rtb-0c29b1d21683664e9",
            "owner_id": "851725393529",
            "propagating_vgws": [],
            "region": "us-east-1",
            "route": [
              {
                "carrier_gateway_id": "",
                "cidr_block": "0.0.0.0/0",
                "core_network_arn": "",
                "destination_prefix_list_id": "",
                "egress_only_gateway_id": "",
                "gateway_id": "igw-0ffb87f51e8a24d73",
                "ipv6_cidr_block": "",
                "local_gateway_id": "",
                "nat_gateway_id": "",
                "network_interface_id": "",
                "transit_gateway_id": "",
                "vpc_endpoint_id": "",
                "vpc_peering_connection_id": ""
              }
            ],
            "tags": {
              "Name": "proyecto-hospital-public-rt"
            },
            "tags_all": {
              "Name": "proyecto-hospital-public-rt"
            },
            "timeouts": null,
            "vpc_id": "vpc-0a6f80f75d7edde72"
          },
          "sensitive_attributes": [],
          "identity_schema_version": 0,
          "identity": {
            "account_id": "851725393529",
            "id": "rtb-0c29b1d21683664e9",
            "region": "us-east-1"
          },
          "private": "eyJlMmJmYjczMC1lY2FhLTExZTYtOGY4OC0zNDM2M2JjN2M0YzAiOnsiY3JlYXRlIjozMDAwMDAwMDAwMDAsImRlbGV0ZSI6MzAwMDAwMDAwMDAwLCJ1cGRhdGUiOjEyMDAwMDAwMDAwMH19",
          "dependencies": [
            "aws_internet_gateway.gw",
            "aws_vpc.main"
          ]
        }
      ]
    },
    {
      "mode": "managed",
      "type": "aws_route_table_association",
      "name": "private_a",
      "provider": "provider[\"registry.terraform.io/hashicorp/aws\"]",
      "instances": [
        {
          "schema_version": 0,
          "attributes": {
            "gateway_id": "",
            "id": "rtbassoc-0cac74e3f0d1ef2d2",
            "region": "us-east-1",
            "route_table_id": "rtb-083f5c1a965d94110",
            "subnet_id": "subnet-05776f1f4ffb338aa",
            "timeouts": null
          },
          "sensitive_attributes": [],
          "identity_schema_version": 0,
          "private": "eyJlMmJmYjczMC1lY2FhLTExZTYtOGY4OC0zNDM2M2JjN2M0YzAiOnsiY3JlYXRlIjozMDAwMDAwMDAwMDAsImRlbGV0ZSI6MzAwMDAwMDAwMDAwLCJ1cGRhdGUiOjEyMDAwMDAwMDAwMH19",
          "dependencies": [
            "aws_eip.nat",
            "aws_nat_gateway.nat",
            "aws_route_table.private",
            "aws_subnet.private_a",
            "aws_subnet.public",
            "aws_vpc.main"
          ]
        }
      ]
    },
    {
      "mode": "managed",
      "type": "aws_route_table_association",
      "name": "private_b",
      "provider": "provider[\"registry.terraform.io/hashicorp/aws\"]",
      "instances": [
        {
          "schema_version": 0,
          "attributes": {
            "gateway_id": "",
            "id": "rtbassoc-0b2ad189d1b845a34",
            "region": "us-east-1",
            "route_table_id": "rtb-083f5c1a965d94110",
            "subnet_id": "subnet-03f5b3f2b55d4cf12",
            "timeouts": null
          },
          "sensitive_attributes": [],
          "identity_schema_version": 0,
          "private": "eyJlMmJmYjczMC1lY2FhLTExZTYtOGY4OC0zNDM2M2JjN2M0YzAiOnsiY3JlYXRlIjozMDAwMDAwMDAwMDAsImRlbGV0ZSI6MzAwMDAwMDAwMDAwLCJ1cGRhdGUiOjEyMDAwMDAwMDAwMH19",
          "dependencies": [
            "aws_eip.nat",
            "aws_nat_gateway.nat",
            "aws_route_table.private",
            "aws_subnet.private_b",
            "aws_subnet.public",
            "aws_vpc.main"
          ]
        }
      ]
    },
    {
      "mode": "managed",
      "type": "aws_route_table_association",
      "name": "public",
      "provider": "provider[\"registry.terraform.io/hashicorp/aws\"]",
      "instances": [
        {
          "schema_version": 0,
          "attributes": {
            "gateway_id": "",
            "id": "rtbassoc-0863422e1e000275e",
            "region": "us-east-1",
            "route_table_id": "rtb-0c29b1d21683664e9",
            "subnet_id": "subnet-0019ea83db0406478",
            "timeouts": null
          },
          "sensitive_attributes": [],
          "identity_schema_version": 0,
          "private": "eyJlMmJmYjczMC1lY2FhLTExZTYtOGY4OC0zNDM2M2JjN2M0YzAiOnsiY3JlYXRlIjozMDAwMDAwMDAwMDAsImRlbGV0ZSI6MzAwMDAwMDAwMDAwLCJ1cGRhdGUiOjEyMDAwMDAwMDAwMH19",
          "dependencies": [
            "aws_internet_gateway.gw",
            "aws_route_table.public",
            "aws_subnet.public",
            "aws_vpc.main"
          ]
        }
      ]
    },
    {
      "mode": "managed",
      "type": "aws_security_group",
      "name": "ec2_sg",
      "provider": "provider[\"registry.terraform.io/hashicorp/aws\"]",
      "instances": [
        {
          "schema_version": 1,
          "attributes": {
            "arn": "arn:aws:ec2:us-east-1:851725393529:security-group/sg-07e718f76e1d1becd",
            "description": "Allow HTTP and SSH",
            "egress": [
              {
                "cidr_blocks": [
                  "0.0.0.0/0"
                ],
                "description": "",
                "from_port": 0,
                "ipv6_cidr_blocks": [],
                "prefix_list_ids": [],
                "protocol": "-1",
                "security_groups": [],
                "self": false,
                "to_port": 0
              }
            ],
            "id": "sg-07e718f76e1d1becd",
            "ingress": [
              {
                "cidr_blocks": [
                  "0.0.0.0/0"
                ],
                "description": "",
                "from_port": 22,
                "ipv6_cidr_blocks": [],
                "prefix_list_ids": [],
                "protocol": "tcp",
                "security_groups": [],
                "self": false,
                "to_port": 22
              },
              {
                "cidr_blocks": [
                  "0.0.0.0/0"
                ],
                "description": "",
                "from_port": 80,
                "ipv6_cidr_blocks": [],
                "prefix_list_ids": [],
                "protocol": "tcp",
                "security_groups": [],
                "self": false,
                "to_port": 80
              }
            ],
            "name": "proyecto-hospital-ec2-sg",
            "name_prefix": "",
            "owner_id": "851725393529",
            "region": "us-east-1",
            "revoke_rules_on_delete": false,
            "tags": {
              "Name": "proyecto-hospital-ec2-sg"
            },
            "tags_all": {
              "Name": "proyecto-hospital-ec2-sg"
            },
            "timeouts": null,
            "vpc_id": "vpc-0a6f80f75d7edde72"
          },
          "sensitive_attributes": [],
          "identity_schema_version": 0,
          "identity": {
            "account_id": "851725393529",
            "id": "sg-07e718f76e1d1becd",
            "region": "us-east-1"
          },
          "private": "eyJlMmJmYjczMC1lY2FhLTExZTYtOGY4OC0zNDM2M2JjN2M0YzAiOnsiY3JlYXRlIjo2MDAwMDAwMDAwMDAsImRlbGV0ZSI6OTAwMDAwMDAwMDAwfSwic2NoZW1hX3ZlcnNpb24iOiIxIn0=",
          "dependencies": [
            "aws_vpc.main"
          ]
        }
      ]
    },
    {
      "mode": "managed",
      "type": "aws_security_group",
      "name": "rds_sg",
      "provider": "provider[\"registry.terraform.io/hashicorp/aws\"]",
      "instances": [
        {
          "schema_version": 1,
          "attributes": {
            "arn": "arn:aws:ec2:us-east-1:851725393529:security-group/sg-02f691c7eec6a3233",
            "description": "Allow MySQL from EC2",
            "egress": [
              {
                "cidr_blocks": [
                  "0.0.0.0/0"
                ],
                "description": "",
                "from_port": 0,
                "ipv6_cidr_blocks": [],
                "prefix_list_ids": [],
                "protocol": "-1",
                "security_groups": [],
                "self": false,
                "to_port": 0
              }
            ],
            "id": "sg-02f691c7eec6a3233",
            "ingress": [
              {
                "cidr_blocks": [],
                "description": "",
                "from_port": 3306,
                "ipv6_cidr_blocks": [],
                "prefix_list_ids": [],
                "protocol": "tcp",
                "security_groups": [
                  "sg-07e718f76e1d1becd"
                ],
                "self": false,
                "to_port": 3306
              }
            ],
            "name": "proyecto-hospital-rds-sg",
            "name_prefix": "",
            "owner_id": "851725393529",
            "region": "us-east-1",
            "revoke_rules_on_delete": false,
            "tags": {
              "Name": "proyecto-hospital-rds-sg"
            },
            "tags_all": {
              "Name": "proyecto-hospital-rds-sg"
            },
            "timeouts": null,
            "vpc_id": "vpc-0a6f80f75d7edde72"
          },
          "sensitive_attributes": [],
          "identity_schema_version": 0,
          "identity": {
            "account_id": "851725393529",
            "id": "sg-02f691c7eec6a3233",
            "region": "us-east-1"
          },
          "private": "eyJlMmJmYjczMC1lY2FhLTExZTYtOGY4OC0zNDM2M2JjN2M0YzAiOnsiY3JlYXRlIjo2MDAwMDAwMDAwMDAsImRlbGV0ZSI6OTAwMDAwMDAwMDAwfSwic2NoZW1hX3ZlcnNpb24iOiIxIn0=",
          "dependencies": [
            "aws_security_group.ec2_sg",
            "aws_vpc.main"
          ]
        }
      ]
    },
    {
      "mode": "managed",
      "type": "aws_subnet",
      "name": "private_a",
      "provider": "provider[\"registry.terraform.io/hashicorp/aws\"]",
      "instances": [
        {
          "schema_version": 1,
          "attributes": {
            "arn": "arn:aws:ec2:us-east-1:851725393529:subnet/subnet-05776f1f4ffb338aa",
            "assign_ipv6_address_on_creation": false,
            "availability_zone": "us-east-1a",
            "availability_zone_id": "use1-az4",
            "cidr_block": "10.0.2.0/24",
            "customer_owned_ipv4_pool": "",
            "enable_dns64": false,
            "enable_lni_at_device_index": 0,
            "enable_resource_name_dns_a_record_on_launch": false,
            "enable_resource_name_dns_aaaa_record_on_launch": false,
            "id": "subnet-05776f1f4ffb338aa",
            "ipv6_cidr_block": "",
            "ipv6_cidr_block_association_id": "",
            "ipv6_native": false,
            "map_customer_owned_ip_on_launch": false,
            "map_public_ip_on_launch": false,
            "outpost_arn": "",
            "owner_id": "851725393529",
            "private_dns_hostname_type_on_launch": "ip-name",
            "region": "us-east-1",
            "tags": {
              "Name": "proyecto-hospital-private-subnet-a"
            },
            "tags_all": {
              "Name": "proyecto-hospital-private-subnet-a"
            },
            "timeouts": null,
            "vpc_id": "vpc-0a6f80f75d7edde72"
          },
          "sensitive_attributes": [],
          "identity_schema_version": 0,
          "identity": {
            "account_id": "851725393529",
            "id": "subnet-05776f1f4ffb338aa",
            "region": "us-east-1"
          },
          "private": "eyJlMmJmYjczMC1lY2FhLTExZTYtOGY4OC0zNDM2M2JjN2M0YzAiOnsiY3JlYXRlIjo2MDAwMDAwMDAwMDAsImRlbGV0ZSI6MTIwMDAwMDAwMDAwMH0sInNjaGVtYV92ZXJzaW9uIjoiMSJ9",
          "dependencies": [
            "aws_vpc.main"
          ]
        }
      ]
    },
    {
      "mode": "managed",
      "type": "aws_subnet",
      "name": "private_b",
      "provider": "provider[\"registry.terraform.io/hashicorp/aws\"]",
      "instances": [
        {
          "schema_version": 1,
          "attributes": {
            "arn": "arn:aws:ec2:us-east-1:851725393529:subnet/subnet-03f5b3f2b55d4cf12",
            "assign_ipv6_address_on_creation": false,
            "availability_zone": "us-east-1b",
            "availability_zone_id": "use1-az6",
            "cidr_block": "10.0.3.0/24",
            "customer_owned_ipv4_pool": "",
            "enable_dns64": false,
            "enable_lni_at_device_index": 0,
            "enable_resource_name_dns_a_record_on_launch": false,
            "enable_resource_name_dns_aaaa_record_on_launch": false,
            "id": "subnet-03f5b3f2b55d4cf12",
            "ipv6_cidr_block": "",
            "ipv6_cidr_block_association_id": "",
            "ipv6_native": false,
            "map_customer_owned_ip_on_launch": false,
            "map_public_ip_on_launch": false,
            "outpost_arn": "",
            "owner_id": "851725393529",
            "private_dns_hostname_type_on_launch": "ip-name",
            "region": "us-east-1",
            "tags": {
              "Name": "proyecto-hospital-private-subnet-b"
            },
            "tags_all": {
              "Name": "proyecto-hospital-private-subnet-b"
            },
            "timeouts": null,
            "vpc_id": "vpc-0a6f80f75d7edde72"
          },
          "sensitive_attributes": [],
          "identity_schema_version": 0,
          "identity": {
            "account_id": "851725393529",
            "id": "subnet-03f5b3f2b55d4cf12",
            "region": "us-east-1"
          },
          "private": "eyJlMmJmYjczMC1lY2FhLTExZTYtOGY4OC0zNDM2M2JjN2M0YzAiOnsiY3JlYXRlIjo2MDAwMDAwMDAwMDAsImRlbGV0ZSI6MTIwMDAwMDAwMDAwMH0sInNjaGVtYV92ZXJzaW9uIjoiMSJ9",
          "dependencies": [
            "aws_vpc.main"
          ]
        }
      ]
    },
    {
      "mode": "managed",
      "type": "aws_subnet",
      "name": "public",
      "provider": "provider[\"registry.terraform.io/hashicorp/aws\"]",
      "instances": [
        {
          "schema_version": 1,
          "attributes": {
            "arn": "arn:aws:ec2:us-east-1:851725393529:subnet/subnet-0019ea83db0406478",
            "assign_ipv6_address_on_creation": false,
            "availability_zone": "us-east-1a",
            "availability_zone_id": "use1-az4",
            "cidr_block": "10.0.1.0/24",
            "customer_owned_ipv4_pool": "",
            "enable_dns64": false,
            "enable_lni_at_device_index": 0,
            "enable_resource_name_dns_a_record_on_launch": false,
            "enable_resource_name_dns_aaaa_record_on_launch": false,
            "id": "subnet-0019ea83db0406478",
            "ipv6_cidr_block": "",
            "ipv6_cidr_block_association_id": "",
            "ipv6_native": false,
            "map_customer_owned_ip_on_launch": false,
            "map_public_ip_on_launch": true,
            "outpost_arn": "",
            "owner_id": "851725393529",
            "private_dns_hostname_type_on_launch": "ip-name",
            "region": "us-east-1",
            "tags": {
              "Name": "proyecto-hospital-public-subnet"
            },
            "tags_all": {
              "Name": "proyecto-hospital-public-subnet"
            },
            "timeouts": null,
            "vpc_id": "vpc-0a6f80f75d7edde72"
          },
          "sensitive_attributes": [],
          "identity_schema_version": 0,
          "identity": {
            "account_id": "851725393529",
            "id": "subnet-0019ea83db0406478",
            "region": "us-east-1"
          },
          "private": "eyJlMmJmYjczMC1lY2FhLTExZTYtOGY4OC0zNDM2M2JjN2M0YzAiOnsiY3JlYXRlIjo2MDAwMDAwMDAwMDAsImRlbGV0ZSI6MTIwMDAwMDAwMDAwMH0sInNjaGVtYV92ZXJzaW9uIjoiMSJ9",
          "dependencies": [
            "aws_vpc.main"
          ]
        }
      ]
    },
    {
      "mode": "managed",
      "type": "aws_vpc",
      "name": "main",
      "provider": "provider[\"registry.terraform.io/hashicorp/aws\"]",
      "instances": [
        {
          "schema_version": 1,
          "attributes": {
            "arn": "arn:aws:ec2:us-east-1:851725393529:vpc/vpc-0a6f80f75d7edde72",
            "assign_generated_ipv6_cidr_block": false,
            "cidr_block": "10.0.0.0/16",
            "default_network_acl_id": "acl-0459ff801d01e2fed",
            "default_route_table_id": "rtb-05455146f108e6adf",
            "default_security_group_id": "sg-0db10b002c1b0e97e",
            "dhcp_options_id": "dopt-08b6d917b17a84cd9",
            "enable_dns_hostnames": true,
            "enable_dns_support": true,
            "enable_network_address_usage_metrics": false,
            "id": "vpc-0a6f80f75d7edde72",
            "instance_tenancy": "default",
            "ipv4_ipam_pool_id": null,
            "ipv4_netmask_length": null,
            "ipv6_association_id": "",
            "ipv6_cidr_block": "",
            "ipv6_cidr_block_network_border_group": "",
            "ipv6_ipam_pool_id": "",
            "ipv6_netmask_length": 0,
            "main_route_table_id": "rtb-05455146f108e6adf",
            "owner_id": "851725393529",
            "region": "us-east-1",
            "tags": {
              "Name": "proyecto-hospital-vpc"
            },
            "tags_all": {
              "Name": "proyecto-hospital-vpc"
            }
          },
          "sensitive_attributes": [],
          "identity_schema_version": 0,
          "identity": {
            "account_id": "851725393529",
            "id": "vpc-0a6f80f75d7edde72",
            "region": "us-east-1"
          },
          "private": "eyJzY2hlbWFfdmVyc2lvbiI6IjEifQ=="
        }
      ]
    },
    {
      "mode": "managed",
      "type": "tls_private_key",
      "name": "ssh",
      "provider": "provider[\"registry.terraform.io/hashicorp/tls\"]",
      "instances": [
        {
          "schema_version": 1,
          "attributes": {
            "algorithm": "RSA",
            "ecdsa_curve": "P224",
            "id": "8c8e20ae3c5a9e42a51fbbbae8e84b7f813e1647",
            "private_key_openssh": "-----BEGIN OPENSSH PRIVATE KEY-----\nb3BlbnNzaC1rZXktdjEAAAAABG5vbmUAAAAEbm9uZQAAAAAAAAABAAACFwAAAAdz\nc2gtcnNhAAAAAwEAAQAAAgEA8uceBNDL6rRCnE6Eft4YD+Dfin+N0oFY7OKLic9g\nrRnxN8T65rKCRm9uYh7AYUFTgcJntk9uFIqXookt7FDIP/R9RO8+NNXPyf1Wn8az\nSqhjE00ELCyCNvRECbxWVro98YDdRIiB9lW8vSzcR99oFuZiedVpnhbnMuo/jg5I\nUokEu/cRhtcq+dIDoMaDhcWRkQxlFZVYS3dh2PkXbXyicorfNnOM3O8Aj95kyHCm\nDoPvJUCoqlu04pxNi04Uk/WxEvgaWkFxFwfHLy1AAPKQbspBuOvXA0szQVacpBVe\nZNBhCspUmUPWdFi8YuvlTY6YG/Y6Ax5CG7R2ZvSywZwfUu4KmUAHK3b8J9PyhGwX\ngegNdBYeuGU/0pyzgBcg7aZRbL2+VqgX3A+7t4aNE7rZz3KZ0wFi2qh479d+FNfS\npO68dExuKEhNE6WKTNa9+YNynUrXplYSZMEXrfWCrWkbv8Bu62eSeCcMHOAF919W\nxUfbVFBfRyLcY9Bftq7W3lQLBuHeFoa/JWPXsJwY+yYzVSTpqGKHq4d8UK+VBaSG\nePvC6n+7KJsISQWetCbtruCwlMBYoPCVXojHD250iDQSsXEo2cOIPUujzdVYR3sG\nk1lQMEEGo1G7SraB0hdpOlP8Z2b+OTMLoq27e0ROlJKVFZkLkU9QqbuqM8c5ttV3\nN1cAAAc4IlIUaCJSFGgAAAAHc3NoLXJzYQAAAgEA8uceBNDL6rRCnE6Eft4YD+Df\nin+N0oFY7OKLic9grRnxN8T65rKCRm9uYh7AYUFTgcJntk9uFIqXookt7FDIP/R9\nRO8+NNXPyf1Wn8azSqhjE00ELCyCNvRECbxWVro98YDdRIiB9lW8vSzcR99oFuZi\nedVpnhbnMuo/jg5IUokEu/cRhtcq+dIDoMaDhcWRkQxlFZVYS3dh2PkXbXyicorf\nNnOM3O8Aj95kyHCmDoPvJUCoqlu04pxNi04Uk/WxEvgaWkFxFwfHLy1AAPKQbspB\nuOvXA0szQVacpBVeZNBhCspUmUPWdFi8YuvlTY6YG/Y6Ax5CG7R2ZvSywZwfUu4K\nmUAHK3b8J9PyhGwXgegNdBYeuGU/0pyzgBcg7aZRbL2+VqgX3A+7t4aNE7rZz3KZ\n0wFi2qh479d+FNfSpO68dExuKEhNE6WKTNa9+YNynUrXplYSZMEXrfWCrWkbv8Bu\n62eSeCcMHOAF919WxUfbVFBfRyLcY9Bftq7W3lQLBuHeFoa/JWPXsJwY+yYzVSTp\nqGKHq4d8UK+VBaSGePvC6n+7KJsISQWetCbtruCwlMBYoPCVXojHD250iDQSsXEo\n2cOIPUujzdVYR3sGk1lQMEEGo1G7SraB0hdpOlP8Z2b+OTMLoq27e0ROlJKVFZkL\nkU9QqbuqM8c5ttV3N1cAAAADAQABAAACADpr2P36hBkaquyyO87RtwLWqJ1EiYVI\nQ+2RnVMTdCKeGzS5JUloRMoREgD6eXXKwv1yFwSzvPumy8q1aLyuP0OWl6yFSDZn\n+HaR/owmO8gokM+7FdZUDCuQe27GBBQO7kgQIOfTV0K6o07yo7aLpprfZW79I854\nnrnRumB90eo7904IIgiG5ti4KNQ5+rcpahXzX7qdtWNNPtTzMC3OrLmU6hPMHeSj\nfUSdDithYKccF2Aj2Y1DylE4m7P2Hx/pF2JDFv9/PuZ1ofQYU40GyjNDZSRHYOrz\nYswDu2ABnbbsoXJ5cHh+Zu2LzB+Usg2Bztbm1VQbqnXEZTflAbtsQ+Hz16tJuCod\nL+NmjJde1Lae2pSg+9EkYKObI6en270rg8CJJfk1XGIHaiZgra7ydrKfOdxAy6PG\nHh6GUMB5/aeEsQRBkcJIv4ha1yIz00mZOpEVT1xV9uo2bHe/ABTEGE+SERXo5KX3\n3W3LRDEURHLw4UDwZaVp5RpBJ2tCP1tmSTFbNcJMqP4TIV+Wctzq8LMzKEtlwi9+\n7x+Up2NjcdzyLtYmNHe2+UVaOsPJn8oa7TwHSLdA1tD4jZi31p8lurFJEb7nneAi\n8w360hEvyy1BmbU1+EdbSVtholIPTehW9L+H/ZfpSCrVDHx+P9LuY+2diPtf6X8A\nm4LUHLmevxNRAAABAF0yYEutR2YTlyozq0hC3gBYO3TqRYzwwuWzHa7vWkfKb822\nOJaN2J7rMN0zxS5WsTAbvKcsZGofjp91qu1JT+A0XsUbZ8LNX8UgV5akjBAqeokO\nAMjOhY2PjVE3cmjmo79F4VmYmOZQloPlzt8ESS7ImFhLuhOo7KqYLzZVQR3/sbnD\nAXykqNBgw5F7EQbTwaxpjt8vtl3MTiTYhQ8aGj4zMSr/qxEYF7nOlZaecRfvlbrR\n0WooIWc7QMoHrDt9gO0Z5PNcTpW55TQjCgnQWyiUsw7uPP4j5va7ktUAOKRBbDW4\nPfnihCmpepXXODuBUWOXX6K054MfopevWgFYMM8AAAEBAPieiUSlB7jMrxp9tGo1\nxsQrvF7z3eZA12jGkVrFaNbXNxV+OQRacWP55KWa+jLOOe2o7Y2AG1wHkxIunfAz\nQyHLd2Prkc7W8mZn07neTKd4sw/CervzxNEVi+j3dlFXuTk4pUd7r8GbelT8MM/V\nXPtdjGwnTAT55I4djc9wAxW44z/8F328/14n5fH8foe55tPWvK+B6LO2+3s2ZCGu\nNcY1rCXP4UvMlopILluQsxgzd3ZbEuvM8QxDcULEHvB242Z/6gdGwe58P2gl/QMd\nlDR74+koaij15onYvNDw2ajKX3XRyV3gvthLJ8zeOdoYB5aEp8T1P9tfUFZo2eoS\nH4cAAAEBAPodIwSwtWMfJdr4SyHZ2MVa+UvCBf6hTZCgF1rAFUVOw46hR8WLUqdW\nLmZjuGQiRX4cpm04c0cutOmB3SmsROkBYEL7FS3apOxYkDVRFG2qBSDF50MtVANb\nTUiETOCcGix6iy7JRkXDb/9p8x5eo9dj1rFZqO2Xdf02/LoJjI2XkUcHQMvv7Baa\nRMi36HBKecbvfWnUqxKdHqNeq7q+E1iSLv6gRTtKFNyziwrEYwIIkbRsIaxuKbCr\n17SrQT+drB4uYbet62GmcvTwSXreRMPOQGD4qqSKdTQQKX5OvcPKht7PnuSrGnLw\niE2Wri4ZvY1aqjfc1P4UFX5iaWfB/bEAAAAAAQID\n-----END OPENSSH PRIVATE KEY-----\n",
            "private_key_pem": "-----BEGIN RSA PRIVATE KEY-----\nMIIJJwIBAAKCAgEA8uceBNDL6rRCnE6Eft4YD+Dfin+N0oFY7OKLic9grRnxN8T6\n5rKCRm9uYh7AYUFTgcJntk9uFIqXookt7FDIP/R9RO8+NNXPyf1Wn8azSqhjE00E\nLCyCNvRECbxWVro98YDdRIiB9lW8vSzcR99oFuZiedVpnhbnMuo/jg5IUokEu/cR\nhtcq+dIDoMaDhcWRkQxlFZVYS3dh2PkXbXyicorfNnOM3O8Aj95kyHCmDoPvJUCo\nqlu04pxNi04Uk/WxEvgaWkFxFwfHLy1AAPKQbspBuOvXA0szQVacpBVeZNBhCspU\nmUPWdFi8YuvlTY6YG/Y6Ax5CG7R2ZvSywZwfUu4KmUAHK3b8J9PyhGwXgegNdBYe\nuGU/0pyzgBcg7aZRbL2+VqgX3A+7t4aNE7rZz3KZ0wFi2qh479d+FNfSpO68dExu\nKEhNE6WKTNa9+YNynUrXplYSZMEXrfWCrWkbv8Bu62eSeCcMHOAF919WxUfbVFBf\nRyLcY9Bftq7W3lQLBuHeFoa/JWPXsJwY+yYzVSTpqGKHq4d8UK+VBaSGePvC6n+7\nKJsISQWetCbtruCwlMBYoPCVXojHD250iDQSsXEo2cOIPUujzdVYR3sGk1lQMEEG\no1G7SraB0hdpOlP8Z2b+OTMLoq27e0ROlJKVFZkLkU9QqbuqM8c5ttV3N1cCAwEA\nAQKCAgA6a9j9+oQZGqrssjvO0bcC1qidRImFSEPtkZ1TE3Qinhs0uSVJaETKERIA\n+nl1ysL9chcEs7z7psvKtWi8rj9DlpeshUg2Z/h2kf6MJjvIKJDPuxXWVAwrkHtu\nxgQUDu5IECDn01dCuqNO8qO2i6aa32Vu/SPOeJ650bpgfdHqO/dOCCIIhubYuCjU\nOfq3KWoV81+6nbVjTT7U8zAtzqy5lOoTzB3ko31EnQ4rYWCnHBdgI9mNQ8pROJuz\n9h8f6RdiQxb/fz7mdaH0GFONBsozQ2UkR2Dq82LMA7tgAZ227KFyeXB4fmbti8wf\nlLINgc7W5tVUG6p1xGU35QG7bEPh89erSbgqHS/jZoyXXtS2ntqUoPvRJGCjmyOn\np9u9K4PAiSX5NVxiB2omYK2u8naynzncQMujxh4ehlDAef2nhLEEQZHCSL+IWtci\nM9NJmTqRFU9cVfbqNmx3vwAUxBhPkhEV6OSl991ty0QxFERy8OFA8GWlaeUaQSdr\nQj9bZkkxWzXCTKj+EyFflnLc6vCzMyhLZcIvfu8flKdjY3Hc8i7WJjR3tvlFWjrD\nyZ/KGu08B0i3QNbQ+I2Yt9afJbqxSRG+553gIvMN+tIRL8stQZm1NfhHW0lbYaJS\nD03oVvS/h/2X6Ugq1Qx8fj/S7mPtnYj7X+l/AJuC1By5nr8TUQKCAQEA+J6JRKUH\nuMyvGn20ajXGxCu8XvPd5kDXaMaRWsVo1tc3FX45BFpxY/nkpZr6Ms457ajtjYAb\nXAeTEi6d8DNDIct3Y+uRztbyZmfTud5Mp3izD8J6u/PE0RWL6Pd2UVe5OTilR3uv\nwZt6VPwwz9Vc+12MbCdMBPnkjh2Nz3ADFbjjP/wXfbz/Xifl8fx+h7nm09a8r4Ho\ns7b7ezZkIa41xjWsJc/hS8yWikguW5CzGDN3dlsS68zxDENxQsQe8HbjZn/qB0bB\n7nw/aCX9Ax2UNHvj6ShqKPXmidi80PDZqMpfddHJXeC+2EsnzN452hgHloSnxPU/\n219QVmjZ6hIfhwKCAQEA+h0jBLC1Yx8l2vhLIdnYxVr5S8IF/qFNkKAXWsAVRU7D\njqFHxYtSp1YuZmO4ZCJFfhymbThzRy606YHdKaxE6QFgQvsVLdqk7FiQNVEUbaoF\nIMXnQy1UA1tNSIRM4JwaLHqLLslGRcNv/2nzHl6j12PWsVmo7Zd1/Tb8ugmMjZeR\nRwdAy+/sFppEyLfocEp5xu99adSrEp0eo16rur4TWJIu/qBFO0oU3LOLCsRjAgiR\ntGwhrG4psKvXtKtBP52sHi5ht63rYaZy9PBJet5Ew85AYPiqpIp1NBApfk69w8qG\n3s+e5KsacvCITZauLhm9jVqqN9zU/hQVfmJpZ8H9sQKCAQBIH5WquEVZMufJQ5ZH\nCXq0BgwLb6t71GupFZGtR392c9CjB4762FH0stXFxQO4IWNkspDXb8aAGCJuL9/Z\ngsWC1Ee6UOhnnKuNUal2Tirmmnk3pS99vuXl0d5YoxFL36r4Epq/9f2yqKwAY3i1\nkiv7L9RAu9Wty+Cl6aTt/IyojI5ATZ1y+JUMd36ZiKocLa3s3mq2b3VWTUr/H3RE\n4Qjwizl5bqjpGFzDmNT58yxBZQzO5PTEOxvidt4whDyFfbfSUGFP4xL3YEv0prCT\nas1HvHkNdo/1egB7FMkRxA0gjjTLNSS5ey1iCctt/znBLx9kZu9Uj+EKfsgLiTdO\nVBuZAoIBADY7Dxa7QfkmDc02vQOv+oKAQUGd5jLZwrmzHJ0+vN30QA6zBZ7doKRL\n2W+1+4sqqyq3B5bzAHvUssFWuR+KDL8A32BmlKcGm2/rnAkTdXx5uvbqMkSslWTM\n7SrmFM02y64NPBR+68/Amo4k6OQS3S+cpDZ8HFa32ot22sFzxJgG3ycpeXE+qlAU\nTwm+ZpXCcDkkQGssA5PboYMGyfGJuSQhPjNTiO9cFr3r6CADiPwt43ndYEfE8yEt\ngW3ZHCKxC1rX77Ql772Sm6ZkW2pau0pBdFASWt2mb9dEEdsjM546UZgKKIeoWenG\nIafBHi88wY7es729EimtLSPkLrqio2ECggEAXTJgS61HZhOXKjOrSELeAFg7dOpF\njPDC5bMdru9aR8pvzbY4lo3Ynusw3TPFLlaxMBu8pyxkah+On3Wq7UlP4DRexRtn\nws1fxSBXlqSMECp6iQ4AyM6FjY+NUTdyaOajv0XhWZiY5lCWg+XO3wRJLsiYWEu6\nE6jsqpgvNlVBHf+xucMBfKSo0GDDkXsRBtPBrGmO3y+2XcxOJNiFDxoaPjMxKv+r\nERgXuc6Vlp5xF++VutHRaighZztAygesO32A7Rnk81xOlbnlNCMKCdBbKJSzDu48\n/iPm9ruS1QA4pEFsNbg9+eKEKal6ldc4O4FRY5dforTngx+il69aAVgwzw==\n-----END RSA PRIVATE KEY-----\n",
            "private_key_pem_pkcs8": "-----BEGIN PRIVATE KEY-----\nMIIJQQIBADANBgkqhkiG9w0BAQEFAASCCSswggknAgEAAoICAQDy5x4E0MvqtEKc\nToR+3hgP4N+Kf43SgVjs4ouJz2CtGfE3xPrmsoJGb25iHsBhQVOBwme2T24Uipei\niS3sUMg/9H1E7z401c/J/VafxrNKqGMTTQQsLII29EQJvFZWuj3xgN1EiIH2Vby9\nLNxH32gW5mJ51WmeFucy6j+ODkhSiQS79xGG1yr50gOgxoOFxZGRDGUVlVhLd2HY\n+RdtfKJyit82c4zc7wCP3mTIcKYOg+8lQKiqW7TinE2LThST9bES+BpaQXEXB8cv\nLUAA8pBuykG469cDSzNBVpykFV5k0GEKylSZQ9Z0WLxi6+VNjpgb9joDHkIbtHZm\n9LLBnB9S7gqZQAcrdvwn0/KEbBeB6A10Fh64ZT/SnLOAFyDtplFsvb5WqBfcD7u3\nho0TutnPcpnTAWLaqHjv134U19Kk7rx0TG4oSE0TpYpM1r35g3KdStemVhJkwRet\n9YKtaRu/wG7rZ5J4Jwwc4AX3X1bFR9tUUF9HItxj0F+2rtbeVAsG4d4Whr8lY9ew\nnBj7JjNVJOmoYoerh3xQr5UFpIZ4+8Lqf7somwhJBZ60Ju2u4LCUwFig8JVeiMcP\nbnSINBKxcSjZw4g9S6PN1VhHewaTWVAwQQajUbtKtoHSF2k6U/xnZv45Mwuirbt7\nRE6UkpUVmQuRT1Cpu6ozxzm21Xc3VwIDAQABAoICADpr2P36hBkaquyyO87RtwLW\nqJ1EiYVIQ+2RnVMTdCKeGzS5JUloRMoREgD6eXXKwv1yFwSzvPumy8q1aLyuP0OW\nl6yFSDZn+HaR/owmO8gokM+7FdZUDCuQe27GBBQO7kgQIOfTV0K6o07yo7aLpprf\nZW79I854nrnRumB90eo7904IIgiG5ti4KNQ5+rcpahXzX7qdtWNNPtTzMC3OrLmU\n6hPMHeSjfUSdDithYKccF2Aj2Y1DylE4m7P2Hx/pF2JDFv9/PuZ1ofQYU40GyjND\nZSRHYOrzYswDu2ABnbbsoXJ5cHh+Zu2LzB+Usg2Bztbm1VQbqnXEZTflAbtsQ+Hz\n16tJuCodL+NmjJde1Lae2pSg+9EkYKObI6en270rg8CJJfk1XGIHaiZgra7ydrKf\nOdxAy6PGHh6GUMB5/aeEsQRBkcJIv4ha1yIz00mZOpEVT1xV9uo2bHe/ABTEGE+S\nERXo5KX33W3LRDEURHLw4UDwZaVp5RpBJ2tCP1tmSTFbNcJMqP4TIV+Wctzq8LMz\nKEtlwi9+7x+Up2NjcdzyLtYmNHe2+UVaOsPJn8oa7TwHSLdA1tD4jZi31p8lurFJ\nEb7nneAi8w360hEvyy1BmbU1+EdbSVtholIPTehW9L+H/ZfpSCrVDHx+P9LuY+2d\niPtf6X8Am4LUHLmevxNRAoIBAQD4nolEpQe4zK8afbRqNcbEK7xe893mQNdoxpFa\nxWjW1zcVfjkEWnFj+eSlmvoyzjntqO2NgBtcB5MSLp3wM0Mhy3dj65HO1vJmZ9O5\n3kyneLMPwnq788TRFYvo93ZRV7k5OKVHe6/Bm3pU/DDP1Vz7XYxsJ0wE+eSOHY3P\ncAMVuOM//Bd9vP9eJ+Xx/H6HuebT1ryvgeiztvt7NmQhrjXGNawlz+FLzJaKSC5b\nkLMYM3d2WxLrzPEMQ3FCxB7wduNmf+oHRsHufD9oJf0DHZQ0e+PpKGoo9eaJ2LzQ\n8Nmoyl910cld4L7YSyfM3jnaGAeWhKfE9T/bX1BWaNnqEh+HAoIBAQD6HSMEsLVj\nHyXa+Esh2djFWvlLwgX+oU2QoBdawBVFTsOOoUfFi1KnVi5mY7hkIkV+HKZtOHNH\nLrTpgd0prETpAWBC+xUt2qTsWJA1URRtqgUgxedDLVQDW01IhEzgnBoseosuyUZF\nw2//afMeXqPXY9axWajtl3X9Nvy6CYyNl5FHB0DL7+wWmkTIt+hwSnnG731p1KsS\nnR6jXqu6vhNYki7+oEU7ShTcs4sKxGMCCJG0bCGsbimwq9e0q0E/naweLmG3reth\npnL08El63kTDzkBg+KqkinU0ECl+Tr3Dyobez57kqxpy8IhNlq4uGb2NWqo33NT+\nFBV+Ymlnwf2xAoIBAEgflaq4RVky58lDlkcJerQGDAtvq3vUa6kVka1Hf3Zz0KMH\njvrYUfSy1cXFA7ghY2SykNdvxoAYIm4v39mCxYLUR7pQ6Gecq41RqXZOKuaaeTel\nL32+5eXR3lijEUvfqvgSmr/1/bKorABjeLWSK/sv1EC71a3L4KXppO38jKiMjkBN\nnXL4lQx3fpmIqhwtrezearZvdVZNSv8fdEThCPCLOXluqOkYXMOY1PnzLEFlDM7k\n9MQ7G+J23jCEPIV9t9JQYU/jEvdgS/SmsJNqzUe8eQ12j/V6AHsUyRHEDSCONMs1\nJLl7LWIJy23/OcEvH2Rm71SP4Qp+yAuJN05UG5kCggEANjsPFrtB+SYNzTa9A6/6\ngoBBQZ3mMtnCubMcnT683fRADrMFnt2gpEvZb7X7iyqrKrcHlvMAe9SywVa5H4oM\nvwDfYGaUpwabb+ucCRN1fHm69uoyRKyVZMztKuYUzTbLrg08FH7rz8CajiTo5BLd\nL5ykNnwcVrfai3bawXPEmAbfJyl5cT6qUBRPCb5mlcJwOSRAaywDk9uhgwbJ8Ym5\nJCE+M1OI71wWvevoIAOI/C3jed1gR8TzIS2BbdkcIrELWtfvtCXvvZKbpmRbalq7\nSkF0UBJa3aZv10QR2yMznjpRmAooh6hZ6cYhp8EeLzzBjt6zvb0SKa0tI+QuuqKj\nYQKCAQBdMmBLrUdmE5cqM6tIQt4AWDt06kWM8MLlsx2u71pHym/NtjiWjdie6zDd\nM8UuVrEwG7ynLGRqH46fdartSU/gNF7FG2fCzV/FIFeWpIwQKnqJDgDIzoWNj41R\nN3Jo5qO/ReFZmJjmUJaD5c7fBEkuyJhYS7oTqOyqmC82VUEd/7G5wwF8pKjQYMOR\nexEG08GsaY7fL7ZdzE4k2IUPGho+MzEq/6sRGBe5zpWWnnEX75W60dFqKCFnO0DK\nB6w7fYDtGeTzXE6VueU0IwoJ0FsolLMO7jz+I+b2u5LVADikQWw1uD354oQpqXqV\n1zg7gVFjl1+itOeDH6KXr1oBWDDP\n-----END PRIVATE KEY-----\n",
            "public_key_fingerprint_md5": "01:75:81:43:f2:be:47:e0:c7:7e:d3:9c:20:5a:26:00",
            "public_key_fingerprint_sha256": "SHA256:Jx1E7ZJ811iQwHjFUrEwSieIxRdXRt5rLim/VCiG1sY",
            "public_key_openssh": "ssh-rsa AAAAB3NzaC1yc2EAAAADAQABAAACAQDy5x4E0MvqtEKcToR+3hgP4N+Kf43SgVjs4ouJz2CtGfE3xPrmsoJGb25iHsBhQVOBwme2T24UipeiiS3sUMg/9H1E7z401c/J/VafxrNKqGMTTQQsLII29EQJvFZWuj3xgN1EiIH2Vby9LNxH32gW5mJ51WmeFucy6j+ODkhSiQS79xGG1yr50gOgxoOFxZGRDGUVlVhLd2HY+RdtfKJyit82c4zc7wCP3mTIcKYOg+8lQKiqW7TinE2LThST9bES+BpaQXEXB8cvLUAA8pBuykG469cDSzNBVpykFV5k0GEKylSZQ9Z0WLxi6+VNjpgb9joDHkIbtHZm9LLBnB9S7gqZQAcrdvwn0/KEbBeB6A10Fh64ZT/SnLOAFyDtplFsvb5WqBfcD7u3ho0TutnPcpnTAWLaqHjv134U19Kk7rx0TG4oSE0TpYpM1r35g3KdStemVhJkwRet9YKtaRu/wG7rZ5J4Jwwc4AX3X1bFR9tUUF9HItxj0F+2rtbeVAsG4d4Whr8lY9ewnBj7JjNVJOmoYoerh3xQr5UFpIZ4+8Lqf7somwhJBZ60Ju2u4LCUwFig8JVeiMcPbnSINBKxcSjZw4g9S6PN1VhHewaTWVAwQQajUbtKtoHSF2k6U/xnZv45Mwuirbt7RE6UkpUVmQuRT1Cpu6ozxzm21Xc3Vw==\n",
            "public_key_pem": "-----BEGIN PUBLIC KEY-----\nMIICIjANBgkqhkiG9w0BAQEFAAOCAg8AMIICCgKCAgEA8uceBNDL6rRCnE6Eft4Y\nD+Dfin+N0oFY7OKLic9grRnxN8T65rKCRm9uYh7AYUFTgcJntk9uFIqXookt7FDI\nP/R9RO8+NNXPyf1Wn8azSqhjE00ELCyCNvRECbxWVro98YDdRIiB9lW8vSzcR99o\nFuZiedVpnhbnMuo/jg5IUokEu/cRhtcq+dIDoMaDhcWRkQxlFZVYS3dh2PkXbXyi\ncorfNnOM3O8Aj95kyHCmDoPvJUCoqlu04pxNi04Uk/WxEvgaWkFxFwfHLy1AAPKQ\nbspBuOvXA0szQVacpBVeZNBhCspUmUPWdFi8YuvlTY6YG/Y6Ax5CG7R2ZvSywZwf\nUu4KmUAHK3b8J9PyhGwXgegNdBYeuGU/0pyzgBcg7aZRbL2+VqgX3A+7t4aNE7rZ\nz3KZ0wFi2qh479d+FNfSpO68dExuKEhNE6WKTNa9+YNynUrXplYSZMEXrfWCrWkb\nv8Bu62eSeCcMHOAF919WxUfbVFBfRyLcY9Bftq7W3lQLBuHeFoa/JWPXsJwY+yYz\nVSTpqGKHq4d8UK+VBaSGePvC6n+7KJsISQWetCbtruCwlMBYoPCVXojHD250iDQS\nsXEo2cOIPUujzdVYR3sGk1lQMEEGo1G7SraB0hdpOlP8Z2b+OTMLoq27e0ROlJKV\nFZkLkU9QqbuqM8c5ttV3N1cCAwEAAQ==\n-----END PUBLIC KEY-----\n",
            "rsa_bits": 4096
          },
          "sensitive_attributes": [
            [
              {
                "type": "get_attr",
                "value": "private_key_openssh"
              }
            ],
            [
              {
                "type": "get_attr",
                "value": "private_key_pem"
              }
            ],
            [
              {
                "type": "get_attr",
                "value": "private_key_pem_pkcs8"
              }
            ]
          ],
          "identity_schema_version": 0
        }
      ]
    }
  ],
  "check_results": null
}
